{
  "version": 4,
  "terraform_version": "1.0.2",
  "serial": 168,
  "lineage": "08ba499a-08d8-8d63-5cb3-b0e038a710a5",
  "outputs": {
    "locust_webui_fqdn": {
      "value": [
        "intentcorgi-locust-master.northeurope.azurecontainer.io"
      ],
      "type": [
        "tuple",
        [
          "string"
        ]
      ]
    }
  },
  "resources": [
    {
      "mode": "data",
      "type": "azurerm_client_config",
      "name": "current",
      "provider": "provider[\"registry.terraform.io/hashicorp/azurerm\"]",
      "instances": [
        {
          "schema_version": 0,
          "attributes": {
            "client_id": "04b07795-8ddb-461a-bbee-02f9e1bf7b46",
            "id": "2021-08-10 09:21:25.5966674 +0000 UTC",
            "object_id": "05d3fa76-f011-4f12-b792-fae08cbbcec0",
            "subscription_id": "5ff0ab5b-4972-4882-beed-f3baedfad7eb",
            "tenant_id": "72f988bf-86f1-41af-91ab-2d7cd011db47",
            "timeouts": null
          },
          "sensitive_attributes": []
        }
      ]
    },
    {
      "mode": "managed",
      "type": "azurerm_application_insights",
      "name": "deployment",
      "provider": "provider[\"registry.terraform.io/hashicorp/azurerm\"]",
      "instances": [
        {
          "schema_version": 0,
          "attributes": {
            "app_id": "235fa451-b884-4789-999f-c6d4fa18fb7b",
            "application_type": "web",
            "connection_string": "InstrumentationKey=a7bb773e-1e20-47be-9fbd-5d872e1b5659;IngestionEndpoint=https://northeurope-0.in.applicationinsights.azure.com/",
            "daily_data_cap_in_gb": 10,
            "daily_data_cap_notifications_disabled": false,
            "disable_ip_masking": false,
            "id": "/subscriptions/5ff0ab5b-4972-4882-beed-f3baedfad7eb/resourceGroups/locust-kload-rg/providers/microsoft.insights/components/intentcorgi",
            "instrumentation_key": "a7bb773e-1e20-47be-9fbd-5d872e1b5659",
            "location": "northeurope",
            "name": "intentcorgi",
            "resource_group_name": "locust-kload-rg",
            "retention_in_days": 30,
            "sampling_percentage": 100,
            "tags": {
              "Environment": "dev",
              "Prefix": "kload",
              "Source": "https://github.com/heoelri/locust-on-aci",
              "Toolkit": "Terraform"
            },
            "timeouts": null,
            "workspace_id": null
          },
          "sensitive_attributes": [],
          "private": "eyJlMmJmYjczMC1lY2FhLTExZTYtOGY4OC0zNDM2M2JjN2M0YzAiOnsiY3JlYXRlIjoxODAwMDAwMDAwMDAwLCJkZWxldGUiOjE4MDAwMDAwMDAwMDAsInJlYWQiOjMwMDAwMDAwMDAwMCwidXBkYXRlIjoxODAwMDAwMDAwMDAwfX0=",
          "dependencies": [
            "azurerm_resource_group.deployment",
            "random_pet.deployment"
          ]
        }
      ]
    },
    {
      "mode": "managed",
      "type": "azurerm_container_group",
      "name": "master",
      "provider": "provider[\"registry.terraform.io/hashicorp/azurerm\"]",
      "instances": [
        {
          "index_key": 0,
          "schema_version": 0,
          "attributes": {
            "container": [
              {
                "commands": [
                  "locust"
                ],
                "cpu": 2,
                "environment_variables": {
                  "APPINSIGHTS_INSTRUMENTATIONKEY": "a7bb773e-1e20-47be-9fbd-5d872e1b5659",
                  "LOCUST_HOST": "https://my-sample-app.net",
                  "LOCUST_LOCUSTFILE": "/home/locust/locust/locustfile.py",
                  "LOCUST_MODE_MASTER": "true"
                },
                "gpu": [],
                "image": "sebader/locust-with-plugins:latest",
                "liveness_probe": [],
                "memory": 2,
                "name": "intentcorgi-locust-master",
                "ports": [
                  {
                    "port": 5557,
                    "protocol": "TCP"
                  },
                  {
                    "port": 8089,
                    "protocol": "TCP"
                  }
                ],
                "readiness_probe": [],
                "secure_environment_variables": {
                  "LOCUST_WEB_AUTH": "locust:HIKQecBjTZxP@Xo_"
                },
                "volume": [
                  {
                    "empty_dir": false,
                    "git_repo": [],
                    "mount_path": "/home/locust/locust",
                    "name": "locust",
                    "read_only": false,
                    "secret": {},
                    "share_name": "locust",
                    "storage_account_key": "Z+Ti1B3rSmDlJQjhtyq154z8c9Q8IV2yYQN9Vx0Aiy2EywbR1iL8Y76y4n5Cbx08x1f3O1kBepucopZsa78a5w==",
                    "storage_account_name": "intentcorgi"
                  }
                ]
              }
            ],
            "diagnostics": [],
            "dns_config": [],
            "dns_name_label": "intentcorgi-locust-master",
            "exposed_port": [
              {
                "port": 5557,
                "protocol": "TCP"
              },
              {
                "port": 8089,
                "protocol": "TCP"
              }
            ],
            "fqdn": "intentcorgi-locust-master.northeurope.azurecontainer.io",
            "id": "/subscriptions/5ff0ab5b-4972-4882-beed-f3baedfad7eb/resourceGroups/locust-kload-rg/providers/Microsoft.ContainerInstance/containerGroups/intentcorgi-locust-master",
            "identity": [],
            "image_registry_credential": [],
            "ip_address": "20.93.91.170",
            "ip_address_type": "Public",
            "location": "northeurope",
            "name": "intentcorgi-locust-master",
            "network_profile_id": null,
            "os_type": "Linux",
            "resource_group_name": "locust-kload-rg",
            "restart_policy": "Always",
            "tags": {
              "Environment": "dev",
              "Prefix": "kload",
              "Source": "https://github.com/heoelri/locust-on-aci",
              "Toolkit": "Terraform"
            },
            "timeouts": null
          },
          "sensitive_attributes": [
            [
              {
                "type": "get_attr",
                "value": "container"
              },
              {
                "type": "index",
                "value": {
                  "value": 0,
                  "type": "number"
                }
              },
              {
                "type": "get_attr",
                "value": "secure_environment_variables"
              },
              {
                "type": "index",
                "value": {
                  "value": "LOCUST_WEB_AUTH",
                  "type": "string"
                }
              }
            ],
            [
              {
                "type": "get_attr",
                "value": "container"
              },
              {
                "type": "index",
                "value": {
                  "value": 0,
                  "type": "number"
                }
              },
              {
                "type": "get_attr",
                "value": "environment_variables"
              },
              {
                "type": "index",
                "value": {
                  "value": "APPINSIGHTS_INSTRUMENTATIONKEY",
                  "type": "string"
                }
              }
            ],
            [
              {
                "type": "get_attr",
                "value": "container"
              },
              {
                "type": "index",
                "value": {
                  "value": 0,
                  "type": "number"
                }
              },
              {
                "type": "get_attr",
                "value": "volume"
              },
              {
                "type": "index",
                "value": {
                  "value": 0,
                  "type": "number"
                }
              },
              {
                "type": "get_attr",
                "value": "storage_account_key"
              }
            ]
          ],
          "private": "eyJlMmJmYjczMC1lY2FhLTExZTYtOGY4OC0zNDM2M2JjN2M0YzAiOnsiY3JlYXRlIjoxODAwMDAwMDAwMDAwLCJkZWxldGUiOjE4MDAwMDAwMDAwMDAsInJlYWQiOjMwMDAwMDAwMDAwMCwidXBkYXRlIjoxODAwMDAwMDAwMDAwfX0=",
          "dependencies": [
            "azurerm_storage_share_file.locustfile",
            "data.azurerm_client_config.current",
            "random_password.locustsecret",
            "azurerm_storage_account.deployment",
            "azurerm_storage_share.locust",
            "azurerm_key_vault_secret.locustsecret",
            "azurerm_resource_group.deployment",
            "random_pet.deployment",
            "azurerm_application_insights.deployment",
            "azurerm_key_vault.deployment"
          ]
        }
      ]
    },
    {
      "mode": "managed",
      "type": "azurerm_container_group",
      "name": "worker",
      "provider": "provider[\"registry.terraform.io/hashicorp/azurerm\"]",
      "instances": [
        {
          "index_key": 0,
          "schema_version": 0,
          "attributes": {
            "container": [
              {
                "commands": [
                  "locust"
                ],
                "cpu": 2,
                "environment_variables": {
                  "APPINSIGHTS_INSTRUMENTATIONKEY": "a7bb773e-1e20-47be-9fbd-5d872e1b5659",
                  "LOCUST_LOCUSTFILE": "/home/locust/locust/locustfile.py",
                  "LOCUST_MASTER_NODE_HOST": "intentcorgi-locust-master.northeurope.azurecontainer.io",
                  "LOCUST_MODE_WORKER": "true"
                },
                "gpu": [],
                "image": "sebader/locust-with-plugins:latest",
                "liveness_probe": [],
                "memory": 2,
                "name": "intentcorgi-worker-0",
                "ports": [
                  {
                    "port": 8089,
                    "protocol": "TCP"
                  }
                ],
                "readiness_probe": [],
                "secure_environment_variables": {},
                "volume": [
                  {
                    "empty_dir": false,
                    "git_repo": [],
                    "mount_path": "/home/locust/locust",
                    "name": "locust",
                    "read_only": false,
                    "secret": {},
                    "share_name": "locust",
                    "storage_account_key": "Z+Ti1B3rSmDlJQjhtyq154z8c9Q8IV2yYQN9Vx0Aiy2EywbR1iL8Y76y4n5Cbx08x1f3O1kBepucopZsa78a5w==",
                    "storage_account_name": "intentcorgi"
                  }
                ]
              }
            ],
            "diagnostics": [],
            "dns_config": [],
            "dns_name_label": "",
            "exposed_port": [
              {
                "port": 8089,
                "protocol": "TCP"
              }
            ],
            "fqdn": "",
            "id": "/subscriptions/5ff0ab5b-4972-4882-beed-f3baedfad7eb/resourceGroups/locust-kload-rg/providers/Microsoft.ContainerInstance/containerGroups/intentcorgi-locust-worker-0",
            "identity": [],
            "image_registry_credential": [],
            "ip_address": "20.82.175.255",
            "ip_address_type": "Public",
            "location": "northeurope",
            "name": "intentcorgi-locust-worker-0",
            "network_profile_id": null,
            "os_type": "Linux",
            "resource_group_name": "locust-kload-rg",
            "restart_policy": "Always",
            "tags": {
              "Environment": "dev",
              "Prefix": "kload",
              "Source": "https://github.com/heoelri/locust-on-aci",
              "Toolkit": "Terraform"
            },
            "timeouts": null
          },
          "sensitive_attributes": [
            [
              {
                "type": "get_attr",
                "value": "container"
              },
              {
                "type": "index",
                "value": {
                  "value": 0,
                  "type": "number"
                }
              },
              {
                "type": "get_attr",
                "value": "volume"
              },
              {
                "type": "index",
                "value": {
                  "value": 0,
                  "type": "number"
                }
              },
              {
                "type": "get_attr",
                "value": "storage_account_key"
              }
            ],
            [
              {
                "type": "get_attr",
                "value": "container"
              },
              {
                "type": "index",
                "value": {
                  "value": 0,
                  "type": "number"
                }
              },
              {
                "type": "get_attr",
                "value": "environment_variables"
              },
              {
                "type": "index",
                "value": {
                  "value": "APPINSIGHTS_INSTRUMENTATIONKEY",
                  "type": "string"
                }
              }
            ]
          ],
          "private": "eyJlMmJmYjczMC1lY2FhLTExZTYtOGY4OC0zNDM2M2JjN2M0YzAiOnsiY3JlYXRlIjoxODAwMDAwMDAwMDAwLCJkZWxldGUiOjE4MDAwMDAwMDAwMDAsInJlYWQiOjMwMDAwMDAwMDAwMCwidXBkYXRlIjoxODAwMDAwMDAwMDAwfX0=",
          "dependencies": [
            "azurerm_application_insights.deployment",
            "azurerm_key_vault.deployment",
            "azurerm_key_vault_secret.locustsecret",
            "azurerm_storage_share_file.locustfile",
            "random_pet.deployment",
            "azurerm_container_group.master",
            "azurerm_resource_group.deployment",
            "azurerm_storage_account.deployment",
            "azurerm_storage_share.locust",
            "data.azurerm_client_config.current",
            "random_password.locustsecret"
          ]
        },
        {
          "index_key": 1,
          "schema_version": 0,
          "attributes": {
            "container": [
              {
                "commands": [
                  "locust"
                ],
                "cpu": 2,
                "environment_variables": {
                  "APPINSIGHTS_INSTRUMENTATIONKEY": "a7bb773e-1e20-47be-9fbd-5d872e1b5659",
                  "LOCUST_LOCUSTFILE": "/home/locust/locust/locustfile.py",
                  "LOCUST_MASTER_NODE_HOST": "intentcorgi-locust-master.northeurope.azurecontainer.io",
                  "LOCUST_MODE_WORKER": "true"
                },
                "gpu": [],
                "image": "sebader/locust-with-plugins:latest",
                "liveness_probe": [],
                "memory": 2,
                "name": "intentcorgi-worker-1",
                "ports": [
                  {
                    "port": 8089,
                    "protocol": "TCP"
                  }
                ],
                "readiness_probe": [],
                "secure_environment_variables": {},
                "volume": [
                  {
                    "empty_dir": false,
                    "git_repo": [],
                    "mount_path": "/home/locust/locust",
                    "name": "locust",
                    "read_only": false,
                    "secret": {},
                    "share_name": "locust",
                    "storage_account_key": "Z+Ti1B3rSmDlJQjhtyq154z8c9Q8IV2yYQN9Vx0Aiy2EywbR1iL8Y76y4n5Cbx08x1f3O1kBepucopZsa78a5w==",
                    "storage_account_name": "intentcorgi"
                  }
                ]
              }
            ],
            "diagnostics": [],
            "dns_config": [],
            "dns_name_label": "",
            "exposed_port": [
              {
                "port": 8089,
                "protocol": "TCP"
              }
            ],
            "fqdn": "",
            "id": "/subscriptions/5ff0ab5b-4972-4882-beed-f3baedfad7eb/resourceGroups/locust-kload-rg/providers/Microsoft.ContainerInstance/containerGroups/intentcorgi-locust-worker-1",
            "identity": [],
            "image_registry_credential": [],
            "ip_address": "20.75.20.171",
            "ip_address_type": "Public",
            "location": "eastus2",
            "name": "intentcorgi-locust-worker-1",
            "network_profile_id": null,
            "os_type": "Linux",
            "resource_group_name": "locust-kload-rg",
            "restart_policy": "Always",
            "tags": {
              "Environment": "dev",
              "Prefix": "kload",
              "Source": "https://github.com/heoelri/locust-on-aci",
              "Toolkit": "Terraform"
            },
            "timeouts": null
          },
          "sensitive_attributes": [
            [
              {
                "type": "get_attr",
                "value": "container"
              },
              {
                "type": "index",
                "value": {
                  "value": 0,
                  "type": "number"
                }
              },
              {
                "type": "get_attr",
                "value": "volume"
              },
              {
                "type": "index",
                "value": {
                  "value": 0,
                  "type": "number"
                }
              },
              {
                "type": "get_attr",
                "value": "storage_account_key"
              }
            ],
            [
              {
                "type": "get_attr",
                "value": "container"
              },
              {
                "type": "index",
                "value": {
                  "value": 0,
                  "type": "number"
                }
              },
              {
                "type": "get_attr",
                "value": "environment_variables"
              },
              {
                "type": "index",
                "value": {
                  "value": "APPINSIGHTS_INSTRUMENTATIONKEY",
                  "type": "string"
                }
              }
            ]
          ],
          "private": "eyJlMmJmYjczMC1lY2FhLTExZTYtOGY4OC0zNDM2M2JjN2M0YzAiOnsiY3JlYXRlIjoxODAwMDAwMDAwMDAwLCJkZWxldGUiOjE4MDAwMDAwMDAwMDAsInJlYWQiOjMwMDAwMDAwMDAwMCwidXBkYXRlIjoxODAwMDAwMDAwMDAwfX0=",
          "dependencies": [
            "random_password.locustsecret",
            "random_pet.deployment",
            "azurerm_container_group.master",
            "azurerm_key_vault.deployment",
            "azurerm_key_vault_secret.locustsecret",
            "azurerm_storage_account.deployment",
            "azurerm_storage_share_file.locustfile",
            "data.azurerm_client_config.current",
            "azurerm_application_insights.deployment",
            "azurerm_resource_group.deployment",
            "azurerm_storage_share.locust"
          ]
        },
        {
          "index_key": 2,
          "schema_version": 0,
          "attributes": {
            "container": [
              {
                "commands": [
                  "locust"
                ],
                "cpu": 2,
                "environment_variables": {
                  "APPINSIGHTS_INSTRUMENTATIONKEY": "a7bb773e-1e20-47be-9fbd-5d872e1b5659",
                  "LOCUST_LOCUSTFILE": "/home/locust/locust/locustfile.py",
                  "LOCUST_MASTER_NODE_HOST": "intentcorgi-locust-master.northeurope.azurecontainer.io",
                  "LOCUST_MODE_WORKER": "true"
                },
                "gpu": [],
                "image": "sebader/locust-with-plugins:latest",
                "liveness_probe": [],
                "memory": 2,
                "name": "intentcorgi-worker-2",
                "ports": [
                  {
                    "port": 8089,
                    "protocol": "TCP"
                  }
                ],
                "readiness_probe": [],
                "secure_environment_variables": {},
                "volume": [
                  {
                    "empty_dir": false,
                    "git_repo": [],
                    "mount_path": "/home/locust/locust",
                    "name": "locust",
                    "read_only": false,
                    "secret": {},
                    "share_name": "locust",
                    "storage_account_key": "Z+Ti1B3rSmDlJQjhtyq154z8c9Q8IV2yYQN9Vx0Aiy2EywbR1iL8Y76y4n5Cbx08x1f3O1kBepucopZsa78a5w==",
                    "storage_account_name": "intentcorgi"
                  }
                ]
              }
            ],
            "diagnostics": [],
            "dns_config": [],
            "dns_name_label": "",
            "exposed_port": [
              {
                "port": 8089,
                "protocol": "TCP"
              }
            ],
            "fqdn": "",
            "id": "/subscriptions/5ff0ab5b-4972-4882-beed-f3baedfad7eb/resourceGroups/locust-kload-rg/providers/Microsoft.ContainerInstance/containerGroups/intentcorgi-locust-worker-2",
            "identity": [],
            "image_registry_credential": [],
            "ip_address": "51.138.29.20",
            "ip_address_type": "Public",
            "location": "westeurope",
            "name": "intentcorgi-locust-worker-2",
            "network_profile_id": null,
            "os_type": "Linux",
            "resource_group_name": "locust-kload-rg",
            "restart_policy": "Always",
            "tags": {
              "Environment": "dev",
              "Prefix": "kload",
              "Source": "https://github.com/heoelri/locust-on-aci",
              "Toolkit": "Terraform"
            },
            "timeouts": null
          },
          "sensitive_attributes": [
            [
              {
                "type": "get_attr",
                "value": "container"
              },
              {
                "type": "index",
                "value": {
                  "value": 0,
                  "type": "number"
                }
              },
              {
                "type": "get_attr",
                "value": "environment_variables"
              },
              {
                "type": "index",
                "value": {
                  "value": "APPINSIGHTS_INSTRUMENTATIONKEY",
                  "type": "string"
                }
              }
            ],
            [
              {
                "type": "get_attr",
                "value": "container"
              },
              {
                "type": "index",
                "value": {
                  "value": 0,
                  "type": "number"
                }
              },
              {
                "type": "get_attr",
                "value": "volume"
              },
              {
                "type": "index",
                "value": {
                  "value": 0,
                  "type": "number"
                }
              },
              {
                "type": "get_attr",
                "value": "storage_account_key"
              }
            ]
          ],
          "private": "eyJlMmJmYjczMC1lY2FhLTExZTYtOGY4OC0zNDM2M2JjN2M0YzAiOnsiY3JlYXRlIjoxODAwMDAwMDAwMDAwLCJkZWxldGUiOjE4MDAwMDAwMDAwMDAsInJlYWQiOjMwMDAwMDAwMDAwMCwidXBkYXRlIjoxODAwMDAwMDAwMDAwfX0=",
          "dependencies": [
            "azurerm_storage_account.deployment",
            "azurerm_storage_share_file.locustfile",
            "data.azurerm_client_config.current",
            "random_pet.deployment",
            "azurerm_container_group.master",
            "azurerm_key_vault_secret.locustsecret",
            "azurerm_resource_group.deployment",
            "random_password.locustsecret",
            "azurerm_application_insights.deployment",
            "azurerm_key_vault.deployment",
            "azurerm_storage_share.locust"
          ]
        },
        {
          "index_key": 3,
          "schema_version": 0,
          "attributes": {
            "container": [
              {
                "commands": [
                  "locust"
                ],
                "cpu": 2,
                "environment_variables": {
                  "APPINSIGHTS_INSTRUMENTATIONKEY": "a7bb773e-1e20-47be-9fbd-5d872e1b5659",
                  "LOCUST_LOCUSTFILE": "/home/locust/locust/locustfile.py",
                  "LOCUST_MASTER_NODE_HOST": "intentcorgi-locust-master.northeurope.azurecontainer.io",
                  "LOCUST_MODE_WORKER": "true"
                },
                "gpu": [],
                "image": "sebader/locust-with-plugins:latest",
                "liveness_probe": [],
                "memory": 2,
                "name": "intentcorgi-worker-3",
                "ports": [
                  {
                    "port": 8089,
                    "protocol": "TCP"
                  }
                ],
                "readiness_probe": [],
                "secure_environment_variables": {},
                "volume": [
                  {
                    "empty_dir": false,
                    "git_repo": [],
                    "mount_path": "/home/locust/locust",
                    "name": "locust",
                    "read_only": false,
                    "secret": {},
                    "share_name": "locust",
                    "storage_account_key": "Z+Ti1B3rSmDlJQjhtyq154z8c9Q8IV2yYQN9Vx0Aiy2EywbR1iL8Y76y4n5Cbx08x1f3O1kBepucopZsa78a5w==",
                    "storage_account_name": "intentcorgi"
                  }
                ]
              }
            ],
            "diagnostics": [],
            "dns_config": [],
            "dns_name_label": "",
            "exposed_port": [
              {
                "port": 8089,
                "protocol": "TCP"
              }
            ],
            "fqdn": "",
            "id": "/subscriptions/5ff0ab5b-4972-4882-beed-f3baedfad7eb/resourceGroups/locust-kload-rg/providers/Microsoft.ContainerInstance/containerGroups/intentcorgi-locust-worker-3",
            "identity": [],
            "image_registry_credential": [],
            "ip_address": "13.91.56.26",
            "ip_address_type": "Public",
            "location": "westus",
            "name": "intentcorgi-locust-worker-3",
            "network_profile_id": null,
            "os_type": "Linux",
            "resource_group_name": "locust-kload-rg",
            "restart_policy": "Always",
            "tags": {
              "Environment": "dev",
              "Prefix": "kload",
              "Source": "https://github.com/heoelri/locust-on-aci",
              "Toolkit": "Terraform"
            },
            "timeouts": null
          },
          "sensitive_attributes": [
            [
              {
                "type": "get_attr",
                "value": "container"
              },
              {
                "type": "index",
                "value": {
                  "value": 0,
                  "type": "number"
                }
              },
              {
                "type": "get_attr",
                "value": "volume"
              },
              {
                "type": "index",
                "value": {
                  "value": 0,
                  "type": "number"
                }
              },
              {
                "type": "get_attr",
                "value": "storage_account_key"
              }
            ],
            [
              {
                "type": "get_attr",
                "value": "container"
              },
              {
                "type": "index",
                "value": {
                  "value": 0,
                  "type": "number"
                }
              },
              {
                "type": "get_attr",
                "value": "environment_variables"
              },
              {
                "type": "index",
                "value": {
                  "value": "APPINSIGHTS_INSTRUMENTATIONKEY",
                  "type": "string"
                }
              }
            ]
          ],
          "private": "eyJlMmJmYjczMC1lY2FhLTExZTYtOGY4OC0zNDM2M2JjN2M0YzAiOnsiY3JlYXRlIjoxODAwMDAwMDAwMDAwLCJkZWxldGUiOjE4MDAwMDAwMDAwMDAsInJlYWQiOjMwMDAwMDAwMDAwMCwidXBkYXRlIjoxODAwMDAwMDAwMDAwfX0=",
          "dependencies": [
            "azurerm_storage_share_file.locustfile",
            "data.azurerm_client_config.current",
            "random_pet.deployment",
            "azurerm_key_vault_secret.locustsecret",
            "azurerm_resource_group.deployment",
            "azurerm_key_vault.deployment",
            "azurerm_storage_account.deployment",
            "azurerm_storage_share.locust",
            "random_password.locustsecret",
            "azurerm_application_insights.deployment",
            "azurerm_container_group.master"
          ]
        },
        {
          "index_key": 4,
          "schema_version": 0,
          "attributes": {
            "container": [
              {
                "commands": [
                  "locust"
                ],
                "cpu": 2,
                "environment_variables": {
                  "APPINSIGHTS_INSTRUMENTATIONKEY": "a7bb773e-1e20-47be-9fbd-5d872e1b5659",
                  "LOCUST_LOCUSTFILE": "/home/locust/locust/locustfile.py",
                  "LOCUST_MASTER_NODE_HOST": "intentcorgi-locust-master.northeurope.azurecontainer.io",
                  "LOCUST_MODE_WORKER": "true"
                },
                "gpu": [],
                "image": "sebader/locust-with-plugins:latest",
                "liveness_probe": [],
                "memory": 2,
                "name": "intentcorgi-worker-4",
                "ports": [
                  {
                    "port": 8089,
                    "protocol": "TCP"
                  }
                ],
                "readiness_probe": [],
                "secure_environment_variables": {},
                "volume": [
                  {
                    "empty_dir": false,
                    "git_repo": [],
                    "mount_path": "/home/locust/locust",
                    "name": "locust",
                    "read_only": false,
                    "secret": {},
                    "share_name": "locust",
                    "storage_account_key": "Z+Ti1B3rSmDlJQjhtyq154z8c9Q8IV2yYQN9Vx0Aiy2EywbR1iL8Y76y4n5Cbx08x1f3O1kBepucopZsa78a5w==",
                    "storage_account_name": "intentcorgi"
                  }
                ]
              }
            ],
            "diagnostics": [],
            "dns_config": [],
            "dns_name_label": "",
            "exposed_port": [
              {
                "port": 8089,
                "protocol": "TCP"
              }
            ],
            "fqdn": "",
            "id": "/subscriptions/5ff0ab5b-4972-4882-beed-f3baedfad7eb/resourceGroups/locust-kload-rg/providers/Microsoft.ContainerInstance/containerGroups/intentcorgi-locust-worker-4",
            "identity": [],
            "image_registry_credential": [],
            "ip_address": "20.53.173.166",
            "ip_address_type": "Public",
            "location": "australiaeast",
            "name": "intentcorgi-locust-worker-4",
            "network_profile_id": null,
            "os_type": "Linux",
            "resource_group_name": "locust-kload-rg",
            "restart_policy": "Always",
            "tags": {
              "Environment": "dev",
              "Prefix": "kload",
              "Source": "https://github.com/heoelri/locust-on-aci",
              "Toolkit": "Terraform"
            },
            "timeouts": null
          },
          "sensitive_attributes": [
            [
              {
                "type": "get_attr",
                "value": "container"
              },
              {
                "type": "index",
                "value": {
                  "value": 0,
                  "type": "number"
                }
              },
              {
                "type": "get_attr",
                "value": "environment_variables"
              },
              {
                "type": "index",
                "value": {
                  "value": "APPINSIGHTS_INSTRUMENTATIONKEY",
                  "type": "string"
                }
              }
            ],
            [
              {
                "type": "get_attr",
                "value": "container"
              },
              {
                "type": "index",
                "value": {
                  "value": 0,
                  "type": "number"
                }
              },
              {
                "type": "get_attr",
                "value": "volume"
              },
              {
                "type": "index",
                "value": {
                  "value": 0,
                  "type": "number"
                }
              },
              {
                "type": "get_attr",
                "value": "storage_account_key"
              }
            ]
          ],
          "private": "eyJlMmJmYjczMC1lY2FhLTExZTYtOGY4OC0zNDM2M2JjN2M0YzAiOnsiY3JlYXRlIjoxODAwMDAwMDAwMDAwLCJkZWxldGUiOjE4MDAwMDAwMDAwMDAsInJlYWQiOjMwMDAwMDAwMDAwMCwidXBkYXRlIjoxODAwMDAwMDAwMDAwfX0=",
          "dependencies": [
            "azurerm_application_insights.deployment",
            "azurerm_container_group.master",
            "azurerm_key_vault.deployment",
            "azurerm_key_vault_secret.locustsecret",
            "azurerm_resource_group.deployment",
            "azurerm_storage_account.deployment",
            "azurerm_storage_share.locust",
            "azurerm_storage_share_file.locustfile",
            "data.azurerm_client_config.current",
            "random_password.locustsecret",
            "random_pet.deployment"
          ]
        },
        {
          "index_key": 5,
          "schema_version": 0,
          "attributes": {
            "container": [
              {
                "commands": [
                  "locust"
                ],
                "cpu": 2,
                "environment_variables": {
                  "APPINSIGHTS_INSTRUMENTATIONKEY": "a7bb773e-1e20-47be-9fbd-5d872e1b5659",
                  "LOCUST_LOCUSTFILE": "/home/locust/locust/locustfile.py",
                  "LOCUST_MASTER_NODE_HOST": "intentcorgi-locust-master.northeurope.azurecontainer.io",
                  "LOCUST_MODE_WORKER": "true"
                },
                "gpu": [],
                "image": "sebader/locust-with-plugins:latest",
                "liveness_probe": [],
                "memory": 2,
                "name": "intentcorgi-worker-5",
                "ports": [
                  {
                    "port": 8089,
                    "protocol": "TCP"
                  }
                ],
                "readiness_probe": [],
                "secure_environment_variables": {},
                "volume": [
                  {
                    "empty_dir": false,
                    "git_repo": [],
                    "mount_path": "/home/locust/locust",
                    "name": "locust",
                    "read_only": false,
                    "secret": {},
                    "share_name": "locust",
                    "storage_account_key": "Z+Ti1B3rSmDlJQjhtyq154z8c9Q8IV2yYQN9Vx0Aiy2EywbR1iL8Y76y4n5Cbx08x1f3O1kBepucopZsa78a5w==",
                    "storage_account_name": "intentcorgi"
                  }
                ]
              }
            ],
            "diagnostics": [],
            "dns_config": [],
            "dns_name_label": "",
            "exposed_port": [
              {
                "port": 8089,
                "protocol": "TCP"
              }
            ],
            "fqdn": "",
            "id": "/subscriptions/5ff0ab5b-4972-4882-beed-f3baedfad7eb/resourceGroups/locust-kload-rg/providers/Microsoft.ContainerInstance/containerGroups/intentcorgi-locust-worker-5",
            "identity": [],
            "image_registry_credential": [],
            "ip_address": "20.74.21.115",
            "ip_address_type": "Public",
            "location": "francecentral",
            "name": "intentcorgi-locust-worker-5",
            "network_profile_id": null,
            "os_type": "Linux",
            "resource_group_name": "locust-kload-rg",
            "restart_policy": "Always",
            "tags": {
              "Environment": "dev",
              "Prefix": "kload",
              "Source": "https://github.com/heoelri/locust-on-aci",
              "Toolkit": "Terraform"
            },
            "timeouts": null
          },
          "sensitive_attributes": [
            [
              {
                "type": "get_attr",
                "value": "container"
              },
              {
                "type": "index",
                "value": {
                  "value": 0,
                  "type": "number"
                }
              },
              {
                "type": "get_attr",
                "value": "volume"
              },
              {
                "type": "index",
                "value": {
                  "value": 0,
                  "type": "number"
                }
              },
              {
                "type": "get_attr",
                "value": "storage_account_key"
              }
            ],
            [
              {
                "type": "get_attr",
                "value": "container"
              },
              {
                "type": "index",
                "value": {
                  "value": 0,
                  "type": "number"
                }
              },
              {
                "type": "get_attr",
                "value": "environment_variables"
              },
              {
                "type": "index",
                "value": {
                  "value": "APPINSIGHTS_INSTRUMENTATIONKEY",
                  "type": "string"
                }
              }
            ]
          ],
          "private": "eyJlMmJmYjczMC1lY2FhLTExZTYtOGY4OC0zNDM2M2JjN2M0YzAiOnsiY3JlYXRlIjoxODAwMDAwMDAwMDAwLCJkZWxldGUiOjE4MDAwMDAwMDAwMDAsInJlYWQiOjMwMDAwMDAwMDAwMCwidXBkYXRlIjoxODAwMDAwMDAwMDAwfX0=",
          "dependencies": [
            "azurerm_application_insights.deployment",
            "azurerm_resource_group.deployment",
            "azurerm_storage_share_file.locustfile",
            "data.azurerm_client_config.current",
            "random_password.locustsecret",
            "random_pet.deployment",
            "azurerm_container_group.master",
            "azurerm_key_vault.deployment",
            "azurerm_key_vault_secret.locustsecret",
            "azurerm_storage_account.deployment",
            "azurerm_storage_share.locust"
          ]
        },
        {
          "index_key": 6,
          "schema_version": 0,
          "attributes": {
            "container": [
              {
                "commands": [
                  "locust"
                ],
                "cpu": 2,
                "environment_variables": {
                  "APPINSIGHTS_INSTRUMENTATIONKEY": "a7bb773e-1e20-47be-9fbd-5d872e1b5659",
                  "LOCUST_LOCUSTFILE": "/home/locust/locust/locustfile.py",
                  "LOCUST_MASTER_NODE_HOST": "intentcorgi-locust-master.northeurope.azurecontainer.io",
                  "LOCUST_MODE_WORKER": "true"
                },
                "gpu": [],
                "image": "sebader/locust-with-plugins:latest",
                "liveness_probe": [],
                "memory": 2,
                "name": "intentcorgi-worker-6",
                "ports": [
                  {
                    "port": 8089,
                    "protocol": "TCP"
                  }
                ],
                "readiness_probe": [],
                "secure_environment_variables": {},
                "volume": [
                  {
                    "empty_dir": false,
                    "git_repo": [],
                    "mount_path": "/home/locust/locust",
                    "name": "locust",
                    "read_only": false,
                    "secret": {},
                    "share_name": "locust",
                    "storage_account_key": "Z+Ti1B3rSmDlJQjhtyq154z8c9Q8IV2yYQN9Vx0Aiy2EywbR1iL8Y76y4n5Cbx08x1f3O1kBepucopZsa78a5w==",
                    "storage_account_name": "intentcorgi"
                  }
                ]
              }
            ],
            "diagnostics": [],
            "dns_config": [],
            "dns_name_label": "",
            "exposed_port": [
              {
                "port": 8089,
                "protocol": "TCP"
              }
            ],
            "fqdn": "",
            "id": "/subscriptions/5ff0ab5b-4972-4882-beed-f3baedfad7eb/resourceGroups/locust-kload-rg/providers/Microsoft.ContainerInstance/containerGroups/intentcorgi-locust-worker-6",
            "identity": [],
            "image_registry_credential": [],
            "ip_address": "40.74.183.62",
            "ip_address_type": "Public",
            "location": "southcentralus",
            "name": "intentcorgi-locust-worker-6",
            "network_profile_id": null,
            "os_type": "Linux",
            "resource_group_name": "locust-kload-rg",
            "restart_policy": "Always",
            "tags": {
              "Environment": "dev",
              "Prefix": "kload",
              "Source": "https://github.com/heoelri/locust-on-aci",
              "Toolkit": "Terraform"
            },
            "timeouts": null
          },
          "sensitive_attributes": [
            [
              {
                "type": "get_attr",
                "value": "container"
              },
              {
                "type": "index",
                "value": {
                  "value": 0,
                  "type": "number"
                }
              },
              {
                "type": "get_attr",
                "value": "volume"
              },
              {
                "type": "index",
                "value": {
                  "value": 0,
                  "type": "number"
                }
              },
              {
                "type": "get_attr",
                "value": "storage_account_key"
              }
            ],
            [
              {
                "type": "get_attr",
                "value": "container"
              },
              {
                "type": "index",
                "value": {
                  "value": 0,
                  "type": "number"
                }
              },
              {
                "type": "get_attr",
                "value": "environment_variables"
              },
              {
                "type": "index",
                "value": {
                  "value": "APPINSIGHTS_INSTRUMENTATIONKEY",
                  "type": "string"
                }
              }
            ]
          ],
          "private": "eyJlMmJmYjczMC1lY2FhLTExZTYtOGY4OC0zNDM2M2JjN2M0YzAiOnsiY3JlYXRlIjoxODAwMDAwMDAwMDAwLCJkZWxldGUiOjE4MDAwMDAwMDAwMDAsInJlYWQiOjMwMDAwMDAwMDAwMCwidXBkYXRlIjoxODAwMDAwMDAwMDAwfX0=",
          "dependencies": [
            "azurerm_resource_group.deployment",
            "azurerm_storage_share.locust",
            "data.azurerm_client_config.current",
            "azurerm_application_insights.deployment",
            "azurerm_key_vault.deployment",
            "azurerm_storage_account.deployment",
            "azurerm_storage_share_file.locustfile",
            "random_password.locustsecret",
            "random_pet.deployment",
            "azurerm_container_group.master",
            "azurerm_key_vault_secret.locustsecret"
          ]
        },
        {
          "index_key": 7,
          "schema_version": 0,
          "attributes": {
            "container": [
              {
                "commands": [
                  "locust"
                ],
                "cpu": 2,
                "environment_variables": {
                  "APPINSIGHTS_INSTRUMENTATIONKEY": "a7bb773e-1e20-47be-9fbd-5d872e1b5659",
                  "LOCUST_LOCUSTFILE": "/home/locust/locust/locustfile.py",
                  "LOCUST_MASTER_NODE_HOST": "intentcorgi-locust-master.northeurope.azurecontainer.io",
                  "LOCUST_MODE_WORKER": "true"
                },
                "gpu": [],
                "image": "sebader/locust-with-plugins:latest",
                "liveness_probe": [],
                "memory": 2,
                "name": "intentcorgi-worker-7",
                "ports": [
                  {
                    "port": 8089,
                    "protocol": "TCP"
                  }
                ],
                "readiness_probe": [],
                "secure_environment_variables": {},
                "volume": [
                  {
                    "empty_dir": false,
                    "git_repo": [],
                    "mount_path": "/home/locust/locust",
                    "name": "locust",
                    "read_only": false,
                    "secret": {},
                    "share_name": "locust",
                    "storage_account_key": "Z+Ti1B3rSmDlJQjhtyq154z8c9Q8IV2yYQN9Vx0Aiy2EywbR1iL8Y76y4n5Cbx08x1f3O1kBepucopZsa78a5w==",
                    "storage_account_name": "intentcorgi"
                  }
                ]
              }
            ],
            "diagnostics": [],
            "dns_config": [],
            "dns_name_label": "",
            "exposed_port": [
              {
                "port": 8089,
                "protocol": "TCP"
              }
            ],
            "fqdn": "",
            "id": "/subscriptions/5ff0ab5b-4972-4882-beed-f3baedfad7eb/resourceGroups/locust-kload-rg/providers/Microsoft.ContainerInstance/containerGroups/intentcorgi-locust-worker-7",
            "identity": [],
            "image_registry_credential": [],
            "ip_address": "20.194.210.168",
            "ip_address_type": "Public",
            "location": "japaneast",
            "name": "intentcorgi-locust-worker-7",
            "network_profile_id": null,
            "os_type": "Linux",
            "resource_group_name": "locust-kload-rg",
            "restart_policy": "Always",
            "tags": {
              "Environment": "dev",
              "Prefix": "kload",
              "Source": "https://github.com/heoelri/locust-on-aci",
              "Toolkit": "Terraform"
            },
            "timeouts": null
          },
          "sensitive_attributes": [
            [
              {
                "type": "get_attr",
                "value": "container"
              },
              {
                "type": "index",
                "value": {
                  "value": 0,
                  "type": "number"
                }
              },
              {
                "type": "get_attr",
                "value": "environment_variables"
              },
              {
                "type": "index",
                "value": {
                  "value": "APPINSIGHTS_INSTRUMENTATIONKEY",
                  "type": "string"
                }
              }
            ],
            [
              {
                "type": "get_attr",
                "value": "container"
              },
              {
                "type": "index",
                "value": {
                  "value": 0,
                  "type": "number"
                }
              },
              {
                "type": "get_attr",
                "value": "volume"
              },
              {
                "type": "index",
                "value": {
                  "value": 0,
                  "type": "number"
                }
              },
              {
                "type": "get_attr",
                "value": "storage_account_key"
              }
            ]
          ],
          "private": "eyJlMmJmYjczMC1lY2FhLTExZTYtOGY4OC0zNDM2M2JjN2M0YzAiOnsiY3JlYXRlIjoxODAwMDAwMDAwMDAwLCJkZWxldGUiOjE4MDAwMDAwMDAwMDAsInJlYWQiOjMwMDAwMDAwMDAwMCwidXBkYXRlIjoxODAwMDAwMDAwMDAwfX0=",
          "dependencies": [
            "azurerm_application_insights.deployment",
            "azurerm_key_vault.deployment",
            "azurerm_key_vault_secret.locustsecret",
            "azurerm_storage_account.deployment",
            "azurerm_storage_share.locust",
            "random_pet.deployment",
            "azurerm_container_group.master",
            "azurerm_resource_group.deployment",
            "azurerm_storage_share_file.locustfile",
            "data.azurerm_client_config.current",
            "random_password.locustsecret"
          ]
        },
        {
          "index_key": 8,
          "schema_version": 0,
          "attributes": {
            "container": [
              {
                "commands": [
                  "locust"
                ],
                "cpu": 2,
                "environment_variables": {
                  "APPINSIGHTS_INSTRUMENTATIONKEY": "a7bb773e-1e20-47be-9fbd-5d872e1b5659",
                  "LOCUST_LOCUSTFILE": "/home/locust/locust/locustfile.py",
                  "LOCUST_MASTER_NODE_HOST": "intentcorgi-locust-master.northeurope.azurecontainer.io",
                  "LOCUST_MODE_WORKER": "true"
                },
                "gpu": [],
                "image": "sebader/locust-with-plugins:latest",
                "liveness_probe": [],
                "memory": 2,
                "name": "intentcorgi-worker-8",
                "ports": [
                  {
                    "port": 8089,
                    "protocol": "TCP"
                  }
                ],
                "readiness_probe": [],
                "secure_environment_variables": {},
                "volume": [
                  {
                    "empty_dir": false,
                    "git_repo": [],
                    "mount_path": "/home/locust/locust",
                    "name": "locust",
                    "read_only": false,
                    "secret": {},
                    "share_name": "locust",
                    "storage_account_key": "Z+Ti1B3rSmDlJQjhtyq154z8c9Q8IV2yYQN9Vx0Aiy2EywbR1iL8Y76y4n5Cbx08x1f3O1kBepucopZsa78a5w==",
                    "storage_account_name": "intentcorgi"
                  }
                ]
              }
            ],
            "diagnostics": [],
            "dns_config": [],
            "dns_name_label": "",
            "exposed_port": [
              {
                "port": 8089,
                "protocol": "TCP"
              }
            ],
            "fqdn": "",
            "id": "/subscriptions/5ff0ab5b-4972-4882-beed-f3baedfad7eb/resourceGroups/locust-kload-rg/providers/Microsoft.ContainerInstance/containerGroups/intentcorgi-locust-worker-8",
            "identity": [],
            "image_registry_credential": [],
            "ip_address": "13.71.97.46",
            "ip_address_type": "Public",
            "location": "southindia",
            "name": "intentcorgi-locust-worker-8",
            "network_profile_id": null,
            "os_type": "Linux",
            "resource_group_name": "locust-kload-rg",
            "restart_policy": "Always",
            "tags": {
              "Environment": "dev",
              "Prefix": "kload",
              "Source": "https://github.com/heoelri/locust-on-aci",
              "Toolkit": "Terraform"
            },
            "timeouts": null
          },
          "sensitive_attributes": [
            [
              {
                "type": "get_attr",
                "value": "container"
              },
              {
                "type": "index",
                "value": {
                  "value": 0,
                  "type": "number"
                }
              },
              {
                "type": "get_attr",
                "value": "environment_variables"
              },
              {
                "type": "index",
                "value": {
                  "value": "APPINSIGHTS_INSTRUMENTATIONKEY",
                  "type": "string"
                }
              }
            ],
            [
              {
                "type": "get_attr",
                "value": "container"
              },
              {
                "type": "index",
                "value": {
                  "value": 0,
                  "type": "number"
                }
              },
              {
                "type": "get_attr",
                "value": "volume"
              },
              {
                "type": "index",
                "value": {
                  "value": 0,
                  "type": "number"
                }
              },
              {
                "type": "get_attr",
                "value": "storage_account_key"
              }
            ]
          ],
          "private": "eyJlMmJmYjczMC1lY2FhLTExZTYtOGY4OC0zNDM2M2JjN2M0YzAiOnsiY3JlYXRlIjoxODAwMDAwMDAwMDAwLCJkZWxldGUiOjE4MDAwMDAwMDAwMDAsInJlYWQiOjMwMDAwMDAwMDAwMCwidXBkYXRlIjoxODAwMDAwMDAwMDAwfX0=",
          "dependencies": [
            "data.azurerm_client_config.current",
            "random_password.locustsecret",
            "random_pet.deployment",
            "azurerm_container_group.master",
            "azurerm_storage_account.deployment",
            "azurerm_key_vault_secret.locustsecret",
            "azurerm_resource_group.deployment",
            "azurerm_storage_share.locust",
            "azurerm_storage_share_file.locustfile",
            "azurerm_application_insights.deployment",
            "azurerm_key_vault.deployment"
          ]
        },
        {
          "index_key": 9,
          "schema_version": 0,
          "attributes": {
            "container": [
              {
                "commands": [
                  "locust"
                ],
                "cpu": 2,
                "environment_variables": {
                  "APPINSIGHTS_INSTRUMENTATIONKEY": "a7bb773e-1e20-47be-9fbd-5d872e1b5659",
                  "LOCUST_LOCUSTFILE": "/home/locust/locust/locustfile.py",
                  "LOCUST_MASTER_NODE_HOST": "intentcorgi-locust-master.northeurope.azurecontainer.io",
                  "LOCUST_MODE_WORKER": "true"
                },
                "gpu": [],
                "image": "sebader/locust-with-plugins:latest",
                "liveness_probe": [],
                "memory": 2,
                "name": "intentcorgi-worker-9",
                "ports": [
                  {
                    "port": 8089,
                    "protocol": "TCP"
                  }
                ],
                "readiness_probe": [],
                "secure_environment_variables": {},
                "volume": [
                  {
                    "empty_dir": false,
                    "git_repo": [],
                    "mount_path": "/home/locust/locust",
                    "name": "locust",
                    "read_only": false,
                    "secret": {},
                    "share_name": "locust",
                    "storage_account_key": "Z+Ti1B3rSmDlJQjhtyq154z8c9Q8IV2yYQN9Vx0Aiy2EywbR1iL8Y76y4n5Cbx08x1f3O1kBepucopZsa78a5w==",
                    "storage_account_name": "intentcorgi"
                  }
                ]
              }
            ],
            "diagnostics": [],
            "dns_config": [],
            "dns_name_label": "",
            "exposed_port": [
              {
                "port": 8089,
                "protocol": "TCP"
              }
            ],
            "fqdn": "",
            "id": "/subscriptions/5ff0ab5b-4972-4882-beed-f3baedfad7eb/resourceGroups/locust-kload-rg/providers/Microsoft.ContainerInstance/containerGroups/intentcorgi-locust-worker-9",
            "identity": [],
            "image_registry_credential": [],
            "ip_address": "20.201.30.164",
            "ip_address_type": "Public",
            "location": "brazilsouth",
            "name": "intentcorgi-locust-worker-9",
            "network_profile_id": null,
            "os_type": "Linux",
            "resource_group_name": "locust-kload-rg",
            "restart_policy": "Always",
            "tags": {
              "Environment": "dev",
              "Prefix": "kload",
              "Source": "https://github.com/heoelri/locust-on-aci",
              "Toolkit": "Terraform"
            },
            "timeouts": null
          },
          "sensitive_attributes": [
            [
              {
                "type": "get_attr",
                "value": "container"
              },
              {
                "type": "index",
                "value": {
                  "value": 0,
                  "type": "number"
                }
              },
              {
                "type": "get_attr",
                "value": "volume"
              },
              {
                "type": "index",
                "value": {
                  "value": 0,
                  "type": "number"
                }
              },
              {
                "type": "get_attr",
                "value": "storage_account_key"
              }
            ],
            [
              {
                "type": "get_attr",
                "value": "container"
              },
              {
                "type": "index",
                "value": {
                  "value": 0,
                  "type": "number"
                }
              },
              {
                "type": "get_attr",
                "value": "environment_variables"
              },
              {
                "type": "index",
                "value": {
                  "value": "APPINSIGHTS_INSTRUMENTATIONKEY",
                  "type": "string"
                }
              }
            ]
          ],
          "private": "eyJlMmJmYjczMC1lY2FhLTExZTYtOGY4OC0zNDM2M2JjN2M0YzAiOnsiY3JlYXRlIjoxODAwMDAwMDAwMDAwLCJkZWxldGUiOjE4MDAwMDAwMDAwMDAsInJlYWQiOjMwMDAwMDAwMDAwMCwidXBkYXRlIjoxODAwMDAwMDAwMDAwfX0=",
          "dependencies": [
            "data.azurerm_client_config.current",
            "azurerm_key_vault_secret.locustsecret",
            "azurerm_storage_account.deployment",
            "azurerm_storage_share_file.locustfile",
            "azurerm_resource_group.deployment",
            "azurerm_storage_share.locust",
            "random_password.locustsecret",
            "random_pet.deployment",
            "azurerm_application_insights.deployment",
            "azurerm_container_group.master",
            "azurerm_key_vault.deployment"
          ]
        },
        {
          "index_key": 10,
          "schema_version": 0,
          "attributes": {
            "container": [
              {
                "commands": [
                  "locust"
                ],
                "cpu": 2,
                "environment_variables": {
                  "APPINSIGHTS_INSTRUMENTATIONKEY": "a7bb773e-1e20-47be-9fbd-5d872e1b5659",
                  "LOCUST_LOCUSTFILE": "/home/locust/locust/locustfile.py",
                  "LOCUST_MASTER_NODE_HOST": "intentcorgi-locust-master.northeurope.azurecontainer.io",
                  "LOCUST_MODE_WORKER": "true"
                },
                "gpu": [],
                "image": "sebader/locust-with-plugins:latest",
                "liveness_probe": [],
                "memory": 2,
                "name": "intentcorgi-worker-10",
                "ports": [
                  {
                    "port": 8089,
                    "protocol": "TCP"
                  }
                ],
                "readiness_probe": [],
                "secure_environment_variables": {},
                "volume": [
                  {
                    "empty_dir": false,
                    "git_repo": [],
                    "mount_path": "/home/locust/locust",
                    "name": "locust",
                    "read_only": false,
                    "secret": {},
                    "share_name": "locust",
                    "storage_account_key": "Z+Ti1B3rSmDlJQjhtyq154z8c9Q8IV2yYQN9Vx0Aiy2EywbR1iL8Y76y4n5Cbx08x1f3O1kBepucopZsa78a5w==",
                    "storage_account_name": "intentcorgi"
                  }
                ]
              }
            ],
            "diagnostics": [],
            "dns_config": [],
            "dns_name_label": "",
            "exposed_port": [
              {
                "port": 8089,
                "protocol": "TCP"
              }
            ],
            "fqdn": "",
            "id": "/subscriptions/5ff0ab5b-4972-4882-beed-f3baedfad7eb/resourceGroups/locust-kload-rg/providers/Microsoft.ContainerInstance/containerGroups/intentcorgi-locust-worker-10",
            "identity": [],
            "image_registry_credential": [],
            "ip_address": "20.79.117.50",
            "ip_address_type": "Public",
            "location": "germanywestcentral",
            "name": "intentcorgi-locust-worker-10",
            "network_profile_id": null,
            "os_type": "Linux",
            "resource_group_name": "locust-kload-rg",
            "restart_policy": "Always",
            "tags": {
              "Environment": "dev",
              "Prefix": "kload",
              "Source": "https://github.com/heoelri/locust-on-aci",
              "Toolkit": "Terraform"
            },
            "timeouts": null
          },
          "sensitive_attributes": [
            [
              {
                "type": "get_attr",
                "value": "container"
              },
              {
                "type": "index",
                "value": {
                  "value": 0,
                  "type": "number"
                }
              },
              {
                "type": "get_attr",
                "value": "environment_variables"
              },
              {
                "type": "index",
                "value": {
                  "value": "APPINSIGHTS_INSTRUMENTATIONKEY",
                  "type": "string"
                }
              }
            ],
            [
              {
                "type": "get_attr",
                "value": "container"
              },
              {
                "type": "index",
                "value": {
                  "value": 0,
                  "type": "number"
                }
              },
              {
                "type": "get_attr",
                "value": "volume"
              },
              {
                "type": "index",
                "value": {
                  "value": 0,
                  "type": "number"
                }
              },
              {
                "type": "get_attr",
                "value": "storage_account_key"
              }
            ]
          ],
          "private": "eyJlMmJmYjczMC1lY2FhLTExZTYtOGY4OC0zNDM2M2JjN2M0YzAiOnsiY3JlYXRlIjoxODAwMDAwMDAwMDAwLCJkZWxldGUiOjE4MDAwMDAwMDAwMDAsInJlYWQiOjMwMDAwMDAwMDAwMCwidXBkYXRlIjoxODAwMDAwMDAwMDAwfX0=",
          "dependencies": [
            "azurerm_storage_account.deployment",
            "azurerm_storage_share_file.locustfile",
            "random_password.locustsecret",
            "random_pet.deployment",
            "azurerm_application_insights.deployment",
            "azurerm_key_vault.deployment",
            "azurerm_key_vault_secret.locustsecret",
            "azurerm_resource_group.deployment",
            "azurerm_storage_share.locust",
            "data.azurerm_client_config.current",
            "azurerm_container_group.master"
          ]
        },
        {
          "index_key": 11,
          "schema_version": 0,
          "attributes": {
            "container": [
              {
                "commands": [
                  "locust"
                ],
                "cpu": 2,
                "environment_variables": {
                  "APPINSIGHTS_INSTRUMENTATIONKEY": "a7bb773e-1e20-47be-9fbd-5d872e1b5659",
                  "LOCUST_LOCUSTFILE": "/home/locust/locust/locustfile.py",
                  "LOCUST_MASTER_NODE_HOST": "intentcorgi-locust-master.northeurope.azurecontainer.io",
                  "LOCUST_MODE_WORKER": "true"
                },
                "gpu": [],
                "image": "sebader/locust-with-plugins:latest",
                "liveness_probe": [],
                "memory": 2,
                "name": "intentcorgi-worker-11",
                "ports": [
                  {
                    "port": 8089,
                    "protocol": "TCP"
                  }
                ],
                "readiness_probe": [],
                "secure_environment_variables": {},
                "volume": [
                  {
                    "empty_dir": false,
                    "git_repo": [],
                    "mount_path": "/home/locust/locust",
                    "name": "locust",
                    "read_only": false,
                    "secret": {},
                    "share_name": "locust",
                    "storage_account_key": "Z+Ti1B3rSmDlJQjhtyq154z8c9Q8IV2yYQN9Vx0Aiy2EywbR1iL8Y76y4n5Cbx08x1f3O1kBepucopZsa78a5w==",
                    "storage_account_name": "intentcorgi"
                  }
                ]
              }
            ],
            "diagnostics": [],
            "dns_config": [],
            "dns_name_label": "",
            "exposed_port": [
              {
                "port": 8089,
                "protocol": "TCP"
              }
            ],
            "fqdn": "",
            "id": "/subscriptions/5ff0ab5b-4972-4882-beed-f3baedfad7eb/resourceGroups/locust-kload-rg/providers/Microsoft.ContainerInstance/containerGroups/intentcorgi-locust-worker-11",
            "identity": [],
            "image_registry_credential": [],
            "ip_address": "20.90.244.24",
            "ip_address_type": "Public",
            "location": "uksouth",
            "name": "intentcorgi-locust-worker-11",
            "network_profile_id": null,
            "os_type": "Linux",
            "resource_group_name": "locust-kload-rg",
            "restart_policy": "Always",
            "tags": {
              "Environment": "dev",
              "Prefix": "kload",
              "Source": "https://github.com/heoelri/locust-on-aci",
              "Toolkit": "Terraform"
            },
            "timeouts": null
          },
          "sensitive_attributes": [
            [
              {
                "type": "get_attr",
                "value": "container"
              },
              {
                "type": "index",
                "value": {
                  "value": 0,
                  "type": "number"
                }
              },
              {
                "type": "get_attr",
                "value": "environment_variables"
              },
              {
                "type": "index",
                "value": {
                  "value": "APPINSIGHTS_INSTRUMENTATIONKEY",
                  "type": "string"
                }
              }
            ],
            [
              {
                "type": "get_attr",
                "value": "container"
              },
              {
                "type": "index",
                "value": {
                  "value": 0,
                  "type": "number"
                }
              },
              {
                "type": "get_attr",
                "value": "volume"
              },
              {
                "type": "index",
                "value": {
                  "value": 0,
                  "type": "number"
                }
              },
              {
                "type": "get_attr",
                "value": "storage_account_key"
              }
            ]
          ],
          "private": "eyJlMmJmYjczMC1lY2FhLTExZTYtOGY4OC0zNDM2M2JjN2M0YzAiOnsiY3JlYXRlIjoxODAwMDAwMDAwMDAwLCJkZWxldGUiOjE4MDAwMDAwMDAwMDAsInJlYWQiOjMwMDAwMDAwMDAwMCwidXBkYXRlIjoxODAwMDAwMDAwMDAwfX0=",
          "dependencies": [
            "random_password.locustsecret",
            "azurerm_application_insights.deployment",
            "azurerm_container_group.master",
            "azurerm_key_vault.deployment",
            "azurerm_resource_group.deployment",
            "azurerm_storage_share.locust",
            "data.azurerm_client_config.current",
            "azurerm_key_vault_secret.locustsecret",
            "azurerm_storage_account.deployment",
            "azurerm_storage_share_file.locustfile",
            "random_pet.deployment"
          ]
        },
        {
          "index_key": 12,
          "schema_version": 0,
          "attributes": {
            "container": [
              {
                "commands": [
                  "locust"
                ],
                "cpu": 2,
                "environment_variables": {
                  "APPINSIGHTS_INSTRUMENTATIONKEY": "a7bb773e-1e20-47be-9fbd-5d872e1b5659",
                  "LOCUST_LOCUSTFILE": "/home/locust/locust/locustfile.py",
                  "LOCUST_MASTER_NODE_HOST": "intentcorgi-locust-master.northeurope.azurecontainer.io",
                  "LOCUST_MODE_WORKER": "true"
                },
                "gpu": [],
                "image": "sebader/locust-with-plugins:latest",
                "liveness_probe": [],
                "memory": 2,
                "name": "intentcorgi-worker-12",
                "ports": [
                  {
                    "port": 8089,
                    "protocol": "TCP"
                  }
                ],
                "readiness_probe": [],
                "secure_environment_variables": {},
                "volume": [
                  {
                    "empty_dir": false,
                    "git_repo": [],
                    "mount_path": "/home/locust/locust",
                    "name": "locust",
                    "read_only": false,
                    "secret": {},
                    "share_name": "locust",
                    "storage_account_key": "Z+Ti1B3rSmDlJQjhtyq154z8c9Q8IV2yYQN9Vx0Aiy2EywbR1iL8Y76y4n5Cbx08x1f3O1kBepucopZsa78a5w==",
                    "storage_account_name": "intentcorgi"
                  }
                ]
              }
            ],
            "diagnostics": [],
            "dns_config": [],
            "dns_name_label": "",
            "exposed_port": [
              {
                "port": 8089,
                "protocol": "TCP"
              }
            ],
            "fqdn": "",
            "id": "/subscriptions/5ff0ab5b-4972-4882-beed-f3baedfad7eb/resourceGroups/locust-kload-rg/providers/Microsoft.ContainerInstance/containerGroups/intentcorgi-locust-worker-12",
            "identity": [],
            "image_registry_credential": [],
            "ip_address": "20.200.74.42",
            "ip_address_type": "Public",
            "location": "canadacentral",
            "name": "intentcorgi-locust-worker-12",
            "network_profile_id": null,
            "os_type": "Linux",
            "resource_group_name": "locust-kload-rg",
            "restart_policy": "Always",
            "tags": {
              "Environment": "dev",
              "Prefix": "kload",
              "Source": "https://github.com/heoelri/locust-on-aci",
              "Toolkit": "Terraform"
            },
            "timeouts": null
          },
          "sensitive_attributes": [
            [
              {
                "type": "get_attr",
                "value": "container"
              },
              {
                "type": "index",
                "value": {
                  "value": 0,
                  "type": "number"
                }
              },
              {
                "type": "get_attr",
                "value": "volume"
              },
              {
                "type": "index",
                "value": {
                  "value": 0,
                  "type": "number"
                }
              },
              {
                "type": "get_attr",
                "value": "storage_account_key"
              }
            ],
            [
              {
                "type": "get_attr",
                "value": "container"
              },
              {
                "type": "index",
                "value": {
                  "value": 0,
                  "type": "number"
                }
              },
              {
                "type": "get_attr",
                "value": "environment_variables"
              },
              {
                "type": "index",
                "value": {
                  "value": "APPINSIGHTS_INSTRUMENTATIONKEY",
                  "type": "string"
                }
              }
            ]
          ],
          "private": "eyJlMmJmYjczMC1lY2FhLTExZTYtOGY4OC0zNDM2M2JjN2M0YzAiOnsiY3JlYXRlIjoxODAwMDAwMDAwMDAwLCJkZWxldGUiOjE4MDAwMDAwMDAwMDAsInJlYWQiOjMwMDAwMDAwMDAwMCwidXBkYXRlIjoxODAwMDAwMDAwMDAwfX0=",
          "dependencies": [
            "azurerm_storage_account.deployment",
            "azurerm_storage_share_file.locustfile",
            "data.azurerm_client_config.current",
            "random_pet.deployment",
            "azurerm_application_insights.deployment",
            "azurerm_container_group.master",
            "azurerm_key_vault_secret.locustsecret",
            "azurerm_resource_group.deployment",
            "azurerm_key_vault.deployment",
            "azurerm_storage_share.locust",
            "random_password.locustsecret"
          ]
        },
        {
          "index_key": 13,
          "schema_version": 0,
          "attributes": {
            "container": [
              {
                "commands": [
                  "locust"
                ],
                "cpu": 2,
                "environment_variables": {
                  "APPINSIGHTS_INSTRUMENTATIONKEY": "a7bb773e-1e20-47be-9fbd-5d872e1b5659",
                  "LOCUST_LOCUSTFILE": "/home/locust/locust/locustfile.py",
                  "LOCUST_MASTER_NODE_HOST": "intentcorgi-locust-master.northeurope.azurecontainer.io",
                  "LOCUST_MODE_WORKER": "true"
                },
                "gpu": [],
                "image": "sebader/locust-with-plugins:latest",
                "liveness_probe": [],
                "memory": 2,
                "name": "intentcorgi-worker-13",
                "ports": [
                  {
                    "port": 8089,
                    "protocol": "TCP"
                  }
                ],
                "readiness_probe": [],
                "secure_environment_variables": {},
                "volume": [
                  {
                    "empty_dir": false,
                    "git_repo": [],
                    "mount_path": "/home/locust/locust",
                    "name": "locust",
                    "read_only": false,
                    "secret": {},
                    "share_name": "locust",
                    "storage_account_key": "Z+Ti1B3rSmDlJQjhtyq154z8c9Q8IV2yYQN9Vx0Aiy2EywbR1iL8Y76y4n5Cbx08x1f3O1kBepucopZsa78a5w==",
                    "storage_account_name": "intentcorgi"
                  }
                ]
              }
            ],
            "diagnostics": [],
            "dns_config": [],
            "dns_name_label": "",
            "exposed_port": [
              {
                "port": 8089,
                "protocol": "TCP"
              }
            ],
            "fqdn": "",
            "id": "/subscriptions/5ff0ab5b-4972-4882-beed-f3baedfad7eb/resourceGroups/locust-kload-rg/providers/Microsoft.ContainerInstance/containerGroups/intentcorgi-locust-worker-13",
            "identity": [],
            "image_registry_credential": [],
            "ip_address": "20.36.158.51",
            "ip_address_type": "Public",
            "location": "eastus2",
            "name": "intentcorgi-locust-worker-13",
            "network_profile_id": null,
            "os_type": "Linux",
            "resource_group_name": "locust-kload-rg",
            "restart_policy": "Always",
            "tags": {
              "Environment": "dev",
              "Prefix": "kload",
              "Source": "https://github.com/heoelri/locust-on-aci",
              "Toolkit": "Terraform"
            },
            "timeouts": null
          },
          "sensitive_attributes": [
            [
              {
                "type": "get_attr",
                "value": "container"
              },
              {
                "type": "index",
                "value": {
                  "value": 0,
                  "type": "number"
                }
              },
              {
                "type": "get_attr",
                "value": "volume"
              },
              {
                "type": "index",
                "value": {
                  "value": 0,
                  "type": "number"
                }
              },
              {
                "type": "get_attr",
                "value": "storage_account_key"
              }
            ],
            [
              {
                "type": "get_attr",
                "value": "container"
              },
              {
                "type": "index",
                "value": {
                  "value": 0,
                  "type": "number"
                }
              },
              {
                "type": "get_attr",
                "value": "environment_variables"
              },
              {
                "type": "index",
                "value": {
                  "value": "APPINSIGHTS_INSTRUMENTATIONKEY",
                  "type": "string"
                }
              }
            ]
          ],
          "private": "eyJlMmJmYjczMC1lY2FhLTExZTYtOGY4OC0zNDM2M2JjN2M0YzAiOnsiY3JlYXRlIjoxODAwMDAwMDAwMDAwLCJkZWxldGUiOjE4MDAwMDAwMDAwMDAsInJlYWQiOjMwMDAwMDAwMDAwMCwidXBkYXRlIjoxODAwMDAwMDAwMDAwfX0=",
          "dependencies": [
            "random_password.locustsecret",
            "random_pet.deployment",
            "azurerm_container_group.master",
            "azurerm_key_vault.deployment",
            "azurerm_storage_account.deployment",
            "azurerm_storage_share_file.locustfile",
            "data.azurerm_client_config.current",
            "azurerm_application_insights.deployment",
            "azurerm_key_vault_secret.locustsecret",
            "azurerm_resource_group.deployment",
            "azurerm_storage_share.locust"
          ]
        },
        {
          "index_key": 14,
          "schema_version": 0,
          "attributes": {
            "container": [
              {
                "commands": [
                  "locust"
                ],
                "cpu": 2,
                "environment_variables": {
                  "APPINSIGHTS_INSTRUMENTATIONKEY": "a7bb773e-1e20-47be-9fbd-5d872e1b5659",
                  "LOCUST_LOCUSTFILE": "/home/locust/locust/locustfile.py",
                  "LOCUST_MASTER_NODE_HOST": "intentcorgi-locust-master.northeurope.azurecontainer.io",
                  "LOCUST_MODE_WORKER": "true"
                },
                "gpu": [],
                "image": "sebader/locust-with-plugins:latest",
                "liveness_probe": [],
                "memory": 2,
                "name": "intentcorgi-worker-14",
                "ports": [
                  {
                    "port": 8089,
                    "protocol": "TCP"
                  }
                ],
                "readiness_probe": [],
                "secure_environment_variables": {},
                "volume": [
                  {
                    "empty_dir": false,
                    "git_repo": [],
                    "mount_path": "/home/locust/locust",
                    "name": "locust",
                    "read_only": false,
                    "secret": {},
                    "share_name": "locust",
                    "storage_account_key": "Z+Ti1B3rSmDlJQjhtyq154z8c9Q8IV2yYQN9Vx0Aiy2EywbR1iL8Y76y4n5Cbx08x1f3O1kBepucopZsa78a5w==",
                    "storage_account_name": "intentcorgi"
                  }
                ]
              }
            ],
            "diagnostics": [],
            "dns_config": [],
            "dns_name_label": "",
            "exposed_port": [
              {
                "port": 8089,
                "protocol": "TCP"
              }
            ],
            "fqdn": "",
            "id": "/subscriptions/5ff0ab5b-4972-4882-beed-f3baedfad7eb/resourceGroups/locust-kload-rg/providers/Microsoft.ContainerInstance/containerGroups/intentcorgi-locust-worker-14",
            "identity": [],
            "image_registry_credential": [],
            "ip_address": "20.203.16.16",
            "ip_address_type": "Public",
            "location": "uaenorth",
            "name": "intentcorgi-locust-worker-14",
            "network_profile_id": null,
            "os_type": "Linux",
            "resource_group_name": "locust-kload-rg",
            "restart_policy": "Always",
            "tags": {
              "Environment": "dev",
              "Prefix": "kload",
              "Source": "https://github.com/heoelri/locust-on-aci",
              "Toolkit": "Terraform"
            },
            "timeouts": null
          },
          "sensitive_attributes": [
            [
              {
                "type": "get_attr",
                "value": "container"
              },
              {
                "type": "index",
                "value": {
                  "value": 0,
                  "type": "number"
                }
              },
              {
                "type": "get_attr",
                "value": "environment_variables"
              },
              {
                "type": "index",
                "value": {
                  "value": "APPINSIGHTS_INSTRUMENTATIONKEY",
                  "type": "string"
                }
              }
            ],
            [
              {
                "type": "get_attr",
                "value": "container"
              },
              {
                "type": "index",
                "value": {
                  "value": 0,
                  "type": "number"
                }
              },
              {
                "type": "get_attr",
                "value": "volume"
              },
              {
                "type": "index",
                "value": {
                  "value": 0,
                  "type": "number"
                }
              },
              {
                "type": "get_attr",
                "value": "storage_account_key"
              }
            ]
          ],
          "private": "eyJlMmJmYjczMC1lY2FhLTExZTYtOGY4OC0zNDM2M2JjN2M0YzAiOnsiY3JlYXRlIjoxODAwMDAwMDAwMDAwLCJkZWxldGUiOjE4MDAwMDAwMDAwMDAsInJlYWQiOjMwMDAwMDAwMDAwMCwidXBkYXRlIjoxODAwMDAwMDAwMDAwfX0=",
          "dependencies": [
            "azurerm_key_vault.deployment",
            "azurerm_key_vault_secret.locustsecret",
            "azurerm_resource_group.deployment",
            "azurerm_storage_account.deployment",
            "azurerm_storage_share.locust",
            "azurerm_application_insights.deployment",
            "azurerm_container_group.master",
            "azurerm_storage_share_file.locustfile",
            "data.azurerm_client_config.current",
            "random_password.locustsecret",
            "random_pet.deployment"
          ]
        },
        {
          "index_key": 15,
          "schema_version": 0,
          "attributes": {
            "container": [
              {
                "commands": [
                  "locust"
                ],
                "cpu": 2,
                "environment_variables": {
                  "APPINSIGHTS_INSTRUMENTATIONKEY": "a7bb773e-1e20-47be-9fbd-5d872e1b5659",
                  "LOCUST_LOCUSTFILE": "/home/locust/locust/locustfile.py",
                  "LOCUST_MASTER_NODE_HOST": "intentcorgi-locust-master.northeurope.azurecontainer.io",
                  "LOCUST_MODE_WORKER": "true"
                },
                "gpu": [],
                "image": "sebader/locust-with-plugins:latest",
                "liveness_probe": [],
                "memory": 2,
                "name": "intentcorgi-worker-15",
                "ports": [
                  {
                    "port": 8089,
                    "protocol": "TCP"
                  }
                ],
                "readiness_probe": [],
                "secure_environment_variables": {},
                "volume": [
                  {
                    "empty_dir": false,
                    "git_repo": [],
                    "mount_path": "/home/locust/locust",
                    "name": "locust",
                    "read_only": false,
                    "secret": {},
                    "share_name": "locust",
                    "storage_account_key": "Z+Ti1B3rSmDlJQjhtyq154z8c9Q8IV2yYQN9Vx0Aiy2EywbR1iL8Y76y4n5Cbx08x1f3O1kBepucopZsa78a5w==",
                    "storage_account_name": "intentcorgi"
                  }
                ]
              }
            ],
            "diagnostics": [],
            "dns_config": [],
            "dns_name_label": "",
            "exposed_port": [
              {
                "port": 8089,
                "protocol": "TCP"
              }
            ],
            "fqdn": "",
            "id": "/subscriptions/5ff0ab5b-4972-4882-beed-f3baedfad7eb/resourceGroups/locust-kload-rg/providers/Microsoft.ContainerInstance/containerGroups/intentcorgi-locust-worker-15",
            "identity": [],
            "image_registry_credential": [],
            "ip_address": "20.93.97.221",
            "ip_address_type": "Public",
            "location": "northeurope",
            "name": "intentcorgi-locust-worker-15",
            "network_profile_id": null,
            "os_type": "Linux",
            "resource_group_name": "locust-kload-rg",
            "restart_policy": "Always",
            "tags": {
              "Environment": "dev",
              "Prefix": "kload",
              "Source": "https://github.com/heoelri/locust-on-aci",
              "Toolkit": "Terraform"
            },
            "timeouts": null
          },
          "sensitive_attributes": [
            [
              {
                "type": "get_attr",
                "value": "container"
              },
              {
                "type": "index",
                "value": {
                  "value": 0,
                  "type": "number"
                }
              },
              {
                "type": "get_attr",
                "value": "volume"
              },
              {
                "type": "index",
                "value": {
                  "value": 0,
                  "type": "number"
                }
              },
              {
                "type": "get_attr",
                "value": "storage_account_key"
              }
            ],
            [
              {
                "type": "get_attr",
                "value": "container"
              },
              {
                "type": "index",
                "value": {
                  "value": 0,
                  "type": "number"
                }
              },
              {
                "type": "get_attr",
                "value": "environment_variables"
              },
              {
                "type": "index",
                "value": {
                  "value": "APPINSIGHTS_INSTRUMENTATIONKEY",
                  "type": "string"
                }
              }
            ]
          ],
          "private": "eyJlMmJmYjczMC1lY2FhLTExZTYtOGY4OC0zNDM2M2JjN2M0YzAiOnsiY3JlYXRlIjoxODAwMDAwMDAwMDAwLCJkZWxldGUiOjE4MDAwMDAwMDAwMDAsInJlYWQiOjMwMDAwMDAwMDAwMCwidXBkYXRlIjoxODAwMDAwMDAwMDAwfX0=",
          "dependencies": [
            "azurerm_storage_account.deployment",
            "azurerm_application_insights.deployment",
            "azurerm_key_vault_secret.locustsecret",
            "azurerm_resource_group.deployment",
            "azurerm_storage_share.locust",
            "azurerm_storage_share_file.locustfile",
            "data.azurerm_client_config.current",
            "random_password.locustsecret",
            "random_pet.deployment",
            "azurerm_container_group.master",
            "azurerm_key_vault.deployment"
          ]
        },
        {
          "index_key": 16,
          "schema_version": 0,
          "attributes": {
            "container": [
              {
                "commands": [
                  "locust"
                ],
                "cpu": 2,
                "environment_variables": {
                  "APPINSIGHTS_INSTRUMENTATIONKEY": "a7bb773e-1e20-47be-9fbd-5d872e1b5659",
                  "LOCUST_LOCUSTFILE": "/home/locust/locust/locustfile.py",
                  "LOCUST_MASTER_NODE_HOST": "intentcorgi-locust-master.northeurope.azurecontainer.io",
                  "LOCUST_MODE_WORKER": "true"
                },
                "gpu": [],
                "image": "sebader/locust-with-plugins:latest",
                "liveness_probe": [],
                "memory": 2,
                "name": "intentcorgi-worker-16",
                "ports": [
                  {
                    "port": 8089,
                    "protocol": "TCP"
                  }
                ],
                "readiness_probe": [],
                "secure_environment_variables": {},
                "volume": [
                  {
                    "empty_dir": false,
                    "git_repo": [],
                    "mount_path": "/home/locust/locust",
                    "name": "locust",
                    "read_only": false,
                    "secret": {},
                    "share_name": "locust",
                    "storage_account_key": "Z+Ti1B3rSmDlJQjhtyq154z8c9Q8IV2yYQN9Vx0Aiy2EywbR1iL8Y76y4n5Cbx08x1f3O1kBepucopZsa78a5w==",
                    "storage_account_name": "intentcorgi"
                  }
                ]
              }
            ],
            "diagnostics": [],
            "dns_config": [],
            "dns_name_label": "",
            "exposed_port": [
              {
                "port": 8089,
                "protocol": "TCP"
              }
            ],
            "fqdn": "",
            "id": "/subscriptions/5ff0ab5b-4972-4882-beed-f3baedfad7eb/resourceGroups/locust-kload-rg/providers/Microsoft.ContainerInstance/containerGroups/intentcorgi-locust-worker-16",
            "identity": [],
            "image_registry_credential": [],
            "ip_address": "20.75.125.134",
            "ip_address_type": "Public",
            "location": "eastus2",
            "name": "intentcorgi-locust-worker-16",
            "network_profile_id": null,
            "os_type": "Linux",
            "resource_group_name": "locust-kload-rg",
            "restart_policy": "Always",
            "tags": {
              "Environment": "dev",
              "Prefix": "kload",
              "Source": "https://github.com/heoelri/locust-on-aci",
              "Toolkit": "Terraform"
            },
            "timeouts": null
          },
          "sensitive_attributes": [
            [
              {
                "type": "get_attr",
                "value": "container"
              },
              {
                "type": "index",
                "value": {
                  "value": 0,
                  "type": "number"
                }
              },
              {
                "type": "get_attr",
                "value": "volume"
              },
              {
                "type": "index",
                "value": {
                  "value": 0,
                  "type": "number"
                }
              },
              {
                "type": "get_attr",
                "value": "storage_account_key"
              }
            ],
            [
              {
                "type": "get_attr",
                "value": "container"
              },
              {
                "type": "index",
                "value": {
                  "value": 0,
                  "type": "number"
                }
              },
              {
                "type": "get_attr",
                "value": "environment_variables"
              },
              {
                "type": "index",
                "value": {
                  "value": "APPINSIGHTS_INSTRUMENTATIONKEY",
                  "type": "string"
                }
              }
            ]
          ],
          "private": "eyJlMmJmYjczMC1lY2FhLTExZTYtOGY4OC0zNDM2M2JjN2M0YzAiOnsiY3JlYXRlIjoxODAwMDAwMDAwMDAwLCJkZWxldGUiOjE4MDAwMDAwMDAwMDAsInJlYWQiOjMwMDAwMDAwMDAwMCwidXBkYXRlIjoxODAwMDAwMDAwMDAwfX0=",
          "dependencies": [
            "azurerm_storage_share.locust",
            "azurerm_storage_share_file.locustfile",
            "azurerm_container_group.master",
            "azurerm_key_vault_secret.locustsecret",
            "azurerm_resource_group.deployment",
            "azurerm_storage_account.deployment",
            "random_pet.deployment",
            "azurerm_application_insights.deployment",
            "azurerm_key_vault.deployment",
            "data.azurerm_client_config.current",
            "random_password.locustsecret"
          ]
        },
        {
          "index_key": 17,
          "schema_version": 0,
          "attributes": {
            "container": [
              {
                "commands": [
                  "locust"
                ],
                "cpu": 2,
                "environment_variables": {
                  "APPINSIGHTS_INSTRUMENTATIONKEY": "a7bb773e-1e20-47be-9fbd-5d872e1b5659",
                  "LOCUST_LOCUSTFILE": "/home/locust/locust/locustfile.py",
                  "LOCUST_MASTER_NODE_HOST": "intentcorgi-locust-master.northeurope.azurecontainer.io",
                  "LOCUST_MODE_WORKER": "true"
                },
                "gpu": [],
                "image": "sebader/locust-with-plugins:latest",
                "liveness_probe": [],
                "memory": 2,
                "name": "intentcorgi-worker-17",
                "ports": [
                  {
                    "port": 8089,
                    "protocol": "TCP"
                  }
                ],
                "readiness_probe": [],
                "secure_environment_variables": {},
                "volume": [
                  {
                    "empty_dir": false,
                    "git_repo": [],
                    "mount_path": "/home/locust/locust",
                    "name": "locust",
                    "read_only": false,
                    "secret": {},
                    "share_name": "locust",
                    "storage_account_key": "Z+Ti1B3rSmDlJQjhtyq154z8c9Q8IV2yYQN9Vx0Aiy2EywbR1iL8Y76y4n5Cbx08x1f3O1kBepucopZsa78a5w==",
                    "storage_account_name": "intentcorgi"
                  }
                ]
              }
            ],
            "diagnostics": [],
            "dns_config": [],
            "dns_name_label": "",
            "exposed_port": [
              {
                "port": 8089,
                "protocol": "TCP"
              }
            ],
            "fqdn": "",
            "id": "/subscriptions/5ff0ab5b-4972-4882-beed-f3baedfad7eb/resourceGroups/locust-kload-rg/providers/Microsoft.ContainerInstance/containerGroups/intentcorgi-locust-worker-17",
            "identity": [],
            "image_registry_credential": [],
            "ip_address": "20.82.18.58",
            "ip_address_type": "Public",
            "location": "westeurope",
            "name": "intentcorgi-locust-worker-17",
            "network_profile_id": null,
            "os_type": "Linux",
            "resource_group_name": "locust-kload-rg",
            "restart_policy": "Always",
            "tags": {
              "Environment": "dev",
              "Prefix": "kload",
              "Source": "https://github.com/heoelri/locust-on-aci",
              "Toolkit": "Terraform"
            },
            "timeouts": null
          },
          "sensitive_attributes": [
            [
              {
                "type": "get_attr",
                "value": "container"
              },
              {
                "type": "index",
                "value": {
                  "value": 0,
                  "type": "number"
                }
              },
              {
                "type": "get_attr",
                "value": "environment_variables"
              },
              {
                "type": "index",
                "value": {
                  "value": "APPINSIGHTS_INSTRUMENTATIONKEY",
                  "type": "string"
                }
              }
            ],
            [
              {
                "type": "get_attr",
                "value": "container"
              },
              {
                "type": "index",
                "value": {
                  "value": 0,
                  "type": "number"
                }
              },
              {
                "type": "get_attr",
                "value": "volume"
              },
              {
                "type": "index",
                "value": {
                  "value": 0,
                  "type": "number"
                }
              },
              {
                "type": "get_attr",
                "value": "storage_account_key"
              }
            ]
          ],
          "private": "eyJlMmJmYjczMC1lY2FhLTExZTYtOGY4OC0zNDM2M2JjN2M0YzAiOnsiY3JlYXRlIjoxODAwMDAwMDAwMDAwLCJkZWxldGUiOjE4MDAwMDAwMDAwMDAsInJlYWQiOjMwMDAwMDAwMDAwMCwidXBkYXRlIjoxODAwMDAwMDAwMDAwfX0=",
          "dependencies": [
            "random_pet.deployment",
            "azurerm_container_group.master",
            "azurerm_storage_share_file.locustfile",
            "random_password.locustsecret",
            "azurerm_resource_group.deployment",
            "azurerm_storage_account.deployment",
            "azurerm_storage_share.locust",
            "data.azurerm_client_config.current",
            "azurerm_application_insights.deployment",
            "azurerm_key_vault.deployment",
            "azurerm_key_vault_secret.locustsecret"
          ]
        },
        {
          "index_key": 18,
          "schema_version": 0,
          "attributes": {
            "container": [
              {
                "commands": [
                  "locust"
                ],
                "cpu": 2,
                "environment_variables": {
                  "APPINSIGHTS_INSTRUMENTATIONKEY": "a7bb773e-1e20-47be-9fbd-5d872e1b5659",
                  "LOCUST_LOCUSTFILE": "/home/locust/locust/locustfile.py",
                  "LOCUST_MASTER_NODE_HOST": "intentcorgi-locust-master.northeurope.azurecontainer.io",
                  "LOCUST_MODE_WORKER": "true"
                },
                "gpu": [],
                "image": "sebader/locust-with-plugins:latest",
                "liveness_probe": [],
                "memory": 2,
                "name": "intentcorgi-worker-18",
                "ports": [
                  {
                    "port": 8089,
                    "protocol": "TCP"
                  }
                ],
                "readiness_probe": [],
                "secure_environment_variables": {},
                "volume": [
                  {
                    "empty_dir": false,
                    "git_repo": [],
                    "mount_path": "/home/locust/locust",
                    "name": "locust",
                    "read_only": false,
                    "secret": {},
                    "share_name": "locust",
                    "storage_account_key": "Z+Ti1B3rSmDlJQjhtyq154z8c9Q8IV2yYQN9Vx0Aiy2EywbR1iL8Y76y4n5Cbx08x1f3O1kBepucopZsa78a5w==",
                    "storage_account_name": "intentcorgi"
                  }
                ]
              }
            ],
            "diagnostics": [],
            "dns_config": [],
            "dns_name_label": "",
            "exposed_port": [
              {
                "port": 8089,
                "protocol": "TCP"
              }
            ],
            "fqdn": "",
            "id": "/subscriptions/5ff0ab5b-4972-4882-beed-f3baedfad7eb/resourceGroups/locust-kload-rg/providers/Microsoft.ContainerInstance/containerGroups/intentcorgi-locust-worker-18",
            "identity": [],
            "image_registry_credential": [],
            "ip_address": "13.87.128.83",
            "ip_address_type": "Public",
            "location": "westus",
            "name": "intentcorgi-locust-worker-18",
            "network_profile_id": null,
            "os_type": "Linux",
            "resource_group_name": "locust-kload-rg",
            "restart_policy": "Always",
            "tags": {
              "Environment": "dev",
              "Prefix": "kload",
              "Source": "https://github.com/heoelri/locust-on-aci",
              "Toolkit": "Terraform"
            },
            "timeouts": null
          },
          "sensitive_attributes": [
            [
              {
                "type": "get_attr",
                "value": "container"
              },
              {
                "type": "index",
                "value": {
                  "value": 0,
                  "type": "number"
                }
              },
              {
                "type": "get_attr",
                "value": "environment_variables"
              },
              {
                "type": "index",
                "value": {
                  "value": "APPINSIGHTS_INSTRUMENTATIONKEY",
                  "type": "string"
                }
              }
            ],
            [
              {
                "type": "get_attr",
                "value": "container"
              },
              {
                "type": "index",
                "value": {
                  "value": 0,
                  "type": "number"
                }
              },
              {
                "type": "get_attr",
                "value": "volume"
              },
              {
                "type": "index",
                "value": {
                  "value": 0,
                  "type": "number"
                }
              },
              {
                "type": "get_attr",
                "value": "storage_account_key"
              }
            ]
          ],
          "private": "eyJlMmJmYjczMC1lY2FhLTExZTYtOGY4OC0zNDM2M2JjN2M0YzAiOnsiY3JlYXRlIjoxODAwMDAwMDAwMDAwLCJkZWxldGUiOjE4MDAwMDAwMDAwMDAsInJlYWQiOjMwMDAwMDAwMDAwMCwidXBkYXRlIjoxODAwMDAwMDAwMDAwfX0=",
          "dependencies": [
            "azurerm_storage_share.locust",
            "azurerm_storage_share_file.locustfile",
            "data.azurerm_client_config.current",
            "azurerm_container_group.master",
            "azurerm_key_vault.deployment",
            "azurerm_resource_group.deployment",
            "azurerm_storage_account.deployment",
            "random_password.locustsecret",
            "random_pet.deployment",
            "azurerm_application_insights.deployment",
            "azurerm_key_vault_secret.locustsecret"
          ]
        },
        {
          "index_key": 19,
          "schema_version": 0,
          "attributes": {
            "container": [
              {
                "commands": [
                  "locust"
                ],
                "cpu": 2,
                "environment_variables": {
                  "APPINSIGHTS_INSTRUMENTATIONKEY": "a7bb773e-1e20-47be-9fbd-5d872e1b5659",
                  "LOCUST_LOCUSTFILE": "/home/locust/locust/locustfile.py",
                  "LOCUST_MASTER_NODE_HOST": "intentcorgi-locust-master.northeurope.azurecontainer.io",
                  "LOCUST_MODE_WORKER": "true"
                },
                "gpu": [],
                "image": "sebader/locust-with-plugins:latest",
                "liveness_probe": [],
                "memory": 2,
                "name": "intentcorgi-worker-19",
                "ports": [
                  {
                    "port": 8089,
                    "protocol": "TCP"
                  }
                ],
                "readiness_probe": [],
                "secure_environment_variables": {},
                "volume": [
                  {
                    "empty_dir": false,
                    "git_repo": [],
                    "mount_path": "/home/locust/locust",
                    "name": "locust",
                    "read_only": false,
                    "secret": {},
                    "share_name": "locust",
                    "storage_account_key": "Z+Ti1B3rSmDlJQjhtyq154z8c9Q8IV2yYQN9Vx0Aiy2EywbR1iL8Y76y4n5Cbx08x1f3O1kBepucopZsa78a5w==",
                    "storage_account_name": "intentcorgi"
                  }
                ]
              }
            ],
            "diagnostics": [],
            "dns_config": [],
            "dns_name_label": "",
            "exposed_port": [
              {
                "port": 8089,
                "protocol": "TCP"
              }
            ],
            "fqdn": "",
            "id": "/subscriptions/5ff0ab5b-4972-4882-beed-f3baedfad7eb/resourceGroups/locust-kload-rg/providers/Microsoft.ContainerInstance/containerGroups/intentcorgi-locust-worker-19",
            "identity": [],
            "image_registry_credential": [],
            "ip_address": "20.92.193.236",
            "ip_address_type": "Public",
            "location": "australiaeast",
            "name": "intentcorgi-locust-worker-19",
            "network_profile_id": null,
            "os_type": "Linux",
            "resource_group_name": "locust-kload-rg",
            "restart_policy": "Always",
            "tags": {
              "Environment": "dev",
              "Prefix": "kload",
              "Source": "https://github.com/heoelri/locust-on-aci",
              "Toolkit": "Terraform"
            },
            "timeouts": null
          },
          "sensitive_attributes": [
            [
              {
                "type": "get_attr",
                "value": "container"
              },
              {
                "type": "index",
                "value": {
                  "value": 0,
                  "type": "number"
                }
              },
              {
                "type": "get_attr",
                "value": "volume"
              },
              {
                "type": "index",
                "value": {
                  "value": 0,
                  "type": "number"
                }
              },
              {
                "type": "get_attr",
                "value": "storage_account_key"
              }
            ],
            [
              {
                "type": "get_attr",
                "value": "container"
              },
              {
                "type": "index",
                "value": {
                  "value": 0,
                  "type": "number"
                }
              },
              {
                "type": "get_attr",
                "value": "environment_variables"
              },
              {
                "type": "index",
                "value": {
                  "value": "APPINSIGHTS_INSTRUMENTATIONKEY",
                  "type": "string"
                }
              }
            ]
          ],
          "private": "eyJlMmJmYjczMC1lY2FhLTExZTYtOGY4OC0zNDM2M2JjN2M0YzAiOnsiY3JlYXRlIjoxODAwMDAwMDAwMDAwLCJkZWxldGUiOjE4MDAwMDAwMDAwMDAsInJlYWQiOjMwMDAwMDAwMDAwMCwidXBkYXRlIjoxODAwMDAwMDAwMDAwfX0=",
          "dependencies": [
            "azurerm_container_group.master",
            "azurerm_key_vault.deployment",
            "azurerm_key_vault_secret.locustsecret",
            "azurerm_storage_account.deployment",
            "azurerm_storage_share.locust",
            "data.azurerm_client_config.current",
            "azurerm_application_insights.deployment",
            "azurerm_resource_group.deployment",
            "azurerm_storage_share_file.locustfile",
            "random_password.locustsecret",
            "random_pet.deployment"
          ]
        },
        {
          "index_key": 20,
          "schema_version": 0,
          "attributes": {
            "container": [
              {
                "commands": [
                  "locust"
                ],
                "cpu": 2,
                "environment_variables": {
                  "APPINSIGHTS_INSTRUMENTATIONKEY": "a7bb773e-1e20-47be-9fbd-5d872e1b5659",
                  "LOCUST_LOCUSTFILE": "/home/locust/locust/locustfile.py",
                  "LOCUST_MASTER_NODE_HOST": "intentcorgi-locust-master.northeurope.azurecontainer.io",
                  "LOCUST_MODE_WORKER": "true"
                },
                "gpu": [],
                "image": "sebader/locust-with-plugins:latest",
                "liveness_probe": [],
                "memory": 2,
                "name": "intentcorgi-worker-20",
                "ports": [
                  {
                    "port": 8089,
                    "protocol": "TCP"
                  }
                ],
                "readiness_probe": [],
                "secure_environment_variables": {},
                "volume": [
                  {
                    "empty_dir": false,
                    "git_repo": [],
                    "mount_path": "/home/locust/locust",
                    "name": "locust",
                    "read_only": false,
                    "secret": {},
                    "share_name": "locust",
                    "storage_account_key": "Z+Ti1B3rSmDlJQjhtyq154z8c9Q8IV2yYQN9Vx0Aiy2EywbR1iL8Y76y4n5Cbx08x1f3O1kBepucopZsa78a5w==",
                    "storage_account_name": "intentcorgi"
                  }
                ]
              }
            ],
            "diagnostics": [],
            "dns_config": [],
            "dns_name_label": "",
            "exposed_port": [
              {
                "port": 8089,
                "protocol": "TCP"
              }
            ],
            "fqdn": "",
            "id": "/subscriptions/5ff0ab5b-4972-4882-beed-f3baedfad7eb/resourceGroups/locust-kload-rg/providers/Microsoft.ContainerInstance/containerGroups/intentcorgi-locust-worker-20",
            "identity": [],
            "image_registry_credential": [],
            "ip_address": "20.74.43.94",
            "ip_address_type": "Public",
            "location": "francecentral",
            "name": "intentcorgi-locust-worker-20",
            "network_profile_id": null,
            "os_type": "Linux",
            "resource_group_name": "locust-kload-rg",
            "restart_policy": "Always",
            "tags": {
              "Environment": "dev",
              "Prefix": "kload",
              "Source": "https://github.com/heoelri/locust-on-aci",
              "Toolkit": "Terraform"
            },
            "timeouts": null
          },
          "sensitive_attributes": [
            [
              {
                "type": "get_attr",
                "value": "container"
              },
              {
                "type": "index",
                "value": {
                  "value": 0,
                  "type": "number"
                }
              },
              {
                "type": "get_attr",
                "value": "environment_variables"
              },
              {
                "type": "index",
                "value": {
                  "value": "APPINSIGHTS_INSTRUMENTATIONKEY",
                  "type": "string"
                }
              }
            ],
            [
              {
                "type": "get_attr",
                "value": "container"
              },
              {
                "type": "index",
                "value": {
                  "value": 0,
                  "type": "number"
                }
              },
              {
                "type": "get_attr",
                "value": "volume"
              },
              {
                "type": "index",
                "value": {
                  "value": 0,
                  "type": "number"
                }
              },
              {
                "type": "get_attr",
                "value": "storage_account_key"
              }
            ]
          ],
          "private": "eyJlMmJmYjczMC1lY2FhLTExZTYtOGY4OC0zNDM2M2JjN2M0YzAiOnsiY3JlYXRlIjoxODAwMDAwMDAwMDAwLCJkZWxldGUiOjE4MDAwMDAwMDAwMDAsInJlYWQiOjMwMDAwMDAwMDAwMCwidXBkYXRlIjoxODAwMDAwMDAwMDAwfX0=",
          "dependencies": [
            "random_password.locustsecret",
            "azurerm_application_insights.deployment",
            "azurerm_key_vault_secret.locustsecret",
            "azurerm_resource_group.deployment",
            "azurerm_storage_account.deployment",
            "azurerm_storage_share_file.locustfile",
            "azurerm_container_group.master",
            "azurerm_key_vault.deployment",
            "azurerm_storage_share.locust",
            "data.azurerm_client_config.current",
            "random_pet.deployment"
          ]
        },
        {
          "index_key": 21,
          "schema_version": 0,
          "attributes": {
            "container": [
              {
                "commands": [
                  "locust"
                ],
                "cpu": 2,
                "environment_variables": {
                  "APPINSIGHTS_INSTRUMENTATIONKEY": "a7bb773e-1e20-47be-9fbd-5d872e1b5659",
                  "LOCUST_LOCUSTFILE": "/home/locust/locust/locustfile.py",
                  "LOCUST_MASTER_NODE_HOST": "intentcorgi-locust-master.northeurope.azurecontainer.io",
                  "LOCUST_MODE_WORKER": "true"
                },
                "gpu": [],
                "image": "sebader/locust-with-plugins:latest",
                "liveness_probe": [],
                "memory": 2,
                "name": "intentcorgi-worker-21",
                "ports": [
                  {
                    "port": 8089,
                    "protocol": "TCP"
                  }
                ],
                "readiness_probe": [],
                "secure_environment_variables": {},
                "volume": [
                  {
                    "empty_dir": false,
                    "git_repo": [],
                    "mount_path": "/home/locust/locust",
                    "name": "locust",
                    "read_only": false,
                    "secret": {},
                    "share_name": "locust",
                    "storage_account_key": "Z+Ti1B3rSmDlJQjhtyq154z8c9Q8IV2yYQN9Vx0Aiy2EywbR1iL8Y76y4n5Cbx08x1f3O1kBepucopZsa78a5w==",
                    "storage_account_name": "intentcorgi"
                  }
                ]
              }
            ],
            "diagnostics": [],
            "dns_config": [],
            "dns_name_label": "",
            "exposed_port": [
              {
                "port": 8089,
                "protocol": "TCP"
              }
            ],
            "fqdn": "",
            "id": "/subscriptions/5ff0ab5b-4972-4882-beed-f3baedfad7eb/resourceGroups/locust-kload-rg/providers/Microsoft.ContainerInstance/containerGroups/intentcorgi-locust-worker-21",
            "identity": [],
            "image_registry_credential": [],
            "ip_address": "52.255.81.152",
            "ip_address_type": "Public",
            "location": "southcentralus",
            "name": "intentcorgi-locust-worker-21",
            "network_profile_id": null,
            "os_type": "Linux",
            "resource_group_name": "locust-kload-rg",
            "restart_policy": "Always",
            "tags": {
              "Environment": "dev",
              "Prefix": "kload",
              "Source": "https://github.com/heoelri/locust-on-aci",
              "Toolkit": "Terraform"
            },
            "timeouts": null
          },
          "sensitive_attributes": [
            [
              {
                "type": "get_attr",
                "value": "container"
              },
              {
                "type": "index",
                "value": {
                  "value": 0,
                  "type": "number"
                }
              },
              {
                "type": "get_attr",
                "value": "volume"
              },
              {
                "type": "index",
                "value": {
                  "value": 0,
                  "type": "number"
                }
              },
              {
                "type": "get_attr",
                "value": "storage_account_key"
              }
            ],
            [
              {
                "type": "get_attr",
                "value": "container"
              },
              {
                "type": "index",
                "value": {
                  "value": 0,
                  "type": "number"
                }
              },
              {
                "type": "get_attr",
                "value": "environment_variables"
              },
              {
                "type": "index",
                "value": {
                  "value": "APPINSIGHTS_INSTRUMENTATIONKEY",
                  "type": "string"
                }
              }
            ]
          ],
          "private": "eyJlMmJmYjczMC1lY2FhLTExZTYtOGY4OC0zNDM2M2JjN2M0YzAiOnsiY3JlYXRlIjoxODAwMDAwMDAwMDAwLCJkZWxldGUiOjE4MDAwMDAwMDAwMDAsInJlYWQiOjMwMDAwMDAwMDAwMCwidXBkYXRlIjoxODAwMDAwMDAwMDAwfX0=",
          "dependencies": [
            "random_pet.deployment",
            "azurerm_application_insights.deployment",
            "azurerm_key_vault_secret.locustsecret",
            "azurerm_resource_group.deployment",
            "azurerm_storage_share.locust",
            "random_password.locustsecret",
            "azurerm_container_group.master",
            "azurerm_key_vault.deployment",
            "azurerm_storage_account.deployment",
            "azurerm_storage_share_file.locustfile",
            "data.azurerm_client_config.current"
          ]
        },
        {
          "index_key": 22,
          "schema_version": 0,
          "attributes": {
            "container": [
              {
                "commands": [
                  "locust"
                ],
                "cpu": 2,
                "environment_variables": {
                  "APPINSIGHTS_INSTRUMENTATIONKEY": "a7bb773e-1e20-47be-9fbd-5d872e1b5659",
                  "LOCUST_LOCUSTFILE": "/home/locust/locust/locustfile.py",
                  "LOCUST_MASTER_NODE_HOST": "intentcorgi-locust-master.northeurope.azurecontainer.io",
                  "LOCUST_MODE_WORKER": "true"
                },
                "gpu": [],
                "image": "sebader/locust-with-plugins:latest",
                "liveness_probe": [],
                "memory": 2,
                "name": "intentcorgi-worker-22",
                "ports": [
                  {
                    "port": 8089,
                    "protocol": "TCP"
                  }
                ],
                "readiness_probe": [],
                "secure_environment_variables": {},
                "volume": [
                  {
                    "empty_dir": false,
                    "git_repo": [],
                    "mount_path": "/home/locust/locust",
                    "name": "locust",
                    "read_only": false,
                    "secret": {},
                    "share_name": "locust",
                    "storage_account_key": "Z+Ti1B3rSmDlJQjhtyq154z8c9Q8IV2yYQN9Vx0Aiy2EywbR1iL8Y76y4n5Cbx08x1f3O1kBepucopZsa78a5w==",
                    "storage_account_name": "intentcorgi"
                  }
                ]
              }
            ],
            "diagnostics": [],
            "dns_config": [],
            "dns_name_label": "",
            "exposed_port": [
              {
                "port": 8089,
                "protocol": "TCP"
              }
            ],
            "fqdn": "",
            "id": "/subscriptions/5ff0ab5b-4972-4882-beed-f3baedfad7eb/resourceGroups/locust-kload-rg/providers/Microsoft.ContainerInstance/containerGroups/intentcorgi-locust-worker-22",
            "identity": [],
            "image_registry_credential": [],
            "ip_address": "20.89.161.34",
            "ip_address_type": "Public",
            "location": "japaneast",
            "name": "intentcorgi-locust-worker-22",
            "network_profile_id": null,
            "os_type": "Linux",
            "resource_group_name": "locust-kload-rg",
            "restart_policy": "Always",
            "tags": {
              "Environment": "dev",
              "Prefix": "kload",
              "Source": "https://github.com/heoelri/locust-on-aci",
              "Toolkit": "Terraform"
            },
            "timeouts": null
          },
          "sensitive_attributes": [
            [
              {
                "type": "get_attr",
                "value": "container"
              },
              {
                "type": "index",
                "value": {
                  "value": 0,
                  "type": "number"
                }
              },
              {
                "type": "get_attr",
                "value": "volume"
              },
              {
                "type": "index",
                "value": {
                  "value": 0,
                  "type": "number"
                }
              },
              {
                "type": "get_attr",
                "value": "storage_account_key"
              }
            ],
            [
              {
                "type": "get_attr",
                "value": "container"
              },
              {
                "type": "index",
                "value": {
                  "value": 0,
                  "type": "number"
                }
              },
              {
                "type": "get_attr",
                "value": "environment_variables"
              },
              {
                "type": "index",
                "value": {
                  "value": "APPINSIGHTS_INSTRUMENTATIONKEY",
                  "type": "string"
                }
              }
            ]
          ],
          "private": "eyJlMmJmYjczMC1lY2FhLTExZTYtOGY4OC0zNDM2M2JjN2M0YzAiOnsiY3JlYXRlIjoxODAwMDAwMDAwMDAwLCJkZWxldGUiOjE4MDAwMDAwMDAwMDAsInJlYWQiOjMwMDAwMDAwMDAwMCwidXBkYXRlIjoxODAwMDAwMDAwMDAwfX0=",
          "dependencies": [
            "azurerm_key_vault_secret.locustsecret",
            "azurerm_storage_account.deployment",
            "data.azurerm_client_config.current",
            "random_password.locustsecret",
            "random_pet.deployment",
            "azurerm_application_insights.deployment",
            "azurerm_key_vault.deployment",
            "azurerm_resource_group.deployment",
            "azurerm_storage_share.locust",
            "azurerm_storage_share_file.locustfile",
            "azurerm_container_group.master"
          ]
        },
        {
          "index_key": 23,
          "schema_version": 0,
          "attributes": {
            "container": [
              {
                "commands": [
                  "locust"
                ],
                "cpu": 2,
                "environment_variables": {
                  "APPINSIGHTS_INSTRUMENTATIONKEY": "a7bb773e-1e20-47be-9fbd-5d872e1b5659",
                  "LOCUST_LOCUSTFILE": "/home/locust/locust/locustfile.py",
                  "LOCUST_MASTER_NODE_HOST": "intentcorgi-locust-master.northeurope.azurecontainer.io",
                  "LOCUST_MODE_WORKER": "true"
                },
                "gpu": [],
                "image": "sebader/locust-with-plugins:latest",
                "liveness_probe": [],
                "memory": 2,
                "name": "intentcorgi-worker-23",
                "ports": [
                  {
                    "port": 8089,
                    "protocol": "TCP"
                  }
                ],
                "readiness_probe": [],
                "secure_environment_variables": {},
                "volume": [
                  {
                    "empty_dir": false,
                    "git_repo": [],
                    "mount_path": "/home/locust/locust",
                    "name": "locust",
                    "read_only": false,
                    "secret": {},
                    "share_name": "locust",
                    "storage_account_key": "Z+Ti1B3rSmDlJQjhtyq154z8c9Q8IV2yYQN9Vx0Aiy2EywbR1iL8Y76y4n5Cbx08x1f3O1kBepucopZsa78a5w==",
                    "storage_account_name": "intentcorgi"
                  }
                ]
              }
            ],
            "diagnostics": [],
            "dns_config": [],
            "dns_name_label": "",
            "exposed_port": [
              {
                "port": 8089,
                "protocol": "TCP"
              }
            ],
            "fqdn": "",
            "id": "/subscriptions/5ff0ab5b-4972-4882-beed-f3baedfad7eb/resourceGroups/locust-kload-rg/providers/Microsoft.ContainerInstance/containerGroups/intentcorgi-locust-worker-23",
            "identity": [],
            "image_registry_credential": [],
            "ip_address": "13.71.66.81",
            "ip_address_type": "Public",
            "location": "southindia",
            "name": "intentcorgi-locust-worker-23",
            "network_profile_id": null,
            "os_type": "Linux",
            "resource_group_name": "locust-kload-rg",
            "restart_policy": "Always",
            "tags": {
              "Environment": "dev",
              "Prefix": "kload",
              "Source": "https://github.com/heoelri/locust-on-aci",
              "Toolkit": "Terraform"
            },
            "timeouts": null
          },
          "sensitive_attributes": [
            [
              {
                "type": "get_attr",
                "value": "container"
              },
              {
                "type": "index",
                "value": {
                  "value": 0,
                  "type": "number"
                }
              },
              {
                "type": "get_attr",
                "value": "volume"
              },
              {
                "type": "index",
                "value": {
                  "value": 0,
                  "type": "number"
                }
              },
              {
                "type": "get_attr",
                "value": "storage_account_key"
              }
            ],
            [
              {
                "type": "get_attr",
                "value": "container"
              },
              {
                "type": "index",
                "value": {
                  "value": 0,
                  "type": "number"
                }
              },
              {
                "type": "get_attr",
                "value": "environment_variables"
              },
              {
                "type": "index",
                "value": {
                  "value": "APPINSIGHTS_INSTRUMENTATIONKEY",
                  "type": "string"
                }
              }
            ]
          ],
          "private": "eyJlMmJmYjczMC1lY2FhLTExZTYtOGY4OC0zNDM2M2JjN2M0YzAiOnsiY3JlYXRlIjoxODAwMDAwMDAwMDAwLCJkZWxldGUiOjE4MDAwMDAwMDAwMDAsInJlYWQiOjMwMDAwMDAwMDAwMCwidXBkYXRlIjoxODAwMDAwMDAwMDAwfX0=",
          "dependencies": [
            "azurerm_resource_group.deployment",
            "azurerm_storage_account.deployment",
            "azurerm_storage_share.locust",
            "azurerm_storage_share_file.locustfile",
            "azurerm_key_vault.deployment",
            "azurerm_container_group.master",
            "azurerm_key_vault_secret.locustsecret",
            "data.azurerm_client_config.current",
            "random_password.locustsecret",
            "random_pet.deployment",
            "azurerm_application_insights.deployment"
          ]
        },
        {
          "index_key": 24,
          "schema_version": 0,
          "attributes": {
            "container": [
              {
                "commands": [
                  "locust"
                ],
                "cpu": 2,
                "environment_variables": {
                  "APPINSIGHTS_INSTRUMENTATIONKEY": "a7bb773e-1e20-47be-9fbd-5d872e1b5659",
                  "LOCUST_LOCUSTFILE": "/home/locust/locust/locustfile.py",
                  "LOCUST_MASTER_NODE_HOST": "intentcorgi-locust-master.northeurope.azurecontainer.io",
                  "LOCUST_MODE_WORKER": "true"
                },
                "gpu": [],
                "image": "sebader/locust-with-plugins:latest",
                "liveness_probe": [],
                "memory": 2,
                "name": "intentcorgi-worker-24",
                "ports": [
                  {
                    "port": 8089,
                    "protocol": "TCP"
                  }
                ],
                "readiness_probe": [],
                "secure_environment_variables": {},
                "volume": [
                  {
                    "empty_dir": false,
                    "git_repo": [],
                    "mount_path": "/home/locust/locust",
                    "name": "locust",
                    "read_only": false,
                    "secret": {},
                    "share_name": "locust",
                    "storage_account_key": "Z+Ti1B3rSmDlJQjhtyq154z8c9Q8IV2yYQN9Vx0Aiy2EywbR1iL8Y76y4n5Cbx08x1f3O1kBepucopZsa78a5w==",
                    "storage_account_name": "intentcorgi"
                  }
                ]
              }
            ],
            "diagnostics": [],
            "dns_config": [],
            "dns_name_label": "",
            "exposed_port": [
              {
                "port": 8089,
                "protocol": "TCP"
              }
            ],
            "fqdn": "",
            "id": "/subscriptions/5ff0ab5b-4972-4882-beed-f3baedfad7eb/resourceGroups/locust-kload-rg/providers/Microsoft.ContainerInstance/containerGroups/intentcorgi-locust-worker-24",
            "identity": [],
            "image_registry_credential": [],
            "ip_address": "20.201.38.192",
            "ip_address_type": "Public",
            "location": "brazilsouth",
            "name": "intentcorgi-locust-worker-24",
            "network_profile_id": null,
            "os_type": "Linux",
            "resource_group_name": "locust-kload-rg",
            "restart_policy": "Always",
            "tags": {
              "Environment": "dev",
              "Prefix": "kload",
              "Source": "https://github.com/heoelri/locust-on-aci",
              "Toolkit": "Terraform"
            },
            "timeouts": null
          },
          "sensitive_attributes": [
            [
              {
                "type": "get_attr",
                "value": "container"
              },
              {
                "type": "index",
                "value": {
                  "value": 0,
                  "type": "number"
                }
              },
              {
                "type": "get_attr",
                "value": "environment_variables"
              },
              {
                "type": "index",
                "value": {
                  "value": "APPINSIGHTS_INSTRUMENTATIONKEY",
                  "type": "string"
                }
              }
            ],
            [
              {
                "type": "get_attr",
                "value": "container"
              },
              {
                "type": "index",
                "value": {
                  "value": 0,
                  "type": "number"
                }
              },
              {
                "type": "get_attr",
                "value": "volume"
              },
              {
                "type": "index",
                "value": {
                  "value": 0,
                  "type": "number"
                }
              },
              {
                "type": "get_attr",
                "value": "storage_account_key"
              }
            ]
          ],
          "private": "eyJlMmJmYjczMC1lY2FhLTExZTYtOGY4OC0zNDM2M2JjN2M0YzAiOnsiY3JlYXRlIjoxODAwMDAwMDAwMDAwLCJkZWxldGUiOjE4MDAwMDAwMDAwMDAsInJlYWQiOjMwMDAwMDAwMDAwMCwidXBkYXRlIjoxODAwMDAwMDAwMDAwfX0=",
          "dependencies": [
            "azurerm_key_vault_secret.locustsecret",
            "azurerm_storage_account.deployment",
            "azurerm_storage_share.locust",
            "data.azurerm_client_config.current",
            "random_password.locustsecret",
            "azurerm_application_insights.deployment",
            "azurerm_container_group.master",
            "azurerm_key_vault.deployment",
            "azurerm_resource_group.deployment",
            "azurerm_storage_share_file.locustfile",
            "random_pet.deployment"
          ]
        },
        {
          "index_key": 25,
          "schema_version": 0,
          "attributes": {
            "container": [
              {
                "commands": [
                  "locust"
                ],
                "cpu": 2,
                "environment_variables": {
                  "APPINSIGHTS_INSTRUMENTATIONKEY": "a7bb773e-1e20-47be-9fbd-5d872e1b5659",
                  "LOCUST_LOCUSTFILE": "/home/locust/locust/locustfile.py",
                  "LOCUST_MASTER_NODE_HOST": "intentcorgi-locust-master.northeurope.azurecontainer.io",
                  "LOCUST_MODE_WORKER": "true"
                },
                "gpu": [],
                "image": "sebader/locust-with-plugins:latest",
                "liveness_probe": [],
                "memory": 2,
                "name": "intentcorgi-worker-25",
                "ports": [
                  {
                    "port": 8089,
                    "protocol": "TCP"
                  }
                ],
                "readiness_probe": [],
                "secure_environment_variables": {},
                "volume": [
                  {
                    "empty_dir": false,
                    "git_repo": [],
                    "mount_path": "/home/locust/locust",
                    "name": "locust",
                    "read_only": false,
                    "secret": {},
                    "share_name": "locust",
                    "storage_account_key": "Z+Ti1B3rSmDlJQjhtyq154z8c9Q8IV2yYQN9Vx0Aiy2EywbR1iL8Y76y4n5Cbx08x1f3O1kBepucopZsa78a5w==",
                    "storage_account_name": "intentcorgi"
                  }
                ]
              }
            ],
            "diagnostics": [],
            "dns_config": [],
            "dns_name_label": "",
            "exposed_port": [
              {
                "port": 8089,
                "protocol": "TCP"
              }
            ],
            "fqdn": "",
            "id": "/subscriptions/5ff0ab5b-4972-4882-beed-f3baedfad7eb/resourceGroups/locust-kload-rg/providers/Microsoft.ContainerInstance/containerGroups/intentcorgi-locust-worker-25",
            "identity": [],
            "image_registry_credential": [],
            "ip_address": "20.79.103.85",
            "ip_address_type": "Public",
            "location": "germanywestcentral",
            "name": "intentcorgi-locust-worker-25",
            "network_profile_id": null,
            "os_type": "Linux",
            "resource_group_name": "locust-kload-rg",
            "restart_policy": "Always",
            "tags": {
              "Environment": "dev",
              "Prefix": "kload",
              "Source": "https://github.com/heoelri/locust-on-aci",
              "Toolkit": "Terraform"
            },
            "timeouts": null
          },
          "sensitive_attributes": [
            [
              {
                "type": "get_attr",
                "value": "container"
              },
              {
                "type": "index",
                "value": {
                  "value": 0,
                  "type": "number"
                }
              },
              {
                "type": "get_attr",
                "value": "environment_variables"
              },
              {
                "type": "index",
                "value": {
                  "value": "APPINSIGHTS_INSTRUMENTATIONKEY",
                  "type": "string"
                }
              }
            ],
            [
              {
                "type": "get_attr",
                "value": "container"
              },
              {
                "type": "index",
                "value": {
                  "value": 0,
                  "type": "number"
                }
              },
              {
                "type": "get_attr",
                "value": "volume"
              },
              {
                "type": "index",
                "value": {
                  "value": 0,
                  "type": "number"
                }
              },
              {
                "type": "get_attr",
                "value": "storage_account_key"
              }
            ]
          ],
          "private": "eyJlMmJmYjczMC1lY2FhLTExZTYtOGY4OC0zNDM2M2JjN2M0YzAiOnsiY3JlYXRlIjoxODAwMDAwMDAwMDAwLCJkZWxldGUiOjE4MDAwMDAwMDAwMDAsInJlYWQiOjMwMDAwMDAwMDAwMCwidXBkYXRlIjoxODAwMDAwMDAwMDAwfX0=",
          "dependencies": [
            "azurerm_storage_share.locust",
            "azurerm_storage_share_file.locustfile",
            "random_password.locustsecret",
            "azurerm_storage_account.deployment",
            "data.azurerm_client_config.current",
            "random_pet.deployment",
            "azurerm_application_insights.deployment",
            "azurerm_container_group.master",
            "azurerm_key_vault.deployment",
            "azurerm_key_vault_secret.locustsecret",
            "azurerm_resource_group.deployment"
          ]
        },
        {
          "index_key": 26,
          "schema_version": 0,
          "attributes": {
            "container": [
              {
                "commands": [
                  "locust"
                ],
                "cpu": 2,
                "environment_variables": {
                  "APPINSIGHTS_INSTRUMENTATIONKEY": "a7bb773e-1e20-47be-9fbd-5d872e1b5659",
                  "LOCUST_LOCUSTFILE": "/home/locust/locust/locustfile.py",
                  "LOCUST_MASTER_NODE_HOST": "intentcorgi-locust-master.northeurope.azurecontainer.io",
                  "LOCUST_MODE_WORKER": "true"
                },
                "gpu": [],
                "image": "sebader/locust-with-plugins:latest",
                "liveness_probe": [],
                "memory": 2,
                "name": "intentcorgi-worker-26",
                "ports": [
                  {
                    "port": 8089,
                    "protocol": "TCP"
                  }
                ],
                "readiness_probe": [],
                "secure_environment_variables": {},
                "volume": [
                  {
                    "empty_dir": false,
                    "git_repo": [],
                    "mount_path": "/home/locust/locust",
                    "name": "locust",
                    "read_only": false,
                    "secret": {},
                    "share_name": "locust",
                    "storage_account_key": "Z+Ti1B3rSmDlJQjhtyq154z8c9Q8IV2yYQN9Vx0Aiy2EywbR1iL8Y76y4n5Cbx08x1f3O1kBepucopZsa78a5w==",
                    "storage_account_name": "intentcorgi"
                  }
                ]
              }
            ],
            "diagnostics": [],
            "dns_config": [],
            "dns_name_label": "",
            "exposed_port": [
              {
                "port": 8089,
                "protocol": "TCP"
              }
            ],
            "fqdn": "",
            "id": "/subscriptions/5ff0ab5b-4972-4882-beed-f3baedfad7eb/resourceGroups/locust-kload-rg/providers/Microsoft.ContainerInstance/containerGroups/intentcorgi-locust-worker-26",
            "identity": [],
            "image_registry_credential": [],
            "ip_address": "20.90.196.124",
            "ip_address_type": "Public",
            "location": "uksouth",
            "name": "intentcorgi-locust-worker-26",
            "network_profile_id": null,
            "os_type": "Linux",
            "resource_group_name": "locust-kload-rg",
            "restart_policy": "Always",
            "tags": {
              "Environment": "dev",
              "Prefix": "kload",
              "Source": "https://github.com/heoelri/locust-on-aci",
              "Toolkit": "Terraform"
            },
            "timeouts": null
          },
          "sensitive_attributes": [
            [
              {
                "type": "get_attr",
                "value": "container"
              },
              {
                "type": "index",
                "value": {
                  "value": 0,
                  "type": "number"
                }
              },
              {
                "type": "get_attr",
                "value": "volume"
              },
              {
                "type": "index",
                "value": {
                  "value": 0,
                  "type": "number"
                }
              },
              {
                "type": "get_attr",
                "value": "storage_account_key"
              }
            ],
            [
              {
                "type": "get_attr",
                "value": "container"
              },
              {
                "type": "index",
                "value": {
                  "value": 0,
                  "type": "number"
                }
              },
              {
                "type": "get_attr",
                "value": "environment_variables"
              },
              {
                "type": "index",
                "value": {
                  "value": "APPINSIGHTS_INSTRUMENTATIONKEY",
                  "type": "string"
                }
              }
            ]
          ],
          "private": "eyJlMmJmYjczMC1lY2FhLTExZTYtOGY4OC0zNDM2M2JjN2M0YzAiOnsiY3JlYXRlIjoxODAwMDAwMDAwMDAwLCJkZWxldGUiOjE4MDAwMDAwMDAwMDAsInJlYWQiOjMwMDAwMDAwMDAwMCwidXBkYXRlIjoxODAwMDAwMDAwMDAwfX0=",
          "dependencies": [
            "azurerm_storage_share.locust",
            "azurerm_storage_share_file.locustfile",
            "data.azurerm_client_config.current",
            "random_password.locustsecret",
            "azurerm_container_group.master",
            "azurerm_key_vault.deployment",
            "azurerm_resource_group.deployment",
            "azurerm_storage_account.deployment",
            "random_pet.deployment",
            "azurerm_application_insights.deployment",
            "azurerm_key_vault_secret.locustsecret"
          ]
        },
        {
          "index_key": 27,
          "schema_version": 0,
          "attributes": {
            "container": [
              {
                "commands": [
                  "locust"
                ],
                "cpu": 2,
                "environment_variables": {
                  "APPINSIGHTS_INSTRUMENTATIONKEY": "a7bb773e-1e20-47be-9fbd-5d872e1b5659",
                  "LOCUST_LOCUSTFILE": "/home/locust/locust/locustfile.py",
                  "LOCUST_MASTER_NODE_HOST": "intentcorgi-locust-master.northeurope.azurecontainer.io",
                  "LOCUST_MODE_WORKER": "true"
                },
                "gpu": [],
                "image": "sebader/locust-with-plugins:latest",
                "liveness_probe": [],
                "memory": 2,
                "name": "intentcorgi-worker-27",
                "ports": [
                  {
                    "port": 8089,
                    "protocol": "TCP"
                  }
                ],
                "readiness_probe": [],
                "secure_environment_variables": {},
                "volume": [
                  {
                    "empty_dir": false,
                    "git_repo": [],
                    "mount_path": "/home/locust/locust",
                    "name": "locust",
                    "read_only": false,
                    "secret": {},
                    "share_name": "locust",
                    "storage_account_key": "Z+Ti1B3rSmDlJQjhtyq154z8c9Q8IV2yYQN9Vx0Aiy2EywbR1iL8Y76y4n5Cbx08x1f3O1kBepucopZsa78a5w==",
                    "storage_account_name": "intentcorgi"
                  }
                ]
              }
            ],
            "diagnostics": [],
            "dns_config": [],
            "dns_name_label": "",
            "exposed_port": [
              {
                "port": 8089,
                "protocol": "TCP"
              }
            ],
            "fqdn": "",
            "id": "/subscriptions/5ff0ab5b-4972-4882-beed-f3baedfad7eb/resourceGroups/locust-kload-rg/providers/Microsoft.ContainerInstance/containerGroups/intentcorgi-locust-worker-27",
            "identity": [],
            "image_registry_credential": [],
            "ip_address": "20.48.138.79",
            "ip_address_type": "Public",
            "location": "canadacentral",
            "name": "intentcorgi-locust-worker-27",
            "network_profile_id": null,
            "os_type": "Linux",
            "resource_group_name": "locust-kload-rg",
            "restart_policy": "Always",
            "tags": {
              "Environment": "dev",
              "Prefix": "kload",
              "Source": "https://github.com/heoelri/locust-on-aci",
              "Toolkit": "Terraform"
            },
            "timeouts": null
          },
          "sensitive_attributes": [
            [
              {
                "type": "get_attr",
                "value": "container"
              },
              {
                "type": "index",
                "value": {
                  "value": 0,
                  "type": "number"
                }
              },
              {
                "type": "get_attr",
                "value": "volume"
              },
              {
                "type": "index",
                "value": {
                  "value": 0,
                  "type": "number"
                }
              },
              {
                "type": "get_attr",
                "value": "storage_account_key"
              }
            ],
            [
              {
                "type": "get_attr",
                "value": "container"
              },
              {
                "type": "index",
                "value": {
                  "value": 0,
                  "type": "number"
                }
              },
              {
                "type": "get_attr",
                "value": "environment_variables"
              },
              {
                "type": "index",
                "value": {
                  "value": "APPINSIGHTS_INSTRUMENTATIONKEY",
                  "type": "string"
                }
              }
            ]
          ],
          "private": "eyJlMmJmYjczMC1lY2FhLTExZTYtOGY4OC0zNDM2M2JjN2M0YzAiOnsiY3JlYXRlIjoxODAwMDAwMDAwMDAwLCJkZWxldGUiOjE4MDAwMDAwMDAwMDAsInJlYWQiOjMwMDAwMDAwMDAwMCwidXBkYXRlIjoxODAwMDAwMDAwMDAwfX0=",
          "dependencies": [
            "azurerm_key_vault.deployment",
            "azurerm_resource_group.deployment",
            "azurerm_storage_account.deployment",
            "azurerm_storage_share_file.locustfile",
            "azurerm_application_insights.deployment",
            "azurerm_container_group.master",
            "azurerm_key_vault_secret.locustsecret",
            "azurerm_storage_share.locust",
            "data.azurerm_client_config.current",
            "random_password.locustsecret",
            "random_pet.deployment"
          ]
        },
        {
          "index_key": 28,
          "schema_version": 0,
          "attributes": {
            "container": [
              {
                "commands": [
                  "locust"
                ],
                "cpu": 2,
                "environment_variables": {
                  "APPINSIGHTS_INSTRUMENTATIONKEY": "a7bb773e-1e20-47be-9fbd-5d872e1b5659",
                  "LOCUST_LOCUSTFILE": "/home/locust/locust/locustfile.py",
                  "LOCUST_MASTER_NODE_HOST": "intentcorgi-locust-master.northeurope.azurecontainer.io",
                  "LOCUST_MODE_WORKER": "true"
                },
                "gpu": [],
                "image": "sebader/locust-with-plugins:latest",
                "liveness_probe": [],
                "memory": 2,
                "name": "intentcorgi-worker-28",
                "ports": [
                  {
                    "port": 8089,
                    "protocol": "TCP"
                  }
                ],
                "readiness_probe": [],
                "secure_environment_variables": {},
                "volume": [
                  {
                    "empty_dir": false,
                    "git_repo": [],
                    "mount_path": "/home/locust/locust",
                    "name": "locust",
                    "read_only": false,
                    "secret": {},
                    "share_name": "locust",
                    "storage_account_key": "Z+Ti1B3rSmDlJQjhtyq154z8c9Q8IV2yYQN9Vx0Aiy2EywbR1iL8Y76y4n5Cbx08x1f3O1kBepucopZsa78a5w==",
                    "storage_account_name": "intentcorgi"
                  }
                ]
              }
            ],
            "diagnostics": [],
            "dns_config": [],
            "dns_name_label": "",
            "exposed_port": [
              {
                "port": 8089,
                "protocol": "TCP"
              }
            ],
            "fqdn": "",
            "id": "/subscriptions/5ff0ab5b-4972-4882-beed-f3baedfad7eb/resourceGroups/locust-kload-rg/providers/Microsoft.ContainerInstance/containerGroups/intentcorgi-locust-worker-28",
            "identity": [],
            "image_registry_credential": [],
            "ip_address": "20.85.61.229",
            "ip_address_type": "Public",
            "location": "eastus2",
            "name": "intentcorgi-locust-worker-28",
            "network_profile_id": null,
            "os_type": "Linux",
            "resource_group_name": "locust-kload-rg",
            "restart_policy": "Always",
            "tags": {
              "Environment": "dev",
              "Prefix": "kload",
              "Source": "https://github.com/heoelri/locust-on-aci",
              "Toolkit": "Terraform"
            },
            "timeouts": null
          },
          "sensitive_attributes": [
            [
              {
                "type": "get_attr",
                "value": "container"
              },
              {
                "type": "index",
                "value": {
                  "value": 0,
                  "type": "number"
                }
              },
              {
                "type": "get_attr",
                "value": "volume"
              },
              {
                "type": "index",
                "value": {
                  "value": 0,
                  "type": "number"
                }
              },
              {
                "type": "get_attr",
                "value": "storage_account_key"
              }
            ],
            [
              {
                "type": "get_attr",
                "value": "container"
              },
              {
                "type": "index",
                "value": {
                  "value": 0,
                  "type": "number"
                }
              },
              {
                "type": "get_attr",
                "value": "environment_variables"
              },
              {
                "type": "index",
                "value": {
                  "value": "APPINSIGHTS_INSTRUMENTATIONKEY",
                  "type": "string"
                }
              }
            ]
          ],
          "private": "eyJlMmJmYjczMC1lY2FhLTExZTYtOGY4OC0zNDM2M2JjN2M0YzAiOnsiY3JlYXRlIjoxODAwMDAwMDAwMDAwLCJkZWxldGUiOjE4MDAwMDAwMDAwMDAsInJlYWQiOjMwMDAwMDAwMDAwMCwidXBkYXRlIjoxODAwMDAwMDAwMDAwfX0=",
          "dependencies": [
            "azurerm_resource_group.deployment",
            "azurerm_storage_account.deployment",
            "azurerm_storage_share.locust",
            "azurerm_storage_share_file.locustfile",
            "data.azurerm_client_config.current",
            "azurerm_application_insights.deployment",
            "azurerm_container_group.master",
            "azurerm_key_vault_secret.locustsecret",
            "random_pet.deployment",
            "azurerm_key_vault.deployment",
            "random_password.locustsecret"
          ]
        },
        {
          "index_key": 29,
          "schema_version": 0,
          "attributes": {
            "container": [
              {
                "commands": [
                  "locust"
                ],
                "cpu": 2,
                "environment_variables": {
                  "APPINSIGHTS_INSTRUMENTATIONKEY": "a7bb773e-1e20-47be-9fbd-5d872e1b5659",
                  "LOCUST_LOCUSTFILE": "/home/locust/locust/locustfile.py",
                  "LOCUST_MASTER_NODE_HOST": "intentcorgi-locust-master.northeurope.azurecontainer.io",
                  "LOCUST_MODE_WORKER": "true"
                },
                "gpu": [],
                "image": "sebader/locust-with-plugins:latest",
                "liveness_probe": [],
                "memory": 2,
                "name": "intentcorgi-worker-29",
                "ports": [
                  {
                    "port": 8089,
                    "protocol": "TCP"
                  }
                ],
                "readiness_probe": [],
                "secure_environment_variables": {},
                "volume": [
                  {
                    "empty_dir": false,
                    "git_repo": [],
                    "mount_path": "/home/locust/locust",
                    "name": "locust",
                    "read_only": false,
                    "secret": {},
                    "share_name": "locust",
                    "storage_account_key": "Z+Ti1B3rSmDlJQjhtyq154z8c9Q8IV2yYQN9Vx0Aiy2EywbR1iL8Y76y4n5Cbx08x1f3O1kBepucopZsa78a5w==",
                    "storage_account_name": "intentcorgi"
                  }
                ]
              }
            ],
            "diagnostics": [],
            "dns_config": [],
            "dns_name_label": "",
            "exposed_port": [
              {
                "port": 8089,
                "protocol": "TCP"
              }
            ],
            "fqdn": "",
            "id": "/subscriptions/5ff0ab5b-4972-4882-beed-f3baedfad7eb/resourceGroups/locust-kload-rg/providers/Microsoft.ContainerInstance/containerGroups/intentcorgi-locust-worker-29",
            "identity": [],
            "image_registry_credential": [],
            "ip_address": "20.203.27.209",
            "ip_address_type": "Public",
            "location": "uaenorth",
            "name": "intentcorgi-locust-worker-29",
            "network_profile_id": null,
            "os_type": "Linux",
            "resource_group_name": "locust-kload-rg",
            "restart_policy": "Always",
            "tags": {
              "Environment": "dev",
              "Prefix": "kload",
              "Source": "https://github.com/heoelri/locust-on-aci",
              "Toolkit": "Terraform"
            },
            "timeouts": null
          },
          "sensitive_attributes": [
            [
              {
                "type": "get_attr",
                "value": "container"
              },
              {
                "type": "index",
                "value": {
                  "value": 0,
                  "type": "number"
                }
              },
              {
                "type": "get_attr",
                "value": "volume"
              },
              {
                "type": "index",
                "value": {
                  "value": 0,
                  "type": "number"
                }
              },
              {
                "type": "get_attr",
                "value": "storage_account_key"
              }
            ],
            [
              {
                "type": "get_attr",
                "value": "container"
              },
              {
                "type": "index",
                "value": {
                  "value": 0,
                  "type": "number"
                }
              },
              {
                "type": "get_attr",
                "value": "environment_variables"
              },
              {
                "type": "index",
                "value": {
                  "value": "APPINSIGHTS_INSTRUMENTATIONKEY",
                  "type": "string"
                }
              }
            ]
          ],
          "private": "eyJlMmJmYjczMC1lY2FhLTExZTYtOGY4OC0zNDM2M2JjN2M0YzAiOnsiY3JlYXRlIjoxODAwMDAwMDAwMDAwLCJkZWxldGUiOjE4MDAwMDAwMDAwMDAsInJlYWQiOjMwMDAwMDAwMDAwMCwidXBkYXRlIjoxODAwMDAwMDAwMDAwfX0=",
          "dependencies": [
            "random_pet.deployment",
            "azurerm_application_insights.deployment",
            "azurerm_container_group.master",
            "azurerm_key_vault.deployment",
            "azurerm_storage_share.locust",
            "azurerm_storage_share_file.locustfile",
            "data.azurerm_client_config.current",
            "random_password.locustsecret",
            "azurerm_key_vault_secret.locustsecret",
            "azurerm_resource_group.deployment",
            "azurerm_storage_account.deployment"
          ]
        },
        {
          "index_key": 30,
          "schema_version": 0,
          "attributes": {
            "container": [
              {
                "commands": [
                  "locust"
                ],
                "cpu": 2,
                "environment_variables": {
                  "APPINSIGHTS_INSTRUMENTATIONKEY": "a7bb773e-1e20-47be-9fbd-5d872e1b5659",
                  "LOCUST_LOCUSTFILE": "/home/locust/locust/locustfile.py",
                  "LOCUST_MASTER_NODE_HOST": "intentcorgi-locust-master.northeurope.azurecontainer.io",
                  "LOCUST_MODE_WORKER": "true"
                },
                "gpu": [],
                "image": "sebader/locust-with-plugins:latest",
                "liveness_probe": [],
                "memory": 2,
                "name": "intentcorgi-worker-30",
                "ports": [
                  {
                    "port": 8089,
                    "protocol": "TCP"
                  }
                ],
                "readiness_probe": [],
                "secure_environment_variables": {},
                "volume": [
                  {
                    "empty_dir": false,
                    "git_repo": [],
                    "mount_path": "/home/locust/locust",
                    "name": "locust",
                    "read_only": false,
                    "secret": {},
                    "share_name": "locust",
                    "storage_account_key": "Z+Ti1B3rSmDlJQjhtyq154z8c9Q8IV2yYQN9Vx0Aiy2EywbR1iL8Y76y4n5Cbx08x1f3O1kBepucopZsa78a5w==",
                    "storage_account_name": "intentcorgi"
                  }
                ]
              }
            ],
            "diagnostics": [],
            "dns_config": [],
            "dns_name_label": "",
            "exposed_port": [
              {
                "port": 8089,
                "protocol": "TCP"
              }
            ],
            "fqdn": "",
            "id": "/subscriptions/5ff0ab5b-4972-4882-beed-f3baedfad7eb/resourceGroups/locust-kload-rg/providers/Microsoft.ContainerInstance/containerGroups/intentcorgi-locust-worker-30",
            "identity": [],
            "image_registry_credential": [],
            "ip_address": "20.54.0.150",
            "ip_address_type": "Public",
            "location": "northeurope",
            "name": "intentcorgi-locust-worker-30",
            "network_profile_id": null,
            "os_type": "Linux",
            "resource_group_name": "locust-kload-rg",
            "restart_policy": "Always",
            "tags": {
              "Environment": "dev",
              "Prefix": "kload",
              "Source": "https://github.com/heoelri/locust-on-aci",
              "Toolkit": "Terraform"
            },
            "timeouts": null
          },
          "sensitive_attributes": [
            [
              {
                "type": "get_attr",
                "value": "container"
              },
              {
                "type": "index",
                "value": {
                  "value": 0,
                  "type": "number"
                }
              },
              {
                "type": "get_attr",
                "value": "environment_variables"
              },
              {
                "type": "index",
                "value": {
                  "value": "APPINSIGHTS_INSTRUMENTATIONKEY",
                  "type": "string"
                }
              }
            ],
            [
              {
                "type": "get_attr",
                "value": "container"
              },
              {
                "type": "index",
                "value": {
                  "value": 0,
                  "type": "number"
                }
              },
              {
                "type": "get_attr",
                "value": "volume"
              },
              {
                "type": "index",
                "value": {
                  "value": 0,
                  "type": "number"
                }
              },
              {
                "type": "get_attr",
                "value": "storage_account_key"
              }
            ]
          ],
          "private": "eyJlMmJmYjczMC1lY2FhLTExZTYtOGY4OC0zNDM2M2JjN2M0YzAiOnsiY3JlYXRlIjoxODAwMDAwMDAwMDAwLCJkZWxldGUiOjE4MDAwMDAwMDAwMDAsInJlYWQiOjMwMDAwMDAwMDAwMCwidXBkYXRlIjoxODAwMDAwMDAwMDAwfX0=",
          "dependencies": [
            "azurerm_storage_share.locust",
            "azurerm_storage_share_file.locustfile",
            "azurerm_container_group.master",
            "azurerm_key_vault.deployment",
            "azurerm_key_vault_secret.locustsecret",
            "azurerm_resource_group.deployment",
            "azurerm_storage_account.deployment",
            "azurerm_application_insights.deployment",
            "data.azurerm_client_config.current",
            "random_password.locustsecret",
            "random_pet.deployment"
          ]
        },
        {
          "index_key": 31,
          "schema_version": 0,
          "attributes": {
            "container": [
              {
                "commands": [
                  "locust"
                ],
                "cpu": 2,
                "environment_variables": {
                  "APPINSIGHTS_INSTRUMENTATIONKEY": "a7bb773e-1e20-47be-9fbd-5d872e1b5659",
                  "LOCUST_LOCUSTFILE": "/home/locust/locust/locustfile.py",
                  "LOCUST_MASTER_NODE_HOST": "intentcorgi-locust-master.northeurope.azurecontainer.io",
                  "LOCUST_MODE_WORKER": "true"
                },
                "gpu": [],
                "image": "sebader/locust-with-plugins:latest",
                "liveness_probe": [],
                "memory": 2,
                "name": "intentcorgi-worker-31",
                "ports": [
                  {
                    "port": 8089,
                    "protocol": "TCP"
                  }
                ],
                "readiness_probe": [],
                "secure_environment_variables": {},
                "volume": [
                  {
                    "empty_dir": false,
                    "git_repo": [],
                    "mount_path": "/home/locust/locust",
                    "name": "locust",
                    "read_only": false,
                    "secret": {},
                    "share_name": "locust",
                    "storage_account_key": "Z+Ti1B3rSmDlJQjhtyq154z8c9Q8IV2yYQN9Vx0Aiy2EywbR1iL8Y76y4n5Cbx08x1f3O1kBepucopZsa78a5w==",
                    "storage_account_name": "intentcorgi"
                  }
                ]
              }
            ],
            "diagnostics": [],
            "dns_config": [],
            "dns_name_label": "",
            "exposed_port": [
              {
                "port": 8089,
                "protocol": "TCP"
              }
            ],
            "fqdn": "",
            "id": "/subscriptions/5ff0ab5b-4972-4882-beed-f3baedfad7eb/resourceGroups/locust-kload-rg/providers/Microsoft.ContainerInstance/containerGroups/intentcorgi-locust-worker-31",
            "identity": [],
            "image_registry_credential": [],
            "ip_address": "20.80.228.43",
            "ip_address_type": "Public",
            "location": "eastus2",
            "name": "intentcorgi-locust-worker-31",
            "network_profile_id": null,
            "os_type": "Linux",
            "resource_group_name": "locust-kload-rg",
            "restart_policy": "Always",
            "tags": {
              "Environment": "dev",
              "Prefix": "kload",
              "Source": "https://github.com/heoelri/locust-on-aci",
              "Toolkit": "Terraform"
            },
            "timeouts": null
          },
          "sensitive_attributes": [
            [
              {
                "type": "get_attr",
                "value": "container"
              },
              {
                "type": "index",
                "value": {
                  "value": 0,
                  "type": "number"
                }
              },
              {
                "type": "get_attr",
                "value": "environment_variables"
              },
              {
                "type": "index",
                "value": {
                  "value": "APPINSIGHTS_INSTRUMENTATIONKEY",
                  "type": "string"
                }
              }
            ],
            [
              {
                "type": "get_attr",
                "value": "container"
              },
              {
                "type": "index",
                "value": {
                  "value": 0,
                  "type": "number"
                }
              },
              {
                "type": "get_attr",
                "value": "volume"
              },
              {
                "type": "index",
                "value": {
                  "value": 0,
                  "type": "number"
                }
              },
              {
                "type": "get_attr",
                "value": "storage_account_key"
              }
            ]
          ],
          "private": "eyJlMmJmYjczMC1lY2FhLTExZTYtOGY4OC0zNDM2M2JjN2M0YzAiOnsiY3JlYXRlIjoxODAwMDAwMDAwMDAwLCJkZWxldGUiOjE4MDAwMDAwMDAwMDAsInJlYWQiOjMwMDAwMDAwMDAwMCwidXBkYXRlIjoxODAwMDAwMDAwMDAwfX0=",
          "dependencies": [
            "azurerm_container_group.master",
            "azurerm_resource_group.deployment",
            "azurerm_storage_account.deployment",
            "azurerm_storage_share.locust",
            "azurerm_storage_share_file.locustfile",
            "random_pet.deployment",
            "azurerm_application_insights.deployment",
            "azurerm_key_vault.deployment",
            "azurerm_key_vault_secret.locustsecret",
            "data.azurerm_client_config.current",
            "random_password.locustsecret"
          ]
        },
        {
          "index_key": 32,
          "schema_version": 0,
          "attributes": {
            "container": [
              {
                "commands": [
                  "locust"
                ],
                "cpu": 2,
                "environment_variables": {
                  "APPINSIGHTS_INSTRUMENTATIONKEY": "a7bb773e-1e20-47be-9fbd-5d872e1b5659",
                  "LOCUST_LOCUSTFILE": "/home/locust/locust/locustfile.py",
                  "LOCUST_MASTER_NODE_HOST": "intentcorgi-locust-master.northeurope.azurecontainer.io",
                  "LOCUST_MODE_WORKER": "true"
                },
                "gpu": [],
                "image": "sebader/locust-with-plugins:latest",
                "liveness_probe": [],
                "memory": 2,
                "name": "intentcorgi-worker-32",
                "ports": [
                  {
                    "port": 8089,
                    "protocol": "TCP"
                  }
                ],
                "readiness_probe": [],
                "secure_environment_variables": {},
                "volume": [
                  {
                    "empty_dir": false,
                    "git_repo": [],
                    "mount_path": "/home/locust/locust",
                    "name": "locust",
                    "read_only": false,
                    "secret": {},
                    "share_name": "locust",
                    "storage_account_key": "Z+Ti1B3rSmDlJQjhtyq154z8c9Q8IV2yYQN9Vx0Aiy2EywbR1iL8Y76y4n5Cbx08x1f3O1kBepucopZsa78a5w==",
                    "storage_account_name": "intentcorgi"
                  }
                ]
              }
            ],
            "diagnostics": [],
            "dns_config": [],
            "dns_name_label": "",
            "exposed_port": [
              {
                "port": 8089,
                "protocol": "TCP"
              }
            ],
            "fqdn": "",
            "id": "/subscriptions/5ff0ab5b-4972-4882-beed-f3baedfad7eb/resourceGroups/locust-kload-rg/providers/Microsoft.ContainerInstance/containerGroups/intentcorgi-locust-worker-32",
            "identity": [],
            "image_registry_credential": [],
            "ip_address": "20.101.17.58",
            "ip_address_type": "Public",
            "location": "westeurope",
            "name": "intentcorgi-locust-worker-32",
            "network_profile_id": null,
            "os_type": "Linux",
            "resource_group_name": "locust-kload-rg",
            "restart_policy": "Always",
            "tags": {
              "Environment": "dev",
              "Prefix": "kload",
              "Source": "https://github.com/heoelri/locust-on-aci",
              "Toolkit": "Terraform"
            },
            "timeouts": null
          },
          "sensitive_attributes": [
            [
              {
                "type": "get_attr",
                "value": "container"
              },
              {
                "type": "index",
                "value": {
                  "value": 0,
                  "type": "number"
                }
              },
              {
                "type": "get_attr",
                "value": "environment_variables"
              },
              {
                "type": "index",
                "value": {
                  "value": "APPINSIGHTS_INSTRUMENTATIONKEY",
                  "type": "string"
                }
              }
            ],
            [
              {
                "type": "get_attr",
                "value": "container"
              },
              {
                "type": "index",
                "value": {
                  "value": 0,
                  "type": "number"
                }
              },
              {
                "type": "get_attr",
                "value": "volume"
              },
              {
                "type": "index",
                "value": {
                  "value": 0,
                  "type": "number"
                }
              },
              {
                "type": "get_attr",
                "value": "storage_account_key"
              }
            ]
          ],
          "private": "eyJlMmJmYjczMC1lY2FhLTExZTYtOGY4OC0zNDM2M2JjN2M0YzAiOnsiY3JlYXRlIjoxODAwMDAwMDAwMDAwLCJkZWxldGUiOjE4MDAwMDAwMDAwMDAsInJlYWQiOjMwMDAwMDAwMDAwMCwidXBkYXRlIjoxODAwMDAwMDAwMDAwfX0=",
          "dependencies": [
            "azurerm_resource_group.deployment",
            "azurerm_storage_account.deployment",
            "azurerm_storage_share.locust",
            "azurerm_storage_share_file.locustfile",
            "data.azurerm_client_config.current",
            "random_pet.deployment",
            "azurerm_application_insights.deployment",
            "azurerm_container_group.master",
            "random_password.locustsecret",
            "azurerm_key_vault.deployment",
            "azurerm_key_vault_secret.locustsecret"
          ]
        },
        {
          "index_key": 33,
          "schema_version": 0,
          "attributes": {
            "container": [
              {
                "commands": [
                  "locust"
                ],
                "cpu": 2,
                "environment_variables": {
                  "APPINSIGHTS_INSTRUMENTATIONKEY": "a7bb773e-1e20-47be-9fbd-5d872e1b5659",
                  "LOCUST_LOCUSTFILE": "/home/locust/locust/locustfile.py",
                  "LOCUST_MASTER_NODE_HOST": "intentcorgi-locust-master.northeurope.azurecontainer.io",
                  "LOCUST_MODE_WORKER": "true"
                },
                "gpu": [],
                "image": "sebader/locust-with-plugins:latest",
                "liveness_probe": [],
                "memory": 2,
                "name": "intentcorgi-worker-33",
                "ports": [
                  {
                    "port": 8089,
                    "protocol": "TCP"
                  }
                ],
                "readiness_probe": [],
                "secure_environment_variables": {},
                "volume": [
                  {
                    "empty_dir": false,
                    "git_repo": [],
                    "mount_path": "/home/locust/locust",
                    "name": "locust",
                    "read_only": false,
                    "secret": {},
                    "share_name": "locust",
                    "storage_account_key": "Z+Ti1B3rSmDlJQjhtyq154z8c9Q8IV2yYQN9Vx0Aiy2EywbR1iL8Y76y4n5Cbx08x1f3O1kBepucopZsa78a5w==",
                    "storage_account_name": "intentcorgi"
                  }
                ]
              }
            ],
            "diagnostics": [],
            "dns_config": [],
            "dns_name_label": "",
            "exposed_port": [
              {
                "port": 8089,
                "protocol": "TCP"
              }
            ],
            "fqdn": "",
            "id": "/subscriptions/5ff0ab5b-4972-4882-beed-f3baedfad7eb/resourceGroups/locust-kload-rg/providers/Microsoft.ContainerInstance/containerGroups/intentcorgi-locust-worker-33",
            "identity": [],
            "image_registry_credential": [],
            "ip_address": "40.78.100.53",
            "ip_address_type": "Public",
            "location": "westus",
            "name": "intentcorgi-locust-worker-33",
            "network_profile_id": null,
            "os_type": "Linux",
            "resource_group_name": "locust-kload-rg",
            "restart_policy": "Always",
            "tags": {
              "Environment": "dev",
              "Prefix": "kload",
              "Source": "https://github.com/heoelri/locust-on-aci",
              "Toolkit": "Terraform"
            },
            "timeouts": null
          },
          "sensitive_attributes": [
            [
              {
                "type": "get_attr",
                "value": "container"
              },
              {
                "type": "index",
                "value": {
                  "value": 0,
                  "type": "number"
                }
              },
              {
                "type": "get_attr",
                "value": "environment_variables"
              },
              {
                "type": "index",
                "value": {
                  "value": "APPINSIGHTS_INSTRUMENTATIONKEY",
                  "type": "string"
                }
              }
            ],
            [
              {
                "type": "get_attr",
                "value": "container"
              },
              {
                "type": "index",
                "value": {
                  "value": 0,
                  "type": "number"
                }
              },
              {
                "type": "get_attr",
                "value": "volume"
              },
              {
                "type": "index",
                "value": {
                  "value": 0,
                  "type": "number"
                }
              },
              {
                "type": "get_attr",
                "value": "storage_account_key"
              }
            ]
          ],
          "private": "eyJlMmJmYjczMC1lY2FhLTExZTYtOGY4OC0zNDM2M2JjN2M0YzAiOnsiY3JlYXRlIjoxODAwMDAwMDAwMDAwLCJkZWxldGUiOjE4MDAwMDAwMDAwMDAsInJlYWQiOjMwMDAwMDAwMDAwMCwidXBkYXRlIjoxODAwMDAwMDAwMDAwfX0=",
          "dependencies": [
            "azurerm_application_insights.deployment",
            "azurerm_key_vault.deployment",
            "azurerm_resource_group.deployment",
            "data.azurerm_client_config.current",
            "random_password.locustsecret",
            "random_pet.deployment",
            "azurerm_container_group.master",
            "azurerm_key_vault_secret.locustsecret",
            "azurerm_storage_account.deployment",
            "azurerm_storage_share.locust",
            "azurerm_storage_share_file.locustfile"
          ]
        },
        {
          "index_key": 34,
          "schema_version": 0,
          "attributes": {
            "container": [
              {
                "commands": [
                  "locust"
                ],
                "cpu": 2,
                "environment_variables": {
                  "APPINSIGHTS_INSTRUMENTATIONKEY": "a7bb773e-1e20-47be-9fbd-5d872e1b5659",
                  "LOCUST_LOCUSTFILE": "/home/locust/locust/locustfile.py",
                  "LOCUST_MASTER_NODE_HOST": "intentcorgi-locust-master.northeurope.azurecontainer.io",
                  "LOCUST_MODE_WORKER": "true"
                },
                "gpu": [],
                "image": "sebader/locust-with-plugins:latest",
                "liveness_probe": [],
                "memory": 2,
                "name": "intentcorgi-worker-34",
                "ports": [
                  {
                    "port": 8089,
                    "protocol": "TCP"
                  }
                ],
                "readiness_probe": [],
                "secure_environment_variables": {},
                "volume": [
                  {
                    "empty_dir": false,
                    "git_repo": [],
                    "mount_path": "/home/locust/locust",
                    "name": "locust",
                    "read_only": false,
                    "secret": {},
                    "share_name": "locust",
                    "storage_account_key": "Z+Ti1B3rSmDlJQjhtyq154z8c9Q8IV2yYQN9Vx0Aiy2EywbR1iL8Y76y4n5Cbx08x1f3O1kBepucopZsa78a5w==",
                    "storage_account_name": "intentcorgi"
                  }
                ]
              }
            ],
            "diagnostics": [],
            "dns_config": [],
            "dns_name_label": "",
            "exposed_port": [
              {
                "port": 8089,
                "protocol": "TCP"
              }
            ],
            "fqdn": "",
            "id": "/subscriptions/5ff0ab5b-4972-4882-beed-f3baedfad7eb/resourceGroups/locust-kload-rg/providers/Microsoft.ContainerInstance/containerGroups/intentcorgi-locust-worker-34",
            "identity": [],
            "image_registry_credential": [],
            "ip_address": "20.92.178.78",
            "ip_address_type": "Public",
            "location": "australiaeast",
            "name": "intentcorgi-locust-worker-34",
            "network_profile_id": null,
            "os_type": "Linux",
            "resource_group_name": "locust-kload-rg",
            "restart_policy": "Always",
            "tags": {
              "Environment": "dev",
              "Prefix": "kload",
              "Source": "https://github.com/heoelri/locust-on-aci",
              "Toolkit": "Terraform"
            },
            "timeouts": null
          },
          "sensitive_attributes": [
            [
              {
                "type": "get_attr",
                "value": "container"
              },
              {
                "type": "index",
                "value": {
                  "value": 0,
                  "type": "number"
                }
              },
              {
                "type": "get_attr",
                "value": "volume"
              },
              {
                "type": "index",
                "value": {
                  "value": 0,
                  "type": "number"
                }
              },
              {
                "type": "get_attr",
                "value": "storage_account_key"
              }
            ],
            [
              {
                "type": "get_attr",
                "value": "container"
              },
              {
                "type": "index",
                "value": {
                  "value": 0,
                  "type": "number"
                }
              },
              {
                "type": "get_attr",
                "value": "environment_variables"
              },
              {
                "type": "index",
                "value": {
                  "value": "APPINSIGHTS_INSTRUMENTATIONKEY",
                  "type": "string"
                }
              }
            ]
          ],
          "private": "eyJlMmJmYjczMC1lY2FhLTExZTYtOGY4OC0zNDM2M2JjN2M0YzAiOnsiY3JlYXRlIjoxODAwMDAwMDAwMDAwLCJkZWxldGUiOjE4MDAwMDAwMDAwMDAsInJlYWQiOjMwMDAwMDAwMDAwMCwidXBkYXRlIjoxODAwMDAwMDAwMDAwfX0=",
          "dependencies": [
            "data.azurerm_client_config.current",
            "random_password.locustsecret",
            "azurerm_application_insights.deployment",
            "azurerm_container_group.master",
            "azurerm_key_vault.deployment",
            "azurerm_key_vault_secret.locustsecret",
            "azurerm_storage_account.deployment",
            "azurerm_storage_share.locust",
            "azurerm_resource_group.deployment",
            "azurerm_storage_share_file.locustfile",
            "random_pet.deployment"
          ]
        },
        {
          "index_key": 35,
          "schema_version": 0,
          "attributes": {
            "container": [
              {
                "commands": [
                  "locust"
                ],
                "cpu": 2,
                "environment_variables": {
                  "APPINSIGHTS_INSTRUMENTATIONKEY": "a7bb773e-1e20-47be-9fbd-5d872e1b5659",
                  "LOCUST_LOCUSTFILE": "/home/locust/locust/locustfile.py",
                  "LOCUST_MASTER_NODE_HOST": "intentcorgi-locust-master.northeurope.azurecontainer.io",
                  "LOCUST_MODE_WORKER": "true"
                },
                "gpu": [],
                "image": "sebader/locust-with-plugins:latest",
                "liveness_probe": [],
                "memory": 2,
                "name": "intentcorgi-worker-35",
                "ports": [
                  {
                    "port": 8089,
                    "protocol": "TCP"
                  }
                ],
                "readiness_probe": [],
                "secure_environment_variables": {},
                "volume": [
                  {
                    "empty_dir": false,
                    "git_repo": [],
                    "mount_path": "/home/locust/locust",
                    "name": "locust",
                    "read_only": false,
                    "secret": {},
                    "share_name": "locust",
                    "storage_account_key": "Z+Ti1B3rSmDlJQjhtyq154z8c9Q8IV2yYQN9Vx0Aiy2EywbR1iL8Y76y4n5Cbx08x1f3O1kBepucopZsa78a5w==",
                    "storage_account_name": "intentcorgi"
                  }
                ]
              }
            ],
            "diagnostics": [],
            "dns_config": [],
            "dns_name_label": "",
            "exposed_port": [
              {
                "port": 8089,
                "protocol": "TCP"
              }
            ],
            "fqdn": "",
            "id": "/subscriptions/5ff0ab5b-4972-4882-beed-f3baedfad7eb/resourceGroups/locust-kload-rg/providers/Microsoft.ContainerInstance/containerGroups/intentcorgi-locust-worker-35",
            "identity": [],
            "image_registry_credential": [],
            "ip_address": "51.103.57.0",
            "ip_address_type": "Public",
            "location": "francecentral",
            "name": "intentcorgi-locust-worker-35",
            "network_profile_id": null,
            "os_type": "Linux",
            "resource_group_name": "locust-kload-rg",
            "restart_policy": "Always",
            "tags": {
              "Environment": "dev",
              "Prefix": "kload",
              "Source": "https://github.com/heoelri/locust-on-aci",
              "Toolkit": "Terraform"
            },
            "timeouts": null
          },
          "sensitive_attributes": [
            [
              {
                "type": "get_attr",
                "value": "container"
              },
              {
                "type": "index",
                "value": {
                  "value": 0,
                  "type": "number"
                }
              },
              {
                "type": "get_attr",
                "value": "environment_variables"
              },
              {
                "type": "index",
                "value": {
                  "value": "APPINSIGHTS_INSTRUMENTATIONKEY",
                  "type": "string"
                }
              }
            ],
            [
              {
                "type": "get_attr",
                "value": "container"
              },
              {
                "type": "index",
                "value": {
                  "value": 0,
                  "type": "number"
                }
              },
              {
                "type": "get_attr",
                "value": "volume"
              },
              {
                "type": "index",
                "value": {
                  "value": 0,
                  "type": "number"
                }
              },
              {
                "type": "get_attr",
                "value": "storage_account_key"
              }
            ]
          ],
          "private": "eyJlMmJmYjczMC1lY2FhLTExZTYtOGY4OC0zNDM2M2JjN2M0YzAiOnsiY3JlYXRlIjoxODAwMDAwMDAwMDAwLCJkZWxldGUiOjE4MDAwMDAwMDAwMDAsInJlYWQiOjMwMDAwMDAwMDAwMCwidXBkYXRlIjoxODAwMDAwMDAwMDAwfX0=",
          "dependencies": [
            "azurerm_storage_share_file.locustfile",
            "data.azurerm_client_config.current",
            "random_password.locustsecret",
            "azurerm_container_group.master",
            "azurerm_key_vault.deployment",
            "azurerm_key_vault_secret.locustsecret",
            "azurerm_storage_share.locust",
            "azurerm_application_insights.deployment",
            "azurerm_resource_group.deployment",
            "azurerm_storage_account.deployment",
            "random_pet.deployment"
          ]
        },
        {
          "index_key": 36,
          "schema_version": 0,
          "attributes": {
            "container": [
              {
                "commands": [
                  "locust"
                ],
                "cpu": 2,
                "environment_variables": {
                  "APPINSIGHTS_INSTRUMENTATIONKEY": "a7bb773e-1e20-47be-9fbd-5d872e1b5659",
                  "LOCUST_LOCUSTFILE": "/home/locust/locust/locustfile.py",
                  "LOCUST_MASTER_NODE_HOST": "intentcorgi-locust-master.northeurope.azurecontainer.io",
                  "LOCUST_MODE_WORKER": "true"
                },
                "gpu": [],
                "image": "sebader/locust-with-plugins:latest",
                "liveness_probe": [],
                "memory": 2,
                "name": "intentcorgi-worker-36",
                "ports": [
                  {
                    "port": 8089,
                    "protocol": "TCP"
                  }
                ],
                "readiness_probe": [],
                "secure_environment_variables": {},
                "volume": [
                  {
                    "empty_dir": false,
                    "git_repo": [],
                    "mount_path": "/home/locust/locust",
                    "name": "locust",
                    "read_only": false,
                    "secret": {},
                    "share_name": "locust",
                    "storage_account_key": "Z+Ti1B3rSmDlJQjhtyq154z8c9Q8IV2yYQN9Vx0Aiy2EywbR1iL8Y76y4n5Cbx08x1f3O1kBepucopZsa78a5w==",
                    "storage_account_name": "intentcorgi"
                  }
                ]
              }
            ],
            "diagnostics": [],
            "dns_config": [],
            "dns_name_label": "",
            "exposed_port": [
              {
                "port": 8089,
                "protocol": "TCP"
              }
            ],
            "fqdn": "",
            "id": "/subscriptions/5ff0ab5b-4972-4882-beed-f3baedfad7eb/resourceGroups/locust-kload-rg/providers/Microsoft.ContainerInstance/containerGroups/intentcorgi-locust-worker-36",
            "identity": [],
            "image_registry_credential": [],
            "ip_address": "20.88.226.174",
            "ip_address_type": "Public",
            "location": "southcentralus",
            "name": "intentcorgi-locust-worker-36",
            "network_profile_id": null,
            "os_type": "Linux",
            "resource_group_name": "locust-kload-rg",
            "restart_policy": "Always",
            "tags": {
              "Environment": "dev",
              "Prefix": "kload",
              "Source": "https://github.com/heoelri/locust-on-aci",
              "Toolkit": "Terraform"
            },
            "timeouts": null
          },
          "sensitive_attributes": [
            [
              {
                "type": "get_attr",
                "value": "container"
              },
              {
                "type": "index",
                "value": {
                  "value": 0,
                  "type": "number"
                }
              },
              {
                "type": "get_attr",
                "value": "volume"
              },
              {
                "type": "index",
                "value": {
                  "value": 0,
                  "type": "number"
                }
              },
              {
                "type": "get_attr",
                "value": "storage_account_key"
              }
            ],
            [
              {
                "type": "get_attr",
                "value": "container"
              },
              {
                "type": "index",
                "value": {
                  "value": 0,
                  "type": "number"
                }
              },
              {
                "type": "get_attr",
                "value": "environment_variables"
              },
              {
                "type": "index",
                "value": {
                  "value": "APPINSIGHTS_INSTRUMENTATIONKEY",
                  "type": "string"
                }
              }
            ]
          ],
          "private": "eyJlMmJmYjczMC1lY2FhLTExZTYtOGY4OC0zNDM2M2JjN2M0YzAiOnsiY3JlYXRlIjoxODAwMDAwMDAwMDAwLCJkZWxldGUiOjE4MDAwMDAwMDAwMDAsInJlYWQiOjMwMDAwMDAwMDAwMCwidXBkYXRlIjoxODAwMDAwMDAwMDAwfX0=",
          "dependencies": [
            "azurerm_application_insights.deployment",
            "azurerm_key_vault.deployment",
            "azurerm_key_vault_secret.locustsecret",
            "azurerm_storage_share.locust",
            "data.azurerm_client_config.current",
            "random_pet.deployment",
            "azurerm_container_group.master",
            "azurerm_resource_group.deployment",
            "azurerm_storage_account.deployment",
            "azurerm_storage_share_file.locustfile",
            "random_password.locustsecret"
          ]
        },
        {
          "index_key": 37,
          "schema_version": 0,
          "attributes": {
            "container": [
              {
                "commands": [
                  "locust"
                ],
                "cpu": 2,
                "environment_variables": {
                  "APPINSIGHTS_INSTRUMENTATIONKEY": "a7bb773e-1e20-47be-9fbd-5d872e1b5659",
                  "LOCUST_LOCUSTFILE": "/home/locust/locust/locustfile.py",
                  "LOCUST_MASTER_NODE_HOST": "intentcorgi-locust-master.northeurope.azurecontainer.io",
                  "LOCUST_MODE_WORKER": "true"
                },
                "gpu": [],
                "image": "sebader/locust-with-plugins:latest",
                "liveness_probe": [],
                "memory": 2,
                "name": "intentcorgi-worker-37",
                "ports": [
                  {
                    "port": 8089,
                    "protocol": "TCP"
                  }
                ],
                "readiness_probe": [],
                "secure_environment_variables": {},
                "volume": [
                  {
                    "empty_dir": false,
                    "git_repo": [],
                    "mount_path": "/home/locust/locust",
                    "name": "locust",
                    "read_only": false,
                    "secret": {},
                    "share_name": "locust",
                    "storage_account_key": "Z+Ti1B3rSmDlJQjhtyq154z8c9Q8IV2yYQN9Vx0Aiy2EywbR1iL8Y76y4n5Cbx08x1f3O1kBepucopZsa78a5w==",
                    "storage_account_name": "intentcorgi"
                  }
                ]
              }
            ],
            "diagnostics": [],
            "dns_config": [],
            "dns_name_label": "",
            "exposed_port": [
              {
                "port": 8089,
                "protocol": "TCP"
              }
            ],
            "fqdn": "",
            "id": "/subscriptions/5ff0ab5b-4972-4882-beed-f3baedfad7eb/resourceGroups/locust-kload-rg/providers/Microsoft.ContainerInstance/containerGroups/intentcorgi-locust-worker-37",
            "identity": [],
            "image_registry_credential": [],
            "ip_address": "20.89.167.237",
            "ip_address_type": "Public",
            "location": "japaneast",
            "name": "intentcorgi-locust-worker-37",
            "network_profile_id": null,
            "os_type": "Linux",
            "resource_group_name": "locust-kload-rg",
            "restart_policy": "Always",
            "tags": {
              "Environment": "dev",
              "Prefix": "kload",
              "Source": "https://github.com/heoelri/locust-on-aci",
              "Toolkit": "Terraform"
            },
            "timeouts": null
          },
          "sensitive_attributes": [
            [
              {
                "type": "get_attr",
                "value": "container"
              },
              {
                "type": "index",
                "value": {
                  "value": 0,
                  "type": "number"
                }
              },
              {
                "type": "get_attr",
                "value": "volume"
              },
              {
                "type": "index",
                "value": {
                  "value": 0,
                  "type": "number"
                }
              },
              {
                "type": "get_attr",
                "value": "storage_account_key"
              }
            ],
            [
              {
                "type": "get_attr",
                "value": "container"
              },
              {
                "type": "index",
                "value": {
                  "value": 0,
                  "type": "number"
                }
              },
              {
                "type": "get_attr",
                "value": "environment_variables"
              },
              {
                "type": "index",
                "value": {
                  "value": "APPINSIGHTS_INSTRUMENTATIONKEY",
                  "type": "string"
                }
              }
            ]
          ],
          "private": "eyJlMmJmYjczMC1lY2FhLTExZTYtOGY4OC0zNDM2M2JjN2M0YzAiOnsiY3JlYXRlIjoxODAwMDAwMDAwMDAwLCJkZWxldGUiOjE4MDAwMDAwMDAwMDAsInJlYWQiOjMwMDAwMDAwMDAwMCwidXBkYXRlIjoxODAwMDAwMDAwMDAwfX0=",
          "dependencies": [
            "azurerm_application_insights.deployment",
            "azurerm_container_group.master",
            "azurerm_storage_account.deployment",
            "azurerm_storage_share_file.locustfile",
            "data.azurerm_client_config.current",
            "random_password.locustsecret",
            "azurerm_key_vault.deployment",
            "azurerm_key_vault_secret.locustsecret",
            "azurerm_resource_group.deployment",
            "azurerm_storage_share.locust",
            "random_pet.deployment"
          ]
        },
        {
          "index_key": 38,
          "schema_version": 0,
          "attributes": {
            "container": [
              {
                "commands": [
                  "locust"
                ],
                "cpu": 2,
                "environment_variables": {
                  "APPINSIGHTS_INSTRUMENTATIONKEY": "a7bb773e-1e20-47be-9fbd-5d872e1b5659",
                  "LOCUST_LOCUSTFILE": "/home/locust/locust/locustfile.py",
                  "LOCUST_MASTER_NODE_HOST": "intentcorgi-locust-master.northeurope.azurecontainer.io",
                  "LOCUST_MODE_WORKER": "true"
                },
                "gpu": [],
                "image": "sebader/locust-with-plugins:latest",
                "liveness_probe": [],
                "memory": 2,
                "name": "intentcorgi-worker-38",
                "ports": [
                  {
                    "port": 8089,
                    "protocol": "TCP"
                  }
                ],
                "readiness_probe": [],
                "secure_environment_variables": {},
                "volume": [
                  {
                    "empty_dir": false,
                    "git_repo": [],
                    "mount_path": "/home/locust/locust",
                    "name": "locust",
                    "read_only": false,
                    "secret": {},
                    "share_name": "locust",
                    "storage_account_key": "Z+Ti1B3rSmDlJQjhtyq154z8c9Q8IV2yYQN9Vx0Aiy2EywbR1iL8Y76y4n5Cbx08x1f3O1kBepucopZsa78a5w==",
                    "storage_account_name": "intentcorgi"
                  }
                ]
              }
            ],
            "diagnostics": [],
            "dns_config": [],
            "dns_name_label": "",
            "exposed_port": [
              {
                "port": 8089,
                "protocol": "TCP"
              }
            ],
            "fqdn": "",
            "id": "/subscriptions/5ff0ab5b-4972-4882-beed-f3baedfad7eb/resourceGroups/locust-kload-rg/providers/Microsoft.ContainerInstance/containerGroups/intentcorgi-locust-worker-38",
            "identity": [],
            "image_registry_credential": [],
            "ip_address": "13.71.81.52",
            "ip_address_type": "Public",
            "location": "southindia",
            "name": "intentcorgi-locust-worker-38",
            "network_profile_id": null,
            "os_type": "Linux",
            "resource_group_name": "locust-kload-rg",
            "restart_policy": "Always",
            "tags": {
              "Environment": "dev",
              "Prefix": "kload",
              "Source": "https://github.com/heoelri/locust-on-aci",
              "Toolkit": "Terraform"
            },
            "timeouts": null
          },
          "sensitive_attributes": [
            [
              {
                "type": "get_attr",
                "value": "container"
              },
              {
                "type": "index",
                "value": {
                  "value": 0,
                  "type": "number"
                }
              },
              {
                "type": "get_attr",
                "value": "environment_variables"
              },
              {
                "type": "index",
                "value": {
                  "value": "APPINSIGHTS_INSTRUMENTATIONKEY",
                  "type": "string"
                }
              }
            ],
            [
              {
                "type": "get_attr",
                "value": "container"
              },
              {
                "type": "index",
                "value": {
                  "value": 0,
                  "type": "number"
                }
              },
              {
                "type": "get_attr",
                "value": "volume"
              },
              {
                "type": "index",
                "value": {
                  "value": 0,
                  "type": "number"
                }
              },
              {
                "type": "get_attr",
                "value": "storage_account_key"
              }
            ]
          ],
          "private": "eyJlMmJmYjczMC1lY2FhLTExZTYtOGY4OC0zNDM2M2JjN2M0YzAiOnsiY3JlYXRlIjoxODAwMDAwMDAwMDAwLCJkZWxldGUiOjE4MDAwMDAwMDAwMDAsInJlYWQiOjMwMDAwMDAwMDAwMCwidXBkYXRlIjoxODAwMDAwMDAwMDAwfX0=",
          "dependencies": [
            "azurerm_application_insights.deployment",
            "azurerm_container_group.master",
            "azurerm_storage_account.deployment",
            "random_pet.deployment",
            "azurerm_key_vault.deployment",
            "azurerm_key_vault_secret.locustsecret",
            "azurerm_resource_group.deployment",
            "azurerm_storage_share.locust",
            "azurerm_storage_share_file.locustfile",
            "data.azurerm_client_config.current",
            "random_password.locustsecret"
          ]
        },
        {
          "index_key": 39,
          "schema_version": 0,
          "attributes": {
            "container": [
              {
                "commands": [
                  "locust"
                ],
                "cpu": 2,
                "environment_variables": {
                  "APPINSIGHTS_INSTRUMENTATIONKEY": "a7bb773e-1e20-47be-9fbd-5d872e1b5659",
                  "LOCUST_LOCUSTFILE": "/home/locust/locust/locustfile.py",
                  "LOCUST_MASTER_NODE_HOST": "intentcorgi-locust-master.northeurope.azurecontainer.io",
                  "LOCUST_MODE_WORKER": "true"
                },
                "gpu": [],
                "image": "sebader/locust-with-plugins:latest",
                "liveness_probe": [],
                "memory": 2,
                "name": "intentcorgi-worker-39",
                "ports": [
                  {
                    "port": 8089,
                    "protocol": "TCP"
                  }
                ],
                "readiness_probe": [],
                "secure_environment_variables": {},
                "volume": [
                  {
                    "empty_dir": false,
                    "git_repo": [],
                    "mount_path": "/home/locust/locust",
                    "name": "locust",
                    "read_only": false,
                    "secret": {},
                    "share_name": "locust",
                    "storage_account_key": "Z+Ti1B3rSmDlJQjhtyq154z8c9Q8IV2yYQN9Vx0Aiy2EywbR1iL8Y76y4n5Cbx08x1f3O1kBepucopZsa78a5w==",
                    "storage_account_name": "intentcorgi"
                  }
                ]
              }
            ],
            "diagnostics": [],
            "dns_config": [],
            "dns_name_label": "",
            "exposed_port": [
              {
                "port": 8089,
                "protocol": "TCP"
              }
            ],
            "fqdn": "",
            "id": "/subscriptions/5ff0ab5b-4972-4882-beed-f3baedfad7eb/resourceGroups/locust-kload-rg/providers/Microsoft.ContainerInstance/containerGroups/intentcorgi-locust-worker-39",
            "identity": [],
            "image_registry_credential": [],
            "ip_address": "20.201.38.129",
            "ip_address_type": "Public",
            "location": "brazilsouth",
            "name": "intentcorgi-locust-worker-39",
            "network_profile_id": null,
            "os_type": "Linux",
            "resource_group_name": "locust-kload-rg",
            "restart_policy": "Always",
            "tags": {
              "Environment": "dev",
              "Prefix": "kload",
              "Source": "https://github.com/heoelri/locust-on-aci",
              "Toolkit": "Terraform"
            },
            "timeouts": null
          },
          "sensitive_attributes": [
            [
              {
                "type": "get_attr",
                "value": "container"
              },
              {
                "type": "index",
                "value": {
                  "value": 0,
                  "type": "number"
                }
              },
              {
                "type": "get_attr",
                "value": "volume"
              },
              {
                "type": "index",
                "value": {
                  "value": 0,
                  "type": "number"
                }
              },
              {
                "type": "get_attr",
                "value": "storage_account_key"
              }
            ],
            [
              {
                "type": "get_attr",
                "value": "container"
              },
              {
                "type": "index",
                "value": {
                  "value": 0,
                  "type": "number"
                }
              },
              {
                "type": "get_attr",
                "value": "environment_variables"
              },
              {
                "type": "index",
                "value": {
                  "value": "APPINSIGHTS_INSTRUMENTATIONKEY",
                  "type": "string"
                }
              }
            ]
          ],
          "private": "eyJlMmJmYjczMC1lY2FhLTExZTYtOGY4OC0zNDM2M2JjN2M0YzAiOnsiY3JlYXRlIjoxODAwMDAwMDAwMDAwLCJkZWxldGUiOjE4MDAwMDAwMDAwMDAsInJlYWQiOjMwMDAwMDAwMDAwMCwidXBkYXRlIjoxODAwMDAwMDAwMDAwfX0=",
          "dependencies": [
            "azurerm_resource_group.deployment",
            "azurerm_storage_account.deployment",
            "azurerm_storage_share_file.locustfile",
            "azurerm_container_group.master",
            "azurerm_key_vault.deployment",
            "azurerm_storage_share.locust",
            "data.azurerm_client_config.current",
            "random_password.locustsecret",
            "random_pet.deployment",
            "azurerm_application_insights.deployment",
            "azurerm_key_vault_secret.locustsecret"
          ]
        },
        {
          "index_key": 40,
          "schema_version": 0,
          "attributes": {
            "container": [
              {
                "commands": [
                  "locust"
                ],
                "cpu": 2,
                "environment_variables": {
                  "APPINSIGHTS_INSTRUMENTATIONKEY": "a7bb773e-1e20-47be-9fbd-5d872e1b5659",
                  "LOCUST_LOCUSTFILE": "/home/locust/locust/locustfile.py",
                  "LOCUST_MASTER_NODE_HOST": "intentcorgi-locust-master.northeurope.azurecontainer.io",
                  "LOCUST_MODE_WORKER": "true"
                },
                "gpu": [],
                "image": "sebader/locust-with-plugins:latest",
                "liveness_probe": [],
                "memory": 2,
                "name": "intentcorgi-worker-40",
                "ports": [
                  {
                    "port": 8089,
                    "protocol": "TCP"
                  }
                ],
                "readiness_probe": [],
                "secure_environment_variables": {},
                "volume": [
                  {
                    "empty_dir": false,
                    "git_repo": [],
                    "mount_path": "/home/locust/locust",
                    "name": "locust",
                    "read_only": false,
                    "secret": {},
                    "share_name": "locust",
                    "storage_account_key": "Z+Ti1B3rSmDlJQjhtyq154z8c9Q8IV2yYQN9Vx0Aiy2EywbR1iL8Y76y4n5Cbx08x1f3O1kBepucopZsa78a5w==",
                    "storage_account_name": "intentcorgi"
                  }
                ]
              }
            ],
            "diagnostics": [],
            "dns_config": [],
            "dns_name_label": "",
            "exposed_port": [
              {
                "port": 8089,
                "protocol": "TCP"
              }
            ],
            "fqdn": "",
            "id": "/subscriptions/5ff0ab5b-4972-4882-beed-f3baedfad7eb/resourceGroups/locust-kload-rg/providers/Microsoft.ContainerInstance/containerGroups/intentcorgi-locust-worker-40",
            "identity": [],
            "image_registry_credential": [],
            "ip_address": "20.79.115.162",
            "ip_address_type": "Public",
            "location": "germanywestcentral",
            "name": "intentcorgi-locust-worker-40",
            "network_profile_id": null,
            "os_type": "Linux",
            "resource_group_name": "locust-kload-rg",
            "restart_policy": "Always",
            "tags": {
              "Environment": "dev",
              "Prefix": "kload",
              "Source": "https://github.com/heoelri/locust-on-aci",
              "Toolkit": "Terraform"
            },
            "timeouts": null
          },
          "sensitive_attributes": [
            [
              {
                "type": "get_attr",
                "value": "container"
              },
              {
                "type": "index",
                "value": {
                  "value": 0,
                  "type": "number"
                }
              },
              {
                "type": "get_attr",
                "value": "volume"
              },
              {
                "type": "index",
                "value": {
                  "value": 0,
                  "type": "number"
                }
              },
              {
                "type": "get_attr",
                "value": "storage_account_key"
              }
            ],
            [
              {
                "type": "get_attr",
                "value": "container"
              },
              {
                "type": "index",
                "value": {
                  "value": 0,
                  "type": "number"
                }
              },
              {
                "type": "get_attr",
                "value": "environment_variables"
              },
              {
                "type": "index",
                "value": {
                  "value": "APPINSIGHTS_INSTRUMENTATIONKEY",
                  "type": "string"
                }
              }
            ]
          ],
          "private": "eyJlMmJmYjczMC1lY2FhLTExZTYtOGY4OC0zNDM2M2JjN2M0YzAiOnsiY3JlYXRlIjoxODAwMDAwMDAwMDAwLCJkZWxldGUiOjE4MDAwMDAwMDAwMDAsInJlYWQiOjMwMDAwMDAwMDAwMCwidXBkYXRlIjoxODAwMDAwMDAwMDAwfX0=",
          "dependencies": [
            "azurerm_key_vault_secret.locustsecret",
            "azurerm_resource_group.deployment",
            "azurerm_storage_share.locust",
            "data.azurerm_client_config.current",
            "azurerm_key_vault.deployment",
            "azurerm_container_group.master",
            "azurerm_storage_account.deployment",
            "azurerm_storage_share_file.locustfile",
            "random_password.locustsecret",
            "random_pet.deployment",
            "azurerm_application_insights.deployment"
          ]
        },
        {
          "index_key": 41,
          "schema_version": 0,
          "attributes": {
            "container": [
              {
                "commands": [
                  "locust"
                ],
                "cpu": 2,
                "environment_variables": {
                  "APPINSIGHTS_INSTRUMENTATIONKEY": "a7bb773e-1e20-47be-9fbd-5d872e1b5659",
                  "LOCUST_LOCUSTFILE": "/home/locust/locust/locustfile.py",
                  "LOCUST_MASTER_NODE_HOST": "intentcorgi-locust-master.northeurope.azurecontainer.io",
                  "LOCUST_MODE_WORKER": "true"
                },
                "gpu": [],
                "image": "sebader/locust-with-plugins:latest",
                "liveness_probe": [],
                "memory": 2,
                "name": "intentcorgi-worker-41",
                "ports": [
                  {
                    "port": 8089,
                    "protocol": "TCP"
                  }
                ],
                "readiness_probe": [],
                "secure_environment_variables": {},
                "volume": [
                  {
                    "empty_dir": false,
                    "git_repo": [],
                    "mount_path": "/home/locust/locust",
                    "name": "locust",
                    "read_only": false,
                    "secret": {},
                    "share_name": "locust",
                    "storage_account_key": "Z+Ti1B3rSmDlJQjhtyq154z8c9Q8IV2yYQN9Vx0Aiy2EywbR1iL8Y76y4n5Cbx08x1f3O1kBepucopZsa78a5w==",
                    "storage_account_name": "intentcorgi"
                  }
                ]
              }
            ],
            "diagnostics": [],
            "dns_config": [],
            "dns_name_label": "",
            "exposed_port": [
              {
                "port": 8089,
                "protocol": "TCP"
              }
            ],
            "fqdn": "",
            "id": "/subscriptions/5ff0ab5b-4972-4882-beed-f3baedfad7eb/resourceGroups/locust-kload-rg/providers/Microsoft.ContainerInstance/containerGroups/intentcorgi-locust-worker-41",
            "identity": [],
            "image_registry_credential": [],
            "ip_address": "51.143.241.135",
            "ip_address_type": "Public",
            "location": "uksouth",
            "name": "intentcorgi-locust-worker-41",
            "network_profile_id": null,
            "os_type": "Linux",
            "resource_group_name": "locust-kload-rg",
            "restart_policy": "Always",
            "tags": {
              "Environment": "dev",
              "Prefix": "kload",
              "Source": "https://github.com/heoelri/locust-on-aci",
              "Toolkit": "Terraform"
            },
            "timeouts": null
          },
          "sensitive_attributes": [
            [
              {
                "type": "get_attr",
                "value": "container"
              },
              {
                "type": "index",
                "value": {
                  "value": 0,
                  "type": "number"
                }
              },
              {
                "type": "get_attr",
                "value": "volume"
              },
              {
                "type": "index",
                "value": {
                  "value": 0,
                  "type": "number"
                }
              },
              {
                "type": "get_attr",
                "value": "storage_account_key"
              }
            ],
            [
              {
                "type": "get_attr",
                "value": "container"
              },
              {
                "type": "index",
                "value": {
                  "value": 0,
                  "type": "number"
                }
              },
              {
                "type": "get_attr",
                "value": "environment_variables"
              },
              {
                "type": "index",
                "value": {
                  "value": "APPINSIGHTS_INSTRUMENTATIONKEY",
                  "type": "string"
                }
              }
            ]
          ],
          "private": "eyJlMmJmYjczMC1lY2FhLTExZTYtOGY4OC0zNDM2M2JjN2M0YzAiOnsiY3JlYXRlIjoxODAwMDAwMDAwMDAwLCJkZWxldGUiOjE4MDAwMDAwMDAwMDAsInJlYWQiOjMwMDAwMDAwMDAwMCwidXBkYXRlIjoxODAwMDAwMDAwMDAwfX0=",
          "dependencies": [
            "azurerm_key_vault.deployment",
            "azurerm_key_vault_secret.locustsecret",
            "azurerm_resource_group.deployment",
            "azurerm_storage_share.locust",
            "azurerm_container_group.master",
            "azurerm_storage_account.deployment",
            "azurerm_storage_share_file.locustfile",
            "data.azurerm_client_config.current",
            "random_password.locustsecret",
            "random_pet.deployment",
            "azurerm_application_insights.deployment"
          ]
        },
        {
          "index_key": 42,
          "schema_version": 0,
          "attributes": {
            "container": [
              {
                "commands": [
                  "locust"
                ],
                "cpu": 2,
                "environment_variables": {
                  "APPINSIGHTS_INSTRUMENTATIONKEY": "a7bb773e-1e20-47be-9fbd-5d872e1b5659",
                  "LOCUST_LOCUSTFILE": "/home/locust/locust/locustfile.py",
                  "LOCUST_MASTER_NODE_HOST": "intentcorgi-locust-master.northeurope.azurecontainer.io",
                  "LOCUST_MODE_WORKER": "true"
                },
                "gpu": [],
                "image": "sebader/locust-with-plugins:latest",
                "liveness_probe": [],
                "memory": 2,
                "name": "intentcorgi-worker-42",
                "ports": [
                  {
                    "port": 8089,
                    "protocol": "TCP"
                  }
                ],
                "readiness_probe": [],
                "secure_environment_variables": {},
                "volume": [
                  {
                    "empty_dir": false,
                    "git_repo": [],
                    "mount_path": "/home/locust/locust",
                    "name": "locust",
                    "read_only": false,
                    "secret": {},
                    "share_name": "locust",
                    "storage_account_key": "Z+Ti1B3rSmDlJQjhtyq154z8c9Q8IV2yYQN9Vx0Aiy2EywbR1iL8Y76y4n5Cbx08x1f3O1kBepucopZsa78a5w==",
                    "storage_account_name": "intentcorgi"
                  }
                ]
              }
            ],
            "diagnostics": [],
            "dns_config": [],
            "dns_name_label": "",
            "exposed_port": [
              {
                "port": 8089,
                "protocol": "TCP"
              }
            ],
            "fqdn": "",
            "id": "/subscriptions/5ff0ab5b-4972-4882-beed-f3baedfad7eb/resourceGroups/locust-kload-rg/providers/Microsoft.ContainerInstance/containerGroups/intentcorgi-locust-worker-42",
            "identity": [],
            "image_registry_credential": [],
            "ip_address": "20.200.76.201",
            "ip_address_type": "Public",
            "location": "canadacentral",
            "name": "intentcorgi-locust-worker-42",
            "network_profile_id": null,
            "os_type": "Linux",
            "resource_group_name": "locust-kload-rg",
            "restart_policy": "Always",
            "tags": {
              "Environment": "dev",
              "Prefix": "kload",
              "Source": "https://github.com/heoelri/locust-on-aci",
              "Toolkit": "Terraform"
            },
            "timeouts": null
          },
          "sensitive_attributes": [
            [
              {
                "type": "get_attr",
                "value": "container"
              },
              {
                "type": "index",
                "value": {
                  "value": 0,
                  "type": "number"
                }
              },
              {
                "type": "get_attr",
                "value": "volume"
              },
              {
                "type": "index",
                "value": {
                  "value": 0,
                  "type": "number"
                }
              },
              {
                "type": "get_attr",
                "value": "storage_account_key"
              }
            ],
            [
              {
                "type": "get_attr",
                "value": "container"
              },
              {
                "type": "index",
                "value": {
                  "value": 0,
                  "type": "number"
                }
              },
              {
                "type": "get_attr",
                "value": "environment_variables"
              },
              {
                "type": "index",
                "value": {
                  "value": "APPINSIGHTS_INSTRUMENTATIONKEY",
                  "type": "string"
                }
              }
            ]
          ],
          "private": "eyJlMmJmYjczMC1lY2FhLTExZTYtOGY4OC0zNDM2M2JjN2M0YzAiOnsiY3JlYXRlIjoxODAwMDAwMDAwMDAwLCJkZWxldGUiOjE4MDAwMDAwMDAwMDAsInJlYWQiOjMwMDAwMDAwMDAwMCwidXBkYXRlIjoxODAwMDAwMDAwMDAwfX0=",
          "dependencies": [
            "azurerm_storage_share.locust",
            "data.azurerm_client_config.current",
            "azurerm_container_group.master",
            "azurerm_key_vault.deployment",
            "azurerm_resource_group.deployment",
            "azurerm_storage_share_file.locustfile",
            "random_password.locustsecret",
            "random_pet.deployment",
            "azurerm_application_insights.deployment",
            "azurerm_key_vault_secret.locustsecret",
            "azurerm_storage_account.deployment"
          ]
        },
        {
          "index_key": 43,
          "schema_version": 0,
          "attributes": {
            "container": [
              {
                "commands": [
                  "locust"
                ],
                "cpu": 2,
                "environment_variables": {
                  "APPINSIGHTS_INSTRUMENTATIONKEY": "a7bb773e-1e20-47be-9fbd-5d872e1b5659",
                  "LOCUST_LOCUSTFILE": "/home/locust/locust/locustfile.py",
                  "LOCUST_MASTER_NODE_HOST": "intentcorgi-locust-master.northeurope.azurecontainer.io",
                  "LOCUST_MODE_WORKER": "true"
                },
                "gpu": [],
                "image": "sebader/locust-with-plugins:latest",
                "liveness_probe": [],
                "memory": 2,
                "name": "intentcorgi-worker-43",
                "ports": [
                  {
                    "port": 8089,
                    "protocol": "TCP"
                  }
                ],
                "readiness_probe": [],
                "secure_environment_variables": {},
                "volume": [
                  {
                    "empty_dir": false,
                    "git_repo": [],
                    "mount_path": "/home/locust/locust",
                    "name": "locust",
                    "read_only": false,
                    "secret": {},
                    "share_name": "locust",
                    "storage_account_key": "Z+Ti1B3rSmDlJQjhtyq154z8c9Q8IV2yYQN9Vx0Aiy2EywbR1iL8Y76y4n5Cbx08x1f3O1kBepucopZsa78a5w==",
                    "storage_account_name": "intentcorgi"
                  }
                ]
              }
            ],
            "diagnostics": [],
            "dns_config": [],
            "dns_name_label": "",
            "exposed_port": [
              {
                "port": 8089,
                "protocol": "TCP"
              }
            ],
            "fqdn": "",
            "id": "/subscriptions/5ff0ab5b-4972-4882-beed-f3baedfad7eb/resourceGroups/locust-kload-rg/providers/Microsoft.ContainerInstance/containerGroups/intentcorgi-locust-worker-43",
            "identity": [],
            "image_registry_credential": [],
            "ip_address": "20.36.155.27",
            "ip_address_type": "Public",
            "location": "eastus2",
            "name": "intentcorgi-locust-worker-43",
            "network_profile_id": null,
            "os_type": "Linux",
            "resource_group_name": "locust-kload-rg",
            "restart_policy": "Always",
            "tags": {
              "Environment": "dev",
              "Prefix": "kload",
              "Source": "https://github.com/heoelri/locust-on-aci",
              "Toolkit": "Terraform"
            },
            "timeouts": null
          },
          "sensitive_attributes": [
            [
              {
                "type": "get_attr",
                "value": "container"
              },
              {
                "type": "index",
                "value": {
                  "value": 0,
                  "type": "number"
                }
              },
              {
                "type": "get_attr",
                "value": "volume"
              },
              {
                "type": "index",
                "value": {
                  "value": 0,
                  "type": "number"
                }
              },
              {
                "type": "get_attr",
                "value": "storage_account_key"
              }
            ],
            [
              {
                "type": "get_attr",
                "value": "container"
              },
              {
                "type": "index",
                "value": {
                  "value": 0,
                  "type": "number"
                }
              },
              {
                "type": "get_attr",
                "value": "environment_variables"
              },
              {
                "type": "index",
                "value": {
                  "value": "APPINSIGHTS_INSTRUMENTATIONKEY",
                  "type": "string"
                }
              }
            ]
          ],
          "private": "eyJlMmJmYjczMC1lY2FhLTExZTYtOGY4OC0zNDM2M2JjN2M0YzAiOnsiY3JlYXRlIjoxODAwMDAwMDAwMDAwLCJkZWxldGUiOjE4MDAwMDAwMDAwMDAsInJlYWQiOjMwMDAwMDAwMDAwMCwidXBkYXRlIjoxODAwMDAwMDAwMDAwfX0=",
          "dependencies": [
            "azurerm_application_insights.deployment",
            "azurerm_container_group.master",
            "azurerm_key_vault.deployment",
            "azurerm_key_vault_secret.locustsecret",
            "azurerm_resource_group.deployment",
            "azurerm_storage_account.deployment",
            "random_password.locustsecret",
            "azurerm_storage_share.locust",
            "azurerm_storage_share_file.locustfile",
            "data.azurerm_client_config.current",
            "random_pet.deployment"
          ]
        },
        {
          "index_key": 44,
          "schema_version": 0,
          "attributes": {
            "container": [
              {
                "commands": [
                  "locust"
                ],
                "cpu": 2,
                "environment_variables": {
                  "APPINSIGHTS_INSTRUMENTATIONKEY": "a7bb773e-1e20-47be-9fbd-5d872e1b5659",
                  "LOCUST_LOCUSTFILE": "/home/locust/locust/locustfile.py",
                  "LOCUST_MASTER_NODE_HOST": "intentcorgi-locust-master.northeurope.azurecontainer.io",
                  "LOCUST_MODE_WORKER": "true"
                },
                "gpu": [],
                "image": "sebader/locust-with-plugins:latest",
                "liveness_probe": [],
                "memory": 2,
                "name": "intentcorgi-worker-44",
                "ports": [
                  {
                    "port": 8089,
                    "protocol": "TCP"
                  }
                ],
                "readiness_probe": [],
                "secure_environment_variables": {},
                "volume": [
                  {
                    "empty_dir": false,
                    "git_repo": [],
                    "mount_path": "/home/locust/locust",
                    "name": "locust",
                    "read_only": false,
                    "secret": {},
                    "share_name": "locust",
                    "storage_account_key": "Z+Ti1B3rSmDlJQjhtyq154z8c9Q8IV2yYQN9Vx0Aiy2EywbR1iL8Y76y4n5Cbx08x1f3O1kBepucopZsa78a5w==",
                    "storage_account_name": "intentcorgi"
                  }
                ]
              }
            ],
            "diagnostics": [],
            "dns_config": [],
            "dns_name_label": "",
            "exposed_port": [
              {
                "port": 8089,
                "protocol": "TCP"
              }
            ],
            "fqdn": "",
            "id": "/subscriptions/5ff0ab5b-4972-4882-beed-f3baedfad7eb/resourceGroups/locust-kload-rg/providers/Microsoft.ContainerInstance/containerGroups/intentcorgi-locust-worker-44",
            "identity": [],
            "image_registry_credential": [],
            "ip_address": "20.203.10.163",
            "ip_address_type": "Public",
            "location": "uaenorth",
            "name": "intentcorgi-locust-worker-44",
            "network_profile_id": null,
            "os_type": "Linux",
            "resource_group_name": "locust-kload-rg",
            "restart_policy": "Always",
            "tags": {
              "Environment": "dev",
              "Prefix": "kload",
              "Source": "https://github.com/heoelri/locust-on-aci",
              "Toolkit": "Terraform"
            },
            "timeouts": null
          },
          "sensitive_attributes": [
            [
              {
                "type": "get_attr",
                "value": "container"
              },
              {
                "type": "index",
                "value": {
                  "value": 0,
                  "type": "number"
                }
              },
              {
                "type": "get_attr",
                "value": "volume"
              },
              {
                "type": "index",
                "value": {
                  "value": 0,
                  "type": "number"
                }
              },
              {
                "type": "get_attr",
                "value": "storage_account_key"
              }
            ],
            [
              {
                "type": "get_attr",
                "value": "container"
              },
              {
                "type": "index",
                "value": {
                  "value": 0,
                  "type": "number"
                }
              },
              {
                "type": "get_attr",
                "value": "environment_variables"
              },
              {
                "type": "index",
                "value": {
                  "value": "APPINSIGHTS_INSTRUMENTATIONKEY",
                  "type": "string"
                }
              }
            ]
          ],
          "private": "eyJlMmJmYjczMC1lY2FhLTExZTYtOGY4OC0zNDM2M2JjN2M0YzAiOnsiY3JlYXRlIjoxODAwMDAwMDAwMDAwLCJkZWxldGUiOjE4MDAwMDAwMDAwMDAsInJlYWQiOjMwMDAwMDAwMDAwMCwidXBkYXRlIjoxODAwMDAwMDAwMDAwfX0=",
          "dependencies": [
            "azurerm_application_insights.deployment",
            "azurerm_key_vault.deployment",
            "azurerm_resource_group.deployment",
            "azurerm_storage_share.locust",
            "random_pet.deployment",
            "azurerm_container_group.master",
            "azurerm_key_vault_secret.locustsecret",
            "azurerm_storage_account.deployment",
            "azurerm_storage_share_file.locustfile",
            "data.azurerm_client_config.current",
            "random_password.locustsecret"
          ]
        },
        {
          "index_key": 45,
          "schema_version": 0,
          "attributes": {
            "container": [
              {
                "commands": [
                  "locust"
                ],
                "cpu": 2,
                "environment_variables": {
                  "APPINSIGHTS_INSTRUMENTATIONKEY": "a7bb773e-1e20-47be-9fbd-5d872e1b5659",
                  "LOCUST_LOCUSTFILE": "/home/locust/locust/locustfile.py",
                  "LOCUST_MASTER_NODE_HOST": "intentcorgi-locust-master.northeurope.azurecontainer.io",
                  "LOCUST_MODE_WORKER": "true"
                },
                "gpu": [],
                "image": "sebader/locust-with-plugins:latest",
                "liveness_probe": [],
                "memory": 2,
                "name": "intentcorgi-worker-45",
                "ports": [
                  {
                    "port": 8089,
                    "protocol": "TCP"
                  }
                ],
                "readiness_probe": [],
                "secure_environment_variables": {},
                "volume": [
                  {
                    "empty_dir": false,
                    "git_repo": [],
                    "mount_path": "/home/locust/locust",
                    "name": "locust",
                    "read_only": false,
                    "secret": {},
                    "share_name": "locust",
                    "storage_account_key": "Z+Ti1B3rSmDlJQjhtyq154z8c9Q8IV2yYQN9Vx0Aiy2EywbR1iL8Y76y4n5Cbx08x1f3O1kBepucopZsa78a5w==",
                    "storage_account_name": "intentcorgi"
                  }
                ]
              }
            ],
            "diagnostics": [],
            "dns_config": [],
            "dns_name_label": "",
            "exposed_port": [
              {
                "port": 8089,
                "protocol": "TCP"
              }
            ],
            "fqdn": "",
            "id": "/subscriptions/5ff0ab5b-4972-4882-beed-f3baedfad7eb/resourceGroups/locust-kload-rg/providers/Microsoft.ContainerInstance/containerGroups/intentcorgi-locust-worker-45",
            "identity": [],
            "image_registry_credential": [],
            "ip_address": "52.236.16.125",
            "ip_address_type": "Public",
            "location": "northeurope",
            "name": "intentcorgi-locust-worker-45",
            "network_profile_id": null,
            "os_type": "Linux",
            "resource_group_name": "locust-kload-rg",
            "restart_policy": "Always",
            "tags": {
              "Environment": "dev",
              "Prefix": "kload",
              "Source": "https://github.com/heoelri/locust-on-aci",
              "Toolkit": "Terraform"
            },
            "timeouts": null
          },
          "sensitive_attributes": [
            [
              {
                "type": "get_attr",
                "value": "container"
              },
              {
                "type": "index",
                "value": {
                  "value": 0,
                  "type": "number"
                }
              },
              {
                "type": "get_attr",
                "value": "volume"
              },
              {
                "type": "index",
                "value": {
                  "value": 0,
                  "type": "number"
                }
              },
              {
                "type": "get_attr",
                "value": "storage_account_key"
              }
            ],
            [
              {
                "type": "get_attr",
                "value": "container"
              },
              {
                "type": "index",
                "value": {
                  "value": 0,
                  "type": "number"
                }
              },
              {
                "type": "get_attr",
                "value": "environment_variables"
              },
              {
                "type": "index",
                "value": {
                  "value": "APPINSIGHTS_INSTRUMENTATIONKEY",
                  "type": "string"
                }
              }
            ]
          ],
          "private": "eyJlMmJmYjczMC1lY2FhLTExZTYtOGY4OC0zNDM2M2JjN2M0YzAiOnsiY3JlYXRlIjoxODAwMDAwMDAwMDAwLCJkZWxldGUiOjE4MDAwMDAwMDAwMDAsInJlYWQiOjMwMDAwMDAwMDAwMCwidXBkYXRlIjoxODAwMDAwMDAwMDAwfX0=",
          "dependencies": [
            "azurerm_resource_group.deployment",
            "azurerm_storage_account.deployment",
            "azurerm_storage_share.locust",
            "azurerm_storage_share_file.locustfile",
            "random_pet.deployment",
            "azurerm_key_vault.deployment",
            "azurerm_container_group.master",
            "azurerm_key_vault_secret.locustsecret",
            "data.azurerm_client_config.current",
            "random_password.locustsecret",
            "azurerm_application_insights.deployment"
          ]
        },
        {
          "index_key": 46,
          "schema_version": 0,
          "attributes": {
            "container": [
              {
                "commands": [
                  "locust"
                ],
                "cpu": 2,
                "environment_variables": {
                  "APPINSIGHTS_INSTRUMENTATIONKEY": "a7bb773e-1e20-47be-9fbd-5d872e1b5659",
                  "LOCUST_LOCUSTFILE": "/home/locust/locust/locustfile.py",
                  "LOCUST_MASTER_NODE_HOST": "intentcorgi-locust-master.northeurope.azurecontainer.io",
                  "LOCUST_MODE_WORKER": "true"
                },
                "gpu": [],
                "image": "sebader/locust-with-plugins:latest",
                "liveness_probe": [],
                "memory": 2,
                "name": "intentcorgi-worker-46",
                "ports": [
                  {
                    "port": 8089,
                    "protocol": "TCP"
                  }
                ],
                "readiness_probe": [],
                "secure_environment_variables": {},
                "volume": [
                  {
                    "empty_dir": false,
                    "git_repo": [],
                    "mount_path": "/home/locust/locust",
                    "name": "locust",
                    "read_only": false,
                    "secret": {},
                    "share_name": "locust",
                    "storage_account_key": "Z+Ti1B3rSmDlJQjhtyq154z8c9Q8IV2yYQN9Vx0Aiy2EywbR1iL8Y76y4n5Cbx08x1f3O1kBepucopZsa78a5w==",
                    "storage_account_name": "intentcorgi"
                  }
                ]
              }
            ],
            "diagnostics": [],
            "dns_config": [],
            "dns_name_label": "",
            "exposed_port": [
              {
                "port": 8089,
                "protocol": "TCP"
              }
            ],
            "fqdn": "",
            "id": "/subscriptions/5ff0ab5b-4972-4882-beed-f3baedfad7eb/resourceGroups/locust-kload-rg/providers/Microsoft.ContainerInstance/containerGroups/intentcorgi-locust-worker-46",
            "identity": [],
            "image_registry_credential": [],
            "ip_address": "20.85.0.230",
            "ip_address_type": "Public",
            "location": "eastus2",
            "name": "intentcorgi-locust-worker-46",
            "network_profile_id": null,
            "os_type": "Linux",
            "resource_group_name": "locust-kload-rg",
            "restart_policy": "Always",
            "tags": {
              "Environment": "dev",
              "Prefix": "kload",
              "Source": "https://github.com/heoelri/locust-on-aci",
              "Toolkit": "Terraform"
            },
            "timeouts": null
          },
          "sensitive_attributes": [
            [
              {
                "type": "get_attr",
                "value": "container"
              },
              {
                "type": "index",
                "value": {
                  "value": 0,
                  "type": "number"
                }
              },
              {
                "type": "get_attr",
                "value": "volume"
              },
              {
                "type": "index",
                "value": {
                  "value": 0,
                  "type": "number"
                }
              },
              {
                "type": "get_attr",
                "value": "storage_account_key"
              }
            ],
            [
              {
                "type": "get_attr",
                "value": "container"
              },
              {
                "type": "index",
                "value": {
                  "value": 0,
                  "type": "number"
                }
              },
              {
                "type": "get_attr",
                "value": "environment_variables"
              },
              {
                "type": "index",
                "value": {
                  "value": "APPINSIGHTS_INSTRUMENTATIONKEY",
                  "type": "string"
                }
              }
            ]
          ],
          "private": "eyJlMmJmYjczMC1lY2FhLTExZTYtOGY4OC0zNDM2M2JjN2M0YzAiOnsiY3JlYXRlIjoxODAwMDAwMDAwMDAwLCJkZWxldGUiOjE4MDAwMDAwMDAwMDAsInJlYWQiOjMwMDAwMDAwMDAwMCwidXBkYXRlIjoxODAwMDAwMDAwMDAwfX0=",
          "dependencies": [
            "azurerm_container_group.master",
            "azurerm_key_vault.deployment",
            "azurerm_key_vault_secret.locustsecret",
            "azurerm_resource_group.deployment",
            "azurerm_storage_account.deployment",
            "random_pet.deployment",
            "azurerm_application_insights.deployment",
            "azurerm_storage_share.locust",
            "azurerm_storage_share_file.locustfile",
            "data.azurerm_client_config.current",
            "random_password.locustsecret"
          ]
        },
        {
          "index_key": 47,
          "schema_version": 0,
          "attributes": {
            "container": [
              {
                "commands": [
                  "locust"
                ],
                "cpu": 2,
                "environment_variables": {
                  "APPINSIGHTS_INSTRUMENTATIONKEY": "a7bb773e-1e20-47be-9fbd-5d872e1b5659",
                  "LOCUST_LOCUSTFILE": "/home/locust/locust/locustfile.py",
                  "LOCUST_MASTER_NODE_HOST": "intentcorgi-locust-master.northeurope.azurecontainer.io",
                  "LOCUST_MODE_WORKER": "true"
                },
                "gpu": [],
                "image": "sebader/locust-with-plugins:latest",
                "liveness_probe": [],
                "memory": 2,
                "name": "intentcorgi-worker-47",
                "ports": [
                  {
                    "port": 8089,
                    "protocol": "TCP"
                  }
                ],
                "readiness_probe": [],
                "secure_environment_variables": {},
                "volume": [
                  {
                    "empty_dir": false,
                    "git_repo": [],
                    "mount_path": "/home/locust/locust",
                    "name": "locust",
                    "read_only": false,
                    "secret": {},
                    "share_name": "locust",
                    "storage_account_key": "Z+Ti1B3rSmDlJQjhtyq154z8c9Q8IV2yYQN9Vx0Aiy2EywbR1iL8Y76y4n5Cbx08x1f3O1kBepucopZsa78a5w==",
                    "storage_account_name": "intentcorgi"
                  }
                ]
              }
            ],
            "diagnostics": [],
            "dns_config": [],
            "dns_name_label": "",
            "exposed_port": [
              {
                "port": 8089,
                "protocol": "TCP"
              }
            ],
            "fqdn": "",
            "id": "/subscriptions/5ff0ab5b-4972-4882-beed-f3baedfad7eb/resourceGroups/locust-kload-rg/providers/Microsoft.ContainerInstance/containerGroups/intentcorgi-locust-worker-47",
            "identity": [],
            "image_registry_credential": [],
            "ip_address": "20.93.177.252",
            "ip_address_type": "Public",
            "location": "westeurope",
            "name": "intentcorgi-locust-worker-47",
            "network_profile_id": null,
            "os_type": "Linux",
            "resource_group_name": "locust-kload-rg",
            "restart_policy": "Always",
            "tags": {
              "Environment": "dev",
              "Prefix": "kload",
              "Source": "https://github.com/heoelri/locust-on-aci",
              "Toolkit": "Terraform"
            },
            "timeouts": null
          },
          "sensitive_attributes": [
            [
              {
                "type": "get_attr",
                "value": "container"
              },
              {
                "type": "index",
                "value": {
                  "value": 0,
                  "type": "number"
                }
              },
              {
                "type": "get_attr",
                "value": "environment_variables"
              },
              {
                "type": "index",
                "value": {
                  "value": "APPINSIGHTS_INSTRUMENTATIONKEY",
                  "type": "string"
                }
              }
            ],
            [
              {
                "type": "get_attr",
                "value": "container"
              },
              {
                "type": "index",
                "value": {
                  "value": 0,
                  "type": "number"
                }
              },
              {
                "type": "get_attr",
                "value": "volume"
              },
              {
                "type": "index",
                "value": {
                  "value": 0,
                  "type": "number"
                }
              },
              {
                "type": "get_attr",
                "value": "storage_account_key"
              }
            ]
          ],
          "private": "eyJlMmJmYjczMC1lY2FhLTExZTYtOGY4OC0zNDM2M2JjN2M0YzAiOnsiY3JlYXRlIjoxODAwMDAwMDAwMDAwLCJkZWxldGUiOjE4MDAwMDAwMDAwMDAsInJlYWQiOjMwMDAwMDAwMDAwMCwidXBkYXRlIjoxODAwMDAwMDAwMDAwfX0=",
          "dependencies": [
            "azurerm_key_vault_secret.locustsecret",
            "azurerm_storage_share.locust",
            "random_pet.deployment",
            "azurerm_container_group.master",
            "azurerm_key_vault.deployment",
            "azurerm_storage_account.deployment",
            "azurerm_storage_share_file.locustfile",
            "data.azurerm_client_config.current",
            "random_password.locustsecret",
            "azurerm_application_insights.deployment",
            "azurerm_resource_group.deployment"
          ]
        },
        {
          "index_key": 48,
          "schema_version": 0,
          "attributes": {
            "container": [
              {
                "commands": [
                  "locust"
                ],
                "cpu": 2,
                "environment_variables": {
                  "APPINSIGHTS_INSTRUMENTATIONKEY": "a7bb773e-1e20-47be-9fbd-5d872e1b5659",
                  "LOCUST_LOCUSTFILE": "/home/locust/locust/locustfile.py",
                  "LOCUST_MASTER_NODE_HOST": "intentcorgi-locust-master.northeurope.azurecontainer.io",
                  "LOCUST_MODE_WORKER": "true"
                },
                "gpu": [],
                "image": "sebader/locust-with-plugins:latest",
                "liveness_probe": [],
                "memory": 2,
                "name": "intentcorgi-worker-48",
                "ports": [
                  {
                    "port": 8089,
                    "protocol": "TCP"
                  }
                ],
                "readiness_probe": [],
                "secure_environment_variables": {},
                "volume": [
                  {
                    "empty_dir": false,
                    "git_repo": [],
                    "mount_path": "/home/locust/locust",
                    "name": "locust",
                    "read_only": false,
                    "secret": {},
                    "share_name": "locust",
                    "storage_account_key": "Z+Ti1B3rSmDlJQjhtyq154z8c9Q8IV2yYQN9Vx0Aiy2EywbR1iL8Y76y4n5Cbx08x1f3O1kBepucopZsa78a5w==",
                    "storage_account_name": "intentcorgi"
                  }
                ]
              }
            ],
            "diagnostics": [],
            "dns_config": [],
            "dns_name_label": "",
            "exposed_port": [
              {
                "port": 8089,
                "protocol": "TCP"
              }
            ],
            "fqdn": "",
            "id": "/subscriptions/5ff0ab5b-4972-4882-beed-f3baedfad7eb/resourceGroups/locust-kload-rg/providers/Microsoft.ContainerInstance/containerGroups/intentcorgi-locust-worker-48",
            "identity": [],
            "image_registry_credential": [],
            "ip_address": "52.160.70.186",
            "ip_address_type": "Public",
            "location": "westus",
            "name": "intentcorgi-locust-worker-48",
            "network_profile_id": null,
            "os_type": "Linux",
            "resource_group_name": "locust-kload-rg",
            "restart_policy": "Always",
            "tags": {
              "Environment": "dev",
              "Prefix": "kload",
              "Source": "https://github.com/heoelri/locust-on-aci",
              "Toolkit": "Terraform"
            },
            "timeouts": null
          },
          "sensitive_attributes": [
            [
              {
                "type": "get_attr",
                "value": "container"
              },
              {
                "type": "index",
                "value": {
                  "value": 0,
                  "type": "number"
                }
              },
              {
                "type": "get_attr",
                "value": "environment_variables"
              },
              {
                "type": "index",
                "value": {
                  "value": "APPINSIGHTS_INSTRUMENTATIONKEY",
                  "type": "string"
                }
              }
            ],
            [
              {
                "type": "get_attr",
                "value": "container"
              },
              {
                "type": "index",
                "value": {
                  "value": 0,
                  "type": "number"
                }
              },
              {
                "type": "get_attr",
                "value": "volume"
              },
              {
                "type": "index",
                "value": {
                  "value": 0,
                  "type": "number"
                }
              },
              {
                "type": "get_attr",
                "value": "storage_account_key"
              }
            ]
          ],
          "private": "eyJlMmJmYjczMC1lY2FhLTExZTYtOGY4OC0zNDM2M2JjN2M0YzAiOnsiY3JlYXRlIjoxODAwMDAwMDAwMDAwLCJkZWxldGUiOjE4MDAwMDAwMDAwMDAsInJlYWQiOjMwMDAwMDAwMDAwMCwidXBkYXRlIjoxODAwMDAwMDAwMDAwfX0=",
          "dependencies": [
            "random_password.locustsecret",
            "azurerm_application_insights.deployment",
            "azurerm_container_group.master",
            "azurerm_key_vault.deployment",
            "azurerm_storage_account.deployment",
            "azurerm_storage_share.locust",
            "azurerm_storage_share_file.locustfile",
            "azurerm_key_vault_secret.locustsecret",
            "azurerm_resource_group.deployment",
            "data.azurerm_client_config.current",
            "random_pet.deployment"
          ]
        },
        {
          "index_key": 49,
          "schema_version": 0,
          "attributes": {
            "container": [
              {
                "commands": [
                  "locust"
                ],
                "cpu": 2,
                "environment_variables": {
                  "APPINSIGHTS_INSTRUMENTATIONKEY": "a7bb773e-1e20-47be-9fbd-5d872e1b5659",
                  "LOCUST_LOCUSTFILE": "/home/locust/locust/locustfile.py",
                  "LOCUST_MASTER_NODE_HOST": "intentcorgi-locust-master.northeurope.azurecontainer.io",
                  "LOCUST_MODE_WORKER": "true"
                },
                "gpu": [],
                "image": "sebader/locust-with-plugins:latest",
                "liveness_probe": [],
                "memory": 2,
                "name": "intentcorgi-worker-49",
                "ports": [
                  {
                    "port": 8089,
                    "protocol": "TCP"
                  }
                ],
                "readiness_probe": [],
                "secure_environment_variables": {},
                "volume": [
                  {
                    "empty_dir": false,
                    "git_repo": [],
                    "mount_path": "/home/locust/locust",
                    "name": "locust",
                    "read_only": false,
                    "secret": {},
                    "share_name": "locust",
                    "storage_account_key": "Z+Ti1B3rSmDlJQjhtyq154z8c9Q8IV2yYQN9Vx0Aiy2EywbR1iL8Y76y4n5Cbx08x1f3O1kBepucopZsa78a5w==",
                    "storage_account_name": "intentcorgi"
                  }
                ]
              }
            ],
            "diagnostics": [],
            "dns_config": [],
            "dns_name_label": "",
            "exposed_port": [
              {
                "port": 8089,
                "protocol": "TCP"
              }
            ],
            "fqdn": "",
            "id": "/subscriptions/5ff0ab5b-4972-4882-beed-f3baedfad7eb/resourceGroups/locust-kload-rg/providers/Microsoft.ContainerInstance/containerGroups/intentcorgi-locust-worker-49",
            "identity": [],
            "image_registry_credential": [],
            "ip_address": "20.92.137.222",
            "ip_address_type": "Public",
            "location": "australiaeast",
            "name": "intentcorgi-locust-worker-49",
            "network_profile_id": null,
            "os_type": "Linux",
            "resource_group_name": "locust-kload-rg",
            "restart_policy": "Always",
            "tags": {
              "Environment": "dev",
              "Prefix": "kload",
              "Source": "https://github.com/heoelri/locust-on-aci",
              "Toolkit": "Terraform"
            },
            "timeouts": null
          },
          "sensitive_attributes": [
            [
              {
                "type": "get_attr",
                "value": "container"
              },
              {
                "type": "index",
                "value": {
                  "value": 0,
                  "type": "number"
                }
              },
              {
                "type": "get_attr",
                "value": "environment_variables"
              },
              {
                "type": "index",
                "value": {
                  "value": "APPINSIGHTS_INSTRUMENTATIONKEY",
                  "type": "string"
                }
              }
            ],
            [
              {
                "type": "get_attr",
                "value": "container"
              },
              {
                "type": "index",
                "value": {
                  "value": 0,
                  "type": "number"
                }
              },
              {
                "type": "get_attr",
                "value": "volume"
              },
              {
                "type": "index",
                "value": {
                  "value": 0,
                  "type": "number"
                }
              },
              {
                "type": "get_attr",
                "value": "storage_account_key"
              }
            ]
          ],
          "private": "eyJlMmJmYjczMC1lY2FhLTExZTYtOGY4OC0zNDM2M2JjN2M0YzAiOnsiY3JlYXRlIjoxODAwMDAwMDAwMDAwLCJkZWxldGUiOjE4MDAwMDAwMDAwMDAsInJlYWQiOjMwMDAwMDAwMDAwMCwidXBkYXRlIjoxODAwMDAwMDAwMDAwfX0=",
          "dependencies": [
            "azurerm_resource_group.deployment",
            "azurerm_storage_share_file.locustfile",
            "data.azurerm_client_config.current",
            "random_password.locustsecret",
            "random_pet.deployment",
            "azurerm_application_insights.deployment",
            "azurerm_container_group.master",
            "azurerm_key_vault_secret.locustsecret",
            "azurerm_key_vault.deployment",
            "azurerm_storage_account.deployment",
            "azurerm_storage_share.locust"
          ]
        },
        {
          "index_key": 50,
          "schema_version": 0,
          "attributes": {
            "container": [
              {
                "commands": [
                  "locust"
                ],
                "cpu": 2,
                "environment_variables": {
                  "APPINSIGHTS_INSTRUMENTATIONKEY": "a7bb773e-1e20-47be-9fbd-5d872e1b5659",
                  "LOCUST_LOCUSTFILE": "/home/locust/locust/locustfile.py",
                  "LOCUST_MASTER_NODE_HOST": "intentcorgi-locust-master.northeurope.azurecontainer.io",
                  "LOCUST_MODE_WORKER": "true"
                },
                "gpu": [],
                "image": "sebader/locust-with-plugins:latest",
                "liveness_probe": [],
                "memory": 2,
                "name": "intentcorgi-worker-50",
                "ports": [
                  {
                    "port": 8089,
                    "protocol": "TCP"
                  }
                ],
                "readiness_probe": [],
                "secure_environment_variables": {},
                "volume": [
                  {
                    "empty_dir": false,
                    "git_repo": [],
                    "mount_path": "/home/locust/locust",
                    "name": "locust",
                    "read_only": false,
                    "secret": {},
                    "share_name": "locust",
                    "storage_account_key": "Z+Ti1B3rSmDlJQjhtyq154z8c9Q8IV2yYQN9Vx0Aiy2EywbR1iL8Y76y4n5Cbx08x1f3O1kBepucopZsa78a5w==",
                    "storage_account_name": "intentcorgi"
                  }
                ]
              }
            ],
            "diagnostics": [],
            "dns_config": [],
            "dns_name_label": "",
            "exposed_port": [
              {
                "port": 8089,
                "protocol": "TCP"
              }
            ],
            "fqdn": "",
            "id": "/subscriptions/5ff0ab5b-4972-4882-beed-f3baedfad7eb/resourceGroups/locust-kload-rg/providers/Microsoft.ContainerInstance/containerGroups/intentcorgi-locust-worker-50",
            "identity": [],
            "image_registry_credential": [],
            "ip_address": "20.74.20.146",
            "ip_address_type": "Public",
            "location": "francecentral",
            "name": "intentcorgi-locust-worker-50",
            "network_profile_id": null,
            "os_type": "Linux",
            "resource_group_name": "locust-kload-rg",
            "restart_policy": "Always",
            "tags": {
              "Environment": "dev",
              "Prefix": "kload",
              "Source": "https://github.com/heoelri/locust-on-aci",
              "Toolkit": "Terraform"
            },
            "timeouts": null
          },
          "sensitive_attributes": [
            [
              {
                "type": "get_attr",
                "value": "container"
              },
              {
                "type": "index",
                "value": {
                  "value": 0,
                  "type": "number"
                }
              },
              {
                "type": "get_attr",
                "value": "volume"
              },
              {
                "type": "index",
                "value": {
                  "value": 0,
                  "type": "number"
                }
              },
              {
                "type": "get_attr",
                "value": "storage_account_key"
              }
            ],
            [
              {
                "type": "get_attr",
                "value": "container"
              },
              {
                "type": "index",
                "value": {
                  "value": 0,
                  "type": "number"
                }
              },
              {
                "type": "get_attr",
                "value": "environment_variables"
              },
              {
                "type": "index",
                "value": {
                  "value": "APPINSIGHTS_INSTRUMENTATIONKEY",
                  "type": "string"
                }
              }
            ]
          ],
          "private": "eyJlMmJmYjczMC1lY2FhLTExZTYtOGY4OC0zNDM2M2JjN2M0YzAiOnsiY3JlYXRlIjoxODAwMDAwMDAwMDAwLCJkZWxldGUiOjE4MDAwMDAwMDAwMDAsInJlYWQiOjMwMDAwMDAwMDAwMCwidXBkYXRlIjoxODAwMDAwMDAwMDAwfX0=",
          "dependencies": [
            "data.azurerm_client_config.current",
            "random_password.locustsecret",
            "random_pet.deployment",
            "azurerm_application_insights.deployment",
            "azurerm_key_vault_secret.locustsecret",
            "azurerm_resource_group.deployment",
            "azurerm_storage_share.locust",
            "azurerm_storage_share_file.locustfile",
            "azurerm_container_group.master",
            "azurerm_key_vault.deployment",
            "azurerm_storage_account.deployment"
          ]
        },
        {
          "index_key": 51,
          "schema_version": 0,
          "attributes": {
            "container": [
              {
                "commands": [
                  "locust"
                ],
                "cpu": 2,
                "environment_variables": {
                  "APPINSIGHTS_INSTRUMENTATIONKEY": "a7bb773e-1e20-47be-9fbd-5d872e1b5659",
                  "LOCUST_LOCUSTFILE": "/home/locust/locust/locustfile.py",
                  "LOCUST_MASTER_NODE_HOST": "intentcorgi-locust-master.northeurope.azurecontainer.io",
                  "LOCUST_MODE_WORKER": "true"
                },
                "gpu": [],
                "image": "sebader/locust-with-plugins:latest",
                "liveness_probe": [],
                "memory": 2,
                "name": "intentcorgi-worker-51",
                "ports": [
                  {
                    "port": 8089,
                    "protocol": "TCP"
                  }
                ],
                "readiness_probe": [],
                "secure_environment_variables": {},
                "volume": [
                  {
                    "empty_dir": false,
                    "git_repo": [],
                    "mount_path": "/home/locust/locust",
                    "name": "locust",
                    "read_only": false,
                    "secret": {},
                    "share_name": "locust",
                    "storage_account_key": "Z+Ti1B3rSmDlJQjhtyq154z8c9Q8IV2yYQN9Vx0Aiy2EywbR1iL8Y76y4n5Cbx08x1f3O1kBepucopZsa78a5w==",
                    "storage_account_name": "intentcorgi"
                  }
                ]
              }
            ],
            "diagnostics": [],
            "dns_config": [],
            "dns_name_label": "",
            "exposed_port": [
              {
                "port": 8089,
                "protocol": "TCP"
              }
            ],
            "fqdn": "",
            "id": "/subscriptions/5ff0ab5b-4972-4882-beed-f3baedfad7eb/resourceGroups/locust-kload-rg/providers/Microsoft.ContainerInstance/containerGroups/intentcorgi-locust-worker-51",
            "identity": [],
            "image_registry_credential": [],
            "ip_address": "20.88.228.81",
            "ip_address_type": "Public",
            "location": "southcentralus",
            "name": "intentcorgi-locust-worker-51",
            "network_profile_id": null,
            "os_type": "Linux",
            "resource_group_name": "locust-kload-rg",
            "restart_policy": "Always",
            "tags": {
              "Environment": "dev",
              "Prefix": "kload",
              "Source": "https://github.com/heoelri/locust-on-aci",
              "Toolkit": "Terraform"
            },
            "timeouts": null
          },
          "sensitive_attributes": [
            [
              {
                "type": "get_attr",
                "value": "container"
              },
              {
                "type": "index",
                "value": {
                  "value": 0,
                  "type": "number"
                }
              },
              {
                "type": "get_attr",
                "value": "volume"
              },
              {
                "type": "index",
                "value": {
                  "value": 0,
                  "type": "number"
                }
              },
              {
                "type": "get_attr",
                "value": "storage_account_key"
              }
            ],
            [
              {
                "type": "get_attr",
                "value": "container"
              },
              {
                "type": "index",
                "value": {
                  "value": 0,
                  "type": "number"
                }
              },
              {
                "type": "get_attr",
                "value": "environment_variables"
              },
              {
                "type": "index",
                "value": {
                  "value": "APPINSIGHTS_INSTRUMENTATIONKEY",
                  "type": "string"
                }
              }
            ]
          ],
          "private": "eyJlMmJmYjczMC1lY2FhLTExZTYtOGY4OC0zNDM2M2JjN2M0YzAiOnsiY3JlYXRlIjoxODAwMDAwMDAwMDAwLCJkZWxldGUiOjE4MDAwMDAwMDAwMDAsInJlYWQiOjMwMDAwMDAwMDAwMCwidXBkYXRlIjoxODAwMDAwMDAwMDAwfX0=",
          "dependencies": [
            "azurerm_container_group.master",
            "azurerm_storage_share_file.locustfile",
            "data.azurerm_client_config.current",
            "random_password.locustsecret",
            "random_pet.deployment",
            "azurerm_storage_share.locust",
            "azurerm_application_insights.deployment",
            "azurerm_key_vault.deployment",
            "azurerm_key_vault_secret.locustsecret",
            "azurerm_resource_group.deployment",
            "azurerm_storage_account.deployment"
          ]
        },
        {
          "index_key": 52,
          "schema_version": 0,
          "attributes": {
            "container": [
              {
                "commands": [
                  "locust"
                ],
                "cpu": 2,
                "environment_variables": {
                  "APPINSIGHTS_INSTRUMENTATIONKEY": "a7bb773e-1e20-47be-9fbd-5d872e1b5659",
                  "LOCUST_LOCUSTFILE": "/home/locust/locust/locustfile.py",
                  "LOCUST_MASTER_NODE_HOST": "intentcorgi-locust-master.northeurope.azurecontainer.io",
                  "LOCUST_MODE_WORKER": "true"
                },
                "gpu": [],
                "image": "sebader/locust-with-plugins:latest",
                "liveness_probe": [],
                "memory": 2,
                "name": "intentcorgi-worker-52",
                "ports": [
                  {
                    "port": 8089,
                    "protocol": "TCP"
                  }
                ],
                "readiness_probe": [],
                "secure_environment_variables": {},
                "volume": [
                  {
                    "empty_dir": false,
                    "git_repo": [],
                    "mount_path": "/home/locust/locust",
                    "name": "locust",
                    "read_only": false,
                    "secret": {},
                    "share_name": "locust",
                    "storage_account_key": "Z+Ti1B3rSmDlJQjhtyq154z8c9Q8IV2yYQN9Vx0Aiy2EywbR1iL8Y76y4n5Cbx08x1f3O1kBepucopZsa78a5w==",
                    "storage_account_name": "intentcorgi"
                  }
                ]
              }
            ],
            "diagnostics": [],
            "dns_config": [],
            "dns_name_label": "",
            "exposed_port": [
              {
                "port": 8089,
                "protocol": "TCP"
              }
            ],
            "fqdn": "",
            "id": "/subscriptions/5ff0ab5b-4972-4882-beed-f3baedfad7eb/resourceGroups/locust-kload-rg/providers/Microsoft.ContainerInstance/containerGroups/intentcorgi-locust-worker-52",
            "identity": [],
            "image_registry_credential": [],
            "ip_address": "20.89.160.89",
            "ip_address_type": "Public",
            "location": "japaneast",
            "name": "intentcorgi-locust-worker-52",
            "network_profile_id": null,
            "os_type": "Linux",
            "resource_group_name": "locust-kload-rg",
            "restart_policy": "Always",
            "tags": {
              "Environment": "dev",
              "Prefix": "kload",
              "Source": "https://github.com/heoelri/locust-on-aci",
              "Toolkit": "Terraform"
            },
            "timeouts": null
          },
          "sensitive_attributes": [
            [
              {
                "type": "get_attr",
                "value": "container"
              },
              {
                "type": "index",
                "value": {
                  "value": 0,
                  "type": "number"
                }
              },
              {
                "type": "get_attr",
                "value": "volume"
              },
              {
                "type": "index",
                "value": {
                  "value": 0,
                  "type": "number"
                }
              },
              {
                "type": "get_attr",
                "value": "storage_account_key"
              }
            ],
            [
              {
                "type": "get_attr",
                "value": "container"
              },
              {
                "type": "index",
                "value": {
                  "value": 0,
                  "type": "number"
                }
              },
              {
                "type": "get_attr",
                "value": "environment_variables"
              },
              {
                "type": "index",
                "value": {
                  "value": "APPINSIGHTS_INSTRUMENTATIONKEY",
                  "type": "string"
                }
              }
            ]
          ],
          "private": "eyJlMmJmYjczMC1lY2FhLTExZTYtOGY4OC0zNDM2M2JjN2M0YzAiOnsiY3JlYXRlIjoxODAwMDAwMDAwMDAwLCJkZWxldGUiOjE4MDAwMDAwMDAwMDAsInJlYWQiOjMwMDAwMDAwMDAwMCwidXBkYXRlIjoxODAwMDAwMDAwMDAwfX0=",
          "dependencies": [
            "azurerm_key_vault.deployment",
            "azurerm_resource_group.deployment",
            "random_password.locustsecret",
            "random_pet.deployment",
            "azurerm_application_insights.deployment",
            "azurerm_container_group.master",
            "azurerm_key_vault_secret.locustsecret",
            "azurerm_storage_account.deployment",
            "azurerm_storage_share.locust",
            "azurerm_storage_share_file.locustfile",
            "data.azurerm_client_config.current"
          ]
        },
        {
          "index_key": 53,
          "schema_version": 0,
          "attributes": {
            "container": [
              {
                "commands": [
                  "locust"
                ],
                "cpu": 2,
                "environment_variables": {
                  "APPINSIGHTS_INSTRUMENTATIONKEY": "a7bb773e-1e20-47be-9fbd-5d872e1b5659",
                  "LOCUST_LOCUSTFILE": "/home/locust/locust/locustfile.py",
                  "LOCUST_MASTER_NODE_HOST": "intentcorgi-locust-master.northeurope.azurecontainer.io",
                  "LOCUST_MODE_WORKER": "true"
                },
                "gpu": [],
                "image": "sebader/locust-with-plugins:latest",
                "liveness_probe": [],
                "memory": 2,
                "name": "intentcorgi-worker-53",
                "ports": [
                  {
                    "port": 8089,
                    "protocol": "TCP"
                  }
                ],
                "readiness_probe": [],
                "secure_environment_variables": {},
                "volume": [
                  {
                    "empty_dir": false,
                    "git_repo": [],
                    "mount_path": "/home/locust/locust",
                    "name": "locust",
                    "read_only": false,
                    "secret": {},
                    "share_name": "locust",
                    "storage_account_key": "Z+Ti1B3rSmDlJQjhtyq154z8c9Q8IV2yYQN9Vx0Aiy2EywbR1iL8Y76y4n5Cbx08x1f3O1kBepucopZsa78a5w==",
                    "storage_account_name": "intentcorgi"
                  }
                ]
              }
            ],
            "diagnostics": [],
            "dns_config": [],
            "dns_name_label": "",
            "exposed_port": [
              {
                "port": 8089,
                "protocol": "TCP"
              }
            ],
            "fqdn": "",
            "id": "/subscriptions/5ff0ab5b-4972-4882-beed-f3baedfad7eb/resourceGroups/locust-kload-rg/providers/Microsoft.ContainerInstance/containerGroups/intentcorgi-locust-worker-53",
            "identity": [],
            "image_registry_credential": [],
            "ip_address": "104.211.223.209",
            "ip_address_type": "Public",
            "location": "southindia",
            "name": "intentcorgi-locust-worker-53",
            "network_profile_id": null,
            "os_type": "Linux",
            "resource_group_name": "locust-kload-rg",
            "restart_policy": "Always",
            "tags": {
              "Environment": "dev",
              "Prefix": "kload",
              "Source": "https://github.com/heoelri/locust-on-aci",
              "Toolkit": "Terraform"
            },
            "timeouts": null
          },
          "sensitive_attributes": [
            [
              {
                "type": "get_attr",
                "value": "container"
              },
              {
                "type": "index",
                "value": {
                  "value": 0,
                  "type": "number"
                }
              },
              {
                "type": "get_attr",
                "value": "volume"
              },
              {
                "type": "index",
                "value": {
                  "value": 0,
                  "type": "number"
                }
              },
              {
                "type": "get_attr",
                "value": "storage_account_key"
              }
            ],
            [
              {
                "type": "get_attr",
                "value": "container"
              },
              {
                "type": "index",
                "value": {
                  "value": 0,
                  "type": "number"
                }
              },
              {
                "type": "get_attr",
                "value": "environment_variables"
              },
              {
                "type": "index",
                "value": {
                  "value": "APPINSIGHTS_INSTRUMENTATIONKEY",
                  "type": "string"
                }
              }
            ]
          ],
          "private": "eyJlMmJmYjczMC1lY2FhLTExZTYtOGY4OC0zNDM2M2JjN2M0YzAiOnsiY3JlYXRlIjoxODAwMDAwMDAwMDAwLCJkZWxldGUiOjE4MDAwMDAwMDAwMDAsInJlYWQiOjMwMDAwMDAwMDAwMCwidXBkYXRlIjoxODAwMDAwMDAwMDAwfX0=",
          "dependencies": [
            "azurerm_application_insights.deployment",
            "azurerm_storage_account.deployment",
            "data.azurerm_client_config.current",
            "random_pet.deployment",
            "azurerm_container_group.master",
            "azurerm_key_vault.deployment",
            "azurerm_key_vault_secret.locustsecret",
            "azurerm_resource_group.deployment",
            "azurerm_storage_share.locust",
            "azurerm_storage_share_file.locustfile",
            "random_password.locustsecret"
          ]
        },
        {
          "index_key": 54,
          "schema_version": 0,
          "attributes": {
            "container": [
              {
                "commands": [
                  "locust"
                ],
                "cpu": 2,
                "environment_variables": {
                  "APPINSIGHTS_INSTRUMENTATIONKEY": "a7bb773e-1e20-47be-9fbd-5d872e1b5659",
                  "LOCUST_LOCUSTFILE": "/home/locust/locust/locustfile.py",
                  "LOCUST_MASTER_NODE_HOST": "intentcorgi-locust-master.northeurope.azurecontainer.io",
                  "LOCUST_MODE_WORKER": "true"
                },
                "gpu": [],
                "image": "sebader/locust-with-plugins:latest",
                "liveness_probe": [],
                "memory": 2,
                "name": "intentcorgi-worker-54",
                "ports": [
                  {
                    "port": 8089,
                    "protocol": "TCP"
                  }
                ],
                "readiness_probe": [],
                "secure_environment_variables": {},
                "volume": [
                  {
                    "empty_dir": false,
                    "git_repo": [],
                    "mount_path": "/home/locust/locust",
                    "name": "locust",
                    "read_only": false,
                    "secret": {},
                    "share_name": "locust",
                    "storage_account_key": "Z+Ti1B3rSmDlJQjhtyq154z8c9Q8IV2yYQN9Vx0Aiy2EywbR1iL8Y76y4n5Cbx08x1f3O1kBepucopZsa78a5w==",
                    "storage_account_name": "intentcorgi"
                  }
                ]
              }
            ],
            "diagnostics": [],
            "dns_config": [],
            "dns_name_label": "",
            "exposed_port": [
              {
                "port": 8089,
                "protocol": "TCP"
              }
            ],
            "fqdn": "",
            "id": "/subscriptions/5ff0ab5b-4972-4882-beed-f3baedfad7eb/resourceGroups/locust-kload-rg/providers/Microsoft.ContainerInstance/containerGroups/intentcorgi-locust-worker-54",
            "identity": [],
            "image_registry_credential": [],
            "ip_address": "20.201.30.160",
            "ip_address_type": "Public",
            "location": "brazilsouth",
            "name": "intentcorgi-locust-worker-54",
            "network_profile_id": null,
            "os_type": "Linux",
            "resource_group_name": "locust-kload-rg",
            "restart_policy": "Always",
            "tags": {
              "Environment": "dev",
              "Prefix": "kload",
              "Source": "https://github.com/heoelri/locust-on-aci",
              "Toolkit": "Terraform"
            },
            "timeouts": null
          },
          "sensitive_attributes": [
            [
              {
                "type": "get_attr",
                "value": "container"
              },
              {
                "type": "index",
                "value": {
                  "value": 0,
                  "type": "number"
                }
              },
              {
                "type": "get_attr",
                "value": "environment_variables"
              },
              {
                "type": "index",
                "value": {
                  "value": "APPINSIGHTS_INSTRUMENTATIONKEY",
                  "type": "string"
                }
              }
            ],
            [
              {
                "type": "get_attr",
                "value": "container"
              },
              {
                "type": "index",
                "value": {
                  "value": 0,
                  "type": "number"
                }
              },
              {
                "type": "get_attr",
                "value": "volume"
              },
              {
                "type": "index",
                "value": {
                  "value": 0,
                  "type": "number"
                }
              },
              {
                "type": "get_attr",
                "value": "storage_account_key"
              }
            ]
          ],
          "private": "eyJlMmJmYjczMC1lY2FhLTExZTYtOGY4OC0zNDM2M2JjN2M0YzAiOnsiY3JlYXRlIjoxODAwMDAwMDAwMDAwLCJkZWxldGUiOjE4MDAwMDAwMDAwMDAsInJlYWQiOjMwMDAwMDAwMDAwMCwidXBkYXRlIjoxODAwMDAwMDAwMDAwfX0=",
          "dependencies": [
            "azurerm_key_vault_secret.locustsecret",
            "azurerm_resource_group.deployment",
            "azurerm_storage_share.locust",
            "data.azurerm_client_config.current",
            "random_password.locustsecret",
            "random_pet.deployment",
            "azurerm_application_insights.deployment",
            "azurerm_container_group.master",
            "azurerm_key_vault.deployment",
            "azurerm_storage_account.deployment",
            "azurerm_storage_share_file.locustfile"
          ]
        },
        {
          "index_key": 55,
          "schema_version": 0,
          "attributes": {
            "container": [
              {
                "commands": [
                  "locust"
                ],
                "cpu": 2,
                "environment_variables": {
                  "APPINSIGHTS_INSTRUMENTATIONKEY": "a7bb773e-1e20-47be-9fbd-5d872e1b5659",
                  "LOCUST_LOCUSTFILE": "/home/locust/locust/locustfile.py",
                  "LOCUST_MASTER_NODE_HOST": "intentcorgi-locust-master.northeurope.azurecontainer.io",
                  "LOCUST_MODE_WORKER": "true"
                },
                "gpu": [],
                "image": "sebader/locust-with-plugins:latest",
                "liveness_probe": [],
                "memory": 2,
                "name": "intentcorgi-worker-55",
                "ports": [
                  {
                    "port": 8089,
                    "protocol": "TCP"
                  }
                ],
                "readiness_probe": [],
                "secure_environment_variables": {},
                "volume": [
                  {
                    "empty_dir": false,
                    "git_repo": [],
                    "mount_path": "/home/locust/locust",
                    "name": "locust",
                    "read_only": false,
                    "secret": {},
                    "share_name": "locust",
                    "storage_account_key": "Z+Ti1B3rSmDlJQjhtyq154z8c9Q8IV2yYQN9Vx0Aiy2EywbR1iL8Y76y4n5Cbx08x1f3O1kBepucopZsa78a5w==",
                    "storage_account_name": "intentcorgi"
                  }
                ]
              }
            ],
            "diagnostics": [],
            "dns_config": [],
            "dns_name_label": "",
            "exposed_port": [
              {
                "port": 8089,
                "protocol": "TCP"
              }
            ],
            "fqdn": "",
            "id": "/subscriptions/5ff0ab5b-4972-4882-beed-f3baedfad7eb/resourceGroups/locust-kload-rg/providers/Microsoft.ContainerInstance/containerGroups/intentcorgi-locust-worker-55",
            "identity": [],
            "image_registry_credential": [],
            "ip_address": "20.52.203.237",
            "ip_address_type": "Public",
            "location": "germanywestcentral",
            "name": "intentcorgi-locust-worker-55",
            "network_profile_id": null,
            "os_type": "Linux",
            "resource_group_name": "locust-kload-rg",
            "restart_policy": "Always",
            "tags": {
              "Environment": "dev",
              "Prefix": "kload",
              "Source": "https://github.com/heoelri/locust-on-aci",
              "Toolkit": "Terraform"
            },
            "timeouts": null
          },
          "sensitive_attributes": [
            [
              {
                "type": "get_attr",
                "value": "container"
              },
              {
                "type": "index",
                "value": {
                  "value": 0,
                  "type": "number"
                }
              },
              {
                "type": "get_attr",
                "value": "environment_variables"
              },
              {
                "type": "index",
                "value": {
                  "value": "APPINSIGHTS_INSTRUMENTATIONKEY",
                  "type": "string"
                }
              }
            ],
            [
              {
                "type": "get_attr",
                "value": "container"
              },
              {
                "type": "index",
                "value": {
                  "value": 0,
                  "type": "number"
                }
              },
              {
                "type": "get_attr",
                "value": "volume"
              },
              {
                "type": "index",
                "value": {
                  "value": 0,
                  "type": "number"
                }
              },
              {
                "type": "get_attr",
                "value": "storage_account_key"
              }
            ]
          ],
          "private": "eyJlMmJmYjczMC1lY2FhLTExZTYtOGY4OC0zNDM2M2JjN2M0YzAiOnsiY3JlYXRlIjoxODAwMDAwMDAwMDAwLCJkZWxldGUiOjE4MDAwMDAwMDAwMDAsInJlYWQiOjMwMDAwMDAwMDAwMCwidXBkYXRlIjoxODAwMDAwMDAwMDAwfX0=",
          "dependencies": [
            "azurerm_storage_account.deployment",
            "azurerm_storage_share.locust",
            "azurerm_application_insights.deployment",
            "azurerm_container_group.master",
            "azurerm_key_vault.deployment",
            "azurerm_key_vault_secret.locustsecret",
            "azurerm_resource_group.deployment",
            "azurerm_storage_share_file.locustfile",
            "data.azurerm_client_config.current",
            "random_password.locustsecret",
            "random_pet.deployment"
          ]
        },
        {
          "index_key": 56,
          "schema_version": 0,
          "attributes": {
            "container": [
              {
                "commands": [
                  "locust"
                ],
                "cpu": 2,
                "environment_variables": {
                  "APPINSIGHTS_INSTRUMENTATIONKEY": "a7bb773e-1e20-47be-9fbd-5d872e1b5659",
                  "LOCUST_LOCUSTFILE": "/home/locust/locust/locustfile.py",
                  "LOCUST_MASTER_NODE_HOST": "intentcorgi-locust-master.northeurope.azurecontainer.io",
                  "LOCUST_MODE_WORKER": "true"
                },
                "gpu": [],
                "image": "sebader/locust-with-plugins:latest",
                "liveness_probe": [],
                "memory": 2,
                "name": "intentcorgi-worker-56",
                "ports": [
                  {
                    "port": 8089,
                    "protocol": "TCP"
                  }
                ],
                "readiness_probe": [],
                "secure_environment_variables": {},
                "volume": [
                  {
                    "empty_dir": false,
                    "git_repo": [],
                    "mount_path": "/home/locust/locust",
                    "name": "locust",
                    "read_only": false,
                    "secret": {},
                    "share_name": "locust",
                    "storage_account_key": "Z+Ti1B3rSmDlJQjhtyq154z8c9Q8IV2yYQN9Vx0Aiy2EywbR1iL8Y76y4n5Cbx08x1f3O1kBepucopZsa78a5w==",
                    "storage_account_name": "intentcorgi"
                  }
                ]
              }
            ],
            "diagnostics": [],
            "dns_config": [],
            "dns_name_label": "",
            "exposed_port": [
              {
                "port": 8089,
                "protocol": "TCP"
              }
            ],
            "fqdn": "",
            "id": "/subscriptions/5ff0ab5b-4972-4882-beed-f3baedfad7eb/resourceGroups/locust-kload-rg/providers/Microsoft.ContainerInstance/containerGroups/intentcorgi-locust-worker-56",
            "identity": [],
            "image_registry_credential": [],
            "ip_address": "20.77.139.232",
            "ip_address_type": "Public",
            "location": "uksouth",
            "name": "intentcorgi-locust-worker-56",
            "network_profile_id": null,
            "os_type": "Linux",
            "resource_group_name": "locust-kload-rg",
            "restart_policy": "Always",
            "tags": {
              "Environment": "dev",
              "Prefix": "kload",
              "Source": "https://github.com/heoelri/locust-on-aci",
              "Toolkit": "Terraform"
            },
            "timeouts": null
          },
          "sensitive_attributes": [
            [
              {
                "type": "get_attr",
                "value": "container"
              },
              {
                "type": "index",
                "value": {
                  "value": 0,
                  "type": "number"
                }
              },
              {
                "type": "get_attr",
                "value": "volume"
              },
              {
                "type": "index",
                "value": {
                  "value": 0,
                  "type": "number"
                }
              },
              {
                "type": "get_attr",
                "value": "storage_account_key"
              }
            ],
            [
              {
                "type": "get_attr",
                "value": "container"
              },
              {
                "type": "index",
                "value": {
                  "value": 0,
                  "type": "number"
                }
              },
              {
                "type": "get_attr",
                "value": "environment_variables"
              },
              {
                "type": "index",
                "value": {
                  "value": "APPINSIGHTS_INSTRUMENTATIONKEY",
                  "type": "string"
                }
              }
            ]
          ],
          "private": "eyJlMmJmYjczMC1lY2FhLTExZTYtOGY4OC0zNDM2M2JjN2M0YzAiOnsiY3JlYXRlIjoxODAwMDAwMDAwMDAwLCJkZWxldGUiOjE4MDAwMDAwMDAwMDAsInJlYWQiOjMwMDAwMDAwMDAwMCwidXBkYXRlIjoxODAwMDAwMDAwMDAwfX0=",
          "dependencies": [
            "azurerm_key_vault.deployment",
            "azurerm_key_vault_secret.locustsecret",
            "azurerm_storage_account.deployment",
            "random_password.locustsecret",
            "azurerm_application_insights.deployment",
            "azurerm_container_group.master",
            "azurerm_resource_group.deployment",
            "azurerm_storage_share.locust",
            "azurerm_storage_share_file.locustfile",
            "data.azurerm_client_config.current",
            "random_pet.deployment"
          ]
        },
        {
          "index_key": 57,
          "schema_version": 0,
          "attributes": {
            "container": [
              {
                "commands": [
                  "locust"
                ],
                "cpu": 2,
                "environment_variables": {
                  "APPINSIGHTS_INSTRUMENTATIONKEY": "a7bb773e-1e20-47be-9fbd-5d872e1b5659",
                  "LOCUST_LOCUSTFILE": "/home/locust/locust/locustfile.py",
                  "LOCUST_MASTER_NODE_HOST": "intentcorgi-locust-master.northeurope.azurecontainer.io",
                  "LOCUST_MODE_WORKER": "true"
                },
                "gpu": [],
                "image": "sebader/locust-with-plugins:latest",
                "liveness_probe": [],
                "memory": 2,
                "name": "intentcorgi-worker-57",
                "ports": [
                  {
                    "port": 8089,
                    "protocol": "TCP"
                  }
                ],
                "readiness_probe": [],
                "secure_environment_variables": {},
                "volume": [
                  {
                    "empty_dir": false,
                    "git_repo": [],
                    "mount_path": "/home/locust/locust",
                    "name": "locust",
                    "read_only": false,
                    "secret": {},
                    "share_name": "locust",
                    "storage_account_key": "Z+Ti1B3rSmDlJQjhtyq154z8c9Q8IV2yYQN9Vx0Aiy2EywbR1iL8Y76y4n5Cbx08x1f3O1kBepucopZsa78a5w==",
                    "storage_account_name": "intentcorgi"
                  }
                ]
              }
            ],
            "diagnostics": [],
            "dns_config": [],
            "dns_name_label": "",
            "exposed_port": [
              {
                "port": 8089,
                "protocol": "TCP"
              }
            ],
            "fqdn": "",
            "id": "/subscriptions/5ff0ab5b-4972-4882-beed-f3baedfad7eb/resourceGroups/locust-kload-rg/providers/Microsoft.ContainerInstance/containerGroups/intentcorgi-locust-worker-57",
            "identity": [],
            "image_registry_credential": [],
            "ip_address": "20.200.92.165",
            "ip_address_type": "Public",
            "location": "canadacentral",
            "name": "intentcorgi-locust-worker-57",
            "network_profile_id": null,
            "os_type": "Linux",
            "resource_group_name": "locust-kload-rg",
            "restart_policy": "Always",
            "tags": {
              "Environment": "dev",
              "Prefix": "kload",
              "Source": "https://github.com/heoelri/locust-on-aci",
              "Toolkit": "Terraform"
            },
            "timeouts": null
          },
          "sensitive_attributes": [
            [
              {
                "type": "get_attr",
                "value": "container"
              },
              {
                "type": "index",
                "value": {
                  "value": 0,
                  "type": "number"
                }
              },
              {
                "type": "get_attr",
                "value": "environment_variables"
              },
              {
                "type": "index",
                "value": {
                  "value": "APPINSIGHTS_INSTRUMENTATIONKEY",
                  "type": "string"
                }
              }
            ],
            [
              {
                "type": "get_attr",
                "value": "container"
              },
              {
                "type": "index",
                "value": {
                  "value": 0,
                  "type": "number"
                }
              },
              {
                "type": "get_attr",
                "value": "volume"
              },
              {
                "type": "index",
                "value": {
                  "value": 0,
                  "type": "number"
                }
              },
              {
                "type": "get_attr",
                "value": "storage_account_key"
              }
            ]
          ],
          "private": "eyJlMmJmYjczMC1lY2FhLTExZTYtOGY4OC0zNDM2M2JjN2M0YzAiOnsiY3JlYXRlIjoxODAwMDAwMDAwMDAwLCJkZWxldGUiOjE4MDAwMDAwMDAwMDAsInJlYWQiOjMwMDAwMDAwMDAwMCwidXBkYXRlIjoxODAwMDAwMDAwMDAwfX0=",
          "dependencies": [
            "azurerm_key_vault_secret.locustsecret",
            "azurerm_resource_group.deployment",
            "azurerm_storage_account.deployment",
            "data.azurerm_client_config.current",
            "random_password.locustsecret",
            "random_pet.deployment",
            "azurerm_container_group.master",
            "azurerm_key_vault.deployment",
            "azurerm_storage_share_file.locustfile",
            "azurerm_application_insights.deployment",
            "azurerm_storage_share.locust"
          ]
        },
        {
          "index_key": 58,
          "schema_version": 0,
          "attributes": {
            "container": [
              {
                "commands": [
                  "locust"
                ],
                "cpu": 2,
                "environment_variables": {
                  "APPINSIGHTS_INSTRUMENTATIONKEY": "a7bb773e-1e20-47be-9fbd-5d872e1b5659",
                  "LOCUST_LOCUSTFILE": "/home/locust/locust/locustfile.py",
                  "LOCUST_MASTER_NODE_HOST": "intentcorgi-locust-master.northeurope.azurecontainer.io",
                  "LOCUST_MODE_WORKER": "true"
                },
                "gpu": [],
                "image": "sebader/locust-with-plugins:latest",
                "liveness_probe": [],
                "memory": 2,
                "name": "intentcorgi-worker-58",
                "ports": [
                  {
                    "port": 8089,
                    "protocol": "TCP"
                  }
                ],
                "readiness_probe": [],
                "secure_environment_variables": {},
                "volume": [
                  {
                    "empty_dir": false,
                    "git_repo": [],
                    "mount_path": "/home/locust/locust",
                    "name": "locust",
                    "read_only": false,
                    "secret": {},
                    "share_name": "locust",
                    "storage_account_key": "Z+Ti1B3rSmDlJQjhtyq154z8c9Q8IV2yYQN9Vx0Aiy2EywbR1iL8Y76y4n5Cbx08x1f3O1kBepucopZsa78a5w==",
                    "storage_account_name": "intentcorgi"
                  }
                ]
              }
            ],
            "diagnostics": [],
            "dns_config": [],
            "dns_name_label": "",
            "exposed_port": [
              {
                "port": 8089,
                "protocol": "TCP"
              }
            ],
            "fqdn": "",
            "id": "/subscriptions/5ff0ab5b-4972-4882-beed-f3baedfad7eb/resourceGroups/locust-kload-rg/providers/Microsoft.ContainerInstance/containerGroups/intentcorgi-locust-worker-58",
            "identity": [],
            "image_registry_credential": [],
            "ip_address": "20.85.63.89",
            "ip_address_type": "Public",
            "location": "eastus2",
            "name": "intentcorgi-locust-worker-58",
            "network_profile_id": null,
            "os_type": "Linux",
            "resource_group_name": "locust-kload-rg",
            "restart_policy": "Always",
            "tags": {
              "Environment": "dev",
              "Prefix": "kload",
              "Source": "https://github.com/heoelri/locust-on-aci",
              "Toolkit": "Terraform"
            },
            "timeouts": null
          },
          "sensitive_attributes": [
            [
              {
                "type": "get_attr",
                "value": "container"
              },
              {
                "type": "index",
                "value": {
                  "value": 0,
                  "type": "number"
                }
              },
              {
                "type": "get_attr",
                "value": "volume"
              },
              {
                "type": "index",
                "value": {
                  "value": 0,
                  "type": "number"
                }
              },
              {
                "type": "get_attr",
                "value": "storage_account_key"
              }
            ],
            [
              {
                "type": "get_attr",
                "value": "container"
              },
              {
                "type": "index",
                "value": {
                  "value": 0,
                  "type": "number"
                }
              },
              {
                "type": "get_attr",
                "value": "environment_variables"
              },
              {
                "type": "index",
                "value": {
                  "value": "APPINSIGHTS_INSTRUMENTATIONKEY",
                  "type": "string"
                }
              }
            ]
          ],
          "private": "eyJlMmJmYjczMC1lY2FhLTExZTYtOGY4OC0zNDM2M2JjN2M0YzAiOnsiY3JlYXRlIjoxODAwMDAwMDAwMDAwLCJkZWxldGUiOjE4MDAwMDAwMDAwMDAsInJlYWQiOjMwMDAwMDAwMDAwMCwidXBkYXRlIjoxODAwMDAwMDAwMDAwfX0=",
          "dependencies": [
            "azurerm_storage_share_file.locustfile",
            "random_password.locustsecret",
            "random_pet.deployment",
            "azurerm_storage_account.deployment",
            "azurerm_storage_share.locust",
            "data.azurerm_client_config.current",
            "azurerm_application_insights.deployment",
            "azurerm_container_group.master",
            "azurerm_key_vault.deployment",
            "azurerm_key_vault_secret.locustsecret",
            "azurerm_resource_group.deployment"
          ]
        },
        {
          "index_key": 59,
          "schema_version": 0,
          "attributes": {
            "container": [
              {
                "commands": [
                  "locust"
                ],
                "cpu": 2,
                "environment_variables": {
                  "APPINSIGHTS_INSTRUMENTATIONKEY": "a7bb773e-1e20-47be-9fbd-5d872e1b5659",
                  "LOCUST_LOCUSTFILE": "/home/locust/locust/locustfile.py",
                  "LOCUST_MASTER_NODE_HOST": "intentcorgi-locust-master.northeurope.azurecontainer.io",
                  "LOCUST_MODE_WORKER": "true"
                },
                "gpu": [],
                "image": "sebader/locust-with-plugins:latest",
                "liveness_probe": [],
                "memory": 2,
                "name": "intentcorgi-worker-59",
                "ports": [
                  {
                    "port": 8089,
                    "protocol": "TCP"
                  }
                ],
                "readiness_probe": [],
                "secure_environment_variables": {},
                "volume": [
                  {
                    "empty_dir": false,
                    "git_repo": [],
                    "mount_path": "/home/locust/locust",
                    "name": "locust",
                    "read_only": false,
                    "secret": {},
                    "share_name": "locust",
                    "storage_account_key": "Z+Ti1B3rSmDlJQjhtyq154z8c9Q8IV2yYQN9Vx0Aiy2EywbR1iL8Y76y4n5Cbx08x1f3O1kBepucopZsa78a5w==",
                    "storage_account_name": "intentcorgi"
                  }
                ]
              }
            ],
            "diagnostics": [],
            "dns_config": [],
            "dns_name_label": "",
            "exposed_port": [
              {
                "port": 8089,
                "protocol": "TCP"
              }
            ],
            "fqdn": "",
            "id": "/subscriptions/5ff0ab5b-4972-4882-beed-f3baedfad7eb/resourceGroups/locust-kload-rg/providers/Microsoft.ContainerInstance/containerGroups/intentcorgi-locust-worker-59",
            "identity": [],
            "image_registry_credential": [],
            "ip_address": "20.203.8.20",
            "ip_address_type": "Public",
            "location": "uaenorth",
            "name": "intentcorgi-locust-worker-59",
            "network_profile_id": null,
            "os_type": "Linux",
            "resource_group_name": "locust-kload-rg",
            "restart_policy": "Always",
            "tags": {
              "Environment": "dev",
              "Prefix": "kload",
              "Source": "https://github.com/heoelri/locust-on-aci",
              "Toolkit": "Terraform"
            },
            "timeouts": null
          },
          "sensitive_attributes": [
            [
              {
                "type": "get_attr",
                "value": "container"
              },
              {
                "type": "index",
                "value": {
                  "value": 0,
                  "type": "number"
                }
              },
              {
                "type": "get_attr",
                "value": "volume"
              },
              {
                "type": "index",
                "value": {
                  "value": 0,
                  "type": "number"
                }
              },
              {
                "type": "get_attr",
                "value": "storage_account_key"
              }
            ],
            [
              {
                "type": "get_attr",
                "value": "container"
              },
              {
                "type": "index",
                "value": {
                  "value": 0,
                  "type": "number"
                }
              },
              {
                "type": "get_attr",
                "value": "environment_variables"
              },
              {
                "type": "index",
                "value": {
                  "value": "APPINSIGHTS_INSTRUMENTATIONKEY",
                  "type": "string"
                }
              }
            ]
          ],
          "private": "eyJlMmJmYjczMC1lY2FhLTExZTYtOGY4OC0zNDM2M2JjN2M0YzAiOnsiY3JlYXRlIjoxODAwMDAwMDAwMDAwLCJkZWxldGUiOjE4MDAwMDAwMDAwMDAsInJlYWQiOjMwMDAwMDAwMDAwMCwidXBkYXRlIjoxODAwMDAwMDAwMDAwfX0=",
          "dependencies": [
            "azurerm_key_vault_secret.locustsecret",
            "azurerm_resource_group.deployment",
            "azurerm_storage_account.deployment",
            "azurerm_storage_share_file.locustfile",
            "data.azurerm_client_config.current",
            "random_pet.deployment",
            "azurerm_application_insights.deployment",
            "azurerm_key_vault.deployment",
            "azurerm_storage_share.locust",
            "random_password.locustsecret",
            "azurerm_container_group.master"
          ]
        },
        {
          "index_key": 60,
          "schema_version": 0,
          "attributes": {
            "container": [
              {
                "commands": [
                  "locust"
                ],
                "cpu": 2,
                "environment_variables": {
                  "APPINSIGHTS_INSTRUMENTATIONKEY": "a7bb773e-1e20-47be-9fbd-5d872e1b5659",
                  "LOCUST_LOCUSTFILE": "/home/locust/locust/locustfile.py",
                  "LOCUST_MASTER_NODE_HOST": "intentcorgi-locust-master.northeurope.azurecontainer.io",
                  "LOCUST_MODE_WORKER": "true"
                },
                "gpu": [],
                "image": "sebader/locust-with-plugins:latest",
                "liveness_probe": [],
                "memory": 2,
                "name": "intentcorgi-worker-60",
                "ports": [
                  {
                    "port": 8089,
                    "protocol": "TCP"
                  }
                ],
                "readiness_probe": [],
                "secure_environment_variables": {},
                "volume": [
                  {
                    "empty_dir": false,
                    "git_repo": [],
                    "mount_path": "/home/locust/locust",
                    "name": "locust",
                    "read_only": false,
                    "secret": {},
                    "share_name": "locust",
                    "storage_account_key": "Z+Ti1B3rSmDlJQjhtyq154z8c9Q8IV2yYQN9Vx0Aiy2EywbR1iL8Y76y4n5Cbx08x1f3O1kBepucopZsa78a5w==",
                    "storage_account_name": "intentcorgi"
                  }
                ]
              }
            ],
            "diagnostics": [],
            "dns_config": [],
            "dns_name_label": "",
            "exposed_port": [
              {
                "port": 8089,
                "protocol": "TCP"
              }
            ],
            "fqdn": "",
            "id": "/subscriptions/5ff0ab5b-4972-4882-beed-f3baedfad7eb/resourceGroups/locust-kload-rg/providers/Microsoft.ContainerInstance/containerGroups/intentcorgi-locust-worker-60",
            "identity": [],
            "image_registry_credential": [],
            "ip_address": "20.54.56.124",
            "ip_address_type": "Public",
            "location": "northeurope",
            "name": "intentcorgi-locust-worker-60",
            "network_profile_id": null,
            "os_type": "Linux",
            "resource_group_name": "locust-kload-rg",
            "restart_policy": "Always",
            "tags": {
              "Environment": "dev",
              "Prefix": "kload",
              "Source": "https://github.com/heoelri/locust-on-aci",
              "Toolkit": "Terraform"
            },
            "timeouts": null
          },
          "sensitive_attributes": [
            [
              {
                "type": "get_attr",
                "value": "container"
              },
              {
                "type": "index",
                "value": {
                  "value": 0,
                  "type": "number"
                }
              },
              {
                "type": "get_attr",
                "value": "volume"
              },
              {
                "type": "index",
                "value": {
                  "value": 0,
                  "type": "number"
                }
              },
              {
                "type": "get_attr",
                "value": "storage_account_key"
              }
            ],
            [
              {
                "type": "get_attr",
                "value": "container"
              },
              {
                "type": "index",
                "value": {
                  "value": 0,
                  "type": "number"
                }
              },
              {
                "type": "get_attr",
                "value": "environment_variables"
              },
              {
                "type": "index",
                "value": {
                  "value": "APPINSIGHTS_INSTRUMENTATIONKEY",
                  "type": "string"
                }
              }
            ]
          ],
          "private": "eyJlMmJmYjczMC1lY2FhLTExZTYtOGY4OC0zNDM2M2JjN2M0YzAiOnsiY3JlYXRlIjoxODAwMDAwMDAwMDAwLCJkZWxldGUiOjE4MDAwMDAwMDAwMDAsInJlYWQiOjMwMDAwMDAwMDAwMCwidXBkYXRlIjoxODAwMDAwMDAwMDAwfX0=",
          "dependencies": [
            "azurerm_application_insights.deployment",
            "azurerm_storage_share_file.locustfile",
            "random_password.locustsecret",
            "random_pet.deployment",
            "azurerm_container_group.master",
            "azurerm_key_vault.deployment",
            "azurerm_key_vault_secret.locustsecret",
            "azurerm_resource_group.deployment",
            "azurerm_storage_account.deployment",
            "azurerm_storage_share.locust",
            "data.azurerm_client_config.current"
          ]
        },
        {
          "index_key": 61,
          "schema_version": 0,
          "attributes": {
            "container": [
              {
                "commands": [
                  "locust"
                ],
                "cpu": 2,
                "environment_variables": {
                  "APPINSIGHTS_INSTRUMENTATIONKEY": "a7bb773e-1e20-47be-9fbd-5d872e1b5659",
                  "LOCUST_LOCUSTFILE": "/home/locust/locust/locustfile.py",
                  "LOCUST_MASTER_NODE_HOST": "intentcorgi-locust-master.northeurope.azurecontainer.io",
                  "LOCUST_MODE_WORKER": "true"
                },
                "gpu": [],
                "image": "sebader/locust-with-plugins:latest",
                "liveness_probe": [],
                "memory": 2,
                "name": "intentcorgi-worker-61",
                "ports": [
                  {
                    "port": 8089,
                    "protocol": "TCP"
                  }
                ],
                "readiness_probe": [],
                "secure_environment_variables": {},
                "volume": [
                  {
                    "empty_dir": false,
                    "git_repo": [],
                    "mount_path": "/home/locust/locust",
                    "name": "locust",
                    "read_only": false,
                    "secret": {},
                    "share_name": "locust",
                    "storage_account_key": "Z+Ti1B3rSmDlJQjhtyq154z8c9Q8IV2yYQN9Vx0Aiy2EywbR1iL8Y76y4n5Cbx08x1f3O1kBepucopZsa78a5w==",
                    "storage_account_name": "intentcorgi"
                  }
                ]
              }
            ],
            "diagnostics": [],
            "dns_config": [],
            "dns_name_label": "",
            "exposed_port": [
              {
                "port": 8089,
                "protocol": "TCP"
              }
            ],
            "fqdn": "",
            "id": "/subscriptions/5ff0ab5b-4972-4882-beed-f3baedfad7eb/resourceGroups/locust-kload-rg/providers/Microsoft.ContainerInstance/containerGroups/intentcorgi-locust-worker-61",
            "identity": [],
            "image_registry_credential": [],
            "ip_address": "20.190.211.93",
            "ip_address_type": "Public",
            "location": "eastus2",
            "name": "intentcorgi-locust-worker-61",
            "network_profile_id": null,
            "os_type": "Linux",
            "resource_group_name": "locust-kload-rg",
            "restart_policy": "Always",
            "tags": {
              "Environment": "dev",
              "Prefix": "kload",
              "Source": "https://github.com/heoelri/locust-on-aci",
              "Toolkit": "Terraform"
            },
            "timeouts": null
          },
          "sensitive_attributes": [
            [
              {
                "type": "get_attr",
                "value": "container"
              },
              {
                "type": "index",
                "value": {
                  "value": 0,
                  "type": "number"
                }
              },
              {
                "type": "get_attr",
                "value": "environment_variables"
              },
              {
                "type": "index",
                "value": {
                  "value": "APPINSIGHTS_INSTRUMENTATIONKEY",
                  "type": "string"
                }
              }
            ],
            [
              {
                "type": "get_attr",
                "value": "container"
              },
              {
                "type": "index",
                "value": {
                  "value": 0,
                  "type": "number"
                }
              },
              {
                "type": "get_attr",
                "value": "volume"
              },
              {
                "type": "index",
                "value": {
                  "value": 0,
                  "type": "number"
                }
              },
              {
                "type": "get_attr",
                "value": "storage_account_key"
              }
            ]
          ],
          "private": "eyJlMmJmYjczMC1lY2FhLTExZTYtOGY4OC0zNDM2M2JjN2M0YzAiOnsiY3JlYXRlIjoxODAwMDAwMDAwMDAwLCJkZWxldGUiOjE4MDAwMDAwMDAwMDAsInJlYWQiOjMwMDAwMDAwMDAwMCwidXBkYXRlIjoxODAwMDAwMDAwMDAwfX0=",
          "dependencies": [
            "random_password.locustsecret",
            "random_pet.deployment",
            "azurerm_storage_share.locust",
            "azurerm_storage_share_file.locustfile",
            "data.azurerm_client_config.current",
            "azurerm_key_vault_secret.locustsecret",
            "azurerm_resource_group.deployment",
            "azurerm_storage_account.deployment",
            "azurerm_application_insights.deployment",
            "azurerm_container_group.master",
            "azurerm_key_vault.deployment"
          ]
        },
        {
          "index_key": 62,
          "schema_version": 0,
          "attributes": {
            "container": [
              {
                "commands": [
                  "locust"
                ],
                "cpu": 2,
                "environment_variables": {
                  "APPINSIGHTS_INSTRUMENTATIONKEY": "a7bb773e-1e20-47be-9fbd-5d872e1b5659",
                  "LOCUST_LOCUSTFILE": "/home/locust/locust/locustfile.py",
                  "LOCUST_MASTER_NODE_HOST": "intentcorgi-locust-master.northeurope.azurecontainer.io",
                  "LOCUST_MODE_WORKER": "true"
                },
                "gpu": [],
                "image": "sebader/locust-with-plugins:latest",
                "liveness_probe": [],
                "memory": 2,
                "name": "intentcorgi-worker-62",
                "ports": [
                  {
                    "port": 8089,
                    "protocol": "TCP"
                  }
                ],
                "readiness_probe": [],
                "secure_environment_variables": {},
                "volume": [
                  {
                    "empty_dir": false,
                    "git_repo": [],
                    "mount_path": "/home/locust/locust",
                    "name": "locust",
                    "read_only": false,
                    "secret": {},
                    "share_name": "locust",
                    "storage_account_key": "Z+Ti1B3rSmDlJQjhtyq154z8c9Q8IV2yYQN9Vx0Aiy2EywbR1iL8Y76y4n5Cbx08x1f3O1kBepucopZsa78a5w==",
                    "storage_account_name": "intentcorgi"
                  }
                ]
              }
            ],
            "diagnostics": [],
            "dns_config": [],
            "dns_name_label": "",
            "exposed_port": [
              {
                "port": 8089,
                "protocol": "TCP"
              }
            ],
            "fqdn": "",
            "id": "/subscriptions/5ff0ab5b-4972-4882-beed-f3baedfad7eb/resourceGroups/locust-kload-rg/providers/Microsoft.ContainerInstance/containerGroups/intentcorgi-locust-worker-62",
            "identity": [],
            "image_registry_credential": [],
            "ip_address": "20.103.185.163",
            "ip_address_type": "Public",
            "location": "westeurope",
            "name": "intentcorgi-locust-worker-62",
            "network_profile_id": null,
            "os_type": "Linux",
            "resource_group_name": "locust-kload-rg",
            "restart_policy": "Always",
            "tags": {
              "Environment": "dev",
              "Prefix": "kload",
              "Source": "https://github.com/heoelri/locust-on-aci",
              "Toolkit": "Terraform"
            },
            "timeouts": null
          },
          "sensitive_attributes": [
            [
              {
                "type": "get_attr",
                "value": "container"
              },
              {
                "type": "index",
                "value": {
                  "value": 0,
                  "type": "number"
                }
              },
              {
                "type": "get_attr",
                "value": "environment_variables"
              },
              {
                "type": "index",
                "value": {
                  "value": "APPINSIGHTS_INSTRUMENTATIONKEY",
                  "type": "string"
                }
              }
            ],
            [
              {
                "type": "get_attr",
                "value": "container"
              },
              {
                "type": "index",
                "value": {
                  "value": 0,
                  "type": "number"
                }
              },
              {
                "type": "get_attr",
                "value": "volume"
              },
              {
                "type": "index",
                "value": {
                  "value": 0,
                  "type": "number"
                }
              },
              {
                "type": "get_attr",
                "value": "storage_account_key"
              }
            ]
          ],
          "private": "eyJlMmJmYjczMC1lY2FhLTExZTYtOGY4OC0zNDM2M2JjN2M0YzAiOnsiY3JlYXRlIjoxODAwMDAwMDAwMDAwLCJkZWxldGUiOjE4MDAwMDAwMDAwMDAsInJlYWQiOjMwMDAwMDAwMDAwMCwidXBkYXRlIjoxODAwMDAwMDAwMDAwfX0=",
          "dependencies": [
            "azurerm_container_group.master",
            "azurerm_key_vault.deployment",
            "azurerm_key_vault_secret.locustsecret",
            "azurerm_resource_group.deployment",
            "azurerm_storage_account.deployment",
            "azurerm_storage_share_file.locustfile",
            "azurerm_application_insights.deployment",
            "azurerm_storage_share.locust",
            "data.azurerm_client_config.current",
            "random_password.locustsecret",
            "random_pet.deployment"
          ]
        },
        {
          "index_key": 63,
          "schema_version": 0,
          "attributes": {
            "container": [
              {
                "commands": [
                  "locust"
                ],
                "cpu": 2,
                "environment_variables": {
                  "APPINSIGHTS_INSTRUMENTATIONKEY": "a7bb773e-1e20-47be-9fbd-5d872e1b5659",
                  "LOCUST_LOCUSTFILE": "/home/locust/locust/locustfile.py",
                  "LOCUST_MASTER_NODE_HOST": "intentcorgi-locust-master.northeurope.azurecontainer.io",
                  "LOCUST_MODE_WORKER": "true"
                },
                "gpu": [],
                "image": "sebader/locust-with-plugins:latest",
                "liveness_probe": [],
                "memory": 2,
                "name": "intentcorgi-worker-63",
                "ports": [
                  {
                    "port": 8089,
                    "protocol": "TCP"
                  }
                ],
                "readiness_probe": [],
                "secure_environment_variables": {},
                "volume": [
                  {
                    "empty_dir": false,
                    "git_repo": [],
                    "mount_path": "/home/locust/locust",
                    "name": "locust",
                    "read_only": false,
                    "secret": {},
                    "share_name": "locust",
                    "storage_account_key": "Z+Ti1B3rSmDlJQjhtyq154z8c9Q8IV2yYQN9Vx0Aiy2EywbR1iL8Y76y4n5Cbx08x1f3O1kBepucopZsa78a5w==",
                    "storage_account_name": "intentcorgi"
                  }
                ]
              }
            ],
            "diagnostics": [],
            "dns_config": [],
            "dns_name_label": "",
            "exposed_port": [
              {
                "port": 8089,
                "protocol": "TCP"
              }
            ],
            "fqdn": "",
            "id": "/subscriptions/5ff0ab5b-4972-4882-beed-f3baedfad7eb/resourceGroups/locust-kload-rg/providers/Microsoft.ContainerInstance/containerGroups/intentcorgi-locust-worker-63",
            "identity": [],
            "image_registry_credential": [],
            "ip_address": "13.83.46.233",
            "ip_address_type": "Public",
            "location": "westus",
            "name": "intentcorgi-locust-worker-63",
            "network_profile_id": null,
            "os_type": "Linux",
            "resource_group_name": "locust-kload-rg",
            "restart_policy": "Always",
            "tags": {
              "Environment": "dev",
              "Prefix": "kload",
              "Source": "https://github.com/heoelri/locust-on-aci",
              "Toolkit": "Terraform"
            },
            "timeouts": null
          },
          "sensitive_attributes": [
            [
              {
                "type": "get_attr",
                "value": "container"
              },
              {
                "type": "index",
                "value": {
                  "value": 0,
                  "type": "number"
                }
              },
              {
                "type": "get_attr",
                "value": "environment_variables"
              },
              {
                "type": "index",
                "value": {
                  "value": "APPINSIGHTS_INSTRUMENTATIONKEY",
                  "type": "string"
                }
              }
            ],
            [
              {
                "type": "get_attr",
                "value": "container"
              },
              {
                "type": "index",
                "value": {
                  "value": 0,
                  "type": "number"
                }
              },
              {
                "type": "get_attr",
                "value": "volume"
              },
              {
                "type": "index",
                "value": {
                  "value": 0,
                  "type": "number"
                }
              },
              {
                "type": "get_attr",
                "value": "storage_account_key"
              }
            ]
          ],
          "private": "eyJlMmJmYjczMC1lY2FhLTExZTYtOGY4OC0zNDM2M2JjN2M0YzAiOnsiY3JlYXRlIjoxODAwMDAwMDAwMDAwLCJkZWxldGUiOjE4MDAwMDAwMDAwMDAsInJlYWQiOjMwMDAwMDAwMDAwMCwidXBkYXRlIjoxODAwMDAwMDAwMDAwfX0=",
          "dependencies": [
            "azurerm_resource_group.deployment",
            "azurerm_storage_account.deployment",
            "data.azurerm_client_config.current",
            "random_pet.deployment",
            "azurerm_application_insights.deployment",
            "azurerm_container_group.master",
            "azurerm_key_vault.deployment",
            "azurerm_key_vault_secret.locustsecret",
            "azurerm_storage_share.locust",
            "azurerm_storage_share_file.locustfile",
            "random_password.locustsecret"
          ]
        },
        {
          "index_key": 64,
          "schema_version": 0,
          "attributes": {
            "container": [
              {
                "commands": [
                  "locust"
                ],
                "cpu": 2,
                "environment_variables": {
                  "APPINSIGHTS_INSTRUMENTATIONKEY": "a7bb773e-1e20-47be-9fbd-5d872e1b5659",
                  "LOCUST_LOCUSTFILE": "/home/locust/locust/locustfile.py",
                  "LOCUST_MASTER_NODE_HOST": "intentcorgi-locust-master.northeurope.azurecontainer.io",
                  "LOCUST_MODE_WORKER": "true"
                },
                "gpu": [],
                "image": "sebader/locust-with-plugins:latest",
                "liveness_probe": [],
                "memory": 2,
                "name": "intentcorgi-worker-64",
                "ports": [
                  {
                    "port": 8089,
                    "protocol": "TCP"
                  }
                ],
                "readiness_probe": [],
                "secure_environment_variables": {},
                "volume": [
                  {
                    "empty_dir": false,
                    "git_repo": [],
                    "mount_path": "/home/locust/locust",
                    "name": "locust",
                    "read_only": false,
                    "secret": {},
                    "share_name": "locust",
                    "storage_account_key": "Z+Ti1B3rSmDlJQjhtyq154z8c9Q8IV2yYQN9Vx0Aiy2EywbR1iL8Y76y4n5Cbx08x1f3O1kBepucopZsa78a5w==",
                    "storage_account_name": "intentcorgi"
                  }
                ]
              }
            ],
            "diagnostics": [],
            "dns_config": [],
            "dns_name_label": "",
            "exposed_port": [
              {
                "port": 8089,
                "protocol": "TCP"
              }
            ],
            "fqdn": "",
            "id": "/subscriptions/5ff0ab5b-4972-4882-beed-f3baedfad7eb/resourceGroups/locust-kload-rg/providers/Microsoft.ContainerInstance/containerGroups/intentcorgi-locust-worker-64",
            "identity": [],
            "image_registry_credential": [],
            "ip_address": "20.92.178.60",
            "ip_address_type": "Public",
            "location": "australiaeast",
            "name": "intentcorgi-locust-worker-64",
            "network_profile_id": null,
            "os_type": "Linux",
            "resource_group_name": "locust-kload-rg",
            "restart_policy": "Always",
            "tags": {
              "Environment": "dev",
              "Prefix": "kload",
              "Source": "https://github.com/heoelri/locust-on-aci",
              "Toolkit": "Terraform"
            },
            "timeouts": null
          },
          "sensitive_attributes": [
            [
              {
                "type": "get_attr",
                "value": "container"
              },
              {
                "type": "index",
                "value": {
                  "value": 0,
                  "type": "number"
                }
              },
              {
                "type": "get_attr",
                "value": "environment_variables"
              },
              {
                "type": "index",
                "value": {
                  "value": "APPINSIGHTS_INSTRUMENTATIONKEY",
                  "type": "string"
                }
              }
            ],
            [
              {
                "type": "get_attr",
                "value": "container"
              },
              {
                "type": "index",
                "value": {
                  "value": 0,
                  "type": "number"
                }
              },
              {
                "type": "get_attr",
                "value": "volume"
              },
              {
                "type": "index",
                "value": {
                  "value": 0,
                  "type": "number"
                }
              },
              {
                "type": "get_attr",
                "value": "storage_account_key"
              }
            ]
          ],
          "private": "eyJlMmJmYjczMC1lY2FhLTExZTYtOGY4OC0zNDM2M2JjN2M0YzAiOnsiY3JlYXRlIjoxODAwMDAwMDAwMDAwLCJkZWxldGUiOjE4MDAwMDAwMDAwMDAsInJlYWQiOjMwMDAwMDAwMDAwMCwidXBkYXRlIjoxODAwMDAwMDAwMDAwfX0=",
          "dependencies": [
            "data.azurerm_client_config.current",
            "azurerm_application_insights.deployment",
            "azurerm_container_group.master",
            "azurerm_storage_share.locust",
            "azurerm_storage_share_file.locustfile",
            "random_password.locustsecret",
            "random_pet.deployment",
            "azurerm_key_vault.deployment",
            "azurerm_key_vault_secret.locustsecret",
            "azurerm_resource_group.deployment",
            "azurerm_storage_account.deployment"
          ]
        },
        {
          "index_key": 65,
          "schema_version": 0,
          "attributes": {
            "container": [
              {
                "commands": [
                  "locust"
                ],
                "cpu": 2,
                "environment_variables": {
                  "APPINSIGHTS_INSTRUMENTATIONKEY": "a7bb773e-1e20-47be-9fbd-5d872e1b5659",
                  "LOCUST_LOCUSTFILE": "/home/locust/locust/locustfile.py",
                  "LOCUST_MASTER_NODE_HOST": "intentcorgi-locust-master.northeurope.azurecontainer.io",
                  "LOCUST_MODE_WORKER": "true"
                },
                "gpu": [],
                "image": "sebader/locust-with-plugins:latest",
                "liveness_probe": [],
                "memory": 2,
                "name": "intentcorgi-worker-65",
                "ports": [
                  {
                    "port": 8089,
                    "protocol": "TCP"
                  }
                ],
                "readiness_probe": [],
                "secure_environment_variables": {},
                "volume": [
                  {
                    "empty_dir": false,
                    "git_repo": [],
                    "mount_path": "/home/locust/locust",
                    "name": "locust",
                    "read_only": false,
                    "secret": {},
                    "share_name": "locust",
                    "storage_account_key": "Z+Ti1B3rSmDlJQjhtyq154z8c9Q8IV2yYQN9Vx0Aiy2EywbR1iL8Y76y4n5Cbx08x1f3O1kBepucopZsa78a5w==",
                    "storage_account_name": "intentcorgi"
                  }
                ]
              }
            ],
            "diagnostics": [],
            "dns_config": [],
            "dns_name_label": "",
            "exposed_port": [
              {
                "port": 8089,
                "protocol": "TCP"
              }
            ],
            "fqdn": "",
            "id": "/subscriptions/5ff0ab5b-4972-4882-beed-f3baedfad7eb/resourceGroups/locust-kload-rg/providers/Microsoft.ContainerInstance/containerGroups/intentcorgi-locust-worker-65",
            "identity": [],
            "image_registry_credential": [],
            "ip_address": "20.74.98.65",
            "ip_address_type": "Public",
            "location": "francecentral",
            "name": "intentcorgi-locust-worker-65",
            "network_profile_id": null,
            "os_type": "Linux",
            "resource_group_name": "locust-kload-rg",
            "restart_policy": "Always",
            "tags": {
              "Environment": "dev",
              "Prefix": "kload",
              "Source": "https://github.com/heoelri/locust-on-aci",
              "Toolkit": "Terraform"
            },
            "timeouts": null
          },
          "sensitive_attributes": [
            [
              {
                "type": "get_attr",
                "value": "container"
              },
              {
                "type": "index",
                "value": {
                  "value": 0,
                  "type": "number"
                }
              },
              {
                "type": "get_attr",
                "value": "volume"
              },
              {
                "type": "index",
                "value": {
                  "value": 0,
                  "type": "number"
                }
              },
              {
                "type": "get_attr",
                "value": "storage_account_key"
              }
            ],
            [
              {
                "type": "get_attr",
                "value": "container"
              },
              {
                "type": "index",
                "value": {
                  "value": 0,
                  "type": "number"
                }
              },
              {
                "type": "get_attr",
                "value": "environment_variables"
              },
              {
                "type": "index",
                "value": {
                  "value": "APPINSIGHTS_INSTRUMENTATIONKEY",
                  "type": "string"
                }
              }
            ]
          ],
          "private": "eyJlMmJmYjczMC1lY2FhLTExZTYtOGY4OC0zNDM2M2JjN2M0YzAiOnsiY3JlYXRlIjoxODAwMDAwMDAwMDAwLCJkZWxldGUiOjE4MDAwMDAwMDAwMDAsInJlYWQiOjMwMDAwMDAwMDAwMCwidXBkYXRlIjoxODAwMDAwMDAwMDAwfX0=",
          "dependencies": [
            "random_pet.deployment",
            "azurerm_application_insights.deployment",
            "azurerm_container_group.master",
            "azurerm_key_vault_secret.locustsecret",
            "azurerm_resource_group.deployment",
            "azurerm_storage_share.locust",
            "data.azurerm_client_config.current",
            "random_password.locustsecret",
            "azurerm_key_vault.deployment",
            "azurerm_storage_account.deployment",
            "azurerm_storage_share_file.locustfile"
          ]
        },
        {
          "index_key": 66,
          "schema_version": 0,
          "attributes": {
            "container": [
              {
                "commands": [
                  "locust"
                ],
                "cpu": 2,
                "environment_variables": {
                  "APPINSIGHTS_INSTRUMENTATIONKEY": "a7bb773e-1e20-47be-9fbd-5d872e1b5659",
                  "LOCUST_LOCUSTFILE": "/home/locust/locust/locustfile.py",
                  "LOCUST_MASTER_NODE_HOST": "intentcorgi-locust-master.northeurope.azurecontainer.io",
                  "LOCUST_MODE_WORKER": "true"
                },
                "gpu": [],
                "image": "sebader/locust-with-plugins:latest",
                "liveness_probe": [],
                "memory": 2,
                "name": "intentcorgi-worker-66",
                "ports": [
                  {
                    "port": 8089,
                    "protocol": "TCP"
                  }
                ],
                "readiness_probe": [],
                "secure_environment_variables": {},
                "volume": [
                  {
                    "empty_dir": false,
                    "git_repo": [],
                    "mount_path": "/home/locust/locust",
                    "name": "locust",
                    "read_only": false,
                    "secret": {},
                    "share_name": "locust",
                    "storage_account_key": "Z+Ti1B3rSmDlJQjhtyq154z8c9Q8IV2yYQN9Vx0Aiy2EywbR1iL8Y76y4n5Cbx08x1f3O1kBepucopZsa78a5w==",
                    "storage_account_name": "intentcorgi"
                  }
                ]
              }
            ],
            "diagnostics": [],
            "dns_config": [],
            "dns_name_label": "",
            "exposed_port": [
              {
                "port": 8089,
                "protocol": "TCP"
              }
            ],
            "fqdn": "",
            "id": "/subscriptions/5ff0ab5b-4972-4882-beed-f3baedfad7eb/resourceGroups/locust-kload-rg/providers/Microsoft.ContainerInstance/containerGroups/intentcorgi-locust-worker-66",
            "identity": [],
            "image_registry_credential": [],
            "ip_address": "20.88.212.23",
            "ip_address_type": "Public",
            "location": "southcentralus",
            "name": "intentcorgi-locust-worker-66",
            "network_profile_id": null,
            "os_type": "Linux",
            "resource_group_name": "locust-kload-rg",
            "restart_policy": "Always",
            "tags": {
              "Environment": "dev",
              "Prefix": "kload",
              "Source": "https://github.com/heoelri/locust-on-aci",
              "Toolkit": "Terraform"
            },
            "timeouts": null
          },
          "sensitive_attributes": [
            [
              {
                "type": "get_attr",
                "value": "container"
              },
              {
                "type": "index",
                "value": {
                  "value": 0,
                  "type": "number"
                }
              },
              {
                "type": "get_attr",
                "value": "environment_variables"
              },
              {
                "type": "index",
                "value": {
                  "value": "APPINSIGHTS_INSTRUMENTATIONKEY",
                  "type": "string"
                }
              }
            ],
            [
              {
                "type": "get_attr",
                "value": "container"
              },
              {
                "type": "index",
                "value": {
                  "value": 0,
                  "type": "number"
                }
              },
              {
                "type": "get_attr",
                "value": "volume"
              },
              {
                "type": "index",
                "value": {
                  "value": 0,
                  "type": "number"
                }
              },
              {
                "type": "get_attr",
                "value": "storage_account_key"
              }
            ]
          ],
          "private": "eyJlMmJmYjczMC1lY2FhLTExZTYtOGY4OC0zNDM2M2JjN2M0YzAiOnsiY3JlYXRlIjoxODAwMDAwMDAwMDAwLCJkZWxldGUiOjE4MDAwMDAwMDAwMDAsInJlYWQiOjMwMDAwMDAwMDAwMCwidXBkYXRlIjoxODAwMDAwMDAwMDAwfX0=",
          "dependencies": [
            "random_password.locustsecret",
            "azurerm_key_vault.deployment",
            "azurerm_storage_account.deployment",
            "azurerm_storage_share.locust",
            "data.azurerm_client_config.current",
            "azurerm_storage_share_file.locustfile",
            "random_pet.deployment",
            "azurerm_application_insights.deployment",
            "azurerm_container_group.master",
            "azurerm_key_vault_secret.locustsecret",
            "azurerm_resource_group.deployment"
          ]
        },
        {
          "index_key": 67,
          "schema_version": 0,
          "attributes": {
            "container": [
              {
                "commands": [
                  "locust"
                ],
                "cpu": 2,
                "environment_variables": {
                  "APPINSIGHTS_INSTRUMENTATIONKEY": "a7bb773e-1e20-47be-9fbd-5d872e1b5659",
                  "LOCUST_LOCUSTFILE": "/home/locust/locust/locustfile.py",
                  "LOCUST_MASTER_NODE_HOST": "intentcorgi-locust-master.northeurope.azurecontainer.io",
                  "LOCUST_MODE_WORKER": "true"
                },
                "gpu": [],
                "image": "sebader/locust-with-plugins:latest",
                "liveness_probe": [],
                "memory": 2,
                "name": "intentcorgi-worker-67",
                "ports": [
                  {
                    "port": 8089,
                    "protocol": "TCP"
                  }
                ],
                "readiness_probe": [],
                "secure_environment_variables": {},
                "volume": [
                  {
                    "empty_dir": false,
                    "git_repo": [],
                    "mount_path": "/home/locust/locust",
                    "name": "locust",
                    "read_only": false,
                    "secret": {},
                    "share_name": "locust",
                    "storage_account_key": "Z+Ti1B3rSmDlJQjhtyq154z8c9Q8IV2yYQN9Vx0Aiy2EywbR1iL8Y76y4n5Cbx08x1f3O1kBepucopZsa78a5w==",
                    "storage_account_name": "intentcorgi"
                  }
                ]
              }
            ],
            "diagnostics": [],
            "dns_config": [],
            "dns_name_label": "",
            "exposed_port": [
              {
                "port": 8089,
                "protocol": "TCP"
              }
            ],
            "fqdn": "",
            "id": "/subscriptions/5ff0ab5b-4972-4882-beed-f3baedfad7eb/resourceGroups/locust-kload-rg/providers/Microsoft.ContainerInstance/containerGroups/intentcorgi-locust-worker-67",
            "identity": [],
            "image_registry_credential": [],
            "ip_address": "52.156.49.56",
            "ip_address_type": "Public",
            "location": "japaneast",
            "name": "intentcorgi-locust-worker-67",
            "network_profile_id": null,
            "os_type": "Linux",
            "resource_group_name": "locust-kload-rg",
            "restart_policy": "Always",
            "tags": {
              "Environment": "dev",
              "Prefix": "kload",
              "Source": "https://github.com/heoelri/locust-on-aci",
              "Toolkit": "Terraform"
            },
            "timeouts": null
          },
          "sensitive_attributes": [
            [
              {
                "type": "get_attr",
                "value": "container"
              },
              {
                "type": "index",
                "value": {
                  "value": 0,
                  "type": "number"
                }
              },
              {
                "type": "get_attr",
                "value": "environment_variables"
              },
              {
                "type": "index",
                "value": {
                  "value": "APPINSIGHTS_INSTRUMENTATIONKEY",
                  "type": "string"
                }
              }
            ],
            [
              {
                "type": "get_attr",
                "value": "container"
              },
              {
                "type": "index",
                "value": {
                  "value": 0,
                  "type": "number"
                }
              },
              {
                "type": "get_attr",
                "value": "volume"
              },
              {
                "type": "index",
                "value": {
                  "value": 0,
                  "type": "number"
                }
              },
              {
                "type": "get_attr",
                "value": "storage_account_key"
              }
            ]
          ],
          "private": "eyJlMmJmYjczMC1lY2FhLTExZTYtOGY4OC0zNDM2M2JjN2M0YzAiOnsiY3JlYXRlIjoxODAwMDAwMDAwMDAwLCJkZWxldGUiOjE4MDAwMDAwMDAwMDAsInJlYWQiOjMwMDAwMDAwMDAwMCwidXBkYXRlIjoxODAwMDAwMDAwMDAwfX0=",
          "dependencies": [
            "random_password.locustsecret",
            "azurerm_storage_account.deployment",
            "azurerm_storage_share.locust",
            "azurerm_storage_share_file.locustfile",
            "azurerm_application_insights.deployment",
            "azurerm_container_group.master",
            "azurerm_key_vault.deployment",
            "azurerm_key_vault_secret.locustsecret",
            "azurerm_resource_group.deployment",
            "data.azurerm_client_config.current",
            "random_pet.deployment"
          ]
        },
        {
          "index_key": 68,
          "schema_version": 0,
          "attributes": {
            "container": [
              {
                "commands": [
                  "locust"
                ],
                "cpu": 2,
                "environment_variables": {
                  "APPINSIGHTS_INSTRUMENTATIONKEY": "a7bb773e-1e20-47be-9fbd-5d872e1b5659",
                  "LOCUST_LOCUSTFILE": "/home/locust/locust/locustfile.py",
                  "LOCUST_MASTER_NODE_HOST": "intentcorgi-locust-master.northeurope.azurecontainer.io",
                  "LOCUST_MODE_WORKER": "true"
                },
                "gpu": [],
                "image": "sebader/locust-with-plugins:latest",
                "liveness_probe": [],
                "memory": 2,
                "name": "intentcorgi-worker-68",
                "ports": [
                  {
                    "port": 8089,
                    "protocol": "TCP"
                  }
                ],
                "readiness_probe": [],
                "secure_environment_variables": {},
                "volume": [
                  {
                    "empty_dir": false,
                    "git_repo": [],
                    "mount_path": "/home/locust/locust",
                    "name": "locust",
                    "read_only": false,
                    "secret": {},
                    "share_name": "locust",
                    "storage_account_key": "Z+Ti1B3rSmDlJQjhtyq154z8c9Q8IV2yYQN9Vx0Aiy2EywbR1iL8Y76y4n5Cbx08x1f3O1kBepucopZsa78a5w==",
                    "storage_account_name": "intentcorgi"
                  }
                ]
              }
            ],
            "diagnostics": [],
            "dns_config": [],
            "dns_name_label": "",
            "exposed_port": [
              {
                "port": 8089,
                "protocol": "TCP"
              }
            ],
            "fqdn": "",
            "id": "/subscriptions/5ff0ab5b-4972-4882-beed-f3baedfad7eb/resourceGroups/locust-kload-rg/providers/Microsoft.ContainerInstance/containerGroups/intentcorgi-locust-worker-68",
            "identity": [],
            "image_registry_credential": [],
            "ip_address": "52.172.5.78",
            "ip_address_type": "Public",
            "location": "southindia",
            "name": "intentcorgi-locust-worker-68",
            "network_profile_id": null,
            "os_type": "Linux",
            "resource_group_name": "locust-kload-rg",
            "restart_policy": "Always",
            "tags": {
              "Environment": "dev",
              "Prefix": "kload",
              "Source": "https://github.com/heoelri/locust-on-aci",
              "Toolkit": "Terraform"
            },
            "timeouts": null
          },
          "sensitive_attributes": [
            [
              {
                "type": "get_attr",
                "value": "container"
              },
              {
                "type": "index",
                "value": {
                  "value": 0,
                  "type": "number"
                }
              },
              {
                "type": "get_attr",
                "value": "environment_variables"
              },
              {
                "type": "index",
                "value": {
                  "value": "APPINSIGHTS_INSTRUMENTATIONKEY",
                  "type": "string"
                }
              }
            ],
            [
              {
                "type": "get_attr",
                "value": "container"
              },
              {
                "type": "index",
                "value": {
                  "value": 0,
                  "type": "number"
                }
              },
              {
                "type": "get_attr",
                "value": "volume"
              },
              {
                "type": "index",
                "value": {
                  "value": 0,
                  "type": "number"
                }
              },
              {
                "type": "get_attr",
                "value": "storage_account_key"
              }
            ]
          ],
          "private": "eyJlMmJmYjczMC1lY2FhLTExZTYtOGY4OC0zNDM2M2JjN2M0YzAiOnsiY3JlYXRlIjoxODAwMDAwMDAwMDAwLCJkZWxldGUiOjE4MDAwMDAwMDAwMDAsInJlYWQiOjMwMDAwMDAwMDAwMCwidXBkYXRlIjoxODAwMDAwMDAwMDAwfX0=",
          "dependencies": [
            "azurerm_key_vault.deployment",
            "azurerm_key_vault_secret.locustsecret",
            "azurerm_resource_group.deployment",
            "azurerm_storage_share.locust",
            "random_pet.deployment",
            "azurerm_application_insights.deployment",
            "azurerm_container_group.master",
            "data.azurerm_client_config.current",
            "random_password.locustsecret",
            "azurerm_storage_account.deployment",
            "azurerm_storage_share_file.locustfile"
          ]
        },
        {
          "index_key": 69,
          "schema_version": 0,
          "attributes": {
            "container": [
              {
                "commands": [
                  "locust"
                ],
                "cpu": 2,
                "environment_variables": {
                  "APPINSIGHTS_INSTRUMENTATIONKEY": "a7bb773e-1e20-47be-9fbd-5d872e1b5659",
                  "LOCUST_LOCUSTFILE": "/home/locust/locust/locustfile.py",
                  "LOCUST_MASTER_NODE_HOST": "intentcorgi-locust-master.northeurope.azurecontainer.io",
                  "LOCUST_MODE_WORKER": "true"
                },
                "gpu": [],
                "image": "sebader/locust-with-plugins:latest",
                "liveness_probe": [],
                "memory": 2,
                "name": "intentcorgi-worker-69",
                "ports": [
                  {
                    "port": 8089,
                    "protocol": "TCP"
                  }
                ],
                "readiness_probe": [],
                "secure_environment_variables": {},
                "volume": [
                  {
                    "empty_dir": false,
                    "git_repo": [],
                    "mount_path": "/home/locust/locust",
                    "name": "locust",
                    "read_only": false,
                    "secret": {},
                    "share_name": "locust",
                    "storage_account_key": "Z+Ti1B3rSmDlJQjhtyq154z8c9Q8IV2yYQN9Vx0Aiy2EywbR1iL8Y76y4n5Cbx08x1f3O1kBepucopZsa78a5w==",
                    "storage_account_name": "intentcorgi"
                  }
                ]
              }
            ],
            "diagnostics": [],
            "dns_config": [],
            "dns_name_label": "",
            "exposed_port": [
              {
                "port": 8089,
                "protocol": "TCP"
              }
            ],
            "fqdn": "",
            "id": "/subscriptions/5ff0ab5b-4972-4882-beed-f3baedfad7eb/resourceGroups/locust-kload-rg/providers/Microsoft.ContainerInstance/containerGroups/intentcorgi-locust-worker-69",
            "identity": [],
            "image_registry_credential": [],
            "ip_address": "20.201.40.158",
            "ip_address_type": "Public",
            "location": "brazilsouth",
            "name": "intentcorgi-locust-worker-69",
            "network_profile_id": null,
            "os_type": "Linux",
            "resource_group_name": "locust-kload-rg",
            "restart_policy": "Always",
            "tags": {
              "Environment": "dev",
              "Prefix": "kload",
              "Source": "https://github.com/heoelri/locust-on-aci",
              "Toolkit": "Terraform"
            },
            "timeouts": null
          },
          "sensitive_attributes": [
            [
              {
                "type": "get_attr",
                "value": "container"
              },
              {
                "type": "index",
                "value": {
                  "value": 0,
                  "type": "number"
                }
              },
              {
                "type": "get_attr",
                "value": "volume"
              },
              {
                "type": "index",
                "value": {
                  "value": 0,
                  "type": "number"
                }
              },
              {
                "type": "get_attr",
                "value": "storage_account_key"
              }
            ],
            [
              {
                "type": "get_attr",
                "value": "container"
              },
              {
                "type": "index",
                "value": {
                  "value": 0,
                  "type": "number"
                }
              },
              {
                "type": "get_attr",
                "value": "environment_variables"
              },
              {
                "type": "index",
                "value": {
                  "value": "APPINSIGHTS_INSTRUMENTATIONKEY",
                  "type": "string"
                }
              }
            ]
          ],
          "private": "eyJlMmJmYjczMC1lY2FhLTExZTYtOGY4OC0zNDM2M2JjN2M0YzAiOnsiY3JlYXRlIjoxODAwMDAwMDAwMDAwLCJkZWxldGUiOjE4MDAwMDAwMDAwMDAsInJlYWQiOjMwMDAwMDAwMDAwMCwidXBkYXRlIjoxODAwMDAwMDAwMDAwfX0=",
          "dependencies": [
            "azurerm_application_insights.deployment",
            "azurerm_container_group.master",
            "azurerm_key_vault_secret.locustsecret",
            "azurerm_storage_share_file.locustfile",
            "random_password.locustsecret",
            "random_pet.deployment",
            "azurerm_key_vault.deployment",
            "azurerm_resource_group.deployment",
            "azurerm_storage_account.deployment",
            "azurerm_storage_share.locust",
            "data.azurerm_client_config.current"
          ]
        },
        {
          "index_key": 70,
          "schema_version": 0,
          "attributes": {
            "container": [
              {
                "commands": [
                  "locust"
                ],
                "cpu": 2,
                "environment_variables": {
                  "APPINSIGHTS_INSTRUMENTATIONKEY": "a7bb773e-1e20-47be-9fbd-5d872e1b5659",
                  "LOCUST_LOCUSTFILE": "/home/locust/locust/locustfile.py",
                  "LOCUST_MASTER_NODE_HOST": "intentcorgi-locust-master.northeurope.azurecontainer.io",
                  "LOCUST_MODE_WORKER": "true"
                },
                "gpu": [],
                "image": "sebader/locust-with-plugins:latest",
                "liveness_probe": [],
                "memory": 2,
                "name": "intentcorgi-worker-70",
                "ports": [
                  {
                    "port": 8089,
                    "protocol": "TCP"
                  }
                ],
                "readiness_probe": [],
                "secure_environment_variables": {},
                "volume": [
                  {
                    "empty_dir": false,
                    "git_repo": [],
                    "mount_path": "/home/locust/locust",
                    "name": "locust",
                    "read_only": false,
                    "secret": {},
                    "share_name": "locust",
                    "storage_account_key": "Z+Ti1B3rSmDlJQjhtyq154z8c9Q8IV2yYQN9Vx0Aiy2EywbR1iL8Y76y4n5Cbx08x1f3O1kBepucopZsa78a5w==",
                    "storage_account_name": "intentcorgi"
                  }
                ]
              }
            ],
            "diagnostics": [],
            "dns_config": [],
            "dns_name_label": "",
            "exposed_port": [
              {
                "port": 8089,
                "protocol": "TCP"
              }
            ],
            "fqdn": "",
            "id": "/subscriptions/5ff0ab5b-4972-4882-beed-f3baedfad7eb/resourceGroups/locust-kload-rg/providers/Microsoft.ContainerInstance/containerGroups/intentcorgi-locust-worker-70",
            "identity": [],
            "image_registry_credential": [],
            "ip_address": "20.79.99.71",
            "ip_address_type": "Public",
            "location": "germanywestcentral",
            "name": "intentcorgi-locust-worker-70",
            "network_profile_id": null,
            "os_type": "Linux",
            "resource_group_name": "locust-kload-rg",
            "restart_policy": "Always",
            "tags": {
              "Environment": "dev",
              "Prefix": "kload",
              "Source": "https://github.com/heoelri/locust-on-aci",
              "Toolkit": "Terraform"
            },
            "timeouts": null
          },
          "sensitive_attributes": [
            [
              {
                "type": "get_attr",
                "value": "container"
              },
              {
                "type": "index",
                "value": {
                  "value": 0,
                  "type": "number"
                }
              },
              {
                "type": "get_attr",
                "value": "environment_variables"
              },
              {
                "type": "index",
                "value": {
                  "value": "APPINSIGHTS_INSTRUMENTATIONKEY",
                  "type": "string"
                }
              }
            ],
            [
              {
                "type": "get_attr",
                "value": "container"
              },
              {
                "type": "index",
                "value": {
                  "value": 0,
                  "type": "number"
                }
              },
              {
                "type": "get_attr",
                "value": "volume"
              },
              {
                "type": "index",
                "value": {
                  "value": 0,
                  "type": "number"
                }
              },
              {
                "type": "get_attr",
                "value": "storage_account_key"
              }
            ]
          ],
          "private": "eyJlMmJmYjczMC1lY2FhLTExZTYtOGY4OC0zNDM2M2JjN2M0YzAiOnsiY3JlYXRlIjoxODAwMDAwMDAwMDAwLCJkZWxldGUiOjE4MDAwMDAwMDAwMDAsInJlYWQiOjMwMDAwMDAwMDAwMCwidXBkYXRlIjoxODAwMDAwMDAwMDAwfX0=",
          "dependencies": [
            "azurerm_storage_share.locust",
            "random_password.locustsecret",
            "azurerm_application_insights.deployment",
            "azurerm_container_group.master",
            "azurerm_key_vault_secret.locustsecret",
            "azurerm_resource_group.deployment",
            "azurerm_storage_account.deployment",
            "azurerm_key_vault.deployment",
            "azurerm_storage_share_file.locustfile",
            "data.azurerm_client_config.current",
            "random_pet.deployment"
          ]
        },
        {
          "index_key": 71,
          "schema_version": 0,
          "attributes": {
            "container": [
              {
                "commands": [
                  "locust"
                ],
                "cpu": 2,
                "environment_variables": {
                  "APPINSIGHTS_INSTRUMENTATIONKEY": "a7bb773e-1e20-47be-9fbd-5d872e1b5659",
                  "LOCUST_LOCUSTFILE": "/home/locust/locust/locustfile.py",
                  "LOCUST_MASTER_NODE_HOST": "intentcorgi-locust-master.northeurope.azurecontainer.io",
                  "LOCUST_MODE_WORKER": "true"
                },
                "gpu": [],
                "image": "sebader/locust-with-plugins:latest",
                "liveness_probe": [],
                "memory": 2,
                "name": "intentcorgi-worker-71",
                "ports": [
                  {
                    "port": 8089,
                    "protocol": "TCP"
                  }
                ],
                "readiness_probe": [],
                "secure_environment_variables": {},
                "volume": [
                  {
                    "empty_dir": false,
                    "git_repo": [],
                    "mount_path": "/home/locust/locust",
                    "name": "locust",
                    "read_only": false,
                    "secret": {},
                    "share_name": "locust",
                    "storage_account_key": "Z+Ti1B3rSmDlJQjhtyq154z8c9Q8IV2yYQN9Vx0Aiy2EywbR1iL8Y76y4n5Cbx08x1f3O1kBepucopZsa78a5w==",
                    "storage_account_name": "intentcorgi"
                  }
                ]
              }
            ],
            "diagnostics": [],
            "dns_config": [],
            "dns_name_label": "",
            "exposed_port": [
              {
                "port": 8089,
                "protocol": "TCP"
              }
            ],
            "fqdn": "",
            "id": "/subscriptions/5ff0ab5b-4972-4882-beed-f3baedfad7eb/resourceGroups/locust-kload-rg/providers/Microsoft.ContainerInstance/containerGroups/intentcorgi-locust-worker-71",
            "identity": [],
            "image_registry_credential": [],
            "ip_address": "20.90.204.13",
            "ip_address_type": "Public",
            "location": "uksouth",
            "name": "intentcorgi-locust-worker-71",
            "network_profile_id": null,
            "os_type": "Linux",
            "resource_group_name": "locust-kload-rg",
            "restart_policy": "Always",
            "tags": {
              "Environment": "dev",
              "Prefix": "kload",
              "Source": "https://github.com/heoelri/locust-on-aci",
              "Toolkit": "Terraform"
            },
            "timeouts": null
          },
          "sensitive_attributes": [
            [
              {
                "type": "get_attr",
                "value": "container"
              },
              {
                "type": "index",
                "value": {
                  "value": 0,
                  "type": "number"
                }
              },
              {
                "type": "get_attr",
                "value": "environment_variables"
              },
              {
                "type": "index",
                "value": {
                  "value": "APPINSIGHTS_INSTRUMENTATIONKEY",
                  "type": "string"
                }
              }
            ],
            [
              {
                "type": "get_attr",
                "value": "container"
              },
              {
                "type": "index",
                "value": {
                  "value": 0,
                  "type": "number"
                }
              },
              {
                "type": "get_attr",
                "value": "volume"
              },
              {
                "type": "index",
                "value": {
                  "value": 0,
                  "type": "number"
                }
              },
              {
                "type": "get_attr",
                "value": "storage_account_key"
              }
            ]
          ],
          "private": "eyJlMmJmYjczMC1lY2FhLTExZTYtOGY4OC0zNDM2M2JjN2M0YzAiOnsiY3JlYXRlIjoxODAwMDAwMDAwMDAwLCJkZWxldGUiOjE4MDAwMDAwMDAwMDAsInJlYWQiOjMwMDAwMDAwMDAwMCwidXBkYXRlIjoxODAwMDAwMDAwMDAwfX0=",
          "dependencies": [
            "azurerm_container_group.master",
            "azurerm_key_vault.deployment",
            "azurerm_resource_group.deployment",
            "azurerm_storage_share.locust",
            "azurerm_storage_share_file.locustfile",
            "random_pet.deployment",
            "azurerm_application_insights.deployment",
            "azurerm_key_vault_secret.locustsecret",
            "azurerm_storage_account.deployment",
            "data.azurerm_client_config.current",
            "random_password.locustsecret"
          ]
        },
        {
          "index_key": 72,
          "schema_version": 0,
          "attributes": {
            "container": [
              {
                "commands": [
                  "locust"
                ],
                "cpu": 2,
                "environment_variables": {
                  "APPINSIGHTS_INSTRUMENTATIONKEY": "a7bb773e-1e20-47be-9fbd-5d872e1b5659",
                  "LOCUST_LOCUSTFILE": "/home/locust/locust/locustfile.py",
                  "LOCUST_MASTER_NODE_HOST": "intentcorgi-locust-master.northeurope.azurecontainer.io",
                  "LOCUST_MODE_WORKER": "true"
                },
                "gpu": [],
                "image": "sebader/locust-with-plugins:latest",
                "liveness_probe": [],
                "memory": 2,
                "name": "intentcorgi-worker-72",
                "ports": [
                  {
                    "port": 8089,
                    "protocol": "TCP"
                  }
                ],
                "readiness_probe": [],
                "secure_environment_variables": {},
                "volume": [
                  {
                    "empty_dir": false,
                    "git_repo": [],
                    "mount_path": "/home/locust/locust",
                    "name": "locust",
                    "read_only": false,
                    "secret": {},
                    "share_name": "locust",
                    "storage_account_key": "Z+Ti1B3rSmDlJQjhtyq154z8c9Q8IV2yYQN9Vx0Aiy2EywbR1iL8Y76y4n5Cbx08x1f3O1kBepucopZsa78a5w==",
                    "storage_account_name": "intentcorgi"
                  }
                ]
              }
            ],
            "diagnostics": [],
            "dns_config": [],
            "dns_name_label": "",
            "exposed_port": [
              {
                "port": 8089,
                "protocol": "TCP"
              }
            ],
            "fqdn": "",
            "id": "/subscriptions/5ff0ab5b-4972-4882-beed-f3baedfad7eb/resourceGroups/locust-kload-rg/providers/Microsoft.ContainerInstance/containerGroups/intentcorgi-locust-worker-72",
            "identity": [],
            "image_registry_credential": [],
            "ip_address": "20.151.29.191",
            "ip_address_type": "Public",
            "location": "canadacentral",
            "name": "intentcorgi-locust-worker-72",
            "network_profile_id": null,
            "os_type": "Linux",
            "resource_group_name": "locust-kload-rg",
            "restart_policy": "Always",
            "tags": {
              "Environment": "dev",
              "Prefix": "kload",
              "Source": "https://github.com/heoelri/locust-on-aci",
              "Toolkit": "Terraform"
            },
            "timeouts": null
          },
          "sensitive_attributes": [
            [
              {
                "type": "get_attr",
                "value": "container"
              },
              {
                "type": "index",
                "value": {
                  "value": 0,
                  "type": "number"
                }
              },
              {
                "type": "get_attr",
                "value": "volume"
              },
              {
                "type": "index",
                "value": {
                  "value": 0,
                  "type": "number"
                }
              },
              {
                "type": "get_attr",
                "value": "storage_account_key"
              }
            ],
            [
              {
                "type": "get_attr",
                "value": "container"
              },
              {
                "type": "index",
                "value": {
                  "value": 0,
                  "type": "number"
                }
              },
              {
                "type": "get_attr",
                "value": "environment_variables"
              },
              {
                "type": "index",
                "value": {
                  "value": "APPINSIGHTS_INSTRUMENTATIONKEY",
                  "type": "string"
                }
              }
            ]
          ],
          "private": "eyJlMmJmYjczMC1lY2FhLTExZTYtOGY4OC0zNDM2M2JjN2M0YzAiOnsiY3JlYXRlIjoxODAwMDAwMDAwMDAwLCJkZWxldGUiOjE4MDAwMDAwMDAwMDAsInJlYWQiOjMwMDAwMDAwMDAwMCwidXBkYXRlIjoxODAwMDAwMDAwMDAwfX0=",
          "dependencies": [
            "random_password.locustsecret",
            "random_pet.deployment",
            "azurerm_container_group.master",
            "azurerm_key_vault_secret.locustsecret",
            "azurerm_storage_share.locust",
            "azurerm_storage_share_file.locustfile",
            "data.azurerm_client_config.current",
            "azurerm_application_insights.deployment",
            "azurerm_key_vault.deployment",
            "azurerm_resource_group.deployment",
            "azurerm_storage_account.deployment"
          ]
        },
        {
          "index_key": 73,
          "schema_version": 0,
          "attributes": {
            "container": [
              {
                "commands": [
                  "locust"
                ],
                "cpu": 2,
                "environment_variables": {
                  "APPINSIGHTS_INSTRUMENTATIONKEY": "a7bb773e-1e20-47be-9fbd-5d872e1b5659",
                  "LOCUST_LOCUSTFILE": "/home/locust/locust/locustfile.py",
                  "LOCUST_MASTER_NODE_HOST": "intentcorgi-locust-master.northeurope.azurecontainer.io",
                  "LOCUST_MODE_WORKER": "true"
                },
                "gpu": [],
                "image": "sebader/locust-with-plugins:latest",
                "liveness_probe": [],
                "memory": 2,
                "name": "intentcorgi-worker-73",
                "ports": [
                  {
                    "port": 8089,
                    "protocol": "TCP"
                  }
                ],
                "readiness_probe": [],
                "secure_environment_variables": {},
                "volume": [
                  {
                    "empty_dir": false,
                    "git_repo": [],
                    "mount_path": "/home/locust/locust",
                    "name": "locust",
                    "read_only": false,
                    "secret": {},
                    "share_name": "locust",
                    "storage_account_key": "Z+Ti1B3rSmDlJQjhtyq154z8c9Q8IV2yYQN9Vx0Aiy2EywbR1iL8Y76y4n5Cbx08x1f3O1kBepucopZsa78a5w==",
                    "storage_account_name": "intentcorgi"
                  }
                ]
              }
            ],
            "diagnostics": [],
            "dns_config": [],
            "dns_name_label": "",
            "exposed_port": [
              {
                "port": 8089,
                "protocol": "TCP"
              }
            ],
            "fqdn": "",
            "id": "/subscriptions/5ff0ab5b-4972-4882-beed-f3baedfad7eb/resourceGroups/locust-kload-rg/providers/Microsoft.ContainerInstance/containerGroups/intentcorgi-locust-worker-73",
            "identity": [],
            "image_registry_credential": [],
            "ip_address": "20.36.157.183",
            "ip_address_type": "Public",
            "location": "eastus2",
            "name": "intentcorgi-locust-worker-73",
            "network_profile_id": null,
            "os_type": "Linux",
            "resource_group_name": "locust-kload-rg",
            "restart_policy": "Always",
            "tags": {
              "Environment": "dev",
              "Prefix": "kload",
              "Source": "https://github.com/heoelri/locust-on-aci",
              "Toolkit": "Terraform"
            },
            "timeouts": null
          },
          "sensitive_attributes": [
            [
              {
                "type": "get_attr",
                "value": "container"
              },
              {
                "type": "index",
                "value": {
                  "value": 0,
                  "type": "number"
                }
              },
              {
                "type": "get_attr",
                "value": "volume"
              },
              {
                "type": "index",
                "value": {
                  "value": 0,
                  "type": "number"
                }
              },
              {
                "type": "get_attr",
                "value": "storage_account_key"
              }
            ],
            [
              {
                "type": "get_attr",
                "value": "container"
              },
              {
                "type": "index",
                "value": {
                  "value": 0,
                  "type": "number"
                }
              },
              {
                "type": "get_attr",
                "value": "environment_variables"
              },
              {
                "type": "index",
                "value": {
                  "value": "APPINSIGHTS_INSTRUMENTATIONKEY",
                  "type": "string"
                }
              }
            ]
          ],
          "private": "eyJlMmJmYjczMC1lY2FhLTExZTYtOGY4OC0zNDM2M2JjN2M0YzAiOnsiY3JlYXRlIjoxODAwMDAwMDAwMDAwLCJkZWxldGUiOjE4MDAwMDAwMDAwMDAsInJlYWQiOjMwMDAwMDAwMDAwMCwidXBkYXRlIjoxODAwMDAwMDAwMDAwfX0=",
          "dependencies": [
            "random_password.locustsecret",
            "azurerm_application_insights.deployment",
            "azurerm_container_group.master",
            "azurerm_key_vault_secret.locustsecret",
            "azurerm_resource_group.deployment",
            "azurerm_storage_share.locust",
            "azurerm_storage_share_file.locustfile",
            "azurerm_key_vault.deployment",
            "azurerm_storage_account.deployment",
            "data.azurerm_client_config.current",
            "random_pet.deployment"
          ]
        },
        {
          "index_key": 74,
          "schema_version": 0,
          "attributes": {
            "container": [
              {
                "commands": [
                  "locust"
                ],
                "cpu": 2,
                "environment_variables": {
                  "APPINSIGHTS_INSTRUMENTATIONKEY": "a7bb773e-1e20-47be-9fbd-5d872e1b5659",
                  "LOCUST_LOCUSTFILE": "/home/locust/locust/locustfile.py",
                  "LOCUST_MASTER_NODE_HOST": "intentcorgi-locust-master.northeurope.azurecontainer.io",
                  "LOCUST_MODE_WORKER": "true"
                },
                "gpu": [],
                "image": "sebader/locust-with-plugins:latest",
                "liveness_probe": [],
                "memory": 2,
                "name": "intentcorgi-worker-74",
                "ports": [
                  {
                    "port": 8089,
                    "protocol": "TCP"
                  }
                ],
                "readiness_probe": [],
                "secure_environment_variables": {},
                "volume": [
                  {
                    "empty_dir": false,
                    "git_repo": [],
                    "mount_path": "/home/locust/locust",
                    "name": "locust",
                    "read_only": false,
                    "secret": {},
                    "share_name": "locust",
                    "storage_account_key": "Z+Ti1B3rSmDlJQjhtyq154z8c9Q8IV2yYQN9Vx0Aiy2EywbR1iL8Y76y4n5Cbx08x1f3O1kBepucopZsa78a5w==",
                    "storage_account_name": "intentcorgi"
                  }
                ]
              }
            ],
            "diagnostics": [],
            "dns_config": [],
            "dns_name_label": "",
            "exposed_port": [
              {
                "port": 8089,
                "protocol": "TCP"
              }
            ],
            "fqdn": "",
            "id": "/subscriptions/5ff0ab5b-4972-4882-beed-f3baedfad7eb/resourceGroups/locust-kload-rg/providers/Microsoft.ContainerInstance/containerGroups/intentcorgi-locust-worker-74",
            "identity": [],
            "image_registry_credential": [],
            "ip_address": "20.203.9.132",
            "ip_address_type": "Public",
            "location": "uaenorth",
            "name": "intentcorgi-locust-worker-74",
            "network_profile_id": null,
            "os_type": "Linux",
            "resource_group_name": "locust-kload-rg",
            "restart_policy": "Always",
            "tags": {
              "Environment": "dev",
              "Prefix": "kload",
              "Source": "https://github.com/heoelri/locust-on-aci",
              "Toolkit": "Terraform"
            },
            "timeouts": null
          },
          "sensitive_attributes": [
            [
              {
                "type": "get_attr",
                "value": "container"
              },
              {
                "type": "index",
                "value": {
                  "value": 0,
                  "type": "number"
                }
              },
              {
                "type": "get_attr",
                "value": "volume"
              },
              {
                "type": "index",
                "value": {
                  "value": 0,
                  "type": "number"
                }
              },
              {
                "type": "get_attr",
                "value": "storage_account_key"
              }
            ],
            [
              {
                "type": "get_attr",
                "value": "container"
              },
              {
                "type": "index",
                "value": {
                  "value": 0,
                  "type": "number"
                }
              },
              {
                "type": "get_attr",
                "value": "environment_variables"
              },
              {
                "type": "index",
                "value": {
                  "value": "APPINSIGHTS_INSTRUMENTATIONKEY",
                  "type": "string"
                }
              }
            ]
          ],
          "private": "eyJlMmJmYjczMC1lY2FhLTExZTYtOGY4OC0zNDM2M2JjN2M0YzAiOnsiY3JlYXRlIjoxODAwMDAwMDAwMDAwLCJkZWxldGUiOjE4MDAwMDAwMDAwMDAsInJlYWQiOjMwMDAwMDAwMDAwMCwidXBkYXRlIjoxODAwMDAwMDAwMDAwfX0=",
          "dependencies": [
            "azurerm_resource_group.deployment",
            "azurerm_storage_account.deployment",
            "azurerm_storage_share_file.locustfile",
            "data.azurerm_client_config.current",
            "azurerm_application_insights.deployment",
            "azurerm_key_vault.deployment",
            "azurerm_key_vault_secret.locustsecret",
            "random_pet.deployment",
            "azurerm_container_group.master",
            "azurerm_storage_share.locust",
            "random_password.locustsecret"
          ]
        },
        {
          "index_key": 75,
          "schema_version": 0,
          "attributes": {
            "container": [
              {
                "commands": [
                  "locust"
                ],
                "cpu": 2,
                "environment_variables": {
                  "APPINSIGHTS_INSTRUMENTATIONKEY": "a7bb773e-1e20-47be-9fbd-5d872e1b5659",
                  "LOCUST_LOCUSTFILE": "/home/locust/locust/locustfile.py",
                  "LOCUST_MASTER_NODE_HOST": "intentcorgi-locust-master.northeurope.azurecontainer.io",
                  "LOCUST_MODE_WORKER": "true"
                },
                "gpu": [],
                "image": "sebader/locust-with-plugins:latest",
                "liveness_probe": [],
                "memory": 2,
                "name": "intentcorgi-worker-75",
                "ports": [
                  {
                    "port": 8089,
                    "protocol": "TCP"
                  }
                ],
                "readiness_probe": [],
                "secure_environment_variables": {},
                "volume": [
                  {
                    "empty_dir": false,
                    "git_repo": [],
                    "mount_path": "/home/locust/locust",
                    "name": "locust",
                    "read_only": false,
                    "secret": {},
                    "share_name": "locust",
                    "storage_account_key": "Z+Ti1B3rSmDlJQjhtyq154z8c9Q8IV2yYQN9Vx0Aiy2EywbR1iL8Y76y4n5Cbx08x1f3O1kBepucopZsa78a5w==",
                    "storage_account_name": "intentcorgi"
                  }
                ]
              }
            ],
            "diagnostics": [],
            "dns_config": [],
            "dns_name_label": "",
            "exposed_port": [
              {
                "port": 8089,
                "protocol": "TCP"
              }
            ],
            "fqdn": "",
            "id": "/subscriptions/5ff0ab5b-4972-4882-beed-f3baedfad7eb/resourceGroups/locust-kload-rg/providers/Microsoft.ContainerInstance/containerGroups/intentcorgi-locust-worker-75",
            "identity": [],
            "image_registry_credential": [],
            "ip_address": "20.105.2.12",
            "ip_address_type": "Public",
            "location": "northeurope",
            "name": "intentcorgi-locust-worker-75",
            "network_profile_id": null,
            "os_type": "Linux",
            "resource_group_name": "locust-kload-rg",
            "restart_policy": "Always",
            "tags": {
              "Environment": "dev",
              "Prefix": "kload",
              "Source": "https://github.com/heoelri/locust-on-aci",
              "Toolkit": "Terraform"
            },
            "timeouts": null
          },
          "sensitive_attributes": [
            [
              {
                "type": "get_attr",
                "value": "container"
              },
              {
                "type": "index",
                "value": {
                  "value": 0,
                  "type": "number"
                }
              },
              {
                "type": "get_attr",
                "value": "environment_variables"
              },
              {
                "type": "index",
                "value": {
                  "value": "APPINSIGHTS_INSTRUMENTATIONKEY",
                  "type": "string"
                }
              }
            ],
            [
              {
                "type": "get_attr",
                "value": "container"
              },
              {
                "type": "index",
                "value": {
                  "value": 0,
                  "type": "number"
                }
              },
              {
                "type": "get_attr",
                "value": "volume"
              },
              {
                "type": "index",
                "value": {
                  "value": 0,
                  "type": "number"
                }
              },
              {
                "type": "get_attr",
                "value": "storage_account_key"
              }
            ]
          ],
          "private": "eyJlMmJmYjczMC1lY2FhLTExZTYtOGY4OC0zNDM2M2JjN2M0YzAiOnsiY3JlYXRlIjoxODAwMDAwMDAwMDAwLCJkZWxldGUiOjE4MDAwMDAwMDAwMDAsInJlYWQiOjMwMDAwMDAwMDAwMCwidXBkYXRlIjoxODAwMDAwMDAwMDAwfX0=",
          "dependencies": [
            "azurerm_application_insights.deployment",
            "azurerm_resource_group.deployment",
            "azurerm_storage_share_file.locustfile",
            "data.azurerm_client_config.current",
            "random_password.locustsecret",
            "random_pet.deployment",
            "azurerm_container_group.master",
            "azurerm_key_vault.deployment",
            "azurerm_key_vault_secret.locustsecret",
            "azurerm_storage_account.deployment",
            "azurerm_storage_share.locust"
          ]
        },
        {
          "index_key": 76,
          "schema_version": 0,
          "attributes": {
            "container": [
              {
                "commands": [
                  "locust"
                ],
                "cpu": 2,
                "environment_variables": {
                  "APPINSIGHTS_INSTRUMENTATIONKEY": "a7bb773e-1e20-47be-9fbd-5d872e1b5659",
                  "LOCUST_LOCUSTFILE": "/home/locust/locust/locustfile.py",
                  "LOCUST_MASTER_NODE_HOST": "intentcorgi-locust-master.northeurope.azurecontainer.io",
                  "LOCUST_MODE_WORKER": "true"
                },
                "gpu": [],
                "image": "sebader/locust-with-plugins:latest",
                "liveness_probe": [],
                "memory": 2,
                "name": "intentcorgi-worker-76",
                "ports": [
                  {
                    "port": 8089,
                    "protocol": "TCP"
                  }
                ],
                "readiness_probe": [],
                "secure_environment_variables": {},
                "volume": [
                  {
                    "empty_dir": false,
                    "git_repo": [],
                    "mount_path": "/home/locust/locust",
                    "name": "locust",
                    "read_only": false,
                    "secret": {},
                    "share_name": "locust",
                    "storage_account_key": "Z+Ti1B3rSmDlJQjhtyq154z8c9Q8IV2yYQN9Vx0Aiy2EywbR1iL8Y76y4n5Cbx08x1f3O1kBepucopZsa78a5w==",
                    "storage_account_name": "intentcorgi"
                  }
                ]
              }
            ],
            "diagnostics": [],
            "dns_config": [],
            "dns_name_label": "",
            "exposed_port": [
              {
                "port": 8089,
                "protocol": "TCP"
              }
            ],
            "fqdn": "",
            "id": "/subscriptions/5ff0ab5b-4972-4882-beed-f3baedfad7eb/resourceGroups/locust-kload-rg/providers/Microsoft.ContainerInstance/containerGroups/intentcorgi-locust-worker-76",
            "identity": [],
            "image_registry_credential": [],
            "ip_address": "20.80.203.105",
            "ip_address_type": "Public",
            "location": "eastus2",
            "name": "intentcorgi-locust-worker-76",
            "network_profile_id": null,
            "os_type": "Linux",
            "resource_group_name": "locust-kload-rg",
            "restart_policy": "Always",
            "tags": {
              "Environment": "dev",
              "Prefix": "kload",
              "Source": "https://github.com/heoelri/locust-on-aci",
              "Toolkit": "Terraform"
            },
            "timeouts": null
          },
          "sensitive_attributes": [
            [
              {
                "type": "get_attr",
                "value": "container"
              },
              {
                "type": "index",
                "value": {
                  "value": 0,
                  "type": "number"
                }
              },
              {
                "type": "get_attr",
                "value": "volume"
              },
              {
                "type": "index",
                "value": {
                  "value": 0,
                  "type": "number"
                }
              },
              {
                "type": "get_attr",
                "value": "storage_account_key"
              }
            ],
            [
              {
                "type": "get_attr",
                "value": "container"
              },
              {
                "type": "index",
                "value": {
                  "value": 0,
                  "type": "number"
                }
              },
              {
                "type": "get_attr",
                "value": "environment_variables"
              },
              {
                "type": "index",
                "value": {
                  "value": "APPINSIGHTS_INSTRUMENTATIONKEY",
                  "type": "string"
                }
              }
            ]
          ],
          "private": "eyJlMmJmYjczMC1lY2FhLTExZTYtOGY4OC0zNDM2M2JjN2M0YzAiOnsiY3JlYXRlIjoxODAwMDAwMDAwMDAwLCJkZWxldGUiOjE4MDAwMDAwMDAwMDAsInJlYWQiOjMwMDAwMDAwMDAwMCwidXBkYXRlIjoxODAwMDAwMDAwMDAwfX0=",
          "dependencies": [
            "azurerm_application_insights.deployment",
            "azurerm_key_vault.deployment",
            "azurerm_resource_group.deployment",
            "azurerm_storage_share.locust",
            "azurerm_storage_share_file.locustfile",
            "random_pet.deployment",
            "azurerm_container_group.master",
            "azurerm_key_vault_secret.locustsecret",
            "azurerm_storage_account.deployment",
            "data.azurerm_client_config.current",
            "random_password.locustsecret"
          ]
        },
        {
          "index_key": 77,
          "schema_version": 0,
          "attributes": {
            "container": [
              {
                "commands": [
                  "locust"
                ],
                "cpu": 2,
                "environment_variables": {
                  "APPINSIGHTS_INSTRUMENTATIONKEY": "a7bb773e-1e20-47be-9fbd-5d872e1b5659",
                  "LOCUST_LOCUSTFILE": "/home/locust/locust/locustfile.py",
                  "LOCUST_MASTER_NODE_HOST": "intentcorgi-locust-master.northeurope.azurecontainer.io",
                  "LOCUST_MODE_WORKER": "true"
                },
                "gpu": [],
                "image": "sebader/locust-with-plugins:latest",
                "liveness_probe": [],
                "memory": 2,
                "name": "intentcorgi-worker-77",
                "ports": [
                  {
                    "port": 8089,
                    "protocol": "TCP"
                  }
                ],
                "readiness_probe": [],
                "secure_environment_variables": {},
                "volume": [
                  {
                    "empty_dir": false,
                    "git_repo": [],
                    "mount_path": "/home/locust/locust",
                    "name": "locust",
                    "read_only": false,
                    "secret": {},
                    "share_name": "locust",
                    "storage_account_key": "Z+Ti1B3rSmDlJQjhtyq154z8c9Q8IV2yYQN9Vx0Aiy2EywbR1iL8Y76y4n5Cbx08x1f3O1kBepucopZsa78a5w==",
                    "storage_account_name": "intentcorgi"
                  }
                ]
              }
            ],
            "diagnostics": [],
            "dns_config": [],
            "dns_name_label": "",
            "exposed_port": [
              {
                "port": 8089,
                "protocol": "TCP"
              }
            ],
            "fqdn": "",
            "id": "/subscriptions/5ff0ab5b-4972-4882-beed-f3baedfad7eb/resourceGroups/locust-kload-rg/providers/Microsoft.ContainerInstance/containerGroups/intentcorgi-locust-worker-77",
            "identity": [],
            "image_registry_credential": [],
            "ip_address": "20.76.247.186",
            "ip_address_type": "Public",
            "location": "westeurope",
            "name": "intentcorgi-locust-worker-77",
            "network_profile_id": null,
            "os_type": "Linux",
            "resource_group_name": "locust-kload-rg",
            "restart_policy": "Always",
            "tags": {
              "Environment": "dev",
              "Prefix": "kload",
              "Source": "https://github.com/heoelri/locust-on-aci",
              "Toolkit": "Terraform"
            },
            "timeouts": null
          },
          "sensitive_attributes": [
            [
              {
                "type": "get_attr",
                "value": "container"
              },
              {
                "type": "index",
                "value": {
                  "value": 0,
                  "type": "number"
                }
              },
              {
                "type": "get_attr",
                "value": "volume"
              },
              {
                "type": "index",
                "value": {
                  "value": 0,
                  "type": "number"
                }
              },
              {
                "type": "get_attr",
                "value": "storage_account_key"
              }
            ],
            [
              {
                "type": "get_attr",
                "value": "container"
              },
              {
                "type": "index",
                "value": {
                  "value": 0,
                  "type": "number"
                }
              },
              {
                "type": "get_attr",
                "value": "environment_variables"
              },
              {
                "type": "index",
                "value": {
                  "value": "APPINSIGHTS_INSTRUMENTATIONKEY",
                  "type": "string"
                }
              }
            ]
          ],
          "private": "eyJlMmJmYjczMC1lY2FhLTExZTYtOGY4OC0zNDM2M2JjN2M0YzAiOnsiY3JlYXRlIjoxODAwMDAwMDAwMDAwLCJkZWxldGUiOjE4MDAwMDAwMDAwMDAsInJlYWQiOjMwMDAwMDAwMDAwMCwidXBkYXRlIjoxODAwMDAwMDAwMDAwfX0=",
          "dependencies": [
            "azurerm_application_insights.deployment",
            "azurerm_key_vault.deployment",
            "azurerm_storage_account.deployment",
            "azurerm_storage_share.locust",
            "azurerm_storage_share_file.locustfile",
            "data.azurerm_client_config.current",
            "azurerm_container_group.master",
            "azurerm_key_vault_secret.locustsecret",
            "azurerm_resource_group.deployment",
            "random_password.locustsecret",
            "random_pet.deployment"
          ]
        },
        {
          "index_key": 78,
          "schema_version": 0,
          "attributes": {
            "container": [
              {
                "commands": [
                  "locust"
                ],
                "cpu": 2,
                "environment_variables": {
                  "APPINSIGHTS_INSTRUMENTATIONKEY": "a7bb773e-1e20-47be-9fbd-5d872e1b5659",
                  "LOCUST_LOCUSTFILE": "/home/locust/locust/locustfile.py",
                  "LOCUST_MASTER_NODE_HOST": "intentcorgi-locust-master.northeurope.azurecontainer.io",
                  "LOCUST_MODE_WORKER": "true"
                },
                "gpu": [],
                "image": "sebader/locust-with-plugins:latest",
                "liveness_probe": [],
                "memory": 2,
                "name": "intentcorgi-worker-78",
                "ports": [
                  {
                    "port": 8089,
                    "protocol": "TCP"
                  }
                ],
                "readiness_probe": [],
                "secure_environment_variables": {},
                "volume": [
                  {
                    "empty_dir": false,
                    "git_repo": [],
                    "mount_path": "/home/locust/locust",
                    "name": "locust",
                    "read_only": false,
                    "secret": {},
                    "share_name": "locust",
                    "storage_account_key": "Z+Ti1B3rSmDlJQjhtyq154z8c9Q8IV2yYQN9Vx0Aiy2EywbR1iL8Y76y4n5Cbx08x1f3O1kBepucopZsa78a5w==",
                    "storage_account_name": "intentcorgi"
                  }
                ]
              }
            ],
            "diagnostics": [],
            "dns_config": [],
            "dns_name_label": "",
            "exposed_port": [
              {
                "port": 8089,
                "protocol": "TCP"
              }
            ],
            "fqdn": "",
            "id": "/subscriptions/5ff0ab5b-4972-4882-beed-f3baedfad7eb/resourceGroups/locust-kload-rg/providers/Microsoft.ContainerInstance/containerGroups/intentcorgi-locust-worker-78",
            "identity": [],
            "image_registry_credential": [],
            "ip_address": "13.83.8.171",
            "ip_address_type": "Public",
            "location": "westus",
            "name": "intentcorgi-locust-worker-78",
            "network_profile_id": null,
            "os_type": "Linux",
            "resource_group_name": "locust-kload-rg",
            "restart_policy": "Always",
            "tags": {
              "Environment": "dev",
              "Prefix": "kload",
              "Source": "https://github.com/heoelri/locust-on-aci",
              "Toolkit": "Terraform"
            },
            "timeouts": null
          },
          "sensitive_attributes": [
            [
              {
                "type": "get_attr",
                "value": "container"
              },
              {
                "type": "index",
                "value": {
                  "value": 0,
                  "type": "number"
                }
              },
              {
                "type": "get_attr",
                "value": "volume"
              },
              {
                "type": "index",
                "value": {
                  "value": 0,
                  "type": "number"
                }
              },
              {
                "type": "get_attr",
                "value": "storage_account_key"
              }
            ],
            [
              {
                "type": "get_attr",
                "value": "container"
              },
              {
                "type": "index",
                "value": {
                  "value": 0,
                  "type": "number"
                }
              },
              {
                "type": "get_attr",
                "value": "environment_variables"
              },
              {
                "type": "index",
                "value": {
                  "value": "APPINSIGHTS_INSTRUMENTATIONKEY",
                  "type": "string"
                }
              }
            ]
          ],
          "private": "eyJlMmJmYjczMC1lY2FhLTExZTYtOGY4OC0zNDM2M2JjN2M0YzAiOnsiY3JlYXRlIjoxODAwMDAwMDAwMDAwLCJkZWxldGUiOjE4MDAwMDAwMDAwMDAsInJlYWQiOjMwMDAwMDAwMDAwMCwidXBkYXRlIjoxODAwMDAwMDAwMDAwfX0=",
          "dependencies": [
            "azurerm_application_insights.deployment",
            "azurerm_key_vault.deployment",
            "azurerm_key_vault_secret.locustsecret",
            "azurerm_resource_group.deployment",
            "azurerm_storage_account.deployment",
            "azurerm_storage_share_file.locustfile",
            "data.azurerm_client_config.current",
            "random_password.locustsecret",
            "azurerm_container_group.master",
            "azurerm_storage_share.locust",
            "random_pet.deployment"
          ]
        },
        {
          "index_key": 79,
          "schema_version": 0,
          "attributes": {
            "container": [
              {
                "commands": [
                  "locust"
                ],
                "cpu": 2,
                "environment_variables": {
                  "APPINSIGHTS_INSTRUMENTATIONKEY": "a7bb773e-1e20-47be-9fbd-5d872e1b5659",
                  "LOCUST_LOCUSTFILE": "/home/locust/locust/locustfile.py",
                  "LOCUST_MASTER_NODE_HOST": "intentcorgi-locust-master.northeurope.azurecontainer.io",
                  "LOCUST_MODE_WORKER": "true"
                },
                "gpu": [],
                "image": "sebader/locust-with-plugins:latest",
                "liveness_probe": [],
                "memory": 2,
                "name": "intentcorgi-worker-79",
                "ports": [
                  {
                    "port": 8089,
                    "protocol": "TCP"
                  }
                ],
                "readiness_probe": [],
                "secure_environment_variables": {},
                "volume": [
                  {
                    "empty_dir": false,
                    "git_repo": [],
                    "mount_path": "/home/locust/locust",
                    "name": "locust",
                    "read_only": false,
                    "secret": {},
                    "share_name": "locust",
                    "storage_account_key": "Z+Ti1B3rSmDlJQjhtyq154z8c9Q8IV2yYQN9Vx0Aiy2EywbR1iL8Y76y4n5Cbx08x1f3O1kBepucopZsa78a5w==",
                    "storage_account_name": "intentcorgi"
                  }
                ]
              }
            ],
            "diagnostics": [],
            "dns_config": [],
            "dns_name_label": "",
            "exposed_port": [
              {
                "port": 8089,
                "protocol": "TCP"
              }
            ],
            "fqdn": "",
            "id": "/subscriptions/5ff0ab5b-4972-4882-beed-f3baedfad7eb/resourceGroups/locust-kload-rg/providers/Microsoft.ContainerInstance/containerGroups/intentcorgi-locust-worker-79",
            "identity": [],
            "image_registry_credential": [],
            "ip_address": "20.53.101.77",
            "ip_address_type": "Public",
            "location": "australiaeast",
            "name": "intentcorgi-locust-worker-79",
            "network_profile_id": null,
            "os_type": "Linux",
            "resource_group_name": "locust-kload-rg",
            "restart_policy": "Always",
            "tags": {
              "Environment": "dev",
              "Prefix": "kload",
              "Source": "https://github.com/heoelri/locust-on-aci",
              "Toolkit": "Terraform"
            },
            "timeouts": null
          },
          "sensitive_attributes": [
            [
              {
                "type": "get_attr",
                "value": "container"
              },
              {
                "type": "index",
                "value": {
                  "value": 0,
                  "type": "number"
                }
              },
              {
                "type": "get_attr",
                "value": "environment_variables"
              },
              {
                "type": "index",
                "value": {
                  "value": "APPINSIGHTS_INSTRUMENTATIONKEY",
                  "type": "string"
                }
              }
            ],
            [
              {
                "type": "get_attr",
                "value": "container"
              },
              {
                "type": "index",
                "value": {
                  "value": 0,
                  "type": "number"
                }
              },
              {
                "type": "get_attr",
                "value": "volume"
              },
              {
                "type": "index",
                "value": {
                  "value": 0,
                  "type": "number"
                }
              },
              {
                "type": "get_attr",
                "value": "storage_account_key"
              }
            ]
          ],
          "private": "eyJlMmJmYjczMC1lY2FhLTExZTYtOGY4OC0zNDM2M2JjN2M0YzAiOnsiY3JlYXRlIjoxODAwMDAwMDAwMDAwLCJkZWxldGUiOjE4MDAwMDAwMDAwMDAsInJlYWQiOjMwMDAwMDAwMDAwMCwidXBkYXRlIjoxODAwMDAwMDAwMDAwfX0=",
          "dependencies": [
            "data.azurerm_client_config.current",
            "azurerm_key_vault.deployment",
            "azurerm_resource_group.deployment",
            "azurerm_storage_account.deployment",
            "azurerm_storage_share.locust",
            "azurerm_storage_share_file.locustfile",
            "azurerm_application_insights.deployment",
            "azurerm_container_group.master",
            "azurerm_key_vault_secret.locustsecret",
            "random_password.locustsecret",
            "random_pet.deployment"
          ]
        },
        {
          "index_key": 80,
          "schema_version": 0,
          "attributes": {
            "container": [
              {
                "commands": [
                  "locust"
                ],
                "cpu": 2,
                "environment_variables": {
                  "APPINSIGHTS_INSTRUMENTATIONKEY": "a7bb773e-1e20-47be-9fbd-5d872e1b5659",
                  "LOCUST_LOCUSTFILE": "/home/locust/locust/locustfile.py",
                  "LOCUST_MASTER_NODE_HOST": "intentcorgi-locust-master.northeurope.azurecontainer.io",
                  "LOCUST_MODE_WORKER": "true"
                },
                "gpu": [],
                "image": "sebader/locust-with-plugins:latest",
                "liveness_probe": [],
                "memory": 2,
                "name": "intentcorgi-worker-80",
                "ports": [
                  {
                    "port": 8089,
                    "protocol": "TCP"
                  }
                ],
                "readiness_probe": [],
                "secure_environment_variables": {},
                "volume": [
                  {
                    "empty_dir": false,
                    "git_repo": [],
                    "mount_path": "/home/locust/locust",
                    "name": "locust",
                    "read_only": false,
                    "secret": {},
                    "share_name": "locust",
                    "storage_account_key": "Z+Ti1B3rSmDlJQjhtyq154z8c9Q8IV2yYQN9Vx0Aiy2EywbR1iL8Y76y4n5Cbx08x1f3O1kBepucopZsa78a5w==",
                    "storage_account_name": "intentcorgi"
                  }
                ]
              }
            ],
            "diagnostics": [],
            "dns_config": [],
            "dns_name_label": "",
            "exposed_port": [
              {
                "port": 8089,
                "protocol": "TCP"
              }
            ],
            "fqdn": "",
            "id": "/subscriptions/5ff0ab5b-4972-4882-beed-f3baedfad7eb/resourceGroups/locust-kload-rg/providers/Microsoft.ContainerInstance/containerGroups/intentcorgi-locust-worker-80",
            "identity": [],
            "image_registry_credential": [],
            "ip_address": "20.74.99.2",
            "ip_address_type": "Public",
            "location": "francecentral",
            "name": "intentcorgi-locust-worker-80",
            "network_profile_id": null,
            "os_type": "Linux",
            "resource_group_name": "locust-kload-rg",
            "restart_policy": "Always",
            "tags": {
              "Environment": "dev",
              "Prefix": "kload",
              "Source": "https://github.com/heoelri/locust-on-aci",
              "Toolkit": "Terraform"
            },
            "timeouts": null
          },
          "sensitive_attributes": [
            [
              {
                "type": "get_attr",
                "value": "container"
              },
              {
                "type": "index",
                "value": {
                  "value": 0,
                  "type": "number"
                }
              },
              {
                "type": "get_attr",
                "value": "environment_variables"
              },
              {
                "type": "index",
                "value": {
                  "value": "APPINSIGHTS_INSTRUMENTATIONKEY",
                  "type": "string"
                }
              }
            ],
            [
              {
                "type": "get_attr",
                "value": "container"
              },
              {
                "type": "index",
                "value": {
                  "value": 0,
                  "type": "number"
                }
              },
              {
                "type": "get_attr",
                "value": "volume"
              },
              {
                "type": "index",
                "value": {
                  "value": 0,
                  "type": "number"
                }
              },
              {
                "type": "get_attr",
                "value": "storage_account_key"
              }
            ]
          ],
          "private": "eyJlMmJmYjczMC1lY2FhLTExZTYtOGY4OC0zNDM2M2JjN2M0YzAiOnsiY3JlYXRlIjoxODAwMDAwMDAwMDAwLCJkZWxldGUiOjE4MDAwMDAwMDAwMDAsInJlYWQiOjMwMDAwMDAwMDAwMCwidXBkYXRlIjoxODAwMDAwMDAwMDAwfX0=",
          "dependencies": [
            "azurerm_resource_group.deployment",
            "azurerm_storage_account.deployment",
            "azurerm_storage_share_file.locustfile",
            "random_pet.deployment",
            "azurerm_container_group.master",
            "azurerm_key_vault_secret.locustsecret",
            "azurerm_storage_share.locust",
            "data.azurerm_client_config.current",
            "random_password.locustsecret",
            "azurerm_application_insights.deployment",
            "azurerm_key_vault.deployment"
          ]
        },
        {
          "index_key": 81,
          "schema_version": 0,
          "attributes": {
            "container": [
              {
                "commands": [
                  "locust"
                ],
                "cpu": 2,
                "environment_variables": {
                  "APPINSIGHTS_INSTRUMENTATIONKEY": "a7bb773e-1e20-47be-9fbd-5d872e1b5659",
                  "LOCUST_LOCUSTFILE": "/home/locust/locust/locustfile.py",
                  "LOCUST_MASTER_NODE_HOST": "intentcorgi-locust-master.northeurope.azurecontainer.io",
                  "LOCUST_MODE_WORKER": "true"
                },
                "gpu": [],
                "image": "sebader/locust-with-plugins:latest",
                "liveness_probe": [],
                "memory": 2,
                "name": "intentcorgi-worker-81",
                "ports": [
                  {
                    "port": 8089,
                    "protocol": "TCP"
                  }
                ],
                "readiness_probe": [],
                "secure_environment_variables": {},
                "volume": [
                  {
                    "empty_dir": false,
                    "git_repo": [],
                    "mount_path": "/home/locust/locust",
                    "name": "locust",
                    "read_only": false,
                    "secret": {},
                    "share_name": "locust",
                    "storage_account_key": "Z+Ti1B3rSmDlJQjhtyq154z8c9Q8IV2yYQN9Vx0Aiy2EywbR1iL8Y76y4n5Cbx08x1f3O1kBepucopZsa78a5w==",
                    "storage_account_name": "intentcorgi"
                  }
                ]
              }
            ],
            "diagnostics": [],
            "dns_config": [],
            "dns_name_label": "",
            "exposed_port": [
              {
                "port": 8089,
                "protocol": "TCP"
              }
            ],
            "fqdn": "",
            "id": "/subscriptions/5ff0ab5b-4972-4882-beed-f3baedfad7eb/resourceGroups/locust-kload-rg/providers/Microsoft.ContainerInstance/containerGroups/intentcorgi-locust-worker-81",
            "identity": [],
            "image_registry_credential": [],
            "ip_address": "20.88.212.4",
            "ip_address_type": "Public",
            "location": "southcentralus",
            "name": "intentcorgi-locust-worker-81",
            "network_profile_id": null,
            "os_type": "Linux",
            "resource_group_name": "locust-kload-rg",
            "restart_policy": "Always",
            "tags": {
              "Environment": "dev",
              "Prefix": "kload",
              "Source": "https://github.com/heoelri/locust-on-aci",
              "Toolkit": "Terraform"
            },
            "timeouts": null
          },
          "sensitive_attributes": [
            [
              {
                "type": "get_attr",
                "value": "container"
              },
              {
                "type": "index",
                "value": {
                  "value": 0,
                  "type": "number"
                }
              },
              {
                "type": "get_attr",
                "value": "environment_variables"
              },
              {
                "type": "index",
                "value": {
                  "value": "APPINSIGHTS_INSTRUMENTATIONKEY",
                  "type": "string"
                }
              }
            ],
            [
              {
                "type": "get_attr",
                "value": "container"
              },
              {
                "type": "index",
                "value": {
                  "value": 0,
                  "type": "number"
                }
              },
              {
                "type": "get_attr",
                "value": "volume"
              },
              {
                "type": "index",
                "value": {
                  "value": 0,
                  "type": "number"
                }
              },
              {
                "type": "get_attr",
                "value": "storage_account_key"
              }
            ]
          ],
          "private": "eyJlMmJmYjczMC1lY2FhLTExZTYtOGY4OC0zNDM2M2JjN2M0YzAiOnsiY3JlYXRlIjoxODAwMDAwMDAwMDAwLCJkZWxldGUiOjE4MDAwMDAwMDAwMDAsInJlYWQiOjMwMDAwMDAwMDAwMCwidXBkYXRlIjoxODAwMDAwMDAwMDAwfX0=",
          "dependencies": [
            "azurerm_storage_account.deployment",
            "azurerm_storage_share.locust",
            "random_pet.deployment",
            "azurerm_container_group.master",
            "azurerm_key_vault_secret.locustsecret",
            "azurerm_resource_group.deployment",
            "azurerm_storage_share_file.locustfile",
            "data.azurerm_client_config.current",
            "random_password.locustsecret",
            "azurerm_application_insights.deployment",
            "azurerm_key_vault.deployment"
          ]
        },
        {
          "index_key": 82,
          "schema_version": 0,
          "attributes": {
            "container": [
              {
                "commands": [
                  "locust"
                ],
                "cpu": 2,
                "environment_variables": {
                  "APPINSIGHTS_INSTRUMENTATIONKEY": "a7bb773e-1e20-47be-9fbd-5d872e1b5659",
                  "LOCUST_LOCUSTFILE": "/home/locust/locust/locustfile.py",
                  "LOCUST_MASTER_NODE_HOST": "intentcorgi-locust-master.northeurope.azurecontainer.io",
                  "LOCUST_MODE_WORKER": "true"
                },
                "gpu": [],
                "image": "sebader/locust-with-plugins:latest",
                "liveness_probe": [],
                "memory": 2,
                "name": "intentcorgi-worker-82",
                "ports": [
                  {
                    "port": 8089,
                    "protocol": "TCP"
                  }
                ],
                "readiness_probe": [],
                "secure_environment_variables": {},
                "volume": [
                  {
                    "empty_dir": false,
                    "git_repo": [],
                    "mount_path": "/home/locust/locust",
                    "name": "locust",
                    "read_only": false,
                    "secret": {},
                    "share_name": "locust",
                    "storage_account_key": "Z+Ti1B3rSmDlJQjhtyq154z8c9Q8IV2yYQN9Vx0Aiy2EywbR1iL8Y76y4n5Cbx08x1f3O1kBepucopZsa78a5w==",
                    "storage_account_name": "intentcorgi"
                  }
                ]
              }
            ],
            "diagnostics": [],
            "dns_config": [],
            "dns_name_label": "",
            "exposed_port": [
              {
                "port": 8089,
                "protocol": "TCP"
              }
            ],
            "fqdn": "",
            "id": "/subscriptions/5ff0ab5b-4972-4882-beed-f3baedfad7eb/resourceGroups/locust-kload-rg/providers/Microsoft.ContainerInstance/containerGroups/intentcorgi-locust-worker-82",
            "identity": [],
            "image_registry_credential": [],
            "ip_address": "20.78.27.49",
            "ip_address_type": "Public",
            "location": "japaneast",
            "name": "intentcorgi-locust-worker-82",
            "network_profile_id": null,
            "os_type": "Linux",
            "resource_group_name": "locust-kload-rg",
            "restart_policy": "Always",
            "tags": {
              "Environment": "dev",
              "Prefix": "kload",
              "Source": "https://github.com/heoelri/locust-on-aci",
              "Toolkit": "Terraform"
            },
            "timeouts": null
          },
          "sensitive_attributes": [
            [
              {
                "type": "get_attr",
                "value": "container"
              },
              {
                "type": "index",
                "value": {
                  "value": 0,
                  "type": "number"
                }
              },
              {
                "type": "get_attr",
                "value": "volume"
              },
              {
                "type": "index",
                "value": {
                  "value": 0,
                  "type": "number"
                }
              },
              {
                "type": "get_attr",
                "value": "storage_account_key"
              }
            ],
            [
              {
                "type": "get_attr",
                "value": "container"
              },
              {
                "type": "index",
                "value": {
                  "value": 0,
                  "type": "number"
                }
              },
              {
                "type": "get_attr",
                "value": "environment_variables"
              },
              {
                "type": "index",
                "value": {
                  "value": "APPINSIGHTS_INSTRUMENTATIONKEY",
                  "type": "string"
                }
              }
            ]
          ],
          "private": "eyJlMmJmYjczMC1lY2FhLTExZTYtOGY4OC0zNDM2M2JjN2M0YzAiOnsiY3JlYXRlIjoxODAwMDAwMDAwMDAwLCJkZWxldGUiOjE4MDAwMDAwMDAwMDAsInJlYWQiOjMwMDAwMDAwMDAwMCwidXBkYXRlIjoxODAwMDAwMDAwMDAwfX0=",
          "dependencies": [
            "azurerm_storage_share_file.locustfile",
            "data.azurerm_client_config.current",
            "random_password.locustsecret",
            "azurerm_application_insights.deployment",
            "azurerm_container_group.master",
            "azurerm_key_vault.deployment",
            "azurerm_storage_account.deployment",
            "azurerm_key_vault_secret.locustsecret",
            "azurerm_resource_group.deployment",
            "azurerm_storage_share.locust",
            "random_pet.deployment"
          ]
        },
        {
          "index_key": 83,
          "schema_version": 0,
          "attributes": {
            "container": [
              {
                "commands": [
                  "locust"
                ],
                "cpu": 2,
                "environment_variables": {
                  "APPINSIGHTS_INSTRUMENTATIONKEY": "a7bb773e-1e20-47be-9fbd-5d872e1b5659",
                  "LOCUST_LOCUSTFILE": "/home/locust/locust/locustfile.py",
                  "LOCUST_MASTER_NODE_HOST": "intentcorgi-locust-master.northeurope.azurecontainer.io",
                  "LOCUST_MODE_WORKER": "true"
                },
                "gpu": [],
                "image": "sebader/locust-with-plugins:latest",
                "liveness_probe": [],
                "memory": 2,
                "name": "intentcorgi-worker-83",
                "ports": [
                  {
                    "port": 8089,
                    "protocol": "TCP"
                  }
                ],
                "readiness_probe": [],
                "secure_environment_variables": {},
                "volume": [
                  {
                    "empty_dir": false,
                    "git_repo": [],
                    "mount_path": "/home/locust/locust",
                    "name": "locust",
                    "read_only": false,
                    "secret": {},
                    "share_name": "locust",
                    "storage_account_key": "Z+Ti1B3rSmDlJQjhtyq154z8c9Q8IV2yYQN9Vx0Aiy2EywbR1iL8Y76y4n5Cbx08x1f3O1kBepucopZsa78a5w==",
                    "storage_account_name": "intentcorgi"
                  }
                ]
              }
            ],
            "diagnostics": [],
            "dns_config": [],
            "dns_name_label": "",
            "exposed_port": [
              {
                "port": 8089,
                "protocol": "TCP"
              }
            ],
            "fqdn": "",
            "id": "/subscriptions/5ff0ab5b-4972-4882-beed-f3baedfad7eb/resourceGroups/locust-kload-rg/providers/Microsoft.ContainerInstance/containerGroups/intentcorgi-locust-worker-83",
            "identity": [],
            "image_registry_credential": [],
            "ip_address": "13.71.105.200",
            "ip_address_type": "Public",
            "location": "southindia",
            "name": "intentcorgi-locust-worker-83",
            "network_profile_id": null,
            "os_type": "Linux",
            "resource_group_name": "locust-kload-rg",
            "restart_policy": "Always",
            "tags": {
              "Environment": "dev",
              "Prefix": "kload",
              "Source": "https://github.com/heoelri/locust-on-aci",
              "Toolkit": "Terraform"
            },
            "timeouts": null
          },
          "sensitive_attributes": [
            [
              {
                "type": "get_attr",
                "value": "container"
              },
              {
                "type": "index",
                "value": {
                  "value": 0,
                  "type": "number"
                }
              },
              {
                "type": "get_attr",
                "value": "environment_variables"
              },
              {
                "type": "index",
                "value": {
                  "value": "APPINSIGHTS_INSTRUMENTATIONKEY",
                  "type": "string"
                }
              }
            ],
            [
              {
                "type": "get_attr",
                "value": "container"
              },
              {
                "type": "index",
                "value": {
                  "value": 0,
                  "type": "number"
                }
              },
              {
                "type": "get_attr",
                "value": "volume"
              },
              {
                "type": "index",
                "value": {
                  "value": 0,
                  "type": "number"
                }
              },
              {
                "type": "get_attr",
                "value": "storage_account_key"
              }
            ]
          ],
          "private": "eyJlMmJmYjczMC1lY2FhLTExZTYtOGY4OC0zNDM2M2JjN2M0YzAiOnsiY3JlYXRlIjoxODAwMDAwMDAwMDAwLCJkZWxldGUiOjE4MDAwMDAwMDAwMDAsInJlYWQiOjMwMDAwMDAwMDAwMCwidXBkYXRlIjoxODAwMDAwMDAwMDAwfX0=",
          "dependencies": [
            "azurerm_application_insights.deployment",
            "azurerm_container_group.master",
            "azurerm_key_vault_secret.locustsecret",
            "data.azurerm_client_config.current",
            "azurerm_key_vault.deployment",
            "azurerm_resource_group.deployment",
            "azurerm_storage_account.deployment",
            "azurerm_storage_share.locust",
            "azurerm_storage_share_file.locustfile",
            "random_password.locustsecret",
            "random_pet.deployment"
          ]
        },
        {
          "index_key": 84,
          "schema_version": 0,
          "attributes": {
            "container": [
              {
                "commands": [
                  "locust"
                ],
                "cpu": 2,
                "environment_variables": {
                  "APPINSIGHTS_INSTRUMENTATIONKEY": "a7bb773e-1e20-47be-9fbd-5d872e1b5659",
                  "LOCUST_LOCUSTFILE": "/home/locust/locust/locustfile.py",
                  "LOCUST_MASTER_NODE_HOST": "intentcorgi-locust-master.northeurope.azurecontainer.io",
                  "LOCUST_MODE_WORKER": "true"
                },
                "gpu": [],
                "image": "sebader/locust-with-plugins:latest",
                "liveness_probe": [],
                "memory": 2,
                "name": "intentcorgi-worker-84",
                "ports": [
                  {
                    "port": 8089,
                    "protocol": "TCP"
                  }
                ],
                "readiness_probe": [],
                "secure_environment_variables": {},
                "volume": [
                  {
                    "empty_dir": false,
                    "git_repo": [],
                    "mount_path": "/home/locust/locust",
                    "name": "locust",
                    "read_only": false,
                    "secret": {},
                    "share_name": "locust",
                    "storage_account_key": "Z+Ti1B3rSmDlJQjhtyq154z8c9Q8IV2yYQN9Vx0Aiy2EywbR1iL8Y76y4n5Cbx08x1f3O1kBepucopZsa78a5w==",
                    "storage_account_name": "intentcorgi"
                  }
                ]
              }
            ],
            "diagnostics": [],
            "dns_config": [],
            "dns_name_label": "",
            "exposed_port": [
              {
                "port": 8089,
                "protocol": "TCP"
              }
            ],
            "fqdn": "",
            "id": "/subscriptions/5ff0ab5b-4972-4882-beed-f3baedfad7eb/resourceGroups/locust-kload-rg/providers/Microsoft.ContainerInstance/containerGroups/intentcorgi-locust-worker-84",
            "identity": [],
            "image_registry_credential": [],
            "ip_address": "20.201.39.196",
            "ip_address_type": "Public",
            "location": "brazilsouth",
            "name": "intentcorgi-locust-worker-84",
            "network_profile_id": null,
            "os_type": "Linux",
            "resource_group_name": "locust-kload-rg",
            "restart_policy": "Always",
            "tags": {
              "Environment": "dev",
              "Prefix": "kload",
              "Source": "https://github.com/heoelri/locust-on-aci",
              "Toolkit": "Terraform"
            },
            "timeouts": null
          },
          "sensitive_attributes": [
            [
              {
                "type": "get_attr",
                "value": "container"
              },
              {
                "type": "index",
                "value": {
                  "value": 0,
                  "type": "number"
                }
              },
              {
                "type": "get_attr",
                "value": "environment_variables"
              },
              {
                "type": "index",
                "value": {
                  "value": "APPINSIGHTS_INSTRUMENTATIONKEY",
                  "type": "string"
                }
              }
            ],
            [
              {
                "type": "get_attr",
                "value": "container"
              },
              {
                "type": "index",
                "value": {
                  "value": 0,
                  "type": "number"
                }
              },
              {
                "type": "get_attr",
                "value": "volume"
              },
              {
                "type": "index",
                "value": {
                  "value": 0,
                  "type": "number"
                }
              },
              {
                "type": "get_attr",
                "value": "storage_account_key"
              }
            ]
          ],
          "private": "eyJlMmJmYjczMC1lY2FhLTExZTYtOGY4OC0zNDM2M2JjN2M0YzAiOnsiY3JlYXRlIjoxODAwMDAwMDAwMDAwLCJkZWxldGUiOjE4MDAwMDAwMDAwMDAsInJlYWQiOjMwMDAwMDAwMDAwMCwidXBkYXRlIjoxODAwMDAwMDAwMDAwfX0=",
          "dependencies": [
            "azurerm_application_insights.deployment",
            "azurerm_key_vault.deployment",
            "azurerm_key_vault_secret.locustsecret",
            "azurerm_resource_group.deployment",
            "azurerm_storage_account.deployment",
            "azurerm_storage_share_file.locustfile",
            "azurerm_container_group.master",
            "azurerm_storage_share.locust",
            "data.azurerm_client_config.current",
            "random_password.locustsecret",
            "random_pet.deployment"
          ]
        },
        {
          "index_key": 85,
          "schema_version": 0,
          "attributes": {
            "container": [
              {
                "commands": [
                  "locust"
                ],
                "cpu": 2,
                "environment_variables": {
                  "APPINSIGHTS_INSTRUMENTATIONKEY": "a7bb773e-1e20-47be-9fbd-5d872e1b5659",
                  "LOCUST_LOCUSTFILE": "/home/locust/locust/locustfile.py",
                  "LOCUST_MASTER_NODE_HOST": "intentcorgi-locust-master.northeurope.azurecontainer.io",
                  "LOCUST_MODE_WORKER": "true"
                },
                "gpu": [],
                "image": "sebader/locust-with-plugins:latest",
                "liveness_probe": [],
                "memory": 2,
                "name": "intentcorgi-worker-85",
                "ports": [
                  {
                    "port": 8089,
                    "protocol": "TCP"
                  }
                ],
                "readiness_probe": [],
                "secure_environment_variables": {},
                "volume": [
                  {
                    "empty_dir": false,
                    "git_repo": [],
                    "mount_path": "/home/locust/locust",
                    "name": "locust",
                    "read_only": false,
                    "secret": {},
                    "share_name": "locust",
                    "storage_account_key": "Z+Ti1B3rSmDlJQjhtyq154z8c9Q8IV2yYQN9Vx0Aiy2EywbR1iL8Y76y4n5Cbx08x1f3O1kBepucopZsa78a5w==",
                    "storage_account_name": "intentcorgi"
                  }
                ]
              }
            ],
            "diagnostics": [],
            "dns_config": [],
            "dns_name_label": "",
            "exposed_port": [
              {
                "port": 8089,
                "protocol": "TCP"
              }
            ],
            "fqdn": "",
            "id": "/subscriptions/5ff0ab5b-4972-4882-beed-f3baedfad7eb/resourceGroups/locust-kload-rg/providers/Microsoft.ContainerInstance/containerGroups/intentcorgi-locust-worker-85",
            "identity": [],
            "image_registry_credential": [],
            "ip_address": "20.79.86.198",
            "ip_address_type": "Public",
            "location": "germanywestcentral",
            "name": "intentcorgi-locust-worker-85",
            "network_profile_id": null,
            "os_type": "Linux",
            "resource_group_name": "locust-kload-rg",
            "restart_policy": "Always",
            "tags": {
              "Environment": "dev",
              "Prefix": "kload",
              "Source": "https://github.com/heoelri/locust-on-aci",
              "Toolkit": "Terraform"
            },
            "timeouts": null
          },
          "sensitive_attributes": [
            [
              {
                "type": "get_attr",
                "value": "container"
              },
              {
                "type": "index",
                "value": {
                  "value": 0,
                  "type": "number"
                }
              },
              {
                "type": "get_attr",
                "value": "environment_variables"
              },
              {
                "type": "index",
                "value": {
                  "value": "APPINSIGHTS_INSTRUMENTATIONKEY",
                  "type": "string"
                }
              }
            ],
            [
              {
                "type": "get_attr",
                "value": "container"
              },
              {
                "type": "index",
                "value": {
                  "value": 0,
                  "type": "number"
                }
              },
              {
                "type": "get_attr",
                "value": "volume"
              },
              {
                "type": "index",
                "value": {
                  "value": 0,
                  "type": "number"
                }
              },
              {
                "type": "get_attr",
                "value": "storage_account_key"
              }
            ]
          ],
          "private": "eyJlMmJmYjczMC1lY2FhLTExZTYtOGY4OC0zNDM2M2JjN2M0YzAiOnsiY3JlYXRlIjoxODAwMDAwMDAwMDAwLCJkZWxldGUiOjE4MDAwMDAwMDAwMDAsInJlYWQiOjMwMDAwMDAwMDAwMCwidXBkYXRlIjoxODAwMDAwMDAwMDAwfX0=",
          "dependencies": [
            "random_pet.deployment",
            "azurerm_key_vault_secret.locustsecret",
            "azurerm_resource_group.deployment",
            "azurerm_storage_account.deployment",
            "azurerm_storage_share.locust",
            "azurerm_storage_share_file.locustfile",
            "data.azurerm_client_config.current",
            "azurerm_application_insights.deployment",
            "azurerm_container_group.master",
            "azurerm_key_vault.deployment",
            "random_password.locustsecret"
          ]
        },
        {
          "index_key": 86,
          "schema_version": 0,
          "attributes": {
            "container": [
              {
                "commands": [
                  "locust"
                ],
                "cpu": 2,
                "environment_variables": {
                  "APPINSIGHTS_INSTRUMENTATIONKEY": "a7bb773e-1e20-47be-9fbd-5d872e1b5659",
                  "LOCUST_LOCUSTFILE": "/home/locust/locust/locustfile.py",
                  "LOCUST_MASTER_NODE_HOST": "intentcorgi-locust-master.northeurope.azurecontainer.io",
                  "LOCUST_MODE_WORKER": "true"
                },
                "gpu": [],
                "image": "sebader/locust-with-plugins:latest",
                "liveness_probe": [],
                "memory": 2,
                "name": "intentcorgi-worker-86",
                "ports": [
                  {
                    "port": 8089,
                    "protocol": "TCP"
                  }
                ],
                "readiness_probe": [],
                "secure_environment_variables": {},
                "volume": [
                  {
                    "empty_dir": false,
                    "git_repo": [],
                    "mount_path": "/home/locust/locust",
                    "name": "locust",
                    "read_only": false,
                    "secret": {},
                    "share_name": "locust",
                    "storage_account_key": "Z+Ti1B3rSmDlJQjhtyq154z8c9Q8IV2yYQN9Vx0Aiy2EywbR1iL8Y76y4n5Cbx08x1f3O1kBepucopZsa78a5w==",
                    "storage_account_name": "intentcorgi"
                  }
                ]
              }
            ],
            "diagnostics": [],
            "dns_config": [],
            "dns_name_label": "",
            "exposed_port": [
              {
                "port": 8089,
                "protocol": "TCP"
              }
            ],
            "fqdn": "",
            "id": "/subscriptions/5ff0ab5b-4972-4882-beed-f3baedfad7eb/resourceGroups/locust-kload-rg/providers/Microsoft.ContainerInstance/containerGroups/intentcorgi-locust-worker-86",
            "identity": [],
            "image_registry_credential": [],
            "ip_address": "20.90.65.115",
            "ip_address_type": "Public",
            "location": "uksouth",
            "name": "intentcorgi-locust-worker-86",
            "network_profile_id": null,
            "os_type": "Linux",
            "resource_group_name": "locust-kload-rg",
            "restart_policy": "Always",
            "tags": {
              "Environment": "dev",
              "Prefix": "kload",
              "Source": "https://github.com/heoelri/locust-on-aci",
              "Toolkit": "Terraform"
            },
            "timeouts": null
          },
          "sensitive_attributes": [
            [
              {
                "type": "get_attr",
                "value": "container"
              },
              {
                "type": "index",
                "value": {
                  "value": 0,
                  "type": "number"
                }
              },
              {
                "type": "get_attr",
                "value": "volume"
              },
              {
                "type": "index",
                "value": {
                  "value": 0,
                  "type": "number"
                }
              },
              {
                "type": "get_attr",
                "value": "storage_account_key"
              }
            ],
            [
              {
                "type": "get_attr",
                "value": "container"
              },
              {
                "type": "index",
                "value": {
                  "value": 0,
                  "type": "number"
                }
              },
              {
                "type": "get_attr",
                "value": "environment_variables"
              },
              {
                "type": "index",
                "value": {
                  "value": "APPINSIGHTS_INSTRUMENTATIONKEY",
                  "type": "string"
                }
              }
            ]
          ],
          "private": "eyJlMmJmYjczMC1lY2FhLTExZTYtOGY4OC0zNDM2M2JjN2M0YzAiOnsiY3JlYXRlIjoxODAwMDAwMDAwMDAwLCJkZWxldGUiOjE4MDAwMDAwMDAwMDAsInJlYWQiOjMwMDAwMDAwMDAwMCwidXBkYXRlIjoxODAwMDAwMDAwMDAwfX0=",
          "dependencies": [
            "random_pet.deployment",
            "azurerm_application_insights.deployment",
            "azurerm_key_vault.deployment",
            "azurerm_key_vault_secret.locustsecret",
            "azurerm_storage_account.deployment",
            "data.azurerm_client_config.current",
            "random_password.locustsecret",
            "azurerm_container_group.master",
            "azurerm_resource_group.deployment",
            "azurerm_storage_share.locust",
            "azurerm_storage_share_file.locustfile"
          ]
        },
        {
          "index_key": 87,
          "schema_version": 0,
          "attributes": {
            "container": [
              {
                "commands": [
                  "locust"
                ],
                "cpu": 2,
                "environment_variables": {
                  "APPINSIGHTS_INSTRUMENTATIONKEY": "a7bb773e-1e20-47be-9fbd-5d872e1b5659",
                  "LOCUST_LOCUSTFILE": "/home/locust/locust/locustfile.py",
                  "LOCUST_MASTER_NODE_HOST": "intentcorgi-locust-master.northeurope.azurecontainer.io",
                  "LOCUST_MODE_WORKER": "true"
                },
                "gpu": [],
                "image": "sebader/locust-with-plugins:latest",
                "liveness_probe": [],
                "memory": 2,
                "name": "intentcorgi-worker-87",
                "ports": [
                  {
                    "port": 8089,
                    "protocol": "TCP"
                  }
                ],
                "readiness_probe": [],
                "secure_environment_variables": {},
                "volume": [
                  {
                    "empty_dir": false,
                    "git_repo": [],
                    "mount_path": "/home/locust/locust",
                    "name": "locust",
                    "read_only": false,
                    "secret": {},
                    "share_name": "locust",
                    "storage_account_key": "Z+Ti1B3rSmDlJQjhtyq154z8c9Q8IV2yYQN9Vx0Aiy2EywbR1iL8Y76y4n5Cbx08x1f3O1kBepucopZsa78a5w==",
                    "storage_account_name": "intentcorgi"
                  }
                ]
              }
            ],
            "diagnostics": [],
            "dns_config": [],
            "dns_name_label": "",
            "exposed_port": [
              {
                "port": 8089,
                "protocol": "TCP"
              }
            ],
            "fqdn": "",
            "id": "/subscriptions/5ff0ab5b-4972-4882-beed-f3baedfad7eb/resourceGroups/locust-kload-rg/providers/Microsoft.ContainerInstance/containerGroups/intentcorgi-locust-worker-87",
            "identity": [],
            "image_registry_credential": [],
            "ip_address": "20.151.187.113",
            "ip_address_type": "Public",
            "location": "canadacentral",
            "name": "intentcorgi-locust-worker-87",
            "network_profile_id": null,
            "os_type": "Linux",
            "resource_group_name": "locust-kload-rg",
            "restart_policy": "Always",
            "tags": {
              "Environment": "dev",
              "Prefix": "kload",
              "Source": "https://github.com/heoelri/locust-on-aci",
              "Toolkit": "Terraform"
            },
            "timeouts": null
          },
          "sensitive_attributes": [
            [
              {
                "type": "get_attr",
                "value": "container"
              },
              {
                "type": "index",
                "value": {
                  "value": 0,
                  "type": "number"
                }
              },
              {
                "type": "get_attr",
                "value": "volume"
              },
              {
                "type": "index",
                "value": {
                  "value": 0,
                  "type": "number"
                }
              },
              {
                "type": "get_attr",
                "value": "storage_account_key"
              }
            ],
            [
              {
                "type": "get_attr",
                "value": "container"
              },
              {
                "type": "index",
                "value": {
                  "value": 0,
                  "type": "number"
                }
              },
              {
                "type": "get_attr",
                "value": "environment_variables"
              },
              {
                "type": "index",
                "value": {
                  "value": "APPINSIGHTS_INSTRUMENTATIONKEY",
                  "type": "string"
                }
              }
            ]
          ],
          "private": "eyJlMmJmYjczMC1lY2FhLTExZTYtOGY4OC0zNDM2M2JjN2M0YzAiOnsiY3JlYXRlIjoxODAwMDAwMDAwMDAwLCJkZWxldGUiOjE4MDAwMDAwMDAwMDAsInJlYWQiOjMwMDAwMDAwMDAwMCwidXBkYXRlIjoxODAwMDAwMDAwMDAwfX0=",
          "dependencies": [
            "azurerm_key_vault_secret.locustsecret",
            "azurerm_storage_account.deployment",
            "random_password.locustsecret",
            "azurerm_container_group.master",
            "azurerm_key_vault.deployment",
            "azurerm_storage_share.locust",
            "azurerm_storage_share_file.locustfile",
            "data.azurerm_client_config.current",
            "random_pet.deployment",
            "azurerm_application_insights.deployment",
            "azurerm_resource_group.deployment"
          ]
        },
        {
          "index_key": 88,
          "schema_version": 0,
          "attributes": {
            "container": [
              {
                "commands": [
                  "locust"
                ],
                "cpu": 2,
                "environment_variables": {
                  "APPINSIGHTS_INSTRUMENTATIONKEY": "a7bb773e-1e20-47be-9fbd-5d872e1b5659",
                  "LOCUST_LOCUSTFILE": "/home/locust/locust/locustfile.py",
                  "LOCUST_MASTER_NODE_HOST": "intentcorgi-locust-master.northeurope.azurecontainer.io",
                  "LOCUST_MODE_WORKER": "true"
                },
                "gpu": [],
                "image": "sebader/locust-with-plugins:latest",
                "liveness_probe": [],
                "memory": 2,
                "name": "intentcorgi-worker-88",
                "ports": [
                  {
                    "port": 8089,
                    "protocol": "TCP"
                  }
                ],
                "readiness_probe": [],
                "secure_environment_variables": {},
                "volume": [
                  {
                    "empty_dir": false,
                    "git_repo": [],
                    "mount_path": "/home/locust/locust",
                    "name": "locust",
                    "read_only": false,
                    "secret": {},
                    "share_name": "locust",
                    "storage_account_key": "Z+Ti1B3rSmDlJQjhtyq154z8c9Q8IV2yYQN9Vx0Aiy2EywbR1iL8Y76y4n5Cbx08x1f3O1kBepucopZsa78a5w==",
                    "storage_account_name": "intentcorgi"
                  }
                ]
              }
            ],
            "diagnostics": [],
            "dns_config": [],
            "dns_name_label": "",
            "exposed_port": [
              {
                "port": 8089,
                "protocol": "TCP"
              }
            ],
            "fqdn": "",
            "id": "/subscriptions/5ff0ab5b-4972-4882-beed-f3baedfad7eb/resourceGroups/locust-kload-rg/providers/Microsoft.ContainerInstance/containerGroups/intentcorgi-locust-worker-88",
            "identity": [],
            "image_registry_credential": [],
            "ip_address": "20.75.21.108",
            "ip_address_type": "Public",
            "location": "eastus2",
            "name": "intentcorgi-locust-worker-88",
            "network_profile_id": null,
            "os_type": "Linux",
            "resource_group_name": "locust-kload-rg",
            "restart_policy": "Always",
            "tags": {
              "Environment": "dev",
              "Prefix": "kload",
              "Source": "https://github.com/heoelri/locust-on-aci",
              "Toolkit": "Terraform"
            },
            "timeouts": null
          },
          "sensitive_attributes": [
            [
              {
                "type": "get_attr",
                "value": "container"
              },
              {
                "type": "index",
                "value": {
                  "value": 0,
                  "type": "number"
                }
              },
              {
                "type": "get_attr",
                "value": "volume"
              },
              {
                "type": "index",
                "value": {
                  "value": 0,
                  "type": "number"
                }
              },
              {
                "type": "get_attr",
                "value": "storage_account_key"
              }
            ],
            [
              {
                "type": "get_attr",
                "value": "container"
              },
              {
                "type": "index",
                "value": {
                  "value": 0,
                  "type": "number"
                }
              },
              {
                "type": "get_attr",
                "value": "environment_variables"
              },
              {
                "type": "index",
                "value": {
                  "value": "APPINSIGHTS_INSTRUMENTATIONKEY",
                  "type": "string"
                }
              }
            ]
          ],
          "private": "eyJlMmJmYjczMC1lY2FhLTExZTYtOGY4OC0zNDM2M2JjN2M0YzAiOnsiY3JlYXRlIjoxODAwMDAwMDAwMDAwLCJkZWxldGUiOjE4MDAwMDAwMDAwMDAsInJlYWQiOjMwMDAwMDAwMDAwMCwidXBkYXRlIjoxODAwMDAwMDAwMDAwfX0=",
          "dependencies": [
            "random_password.locustsecret",
            "azurerm_application_insights.deployment",
            "azurerm_container_group.master",
            "azurerm_key_vault.deployment",
            "azurerm_resource_group.deployment",
            "data.azurerm_client_config.current",
            "azurerm_key_vault_secret.locustsecret",
            "azurerm_storage_account.deployment",
            "azurerm_storage_share.locust",
            "azurerm_storage_share_file.locustfile",
            "random_pet.deployment"
          ]
        },
        {
          "index_key": 89,
          "schema_version": 0,
          "attributes": {
            "container": [
              {
                "commands": [
                  "locust"
                ],
                "cpu": 2,
                "environment_variables": {
                  "APPINSIGHTS_INSTRUMENTATIONKEY": "a7bb773e-1e20-47be-9fbd-5d872e1b5659",
                  "LOCUST_LOCUSTFILE": "/home/locust/locust/locustfile.py",
                  "LOCUST_MASTER_NODE_HOST": "intentcorgi-locust-master.northeurope.azurecontainer.io",
                  "LOCUST_MODE_WORKER": "true"
                },
                "gpu": [],
                "image": "sebader/locust-with-plugins:latest",
                "liveness_probe": [],
                "memory": 2,
                "name": "intentcorgi-worker-89",
                "ports": [
                  {
                    "port": 8089,
                    "protocol": "TCP"
                  }
                ],
                "readiness_probe": [],
                "secure_environment_variables": {},
                "volume": [
                  {
                    "empty_dir": false,
                    "git_repo": [],
                    "mount_path": "/home/locust/locust",
                    "name": "locust",
                    "read_only": false,
                    "secret": {},
                    "share_name": "locust",
                    "storage_account_key": "Z+Ti1B3rSmDlJQjhtyq154z8c9Q8IV2yYQN9Vx0Aiy2EywbR1iL8Y76y4n5Cbx08x1f3O1kBepucopZsa78a5w==",
                    "storage_account_name": "intentcorgi"
                  }
                ]
              }
            ],
            "diagnostics": [],
            "dns_config": [],
            "dns_name_label": "",
            "exposed_port": [
              {
                "port": 8089,
                "protocol": "TCP"
              }
            ],
            "fqdn": "",
            "id": "/subscriptions/5ff0ab5b-4972-4882-beed-f3baedfad7eb/resourceGroups/locust-kload-rg/providers/Microsoft.ContainerInstance/containerGroups/intentcorgi-locust-worker-89",
            "identity": [],
            "image_registry_credential": [],
            "ip_address": "20.203.10.235",
            "ip_address_type": "Public",
            "location": "uaenorth",
            "name": "intentcorgi-locust-worker-89",
            "network_profile_id": null,
            "os_type": "Linux",
            "resource_group_name": "locust-kload-rg",
            "restart_policy": "Always",
            "tags": {
              "Environment": "dev",
              "Prefix": "kload",
              "Source": "https://github.com/heoelri/locust-on-aci",
              "Toolkit": "Terraform"
            },
            "timeouts": null
          },
          "sensitive_attributes": [
            [
              {
                "type": "get_attr",
                "value": "container"
              },
              {
                "type": "index",
                "value": {
                  "value": 0,
                  "type": "number"
                }
              },
              {
                "type": "get_attr",
                "value": "volume"
              },
              {
                "type": "index",
                "value": {
                  "value": 0,
                  "type": "number"
                }
              },
              {
                "type": "get_attr",
                "value": "storage_account_key"
              }
            ],
            [
              {
                "type": "get_attr",
                "value": "container"
              },
              {
                "type": "index",
                "value": {
                  "value": 0,
                  "type": "number"
                }
              },
              {
                "type": "get_attr",
                "value": "environment_variables"
              },
              {
                "type": "index",
                "value": {
                  "value": "APPINSIGHTS_INSTRUMENTATIONKEY",
                  "type": "string"
                }
              }
            ]
          ],
          "private": "eyJlMmJmYjczMC1lY2FhLTExZTYtOGY4OC0zNDM2M2JjN2M0YzAiOnsiY3JlYXRlIjoxODAwMDAwMDAwMDAwLCJkZWxldGUiOjE4MDAwMDAwMDAwMDAsInJlYWQiOjMwMDAwMDAwMDAwMCwidXBkYXRlIjoxODAwMDAwMDAwMDAwfX0=",
          "dependencies": [
            "azurerm_storage_share_file.locustfile",
            "random_pet.deployment",
            "azurerm_application_insights.deployment",
            "azurerm_key_vault_secret.locustsecret",
            "azurerm_storage_account.deployment",
            "azurerm_storage_share.locust",
            "data.azurerm_client_config.current",
            "random_password.locustsecret",
            "azurerm_container_group.master",
            "azurerm_key_vault.deployment",
            "azurerm_resource_group.deployment"
          ]
        },
        {
          "index_key": 90,
          "schema_version": 0,
          "attributes": {
            "container": [
              {
                "commands": [
                  "locust"
                ],
                "cpu": 2,
                "environment_variables": {
                  "APPINSIGHTS_INSTRUMENTATIONKEY": "a7bb773e-1e20-47be-9fbd-5d872e1b5659",
                  "LOCUST_LOCUSTFILE": "/home/locust/locust/locustfile.py",
                  "LOCUST_MASTER_NODE_HOST": "intentcorgi-locust-master.northeurope.azurecontainer.io",
                  "LOCUST_MODE_WORKER": "true"
                },
                "gpu": [],
                "image": "sebader/locust-with-plugins:latest",
                "liveness_probe": [],
                "memory": 2,
                "name": "intentcorgi-worker-90",
                "ports": [
                  {
                    "port": 8089,
                    "protocol": "TCP"
                  }
                ],
                "readiness_probe": [],
                "secure_environment_variables": {},
                "volume": [
                  {
                    "empty_dir": false,
                    "git_repo": [],
                    "mount_path": "/home/locust/locust",
                    "name": "locust",
                    "read_only": false,
                    "secret": {},
                    "share_name": "locust",
                    "storage_account_key": "Z+Ti1B3rSmDlJQjhtyq154z8c9Q8IV2yYQN9Vx0Aiy2EywbR1iL8Y76y4n5Cbx08x1f3O1kBepucopZsa78a5w==",
                    "storage_account_name": "intentcorgi"
                  }
                ]
              }
            ],
            "diagnostics": [],
            "dns_config": [],
            "dns_name_label": "",
            "exposed_port": [
              {
                "port": 8089,
                "protocol": "TCP"
              }
            ],
            "fqdn": "",
            "id": "/subscriptions/5ff0ab5b-4972-4882-beed-f3baedfad7eb/resourceGroups/locust-kload-rg/providers/Microsoft.ContainerInstance/containerGroups/intentcorgi-locust-worker-90",
            "identity": [],
            "image_registry_credential": [],
            "ip_address": "20.105.1.144",
            "ip_address_type": "Public",
            "location": "northeurope",
            "name": "intentcorgi-locust-worker-90",
            "network_profile_id": null,
            "os_type": "Linux",
            "resource_group_name": "locust-kload-rg",
            "restart_policy": "Always",
            "tags": {
              "Environment": "dev",
              "Prefix": "kload",
              "Source": "https://github.com/heoelri/locust-on-aci",
              "Toolkit": "Terraform"
            },
            "timeouts": null
          },
          "sensitive_attributes": [
            [
              {
                "type": "get_attr",
                "value": "container"
              },
              {
                "type": "index",
                "value": {
                  "value": 0,
                  "type": "number"
                }
              },
              {
                "type": "get_attr",
                "value": "environment_variables"
              },
              {
                "type": "index",
                "value": {
                  "value": "APPINSIGHTS_INSTRUMENTATIONKEY",
                  "type": "string"
                }
              }
            ],
            [
              {
                "type": "get_attr",
                "value": "container"
              },
              {
                "type": "index",
                "value": {
                  "value": 0,
                  "type": "number"
                }
              },
              {
                "type": "get_attr",
                "value": "volume"
              },
              {
                "type": "index",
                "value": {
                  "value": 0,
                  "type": "number"
                }
              },
              {
                "type": "get_attr",
                "value": "storage_account_key"
              }
            ]
          ],
          "private": "eyJlMmJmYjczMC1lY2FhLTExZTYtOGY4OC0zNDM2M2JjN2M0YzAiOnsiY3JlYXRlIjoxODAwMDAwMDAwMDAwLCJkZWxldGUiOjE4MDAwMDAwMDAwMDAsInJlYWQiOjMwMDAwMDAwMDAwMCwidXBkYXRlIjoxODAwMDAwMDAwMDAwfX0=",
          "dependencies": [
            "azurerm_storage_share.locust",
            "azurerm_storage_share_file.locustfile",
            "random_password.locustsecret",
            "random_pet.deployment",
            "azurerm_resource_group.deployment",
            "azurerm_container_group.master",
            "azurerm_key_vault.deployment",
            "azurerm_key_vault_secret.locustsecret",
            "azurerm_storage_account.deployment",
            "data.azurerm_client_config.current",
            "azurerm_application_insights.deployment"
          ]
        },
        {
          "index_key": 91,
          "schema_version": 0,
          "attributes": {
            "container": [
              {
                "commands": [
                  "locust"
                ],
                "cpu": 2,
                "environment_variables": {
                  "APPINSIGHTS_INSTRUMENTATIONKEY": "a7bb773e-1e20-47be-9fbd-5d872e1b5659",
                  "LOCUST_LOCUSTFILE": "/home/locust/locust/locustfile.py",
                  "LOCUST_MASTER_NODE_HOST": "intentcorgi-locust-master.northeurope.azurecontainer.io",
                  "LOCUST_MODE_WORKER": "true"
                },
                "gpu": [],
                "image": "sebader/locust-with-plugins:latest",
                "liveness_probe": [],
                "memory": 2,
                "name": "intentcorgi-worker-91",
                "ports": [
                  {
                    "port": 8089,
                    "protocol": "TCP"
                  }
                ],
                "readiness_probe": [],
                "secure_environment_variables": {},
                "volume": [
                  {
                    "empty_dir": false,
                    "git_repo": [],
                    "mount_path": "/home/locust/locust",
                    "name": "locust",
                    "read_only": false,
                    "secret": {},
                    "share_name": "locust",
                    "storage_account_key": "Z+Ti1B3rSmDlJQjhtyq154z8c9Q8IV2yYQN9Vx0Aiy2EywbR1iL8Y76y4n5Cbx08x1f3O1kBepucopZsa78a5w==",
                    "storage_account_name": "intentcorgi"
                  }
                ]
              }
            ],
            "diagnostics": [],
            "dns_config": [],
            "dns_name_label": "",
            "exposed_port": [
              {
                "port": 8089,
                "protocol": "TCP"
              }
            ],
            "fqdn": "",
            "id": "/subscriptions/5ff0ab5b-4972-4882-beed-f3baedfad7eb/resourceGroups/locust-kload-rg/providers/Microsoft.ContainerInstance/containerGroups/intentcorgi-locust-worker-91",
            "identity": [],
            "image_registry_credential": [],
            "ip_address": "20.36.157.216",
            "ip_address_type": "Public",
            "location": "eastus2",
            "name": "intentcorgi-locust-worker-91",
            "network_profile_id": null,
            "os_type": "Linux",
            "resource_group_name": "locust-kload-rg",
            "restart_policy": "Always",
            "tags": {
              "Environment": "dev",
              "Prefix": "kload",
              "Source": "https://github.com/heoelri/locust-on-aci",
              "Toolkit": "Terraform"
            },
            "timeouts": null
          },
          "sensitive_attributes": [
            [
              {
                "type": "get_attr",
                "value": "container"
              },
              {
                "type": "index",
                "value": {
                  "value": 0,
                  "type": "number"
                }
              },
              {
                "type": "get_attr",
                "value": "environment_variables"
              },
              {
                "type": "index",
                "value": {
                  "value": "APPINSIGHTS_INSTRUMENTATIONKEY",
                  "type": "string"
                }
              }
            ],
            [
              {
                "type": "get_attr",
                "value": "container"
              },
              {
                "type": "index",
                "value": {
                  "value": 0,
                  "type": "number"
                }
              },
              {
                "type": "get_attr",
                "value": "volume"
              },
              {
                "type": "index",
                "value": {
                  "value": 0,
                  "type": "number"
                }
              },
              {
                "type": "get_attr",
                "value": "storage_account_key"
              }
            ]
          ],
          "private": "eyJlMmJmYjczMC1lY2FhLTExZTYtOGY4OC0zNDM2M2JjN2M0YzAiOnsiY3JlYXRlIjoxODAwMDAwMDAwMDAwLCJkZWxldGUiOjE4MDAwMDAwMDAwMDAsInJlYWQiOjMwMDAwMDAwMDAwMCwidXBkYXRlIjoxODAwMDAwMDAwMDAwfX0=",
          "dependencies": [
            "azurerm_application_insights.deployment",
            "azurerm_container_group.master",
            "azurerm_key_vault_secret.locustsecret",
            "azurerm_resource_group.deployment",
            "azurerm_storage_account.deployment",
            "azurerm_storage_share.locust",
            "random_pet.deployment",
            "azurerm_key_vault.deployment",
            "azurerm_storage_share_file.locustfile",
            "data.azurerm_client_config.current",
            "random_password.locustsecret"
          ]
        },
        {
          "index_key": 92,
          "schema_version": 0,
          "attributes": {
            "container": [
              {
                "commands": [
                  "locust"
                ],
                "cpu": 2,
                "environment_variables": {
                  "APPINSIGHTS_INSTRUMENTATIONKEY": "a7bb773e-1e20-47be-9fbd-5d872e1b5659",
                  "LOCUST_LOCUSTFILE": "/home/locust/locust/locustfile.py",
                  "LOCUST_MASTER_NODE_HOST": "intentcorgi-locust-master.northeurope.azurecontainer.io",
                  "LOCUST_MODE_WORKER": "true"
                },
                "gpu": [],
                "image": "sebader/locust-with-plugins:latest",
                "liveness_probe": [],
                "memory": 2,
                "name": "intentcorgi-worker-92",
                "ports": [
                  {
                    "port": 8089,
                    "protocol": "TCP"
                  }
                ],
                "readiness_probe": [],
                "secure_environment_variables": {},
                "volume": [
                  {
                    "empty_dir": false,
                    "git_repo": [],
                    "mount_path": "/home/locust/locust",
                    "name": "locust",
                    "read_only": false,
                    "secret": {},
                    "share_name": "locust",
                    "storage_account_key": "Z+Ti1B3rSmDlJQjhtyq154z8c9Q8IV2yYQN9Vx0Aiy2EywbR1iL8Y76y4n5Cbx08x1f3O1kBepucopZsa78a5w==",
                    "storage_account_name": "intentcorgi"
                  }
                ]
              }
            ],
            "diagnostics": [],
            "dns_config": [],
            "dns_name_label": "",
            "exposed_port": [
              {
                "port": 8089,
                "protocol": "TCP"
              }
            ],
            "fqdn": "",
            "id": "/subscriptions/5ff0ab5b-4972-4882-beed-f3baedfad7eb/resourceGroups/locust-kload-rg/providers/Microsoft.ContainerInstance/containerGroups/intentcorgi-locust-worker-92",
            "identity": [],
            "image_registry_credential": [],
            "ip_address": "20.82.55.28",
            "ip_address_type": "Public",
            "location": "westeurope",
            "name": "intentcorgi-locust-worker-92",
            "network_profile_id": null,
            "os_type": "Linux",
            "resource_group_name": "locust-kload-rg",
            "restart_policy": "Always",
            "tags": {
              "Environment": "dev",
              "Prefix": "kload",
              "Source": "https://github.com/heoelri/locust-on-aci",
              "Toolkit": "Terraform"
            },
            "timeouts": null
          },
          "sensitive_attributes": [
            [
              {
                "type": "get_attr",
                "value": "container"
              },
              {
                "type": "index",
                "value": {
                  "value": 0,
                  "type": "number"
                }
              },
              {
                "type": "get_attr",
                "value": "environment_variables"
              },
              {
                "type": "index",
                "value": {
                  "value": "APPINSIGHTS_INSTRUMENTATIONKEY",
                  "type": "string"
                }
              }
            ],
            [
              {
                "type": "get_attr",
                "value": "container"
              },
              {
                "type": "index",
                "value": {
                  "value": 0,
                  "type": "number"
                }
              },
              {
                "type": "get_attr",
                "value": "volume"
              },
              {
                "type": "index",
                "value": {
                  "value": 0,
                  "type": "number"
                }
              },
              {
                "type": "get_attr",
                "value": "storage_account_key"
              }
            ]
          ],
          "private": "eyJlMmJmYjczMC1lY2FhLTExZTYtOGY4OC0zNDM2M2JjN2M0YzAiOnsiY3JlYXRlIjoxODAwMDAwMDAwMDAwLCJkZWxldGUiOjE4MDAwMDAwMDAwMDAsInJlYWQiOjMwMDAwMDAwMDAwMCwidXBkYXRlIjoxODAwMDAwMDAwMDAwfX0=",
          "dependencies": [
            "random_pet.deployment",
            "azurerm_application_insights.deployment",
            "azurerm_key_vault.deployment",
            "azurerm_resource_group.deployment",
            "azurerm_storage_account.deployment",
            "azurerm_storage_share_file.locustfile",
            "data.azurerm_client_config.current",
            "random_password.locustsecret",
            "azurerm_container_group.master",
            "azurerm_key_vault_secret.locustsecret",
            "azurerm_storage_share.locust"
          ]
        },
        {
          "index_key": 93,
          "schema_version": 0,
          "attributes": {
            "container": [
              {
                "commands": [
                  "locust"
                ],
                "cpu": 2,
                "environment_variables": {
                  "APPINSIGHTS_INSTRUMENTATIONKEY": "a7bb773e-1e20-47be-9fbd-5d872e1b5659",
                  "LOCUST_LOCUSTFILE": "/home/locust/locust/locustfile.py",
                  "LOCUST_MASTER_NODE_HOST": "intentcorgi-locust-master.northeurope.azurecontainer.io",
                  "LOCUST_MODE_WORKER": "true"
                },
                "gpu": [],
                "image": "sebader/locust-with-plugins:latest",
                "liveness_probe": [],
                "memory": 2,
                "name": "intentcorgi-worker-93",
                "ports": [
                  {
                    "port": 8089,
                    "protocol": "TCP"
                  }
                ],
                "readiness_probe": [],
                "secure_environment_variables": {},
                "volume": [
                  {
                    "empty_dir": false,
                    "git_repo": [],
                    "mount_path": "/home/locust/locust",
                    "name": "locust",
                    "read_only": false,
                    "secret": {},
                    "share_name": "locust",
                    "storage_account_key": "Z+Ti1B3rSmDlJQjhtyq154z8c9Q8IV2yYQN9Vx0Aiy2EywbR1iL8Y76y4n5Cbx08x1f3O1kBepucopZsa78a5w==",
                    "storage_account_name": "intentcorgi"
                  }
                ]
              }
            ],
            "diagnostics": [],
            "dns_config": [],
            "dns_name_label": "",
            "exposed_port": [
              {
                "port": 8089,
                "protocol": "TCP"
              }
            ],
            "fqdn": "",
            "id": "/subscriptions/5ff0ab5b-4972-4882-beed-f3baedfad7eb/resourceGroups/locust-kload-rg/providers/Microsoft.ContainerInstance/containerGroups/intentcorgi-locust-worker-93",
            "identity": [],
            "image_registry_credential": [],
            "ip_address": "137.135.59.55",
            "ip_address_type": "Public",
            "location": "westus",
            "name": "intentcorgi-locust-worker-93",
            "network_profile_id": null,
            "os_type": "Linux",
            "resource_group_name": "locust-kload-rg",
            "restart_policy": "Always",
            "tags": {
              "Environment": "dev",
              "Prefix": "kload",
              "Source": "https://github.com/heoelri/locust-on-aci",
              "Toolkit": "Terraform"
            },
            "timeouts": null
          },
          "sensitive_attributes": [
            [
              {
                "type": "get_attr",
                "value": "container"
              },
              {
                "type": "index",
                "value": {
                  "value": 0,
                  "type": "number"
                }
              },
              {
                "type": "get_attr",
                "value": "volume"
              },
              {
                "type": "index",
                "value": {
                  "value": 0,
                  "type": "number"
                }
              },
              {
                "type": "get_attr",
                "value": "storage_account_key"
              }
            ],
            [
              {
                "type": "get_attr",
                "value": "container"
              },
              {
                "type": "index",
                "value": {
                  "value": 0,
                  "type": "number"
                }
              },
              {
                "type": "get_attr",
                "value": "environment_variables"
              },
              {
                "type": "index",
                "value": {
                  "value": "APPINSIGHTS_INSTRUMENTATIONKEY",
                  "type": "string"
                }
              }
            ]
          ],
          "private": "eyJlMmJmYjczMC1lY2FhLTExZTYtOGY4OC0zNDM2M2JjN2M0YzAiOnsiY3JlYXRlIjoxODAwMDAwMDAwMDAwLCJkZWxldGUiOjE4MDAwMDAwMDAwMDAsInJlYWQiOjMwMDAwMDAwMDAwMCwidXBkYXRlIjoxODAwMDAwMDAwMDAwfX0=",
          "dependencies": [
            "azurerm_storage_share_file.locustfile",
            "random_password.locustsecret",
            "azurerm_application_insights.deployment",
            "azurerm_key_vault.deployment",
            "azurerm_storage_account.deployment",
            "azurerm_storage_share.locust",
            "random_pet.deployment",
            "azurerm_container_group.master",
            "azurerm_key_vault_secret.locustsecret",
            "azurerm_resource_group.deployment",
            "data.azurerm_client_config.current"
          ]
        },
        {
          "index_key": 94,
          "schema_version": 0,
          "attributes": {
            "container": [
              {
                "commands": [
                  "locust"
                ],
                "cpu": 2,
                "environment_variables": {
                  "APPINSIGHTS_INSTRUMENTATIONKEY": "a7bb773e-1e20-47be-9fbd-5d872e1b5659",
                  "LOCUST_LOCUSTFILE": "/home/locust/locust/locustfile.py",
                  "LOCUST_MASTER_NODE_HOST": "intentcorgi-locust-master.northeurope.azurecontainer.io",
                  "LOCUST_MODE_WORKER": "true"
                },
                "gpu": [],
                "image": "sebader/locust-with-plugins:latest",
                "liveness_probe": [],
                "memory": 2,
                "name": "intentcorgi-worker-94",
                "ports": [
                  {
                    "port": 8089,
                    "protocol": "TCP"
                  }
                ],
                "readiness_probe": [],
                "secure_environment_variables": {},
                "volume": [
                  {
                    "empty_dir": false,
                    "git_repo": [],
                    "mount_path": "/home/locust/locust",
                    "name": "locust",
                    "read_only": false,
                    "secret": {},
                    "share_name": "locust",
                    "storage_account_key": "Z+Ti1B3rSmDlJQjhtyq154z8c9Q8IV2yYQN9Vx0Aiy2EywbR1iL8Y76y4n5Cbx08x1f3O1kBepucopZsa78a5w==",
                    "storage_account_name": "intentcorgi"
                  }
                ]
              }
            ],
            "diagnostics": [],
            "dns_config": [],
            "dns_name_label": "",
            "exposed_port": [
              {
                "port": 8089,
                "protocol": "TCP"
              }
            ],
            "fqdn": "",
            "id": "/subscriptions/5ff0ab5b-4972-4882-beed-f3baedfad7eb/resourceGroups/locust-kload-rg/providers/Microsoft.ContainerInstance/containerGroups/intentcorgi-locust-worker-94",
            "identity": [],
            "image_registry_credential": [],
            "ip_address": "20.92.186.15",
            "ip_address_type": "Public",
            "location": "australiaeast",
            "name": "intentcorgi-locust-worker-94",
            "network_profile_id": null,
            "os_type": "Linux",
            "resource_group_name": "locust-kload-rg",
            "restart_policy": "Always",
            "tags": {
              "Environment": "dev",
              "Prefix": "kload",
              "Source": "https://github.com/heoelri/locust-on-aci",
              "Toolkit": "Terraform"
            },
            "timeouts": null
          },
          "sensitive_attributes": [
            [
              {
                "type": "get_attr",
                "value": "container"
              },
              {
                "type": "index",
                "value": {
                  "value": 0,
                  "type": "number"
                }
              },
              {
                "type": "get_attr",
                "value": "environment_variables"
              },
              {
                "type": "index",
                "value": {
                  "value": "APPINSIGHTS_INSTRUMENTATIONKEY",
                  "type": "string"
                }
              }
            ],
            [
              {
                "type": "get_attr",
                "value": "container"
              },
              {
                "type": "index",
                "value": {
                  "value": 0,
                  "type": "number"
                }
              },
              {
                "type": "get_attr",
                "value": "volume"
              },
              {
                "type": "index",
                "value": {
                  "value": 0,
                  "type": "number"
                }
              },
              {
                "type": "get_attr",
                "value": "storage_account_key"
              }
            ]
          ],
          "private": "eyJlMmJmYjczMC1lY2FhLTExZTYtOGY4OC0zNDM2M2JjN2M0YzAiOnsiY3JlYXRlIjoxODAwMDAwMDAwMDAwLCJkZWxldGUiOjE4MDAwMDAwMDAwMDAsInJlYWQiOjMwMDAwMDAwMDAwMCwidXBkYXRlIjoxODAwMDAwMDAwMDAwfX0=",
          "dependencies": [
            "azurerm_container_group.master",
            "azurerm_key_vault.deployment",
            "azurerm_key_vault_secret.locustsecret",
            "azurerm_resource_group.deployment",
            "azurerm_storage_account.deployment",
            "data.azurerm_client_config.current",
            "azurerm_application_insights.deployment",
            "azurerm_storage_share.locust",
            "azurerm_storage_share_file.locustfile",
            "random_password.locustsecret",
            "random_pet.deployment"
          ]
        },
        {
          "index_key": 95,
          "schema_version": 0,
          "attributes": {
            "container": [
              {
                "commands": [
                  "locust"
                ],
                "cpu": 2,
                "environment_variables": {
                  "APPINSIGHTS_INSTRUMENTATIONKEY": "a7bb773e-1e20-47be-9fbd-5d872e1b5659",
                  "LOCUST_LOCUSTFILE": "/home/locust/locust/locustfile.py",
                  "LOCUST_MASTER_NODE_HOST": "intentcorgi-locust-master.northeurope.azurecontainer.io",
                  "LOCUST_MODE_WORKER": "true"
                },
                "gpu": [],
                "image": "sebader/locust-with-plugins:latest",
                "liveness_probe": [],
                "memory": 2,
                "name": "intentcorgi-worker-95",
                "ports": [
                  {
                    "port": 8089,
                    "protocol": "TCP"
                  }
                ],
                "readiness_probe": [],
                "secure_environment_variables": {},
                "volume": [
                  {
                    "empty_dir": false,
                    "git_repo": [],
                    "mount_path": "/home/locust/locust",
                    "name": "locust",
                    "read_only": false,
                    "secret": {},
                    "share_name": "locust",
                    "storage_account_key": "Z+Ti1B3rSmDlJQjhtyq154z8c9Q8IV2yYQN9Vx0Aiy2EywbR1iL8Y76y4n5Cbx08x1f3O1kBepucopZsa78a5w==",
                    "storage_account_name": "intentcorgi"
                  }
                ]
              }
            ],
            "diagnostics": [],
            "dns_config": [],
            "dns_name_label": "",
            "exposed_port": [
              {
                "port": 8089,
                "protocol": "TCP"
              }
            ],
            "fqdn": "",
            "id": "/subscriptions/5ff0ab5b-4972-4882-beed-f3baedfad7eb/resourceGroups/locust-kload-rg/providers/Microsoft.ContainerInstance/containerGroups/intentcorgi-locust-worker-95",
            "identity": [],
            "image_registry_credential": [],
            "ip_address": "51.103.63.251",
            "ip_address_type": "Public",
            "location": "francecentral",
            "name": "intentcorgi-locust-worker-95",
            "network_profile_id": null,
            "os_type": "Linux",
            "resource_group_name": "locust-kload-rg",
            "restart_policy": "Always",
            "tags": {
              "Environment": "dev",
              "Prefix": "kload",
              "Source": "https://github.com/heoelri/locust-on-aci",
              "Toolkit": "Terraform"
            },
            "timeouts": null
          },
          "sensitive_attributes": [
            [
              {
                "type": "get_attr",
                "value": "container"
              },
              {
                "type": "index",
                "value": {
                  "value": 0,
                  "type": "number"
                }
              },
              {
                "type": "get_attr",
                "value": "environment_variables"
              },
              {
                "type": "index",
                "value": {
                  "value": "APPINSIGHTS_INSTRUMENTATIONKEY",
                  "type": "string"
                }
              }
            ],
            [
              {
                "type": "get_attr",
                "value": "container"
              },
              {
                "type": "index",
                "value": {
                  "value": 0,
                  "type": "number"
                }
              },
              {
                "type": "get_attr",
                "value": "volume"
              },
              {
                "type": "index",
                "value": {
                  "value": 0,
                  "type": "number"
                }
              },
              {
                "type": "get_attr",
                "value": "storage_account_key"
              }
            ]
          ],
          "private": "eyJlMmJmYjczMC1lY2FhLTExZTYtOGY4OC0zNDM2M2JjN2M0YzAiOnsiY3JlYXRlIjoxODAwMDAwMDAwMDAwLCJkZWxldGUiOjE4MDAwMDAwMDAwMDAsInJlYWQiOjMwMDAwMDAwMDAwMCwidXBkYXRlIjoxODAwMDAwMDAwMDAwfX0=",
          "dependencies": [
            "azurerm_application_insights.deployment",
            "azurerm_key_vault.deployment",
            "azurerm_key_vault_secret.locustsecret",
            "azurerm_storage_share.locust",
            "random_pet.deployment",
            "azurerm_container_group.master",
            "azurerm_resource_group.deployment",
            "azurerm_storage_account.deployment",
            "azurerm_storage_share_file.locustfile",
            "data.azurerm_client_config.current",
            "random_password.locustsecret"
          ]
        },
        {
          "index_key": 96,
          "schema_version": 0,
          "attributes": {
            "container": [
              {
                "commands": [
                  "locust"
                ],
                "cpu": 2,
                "environment_variables": {
                  "APPINSIGHTS_INSTRUMENTATIONKEY": "a7bb773e-1e20-47be-9fbd-5d872e1b5659",
                  "LOCUST_LOCUSTFILE": "/home/locust/locust/locustfile.py",
                  "LOCUST_MASTER_NODE_HOST": "intentcorgi-locust-master.northeurope.azurecontainer.io",
                  "LOCUST_MODE_WORKER": "true"
                },
                "gpu": [],
                "image": "sebader/locust-with-plugins:latest",
                "liveness_probe": [],
                "memory": 2,
                "name": "intentcorgi-worker-96",
                "ports": [
                  {
                    "port": 8089,
                    "protocol": "TCP"
                  }
                ],
                "readiness_probe": [],
                "secure_environment_variables": {},
                "volume": [
                  {
                    "empty_dir": false,
                    "git_repo": [],
                    "mount_path": "/home/locust/locust",
                    "name": "locust",
                    "read_only": false,
                    "secret": {},
                    "share_name": "locust",
                    "storage_account_key": "Z+Ti1B3rSmDlJQjhtyq154z8c9Q8IV2yYQN9Vx0Aiy2EywbR1iL8Y76y4n5Cbx08x1f3O1kBepucopZsa78a5w==",
                    "storage_account_name": "intentcorgi"
                  }
                ]
              }
            ],
            "diagnostics": [],
            "dns_config": [],
            "dns_name_label": "",
            "exposed_port": [
              {
                "port": 8089,
                "protocol": "TCP"
              }
            ],
            "fqdn": "",
            "id": "/subscriptions/5ff0ab5b-4972-4882-beed-f3baedfad7eb/resourceGroups/locust-kload-rg/providers/Microsoft.ContainerInstance/containerGroups/intentcorgi-locust-worker-96",
            "identity": [],
            "image_registry_credential": [],
            "ip_address": "52.171.66.201",
            "ip_address_type": "Public",
            "location": "southcentralus",
            "name": "intentcorgi-locust-worker-96",
            "network_profile_id": null,
            "os_type": "Linux",
            "resource_group_name": "locust-kload-rg",
            "restart_policy": "Always",
            "tags": {
              "Environment": "dev",
              "Prefix": "kload",
              "Source": "https://github.com/heoelri/locust-on-aci",
              "Toolkit": "Terraform"
            },
            "timeouts": null
          },
          "sensitive_attributes": [
            [
              {
                "type": "get_attr",
                "value": "container"
              },
              {
                "type": "index",
                "value": {
                  "value": 0,
                  "type": "number"
                }
              },
              {
                "type": "get_attr",
                "value": "environment_variables"
              },
              {
                "type": "index",
                "value": {
                  "value": "APPINSIGHTS_INSTRUMENTATIONKEY",
                  "type": "string"
                }
              }
            ],
            [
              {
                "type": "get_attr",
                "value": "container"
              },
              {
                "type": "index",
                "value": {
                  "value": 0,
                  "type": "number"
                }
              },
              {
                "type": "get_attr",
                "value": "volume"
              },
              {
                "type": "index",
                "value": {
                  "value": 0,
                  "type": "number"
                }
              },
              {
                "type": "get_attr",
                "value": "storage_account_key"
              }
            ]
          ],
          "private": "eyJlMmJmYjczMC1lY2FhLTExZTYtOGY4OC0zNDM2M2JjN2M0YzAiOnsiY3JlYXRlIjoxODAwMDAwMDAwMDAwLCJkZWxldGUiOjE4MDAwMDAwMDAwMDAsInJlYWQiOjMwMDAwMDAwMDAwMCwidXBkYXRlIjoxODAwMDAwMDAwMDAwfX0=",
          "dependencies": [
            "data.azurerm_client_config.current",
            "random_password.locustsecret",
            "random_pet.deployment",
            "azurerm_application_insights.deployment",
            "azurerm_key_vault.deployment",
            "azurerm_key_vault_secret.locustsecret",
            "azurerm_resource_group.deployment",
            "azurerm_storage_share_file.locustfile",
            "azurerm_container_group.master",
            "azurerm_storage_account.deployment",
            "azurerm_storage_share.locust"
          ]
        },
        {
          "index_key": 97,
          "schema_version": 0,
          "attributes": {
            "container": [
              {
                "commands": [
                  "locust"
                ],
                "cpu": 2,
                "environment_variables": {
                  "APPINSIGHTS_INSTRUMENTATIONKEY": "a7bb773e-1e20-47be-9fbd-5d872e1b5659",
                  "LOCUST_LOCUSTFILE": "/home/locust/locust/locustfile.py",
                  "LOCUST_MASTER_NODE_HOST": "intentcorgi-locust-master.northeurope.azurecontainer.io",
                  "LOCUST_MODE_WORKER": "true"
                },
                "gpu": [],
                "image": "sebader/locust-with-plugins:latest",
                "liveness_probe": [],
                "memory": 2,
                "name": "intentcorgi-worker-97",
                "ports": [
                  {
                    "port": 8089,
                    "protocol": "TCP"
                  }
                ],
                "readiness_probe": [],
                "secure_environment_variables": {},
                "volume": [
                  {
                    "empty_dir": false,
                    "git_repo": [],
                    "mount_path": "/home/locust/locust",
                    "name": "locust",
                    "read_only": false,
                    "secret": {},
                    "share_name": "locust",
                    "storage_account_key": "Z+Ti1B3rSmDlJQjhtyq154z8c9Q8IV2yYQN9Vx0Aiy2EywbR1iL8Y76y4n5Cbx08x1f3O1kBepucopZsa78a5w==",
                    "storage_account_name": "intentcorgi"
                  }
                ]
              }
            ],
            "diagnostics": [],
            "dns_config": [],
            "dns_name_label": "",
            "exposed_port": [
              {
                "port": 8089,
                "protocol": "TCP"
              }
            ],
            "fqdn": "",
            "id": "/subscriptions/5ff0ab5b-4972-4882-beed-f3baedfad7eb/resourceGroups/locust-kload-rg/providers/Microsoft.ContainerInstance/containerGroups/intentcorgi-locust-worker-97",
            "identity": [],
            "image_registry_credential": [],
            "ip_address": "20.194.209.71",
            "ip_address_type": "Public",
            "location": "japaneast",
            "name": "intentcorgi-locust-worker-97",
            "network_profile_id": null,
            "os_type": "Linux",
            "resource_group_name": "locust-kload-rg",
            "restart_policy": "Always",
            "tags": {
              "Environment": "dev",
              "Prefix": "kload",
              "Source": "https://github.com/heoelri/locust-on-aci",
              "Toolkit": "Terraform"
            },
            "timeouts": null
          },
          "sensitive_attributes": [
            [
              {
                "type": "get_attr",
                "value": "container"
              },
              {
                "type": "index",
                "value": {
                  "value": 0,
                  "type": "number"
                }
              },
              {
                "type": "get_attr",
                "value": "volume"
              },
              {
                "type": "index",
                "value": {
                  "value": 0,
                  "type": "number"
                }
              },
              {
                "type": "get_attr",
                "value": "storage_account_key"
              }
            ],
            [
              {
                "type": "get_attr",
                "value": "container"
              },
              {
                "type": "index",
                "value": {
                  "value": 0,
                  "type": "number"
                }
              },
              {
                "type": "get_attr",
                "value": "environment_variables"
              },
              {
                "type": "index",
                "value": {
                  "value": "APPINSIGHTS_INSTRUMENTATIONKEY",
                  "type": "string"
                }
              }
            ]
          ],
          "private": "eyJlMmJmYjczMC1lY2FhLTExZTYtOGY4OC0zNDM2M2JjN2M0YzAiOnsiY3JlYXRlIjoxODAwMDAwMDAwMDAwLCJkZWxldGUiOjE4MDAwMDAwMDAwMDAsInJlYWQiOjMwMDAwMDAwMDAwMCwidXBkYXRlIjoxODAwMDAwMDAwMDAwfX0=",
          "dependencies": [
            "data.azurerm_client_config.current",
            "random_pet.deployment",
            "azurerm_resource_group.deployment",
            "azurerm_storage_account.deployment",
            "azurerm_storage_share.locust",
            "azurerm_storage_share_file.locustfile",
            "random_password.locustsecret",
            "azurerm_application_insights.deployment",
            "azurerm_container_group.master",
            "azurerm_key_vault.deployment",
            "azurerm_key_vault_secret.locustsecret"
          ]
        },
        {
          "index_key": 98,
          "schema_version": 0,
          "attributes": {
            "container": [
              {
                "commands": [
                  "locust"
                ],
                "cpu": 2,
                "environment_variables": {
                  "APPINSIGHTS_INSTRUMENTATIONKEY": "a7bb773e-1e20-47be-9fbd-5d872e1b5659",
                  "LOCUST_LOCUSTFILE": "/home/locust/locust/locustfile.py",
                  "LOCUST_MASTER_NODE_HOST": "intentcorgi-locust-master.northeurope.azurecontainer.io",
                  "LOCUST_MODE_WORKER": "true"
                },
                "gpu": [],
                "image": "sebader/locust-with-plugins:latest",
                "liveness_probe": [],
                "memory": 2,
                "name": "intentcorgi-worker-98",
                "ports": [
                  {
                    "port": 8089,
                    "protocol": "TCP"
                  }
                ],
                "readiness_probe": [],
                "secure_environment_variables": {},
                "volume": [
                  {
                    "empty_dir": false,
                    "git_repo": [],
                    "mount_path": "/home/locust/locust",
                    "name": "locust",
                    "read_only": false,
                    "secret": {},
                    "share_name": "locust",
                    "storage_account_key": "Z+Ti1B3rSmDlJQjhtyq154z8c9Q8IV2yYQN9Vx0Aiy2EywbR1iL8Y76y4n5Cbx08x1f3O1kBepucopZsa78a5w==",
                    "storage_account_name": "intentcorgi"
                  }
                ]
              }
            ],
            "diagnostics": [],
            "dns_config": [],
            "dns_name_label": "",
            "exposed_port": [
              {
                "port": 8089,
                "protocol": "TCP"
              }
            ],
            "fqdn": "",
            "id": "/subscriptions/5ff0ab5b-4972-4882-beed-f3baedfad7eb/resourceGroups/locust-kload-rg/providers/Microsoft.ContainerInstance/containerGroups/intentcorgi-locust-worker-98",
            "identity": [],
            "image_registry_credential": [],
            "ip_address": "52.172.41.14",
            "ip_address_type": "Public",
            "location": "southindia",
            "name": "intentcorgi-locust-worker-98",
            "network_profile_id": null,
            "os_type": "Linux",
            "resource_group_name": "locust-kload-rg",
            "restart_policy": "Always",
            "tags": {
              "Environment": "dev",
              "Prefix": "kload",
              "Source": "https://github.com/heoelri/locust-on-aci",
              "Toolkit": "Terraform"
            },
            "timeouts": null
          },
          "sensitive_attributes": [
            [
              {
                "type": "get_attr",
                "value": "container"
              },
              {
                "type": "index",
                "value": {
                  "value": 0,
                  "type": "number"
                }
              },
              {
                "type": "get_attr",
                "value": "volume"
              },
              {
                "type": "index",
                "value": {
                  "value": 0,
                  "type": "number"
                }
              },
              {
                "type": "get_attr",
                "value": "storage_account_key"
              }
            ],
            [
              {
                "type": "get_attr",
                "value": "container"
              },
              {
                "type": "index",
                "value": {
                  "value": 0,
                  "type": "number"
                }
              },
              {
                "type": "get_attr",
                "value": "environment_variables"
              },
              {
                "type": "index",
                "value": {
                  "value": "APPINSIGHTS_INSTRUMENTATIONKEY",
                  "type": "string"
                }
              }
            ]
          ],
          "private": "eyJlMmJmYjczMC1lY2FhLTExZTYtOGY4OC0zNDM2M2JjN2M0YzAiOnsiY3JlYXRlIjoxODAwMDAwMDAwMDAwLCJkZWxldGUiOjE4MDAwMDAwMDAwMDAsInJlYWQiOjMwMDAwMDAwMDAwMCwidXBkYXRlIjoxODAwMDAwMDAwMDAwfX0=",
          "dependencies": [
            "azurerm_storage_account.deployment",
            "azurerm_storage_share_file.locustfile",
            "random_pet.deployment",
            "azurerm_application_insights.deployment",
            "azurerm_key_vault_secret.locustsecret",
            "azurerm_resource_group.deployment",
            "data.azurerm_client_config.current",
            "random_password.locustsecret",
            "azurerm_container_group.master",
            "azurerm_key_vault.deployment",
            "azurerm_storage_share.locust"
          ]
        },
        {
          "index_key": 99,
          "schema_version": 0,
          "attributes": {
            "container": [
              {
                "commands": [
                  "locust"
                ],
                "cpu": 2,
                "environment_variables": {
                  "APPINSIGHTS_INSTRUMENTATIONKEY": "a7bb773e-1e20-47be-9fbd-5d872e1b5659",
                  "LOCUST_LOCUSTFILE": "/home/locust/locust/locustfile.py",
                  "LOCUST_MASTER_NODE_HOST": "intentcorgi-locust-master.northeurope.azurecontainer.io",
                  "LOCUST_MODE_WORKER": "true"
                },
                "gpu": [],
                "image": "sebader/locust-with-plugins:latest",
                "liveness_probe": [],
                "memory": 2,
                "name": "intentcorgi-worker-99",
                "ports": [
                  {
                    "port": 8089,
                    "protocol": "TCP"
                  }
                ],
                "readiness_probe": [],
                "secure_environment_variables": {},
                "volume": [
                  {
                    "empty_dir": false,
                    "git_repo": [],
                    "mount_path": "/home/locust/locust",
                    "name": "locust",
                    "read_only": false,
                    "secret": {},
                    "share_name": "locust",
                    "storage_account_key": "Z+Ti1B3rSmDlJQjhtyq154z8c9Q8IV2yYQN9Vx0Aiy2EywbR1iL8Y76y4n5Cbx08x1f3O1kBepucopZsa78a5w==",
                    "storage_account_name": "intentcorgi"
                  }
                ]
              }
            ],
            "diagnostics": [],
            "dns_config": [],
            "dns_name_label": "",
            "exposed_port": [
              {
                "port": 8089,
                "protocol": "TCP"
              }
            ],
            "fqdn": "",
            "id": "/subscriptions/5ff0ab5b-4972-4882-beed-f3baedfad7eb/resourceGroups/locust-kload-rg/providers/Microsoft.ContainerInstance/containerGroups/intentcorgi-locust-worker-99",
            "identity": [],
            "image_registry_credential": [],
            "ip_address": "20.201.23.103",
            "ip_address_type": "Public",
            "location": "brazilsouth",
            "name": "intentcorgi-locust-worker-99",
            "network_profile_id": null,
            "os_type": "Linux",
            "resource_group_name": "locust-kload-rg",
            "restart_policy": "Always",
            "tags": {
              "Environment": "dev",
              "Prefix": "kload",
              "Source": "https://github.com/heoelri/locust-on-aci",
              "Toolkit": "Terraform"
            },
            "timeouts": null
          },
          "sensitive_attributes": [
            [
              {
                "type": "get_attr",
                "value": "container"
              },
              {
                "type": "index",
                "value": {
                  "value": 0,
                  "type": "number"
                }
              },
              {
                "type": "get_attr",
                "value": "environment_variables"
              },
              {
                "type": "index",
                "value": {
                  "value": "APPINSIGHTS_INSTRUMENTATIONKEY",
                  "type": "string"
                }
              }
            ],
            [
              {
                "type": "get_attr",
                "value": "container"
              },
              {
                "type": "index",
                "value": {
                  "value": 0,
                  "type": "number"
                }
              },
              {
                "type": "get_attr",
                "value": "volume"
              },
              {
                "type": "index",
                "value": {
                  "value": 0,
                  "type": "number"
                }
              },
              {
                "type": "get_attr",
                "value": "storage_account_key"
              }
            ]
          ],
          "private": "eyJlMmJmYjczMC1lY2FhLTExZTYtOGY4OC0zNDM2M2JjN2M0YzAiOnsiY3JlYXRlIjoxODAwMDAwMDAwMDAwLCJkZWxldGUiOjE4MDAwMDAwMDAwMDAsInJlYWQiOjMwMDAwMDAwMDAwMCwidXBkYXRlIjoxODAwMDAwMDAwMDAwfX0=",
          "dependencies": [
            "random_pet.deployment",
            "azurerm_application_insights.deployment",
            "azurerm_storage_account.deployment",
            "azurerm_storage_share_file.locustfile",
            "random_password.locustsecret",
            "azurerm_storage_share.locust",
            "data.azurerm_client_config.current",
            "azurerm_container_group.master",
            "azurerm_key_vault.deployment",
            "azurerm_key_vault_secret.locustsecret",
            "azurerm_resource_group.deployment"
          ]
        },
        {
          "index_key": 100,
          "schema_version": 0,
          "attributes": {
            "container": [
              {
                "commands": [
                  "locust"
                ],
                "cpu": 2,
                "environment_variables": {
                  "APPINSIGHTS_INSTRUMENTATIONKEY": "a7bb773e-1e20-47be-9fbd-5d872e1b5659",
                  "LOCUST_LOCUSTFILE": "/home/locust/locust/locustfile.py",
                  "LOCUST_MASTER_NODE_HOST": "intentcorgi-locust-master.northeurope.azurecontainer.io",
                  "LOCUST_MODE_WORKER": "true"
                },
                "gpu": [],
                "image": "sebader/locust-with-plugins:latest",
                "liveness_probe": [],
                "memory": 2,
                "name": "intentcorgi-worker-100",
                "ports": [
                  {
                    "port": 8089,
                    "protocol": "TCP"
                  }
                ],
                "readiness_probe": [],
                "secure_environment_variables": null,
                "volume": [
                  {
                    "empty_dir": false,
                    "git_repo": [],
                    "mount_path": "/home/locust/locust",
                    "name": "locust",
                    "read_only": false,
                    "secret": null,
                    "share_name": "locust",
                    "storage_account_key": "Z+Ti1B3rSmDlJQjhtyq154z8c9Q8IV2yYQN9Vx0Aiy2EywbR1iL8Y76y4n5Cbx08x1f3O1kBepucopZsa78a5w==",
                    "storage_account_name": "intentcorgi"
                  }
                ]
              }
            ],
            "diagnostics": [],
            "dns_config": [],
            "dns_name_label": "",
            "exposed_port": [
              {
                "port": 8089,
                "protocol": "TCP"
              }
            ],
            "fqdn": "",
            "id": "/subscriptions/5ff0ab5b-4972-4882-beed-f3baedfad7eb/resourceGroups/locust-kload-rg/providers/Microsoft.ContainerInstance/containerGroups/intentcorgi-locust-worker-100",
            "identity": [],
            "image_registry_credential": [],
            "ip_address": "20.79.87.81",
            "ip_address_type": "Public",
            "location": "germanywestcentral",
            "name": "intentcorgi-locust-worker-100",
            "network_profile_id": null,
            "os_type": "Linux",
            "resource_group_name": "locust-kload-rg",
            "restart_policy": "Always",
            "tags": {
              "Environment": "dev",
              "Prefix": "kload",
              "Source": "https://github.com/heoelri/locust-on-aci",
              "Toolkit": "Terraform"
            },
            "timeouts": null
          },
          "sensitive_attributes": [
            [
              {
                "type": "get_attr",
                "value": "container"
              },
              {
                "type": "index",
                "value": {
                  "value": 0,
                  "type": "number"
                }
              },
              {
                "type": "get_attr",
                "value": "environment_variables"
              },
              {
                "type": "index",
                "value": {
                  "value": "APPINSIGHTS_INSTRUMENTATIONKEY",
                  "type": "string"
                }
              }
            ],
            [
              {
                "type": "get_attr",
                "value": "container"
              },
              {
                "type": "index",
                "value": {
                  "value": 0,
                  "type": "number"
                }
              },
              {
                "type": "get_attr",
                "value": "volume"
              },
              {
                "type": "index",
                "value": {
                  "value": 0,
                  "type": "number"
                }
              },
              {
                "type": "get_attr",
                "value": "storage_account_key"
              }
            ]
          ],
          "private": "eyJlMmJmYjczMC1lY2FhLTExZTYtOGY4OC0zNDM2M2JjN2M0YzAiOnsiY3JlYXRlIjoxODAwMDAwMDAwMDAwLCJkZWxldGUiOjE4MDAwMDAwMDAwMDAsInJlYWQiOjMwMDAwMDAwMDAwMCwidXBkYXRlIjoxODAwMDAwMDAwMDAwfX0=",
          "dependencies": [
            "azurerm_application_insights.deployment",
            "azurerm_container_group.master",
            "azurerm_resource_group.deployment",
            "azurerm_storage_account.deployment",
            "azurerm_storage_share.locust",
            "azurerm_storage_share_file.locustfile",
            "random_pet.deployment"
          ]
        },
        {
          "index_key": 101,
          "schema_version": 0,
          "attributes": {
            "container": [
              {
                "commands": [
                  "locust"
                ],
                "cpu": 2,
                "environment_variables": {
                  "APPINSIGHTS_INSTRUMENTATIONKEY": "a7bb773e-1e20-47be-9fbd-5d872e1b5659",
                  "LOCUST_LOCUSTFILE": "/home/locust/locust/locustfile.py",
                  "LOCUST_MASTER_NODE_HOST": "intentcorgi-locust-master.northeurope.azurecontainer.io",
                  "LOCUST_MODE_WORKER": "true"
                },
                "gpu": [],
                "image": "sebader/locust-with-plugins:latest",
                "liveness_probe": [],
                "memory": 2,
                "name": "intentcorgi-worker-101",
                "ports": [
                  {
                    "port": 8089,
                    "protocol": "TCP"
                  }
                ],
                "readiness_probe": [],
                "secure_environment_variables": null,
                "volume": [
                  {
                    "empty_dir": false,
                    "git_repo": [],
                    "mount_path": "/home/locust/locust",
                    "name": "locust",
                    "read_only": false,
                    "secret": null,
                    "share_name": "locust",
                    "storage_account_key": "Z+Ti1B3rSmDlJQjhtyq154z8c9Q8IV2yYQN9Vx0Aiy2EywbR1iL8Y76y4n5Cbx08x1f3O1kBepucopZsa78a5w==",
                    "storage_account_name": "intentcorgi"
                  }
                ]
              }
            ],
            "diagnostics": [],
            "dns_config": [],
            "dns_name_label": "",
            "exposed_port": [
              {
                "port": 8089,
                "protocol": "TCP"
              }
            ],
            "fqdn": "",
            "id": "/subscriptions/5ff0ab5b-4972-4882-beed-f3baedfad7eb/resourceGroups/locust-kload-rg/providers/Microsoft.ContainerInstance/containerGroups/intentcorgi-locust-worker-101",
            "identity": [],
            "image_registry_credential": [],
            "ip_address": "20.90.136.123",
            "ip_address_type": "Public",
            "location": "uksouth",
            "name": "intentcorgi-locust-worker-101",
            "network_profile_id": null,
            "os_type": "Linux",
            "resource_group_name": "locust-kload-rg",
            "restart_policy": "Always",
            "tags": {
              "Environment": "dev",
              "Prefix": "kload",
              "Source": "https://github.com/heoelri/locust-on-aci",
              "Toolkit": "Terraform"
            },
            "timeouts": null
          },
          "sensitive_attributes": [
            [
              {
                "type": "get_attr",
                "value": "container"
              },
              {
                "type": "index",
                "value": {
                  "value": 0,
                  "type": "number"
                }
              },
              {
                "type": "get_attr",
                "value": "environment_variables"
              },
              {
                "type": "index",
                "value": {
                  "value": "APPINSIGHTS_INSTRUMENTATIONKEY",
                  "type": "string"
                }
              }
            ],
            [
              {
                "type": "get_attr",
                "value": "container"
              },
              {
                "type": "index",
                "value": {
                  "value": 0,
                  "type": "number"
                }
              },
              {
                "type": "get_attr",
                "value": "volume"
              },
              {
                "type": "index",
                "value": {
                  "value": 0,
                  "type": "number"
                }
              },
              {
                "type": "get_attr",
                "value": "storage_account_key"
              }
            ]
          ],
          "private": "eyJlMmJmYjczMC1lY2FhLTExZTYtOGY4OC0zNDM2M2JjN2M0YzAiOnsiY3JlYXRlIjoxODAwMDAwMDAwMDAwLCJkZWxldGUiOjE4MDAwMDAwMDAwMDAsInJlYWQiOjMwMDAwMDAwMDAwMCwidXBkYXRlIjoxODAwMDAwMDAwMDAwfX0=",
          "dependencies": [
            "azurerm_application_insights.deployment",
            "azurerm_container_group.master",
            "azurerm_resource_group.deployment",
            "azurerm_storage_account.deployment",
            "azurerm_storage_share.locust",
            "azurerm_storage_share_file.locustfile",
            "random_pet.deployment"
          ]
        },
        {
          "index_key": 102,
          "schema_version": 0,
          "attributes": {
            "container": [
              {
                "commands": [
                  "locust"
                ],
                "cpu": 2,
                "environment_variables": {
                  "APPINSIGHTS_INSTRUMENTATIONKEY": "a7bb773e-1e20-47be-9fbd-5d872e1b5659",
                  "LOCUST_LOCUSTFILE": "/home/locust/locust/locustfile.py",
                  "LOCUST_MASTER_NODE_HOST": "intentcorgi-locust-master.northeurope.azurecontainer.io",
                  "LOCUST_MODE_WORKER": "true"
                },
                "gpu": [],
                "image": "sebader/locust-with-plugins:latest",
                "liveness_probe": [],
                "memory": 2,
                "name": "intentcorgi-worker-102",
                "ports": [
                  {
                    "port": 8089,
                    "protocol": "TCP"
                  }
                ],
                "readiness_probe": [],
                "secure_environment_variables": null,
                "volume": [
                  {
                    "empty_dir": false,
                    "git_repo": [],
                    "mount_path": "/home/locust/locust",
                    "name": "locust",
                    "read_only": false,
                    "secret": null,
                    "share_name": "locust",
                    "storage_account_key": "Z+Ti1B3rSmDlJQjhtyq154z8c9Q8IV2yYQN9Vx0Aiy2EywbR1iL8Y76y4n5Cbx08x1f3O1kBepucopZsa78a5w==",
                    "storage_account_name": "intentcorgi"
                  }
                ]
              }
            ],
            "diagnostics": [],
            "dns_config": [],
            "dns_name_label": "",
            "exposed_port": [
              {
                "port": 8089,
                "protocol": "TCP"
              }
            ],
            "fqdn": "",
            "id": "/subscriptions/5ff0ab5b-4972-4882-beed-f3baedfad7eb/resourceGroups/locust-kload-rg/providers/Microsoft.ContainerInstance/containerGroups/intentcorgi-locust-worker-102",
            "identity": [],
            "image_registry_credential": [],
            "ip_address": "20.151.29.228",
            "ip_address_type": "Public",
            "location": "canadacentral",
            "name": "intentcorgi-locust-worker-102",
            "network_profile_id": null,
            "os_type": "Linux",
            "resource_group_name": "locust-kload-rg",
            "restart_policy": "Always",
            "tags": {
              "Environment": "dev",
              "Prefix": "kload",
              "Source": "https://github.com/heoelri/locust-on-aci",
              "Toolkit": "Terraform"
            },
            "timeouts": null
          },
          "sensitive_attributes": [
            [
              {
                "type": "get_attr",
                "value": "container"
              },
              {
                "type": "index",
                "value": {
                  "value": 0,
                  "type": "number"
                }
              },
              {
                "type": "get_attr",
                "value": "environment_variables"
              },
              {
                "type": "index",
                "value": {
                  "value": "APPINSIGHTS_INSTRUMENTATIONKEY",
                  "type": "string"
                }
              }
            ],
            [
              {
                "type": "get_attr",
                "value": "container"
              },
              {
                "type": "index",
                "value": {
                  "value": 0,
                  "type": "number"
                }
              },
              {
                "type": "get_attr",
                "value": "volume"
              },
              {
                "type": "index",
                "value": {
                  "value": 0,
                  "type": "number"
                }
              },
              {
                "type": "get_attr",
                "value": "storage_account_key"
              }
            ]
          ],
          "private": "eyJlMmJmYjczMC1lY2FhLTExZTYtOGY4OC0zNDM2M2JjN2M0YzAiOnsiY3JlYXRlIjoxODAwMDAwMDAwMDAwLCJkZWxldGUiOjE4MDAwMDAwMDAwMDAsInJlYWQiOjMwMDAwMDAwMDAwMCwidXBkYXRlIjoxODAwMDAwMDAwMDAwfX0=",
          "dependencies": [
            "azurerm_application_insights.deployment",
            "azurerm_container_group.master",
            "azurerm_resource_group.deployment",
            "azurerm_storage_account.deployment",
            "azurerm_storage_share.locust",
            "azurerm_storage_share_file.locustfile",
            "random_pet.deployment"
          ]
        },
        {
          "index_key": 103,
          "schema_version": 0,
          "attributes": {
            "container": [
              {
                "commands": [
                  "locust"
                ],
                "cpu": 2,
                "environment_variables": {
                  "APPINSIGHTS_INSTRUMENTATIONKEY": "a7bb773e-1e20-47be-9fbd-5d872e1b5659",
                  "LOCUST_LOCUSTFILE": "/home/locust/locust/locustfile.py",
                  "LOCUST_MASTER_NODE_HOST": "intentcorgi-locust-master.northeurope.azurecontainer.io",
                  "LOCUST_MODE_WORKER": "true"
                },
                "gpu": [],
                "image": "sebader/locust-with-plugins:latest",
                "liveness_probe": [],
                "memory": 2,
                "name": "intentcorgi-worker-103",
                "ports": [
                  {
                    "port": 8089,
                    "protocol": "TCP"
                  }
                ],
                "readiness_probe": [],
                "secure_environment_variables": null,
                "volume": [
                  {
                    "empty_dir": false,
                    "git_repo": [],
                    "mount_path": "/home/locust/locust",
                    "name": "locust",
                    "read_only": false,
                    "secret": null,
                    "share_name": "locust",
                    "storage_account_key": "Z+Ti1B3rSmDlJQjhtyq154z8c9Q8IV2yYQN9Vx0Aiy2EywbR1iL8Y76y4n5Cbx08x1f3O1kBepucopZsa78a5w==",
                    "storage_account_name": "intentcorgi"
                  }
                ]
              }
            ],
            "diagnostics": [],
            "dns_config": [],
            "dns_name_label": "",
            "exposed_port": [
              {
                "port": 8089,
                "protocol": "TCP"
              }
            ],
            "fqdn": "",
            "id": "/subscriptions/5ff0ab5b-4972-4882-beed-f3baedfad7eb/resourceGroups/locust-kload-rg/providers/Microsoft.ContainerInstance/containerGroups/intentcorgi-locust-worker-103",
            "identity": [],
            "image_registry_credential": [],
            "ip_address": "20.94.100.80",
            "ip_address_type": "Public",
            "location": "eastus2",
            "name": "intentcorgi-locust-worker-103",
            "network_profile_id": null,
            "os_type": "Linux",
            "resource_group_name": "locust-kload-rg",
            "restart_policy": "Always",
            "tags": {
              "Environment": "dev",
              "Prefix": "kload",
              "Source": "https://github.com/heoelri/locust-on-aci",
              "Toolkit": "Terraform"
            },
            "timeouts": null
          },
          "sensitive_attributes": [
            [
              {
                "type": "get_attr",
                "value": "container"
              },
              {
                "type": "index",
                "value": {
                  "value": 0,
                  "type": "number"
                }
              },
              {
                "type": "get_attr",
                "value": "volume"
              },
              {
                "type": "index",
                "value": {
                  "value": 0,
                  "type": "number"
                }
              },
              {
                "type": "get_attr",
                "value": "storage_account_key"
              }
            ],
            [
              {
                "type": "get_attr",
                "value": "container"
              },
              {
                "type": "index",
                "value": {
                  "value": 0,
                  "type": "number"
                }
              },
              {
                "type": "get_attr",
                "value": "environment_variables"
              },
              {
                "type": "index",
                "value": {
                  "value": "APPINSIGHTS_INSTRUMENTATIONKEY",
                  "type": "string"
                }
              }
            ]
          ],
          "private": "eyJlMmJmYjczMC1lY2FhLTExZTYtOGY4OC0zNDM2M2JjN2M0YzAiOnsiY3JlYXRlIjoxODAwMDAwMDAwMDAwLCJkZWxldGUiOjE4MDAwMDAwMDAwMDAsInJlYWQiOjMwMDAwMDAwMDAwMCwidXBkYXRlIjoxODAwMDAwMDAwMDAwfX0=",
          "dependencies": [
            "azurerm_application_insights.deployment",
            "azurerm_container_group.master",
            "azurerm_resource_group.deployment",
            "azurerm_storage_account.deployment",
            "azurerm_storage_share.locust",
            "azurerm_storage_share_file.locustfile",
            "random_pet.deployment"
          ]
        },
        {
          "index_key": 104,
          "schema_version": 0,
          "attributes": {
            "container": [
              {
                "commands": [
                  "locust"
                ],
                "cpu": 2,
                "environment_variables": {
                  "APPINSIGHTS_INSTRUMENTATIONKEY": "a7bb773e-1e20-47be-9fbd-5d872e1b5659",
                  "LOCUST_LOCUSTFILE": "/home/locust/locust/locustfile.py",
                  "LOCUST_MASTER_NODE_HOST": "intentcorgi-locust-master.northeurope.azurecontainer.io",
                  "LOCUST_MODE_WORKER": "true"
                },
                "gpu": [],
                "image": "sebader/locust-with-plugins:latest",
                "liveness_probe": [],
                "memory": 2,
                "name": "intentcorgi-worker-104",
                "ports": [
                  {
                    "port": 8089,
                    "protocol": "TCP"
                  }
                ],
                "readiness_probe": [],
                "secure_environment_variables": null,
                "volume": [
                  {
                    "empty_dir": false,
                    "git_repo": [],
                    "mount_path": "/home/locust/locust",
                    "name": "locust",
                    "read_only": false,
                    "secret": null,
                    "share_name": "locust",
                    "storage_account_key": "Z+Ti1B3rSmDlJQjhtyq154z8c9Q8IV2yYQN9Vx0Aiy2EywbR1iL8Y76y4n5Cbx08x1f3O1kBepucopZsa78a5w==",
                    "storage_account_name": "intentcorgi"
                  }
                ]
              }
            ],
            "diagnostics": [],
            "dns_config": [],
            "dns_name_label": "",
            "exposed_port": [
              {
                "port": 8089,
                "protocol": "TCP"
              }
            ],
            "fqdn": "",
            "id": "/subscriptions/5ff0ab5b-4972-4882-beed-f3baedfad7eb/resourceGroups/locust-kload-rg/providers/Microsoft.ContainerInstance/containerGroups/intentcorgi-locust-worker-104",
            "identity": [],
            "image_registry_credential": [],
            "ip_address": "20.203.11.210",
            "ip_address_type": "Public",
            "location": "uaenorth",
            "name": "intentcorgi-locust-worker-104",
            "network_profile_id": null,
            "os_type": "Linux",
            "resource_group_name": "locust-kload-rg",
            "restart_policy": "Always",
            "tags": {
              "Environment": "dev",
              "Prefix": "kload",
              "Source": "https://github.com/heoelri/locust-on-aci",
              "Toolkit": "Terraform"
            },
            "timeouts": null
          },
          "sensitive_attributes": [
            [
              {
                "type": "get_attr",
                "value": "container"
              },
              {
                "type": "index",
                "value": {
                  "value": 0,
                  "type": "number"
                }
              },
              {
                "type": "get_attr",
                "value": "volume"
              },
              {
                "type": "index",
                "value": {
                  "value": 0,
                  "type": "number"
                }
              },
              {
                "type": "get_attr",
                "value": "storage_account_key"
              }
            ],
            [
              {
                "type": "get_attr",
                "value": "container"
              },
              {
                "type": "index",
                "value": {
                  "value": 0,
                  "type": "number"
                }
              },
              {
                "type": "get_attr",
                "value": "environment_variables"
              },
              {
                "type": "index",
                "value": {
                  "value": "APPINSIGHTS_INSTRUMENTATIONKEY",
                  "type": "string"
                }
              }
            ]
          ],
          "private": "eyJlMmJmYjczMC1lY2FhLTExZTYtOGY4OC0zNDM2M2JjN2M0YzAiOnsiY3JlYXRlIjoxODAwMDAwMDAwMDAwLCJkZWxldGUiOjE4MDAwMDAwMDAwMDAsInJlYWQiOjMwMDAwMDAwMDAwMCwidXBkYXRlIjoxODAwMDAwMDAwMDAwfX0=",
          "dependencies": [
            "azurerm_application_insights.deployment",
            "azurerm_container_group.master",
            "azurerm_resource_group.deployment",
            "azurerm_storage_account.deployment",
            "azurerm_storage_share.locust",
            "azurerm_storage_share_file.locustfile",
            "random_pet.deployment"
          ]
        },
        {
          "index_key": 105,
          "schema_version": 0,
          "attributes": {
            "container": [
              {
                "commands": [
                  "locust"
                ],
                "cpu": 2,
                "environment_variables": {
                  "APPINSIGHTS_INSTRUMENTATIONKEY": "a7bb773e-1e20-47be-9fbd-5d872e1b5659",
                  "LOCUST_LOCUSTFILE": "/home/locust/locust/locustfile.py",
                  "LOCUST_MASTER_NODE_HOST": "intentcorgi-locust-master.northeurope.azurecontainer.io",
                  "LOCUST_MODE_WORKER": "true"
                },
                "gpu": [],
                "image": "sebader/locust-with-plugins:latest",
                "liveness_probe": [],
                "memory": 2,
                "name": "intentcorgi-worker-105",
                "ports": [
                  {
                    "port": 8089,
                    "protocol": "TCP"
                  }
                ],
                "readiness_probe": [],
                "secure_environment_variables": null,
                "volume": [
                  {
                    "empty_dir": false,
                    "git_repo": [],
                    "mount_path": "/home/locust/locust",
                    "name": "locust",
                    "read_only": false,
                    "secret": null,
                    "share_name": "locust",
                    "storage_account_key": "Z+Ti1B3rSmDlJQjhtyq154z8c9Q8IV2yYQN9Vx0Aiy2EywbR1iL8Y76y4n5Cbx08x1f3O1kBepucopZsa78a5w==",
                    "storage_account_name": "intentcorgi"
                  }
                ]
              }
            ],
            "diagnostics": [],
            "dns_config": [],
            "dns_name_label": "",
            "exposed_port": [
              {
                "port": 8089,
                "protocol": "TCP"
              }
            ],
            "fqdn": "",
            "id": "/subscriptions/5ff0ab5b-4972-4882-beed-f3baedfad7eb/resourceGroups/locust-kload-rg/providers/Microsoft.ContainerInstance/containerGroups/intentcorgi-locust-worker-105",
            "identity": [],
            "image_registry_credential": [],
            "ip_address": "20.54.57.238",
            "ip_address_type": "Public",
            "location": "northeurope",
            "name": "intentcorgi-locust-worker-105",
            "network_profile_id": null,
            "os_type": "Linux",
            "resource_group_name": "locust-kload-rg",
            "restart_policy": "Always",
            "tags": {
              "Environment": "dev",
              "Prefix": "kload",
              "Source": "https://github.com/heoelri/locust-on-aci",
              "Toolkit": "Terraform"
            },
            "timeouts": null
          },
          "sensitive_attributes": [
            [
              {
                "type": "get_attr",
                "value": "container"
              },
              {
                "type": "index",
                "value": {
                  "value": 0,
                  "type": "number"
                }
              },
              {
                "type": "get_attr",
                "value": "volume"
              },
              {
                "type": "index",
                "value": {
                  "value": 0,
                  "type": "number"
                }
              },
              {
                "type": "get_attr",
                "value": "storage_account_key"
              }
            ],
            [
              {
                "type": "get_attr",
                "value": "container"
              },
              {
                "type": "index",
                "value": {
                  "value": 0,
                  "type": "number"
                }
              },
              {
                "type": "get_attr",
                "value": "environment_variables"
              },
              {
                "type": "index",
                "value": {
                  "value": "APPINSIGHTS_INSTRUMENTATIONKEY",
                  "type": "string"
                }
              }
            ]
          ],
          "private": "eyJlMmJmYjczMC1lY2FhLTExZTYtOGY4OC0zNDM2M2JjN2M0YzAiOnsiY3JlYXRlIjoxODAwMDAwMDAwMDAwLCJkZWxldGUiOjE4MDAwMDAwMDAwMDAsInJlYWQiOjMwMDAwMDAwMDAwMCwidXBkYXRlIjoxODAwMDAwMDAwMDAwfX0=",
          "dependencies": [
            "azurerm_application_insights.deployment",
            "azurerm_container_group.master",
            "azurerm_resource_group.deployment",
            "azurerm_storage_account.deployment",
            "azurerm_storage_share.locust",
            "azurerm_storage_share_file.locustfile",
            "random_pet.deployment"
          ]
        },
        {
          "index_key": 106,
          "schema_version": 0,
          "attributes": {
            "container": [
              {
                "commands": [
                  "locust"
                ],
                "cpu": 2,
                "environment_variables": {
                  "APPINSIGHTS_INSTRUMENTATIONKEY": "a7bb773e-1e20-47be-9fbd-5d872e1b5659",
                  "LOCUST_LOCUSTFILE": "/home/locust/locust/locustfile.py",
                  "LOCUST_MASTER_NODE_HOST": "intentcorgi-locust-master.northeurope.azurecontainer.io",
                  "LOCUST_MODE_WORKER": "true"
                },
                "gpu": [],
                "image": "sebader/locust-with-plugins:latest",
                "liveness_probe": [],
                "memory": 2,
                "name": "intentcorgi-worker-106",
                "ports": [
                  {
                    "port": 8089,
                    "protocol": "TCP"
                  }
                ],
                "readiness_probe": [],
                "secure_environment_variables": null,
                "volume": [
                  {
                    "empty_dir": false,
                    "git_repo": [],
                    "mount_path": "/home/locust/locust",
                    "name": "locust",
                    "read_only": false,
                    "secret": null,
                    "share_name": "locust",
                    "storage_account_key": "Z+Ti1B3rSmDlJQjhtyq154z8c9Q8IV2yYQN9Vx0Aiy2EywbR1iL8Y76y4n5Cbx08x1f3O1kBepucopZsa78a5w==",
                    "storage_account_name": "intentcorgi"
                  }
                ]
              }
            ],
            "diagnostics": [],
            "dns_config": [],
            "dns_name_label": "",
            "exposed_port": [
              {
                "port": 8089,
                "protocol": "TCP"
              }
            ],
            "fqdn": "",
            "id": "/subscriptions/5ff0ab5b-4972-4882-beed-f3baedfad7eb/resourceGroups/locust-kload-rg/providers/Microsoft.ContainerInstance/containerGroups/intentcorgi-locust-worker-106",
            "identity": [],
            "image_registry_credential": [],
            "ip_address": "20.36.156.23",
            "ip_address_type": "Public",
            "location": "eastus2",
            "name": "intentcorgi-locust-worker-106",
            "network_profile_id": null,
            "os_type": "Linux",
            "resource_group_name": "locust-kload-rg",
            "restart_policy": "Always",
            "tags": {
              "Environment": "dev",
              "Prefix": "kload",
              "Source": "https://github.com/heoelri/locust-on-aci",
              "Toolkit": "Terraform"
            },
            "timeouts": null
          },
          "sensitive_attributes": [
            [
              {
                "type": "get_attr",
                "value": "container"
              },
              {
                "type": "index",
                "value": {
                  "value": 0,
                  "type": "number"
                }
              },
              {
                "type": "get_attr",
                "value": "environment_variables"
              },
              {
                "type": "index",
                "value": {
                  "value": "APPINSIGHTS_INSTRUMENTATIONKEY",
                  "type": "string"
                }
              }
            ],
            [
              {
                "type": "get_attr",
                "value": "container"
              },
              {
                "type": "index",
                "value": {
                  "value": 0,
                  "type": "number"
                }
              },
              {
                "type": "get_attr",
                "value": "volume"
              },
              {
                "type": "index",
                "value": {
                  "value": 0,
                  "type": "number"
                }
              },
              {
                "type": "get_attr",
                "value": "storage_account_key"
              }
            ]
          ],
          "private": "eyJlMmJmYjczMC1lY2FhLTExZTYtOGY4OC0zNDM2M2JjN2M0YzAiOnsiY3JlYXRlIjoxODAwMDAwMDAwMDAwLCJkZWxldGUiOjE4MDAwMDAwMDAwMDAsInJlYWQiOjMwMDAwMDAwMDAwMCwidXBkYXRlIjoxODAwMDAwMDAwMDAwfX0=",
          "dependencies": [
            "azurerm_application_insights.deployment",
            "azurerm_container_group.master",
            "azurerm_resource_group.deployment",
            "azurerm_storage_account.deployment",
            "azurerm_storage_share.locust",
            "azurerm_storage_share_file.locustfile",
            "random_pet.deployment"
          ]
        },
        {
          "index_key": 107,
          "schema_version": 0,
          "attributes": {
            "container": [
              {
                "commands": [
                  "locust"
                ],
                "cpu": 2,
                "environment_variables": {
                  "APPINSIGHTS_INSTRUMENTATIONKEY": "a7bb773e-1e20-47be-9fbd-5d872e1b5659",
                  "LOCUST_LOCUSTFILE": "/home/locust/locust/locustfile.py",
                  "LOCUST_MASTER_NODE_HOST": "intentcorgi-locust-master.northeurope.azurecontainer.io",
                  "LOCUST_MODE_WORKER": "true"
                },
                "gpu": [],
                "image": "sebader/locust-with-plugins:latest",
                "liveness_probe": [],
                "memory": 2,
                "name": "intentcorgi-worker-107",
                "ports": [
                  {
                    "port": 8089,
                    "protocol": "TCP"
                  }
                ],
                "readiness_probe": [],
                "secure_environment_variables": null,
                "volume": [
                  {
                    "empty_dir": false,
                    "git_repo": [],
                    "mount_path": "/home/locust/locust",
                    "name": "locust",
                    "read_only": false,
                    "secret": null,
                    "share_name": "locust",
                    "storage_account_key": "Z+Ti1B3rSmDlJQjhtyq154z8c9Q8IV2yYQN9Vx0Aiy2EywbR1iL8Y76y4n5Cbx08x1f3O1kBepucopZsa78a5w==",
                    "storage_account_name": "intentcorgi"
                  }
                ]
              }
            ],
            "diagnostics": [],
            "dns_config": [],
            "dns_name_label": "",
            "exposed_port": [
              {
                "port": 8089,
                "protocol": "TCP"
              }
            ],
            "fqdn": "",
            "id": "/subscriptions/5ff0ab5b-4972-4882-beed-f3baedfad7eb/resourceGroups/locust-kload-rg/providers/Microsoft.ContainerInstance/containerGroups/intentcorgi-locust-worker-107",
            "identity": [],
            "image_registry_credential": [],
            "ip_address": "20.86.235.113",
            "ip_address_type": "Public",
            "location": "westeurope",
            "name": "intentcorgi-locust-worker-107",
            "network_profile_id": null,
            "os_type": "Linux",
            "resource_group_name": "locust-kload-rg",
            "restart_policy": "Always",
            "tags": {
              "Environment": "dev",
              "Prefix": "kload",
              "Source": "https://github.com/heoelri/locust-on-aci",
              "Toolkit": "Terraform"
            },
            "timeouts": null
          },
          "sensitive_attributes": [
            [
              {
                "type": "get_attr",
                "value": "container"
              },
              {
                "type": "index",
                "value": {
                  "value": 0,
                  "type": "number"
                }
              },
              {
                "type": "get_attr",
                "value": "environment_variables"
              },
              {
                "type": "index",
                "value": {
                  "value": "APPINSIGHTS_INSTRUMENTATIONKEY",
                  "type": "string"
                }
              }
            ],
            [
              {
                "type": "get_attr",
                "value": "container"
              },
              {
                "type": "index",
                "value": {
                  "value": 0,
                  "type": "number"
                }
              },
              {
                "type": "get_attr",
                "value": "volume"
              },
              {
                "type": "index",
                "value": {
                  "value": 0,
                  "type": "number"
                }
              },
              {
                "type": "get_attr",
                "value": "storage_account_key"
              }
            ]
          ],
          "private": "eyJlMmJmYjczMC1lY2FhLTExZTYtOGY4OC0zNDM2M2JjN2M0YzAiOnsiY3JlYXRlIjoxODAwMDAwMDAwMDAwLCJkZWxldGUiOjE4MDAwMDAwMDAwMDAsInJlYWQiOjMwMDAwMDAwMDAwMCwidXBkYXRlIjoxODAwMDAwMDAwMDAwfX0=",
          "dependencies": [
            "azurerm_application_insights.deployment",
            "azurerm_container_group.master",
            "azurerm_resource_group.deployment",
            "azurerm_storage_account.deployment",
            "azurerm_storage_share.locust",
            "azurerm_storage_share_file.locustfile",
            "random_pet.deployment"
          ]
        },
        {
          "index_key": 108,
          "schema_version": 0,
          "attributes": {
            "container": [
              {
                "commands": [
                  "locust"
                ],
                "cpu": 2,
                "environment_variables": {
                  "APPINSIGHTS_INSTRUMENTATIONKEY": "a7bb773e-1e20-47be-9fbd-5d872e1b5659",
                  "LOCUST_LOCUSTFILE": "/home/locust/locust/locustfile.py",
                  "LOCUST_MASTER_NODE_HOST": "intentcorgi-locust-master.northeurope.azurecontainer.io",
                  "LOCUST_MODE_WORKER": "true"
                },
                "gpu": [],
                "image": "sebader/locust-with-plugins:latest",
                "liveness_probe": [],
                "memory": 2,
                "name": "intentcorgi-worker-108",
                "ports": [
                  {
                    "port": 8089,
                    "protocol": "TCP"
                  }
                ],
                "readiness_probe": [],
                "secure_environment_variables": null,
                "volume": [
                  {
                    "empty_dir": false,
                    "git_repo": [],
                    "mount_path": "/home/locust/locust",
                    "name": "locust",
                    "read_only": false,
                    "secret": null,
                    "share_name": "locust",
                    "storage_account_key": "Z+Ti1B3rSmDlJQjhtyq154z8c9Q8IV2yYQN9Vx0Aiy2EywbR1iL8Y76y4n5Cbx08x1f3O1kBepucopZsa78a5w==",
                    "storage_account_name": "intentcorgi"
                  }
                ]
              }
            ],
            "diagnostics": [],
            "dns_config": [],
            "dns_name_label": "",
            "exposed_port": [
              {
                "port": 8089,
                "protocol": "TCP"
              }
            ],
            "fqdn": "",
            "id": "/subscriptions/5ff0ab5b-4972-4882-beed-f3baedfad7eb/resourceGroups/locust-kload-rg/providers/Microsoft.ContainerInstance/containerGroups/intentcorgi-locust-worker-108",
            "identity": [],
            "image_registry_credential": [],
            "ip_address": "104.45.213.116",
            "ip_address_type": "Public",
            "location": "westus",
            "name": "intentcorgi-locust-worker-108",
            "network_profile_id": null,
            "os_type": "Linux",
            "resource_group_name": "locust-kload-rg",
            "restart_policy": "Always",
            "tags": {
              "Environment": "dev",
              "Prefix": "kload",
              "Source": "https://github.com/heoelri/locust-on-aci",
              "Toolkit": "Terraform"
            },
            "timeouts": null
          },
          "sensitive_attributes": [
            [
              {
                "type": "get_attr",
                "value": "container"
              },
              {
                "type": "index",
                "value": {
                  "value": 0,
                  "type": "number"
                }
              },
              {
                "type": "get_attr",
                "value": "environment_variables"
              },
              {
                "type": "index",
                "value": {
                  "value": "APPINSIGHTS_INSTRUMENTATIONKEY",
                  "type": "string"
                }
              }
            ],
            [
              {
                "type": "get_attr",
                "value": "container"
              },
              {
                "type": "index",
                "value": {
                  "value": 0,
                  "type": "number"
                }
              },
              {
                "type": "get_attr",
                "value": "volume"
              },
              {
                "type": "index",
                "value": {
                  "value": 0,
                  "type": "number"
                }
              },
              {
                "type": "get_attr",
                "value": "storage_account_key"
              }
            ]
          ],
          "private": "eyJlMmJmYjczMC1lY2FhLTExZTYtOGY4OC0zNDM2M2JjN2M0YzAiOnsiY3JlYXRlIjoxODAwMDAwMDAwMDAwLCJkZWxldGUiOjE4MDAwMDAwMDAwMDAsInJlYWQiOjMwMDAwMDAwMDAwMCwidXBkYXRlIjoxODAwMDAwMDAwMDAwfX0=",
          "dependencies": [
            "azurerm_application_insights.deployment",
            "azurerm_container_group.master",
            "azurerm_resource_group.deployment",
            "azurerm_storage_account.deployment",
            "azurerm_storage_share.locust",
            "azurerm_storage_share_file.locustfile",
            "random_pet.deployment"
          ]
        },
        {
          "index_key": 109,
          "schema_version": 0,
          "attributes": {
            "container": [
              {
                "commands": [
                  "locust"
                ],
                "cpu": 2,
                "environment_variables": {
                  "APPINSIGHTS_INSTRUMENTATIONKEY": "a7bb773e-1e20-47be-9fbd-5d872e1b5659",
                  "LOCUST_LOCUSTFILE": "/home/locust/locust/locustfile.py",
                  "LOCUST_MASTER_NODE_HOST": "intentcorgi-locust-master.northeurope.azurecontainer.io",
                  "LOCUST_MODE_WORKER": "true"
                },
                "gpu": [],
                "image": "sebader/locust-with-plugins:latest",
                "liveness_probe": [],
                "memory": 2,
                "name": "intentcorgi-worker-109",
                "ports": [
                  {
                    "port": 8089,
                    "protocol": "TCP"
                  }
                ],
                "readiness_probe": [],
                "secure_environment_variables": null,
                "volume": [
                  {
                    "empty_dir": false,
                    "git_repo": [],
                    "mount_path": "/home/locust/locust",
                    "name": "locust",
                    "read_only": false,
                    "secret": null,
                    "share_name": "locust",
                    "storage_account_key": "Z+Ti1B3rSmDlJQjhtyq154z8c9Q8IV2yYQN9Vx0Aiy2EywbR1iL8Y76y4n5Cbx08x1f3O1kBepucopZsa78a5w==",
                    "storage_account_name": "intentcorgi"
                  }
                ]
              }
            ],
            "diagnostics": [],
            "dns_config": [],
            "dns_name_label": "",
            "exposed_port": [
              {
                "port": 8089,
                "protocol": "TCP"
              }
            ],
            "fqdn": "",
            "id": "/subscriptions/5ff0ab5b-4972-4882-beed-f3baedfad7eb/resourceGroups/locust-kload-rg/providers/Microsoft.ContainerInstance/containerGroups/intentcorgi-locust-worker-109",
            "identity": [],
            "image_registry_credential": [],
            "ip_address": "20.53.142.3",
            "ip_address_type": "Public",
            "location": "australiaeast",
            "name": "intentcorgi-locust-worker-109",
            "network_profile_id": null,
            "os_type": "Linux",
            "resource_group_name": "locust-kload-rg",
            "restart_policy": "Always",
            "tags": {
              "Environment": "dev",
              "Prefix": "kload",
              "Source": "https://github.com/heoelri/locust-on-aci",
              "Toolkit": "Terraform"
            },
            "timeouts": null
          },
          "sensitive_attributes": [
            [
              {
                "type": "get_attr",
                "value": "container"
              },
              {
                "type": "index",
                "value": {
                  "value": 0,
                  "type": "number"
                }
              },
              {
                "type": "get_attr",
                "value": "volume"
              },
              {
                "type": "index",
                "value": {
                  "value": 0,
                  "type": "number"
                }
              },
              {
                "type": "get_attr",
                "value": "storage_account_key"
              }
            ],
            [
              {
                "type": "get_attr",
                "value": "container"
              },
              {
                "type": "index",
                "value": {
                  "value": 0,
                  "type": "number"
                }
              },
              {
                "type": "get_attr",
                "value": "environment_variables"
              },
              {
                "type": "index",
                "value": {
                  "value": "APPINSIGHTS_INSTRUMENTATIONKEY",
                  "type": "string"
                }
              }
            ]
          ],
          "private": "eyJlMmJmYjczMC1lY2FhLTExZTYtOGY4OC0zNDM2M2JjN2M0YzAiOnsiY3JlYXRlIjoxODAwMDAwMDAwMDAwLCJkZWxldGUiOjE4MDAwMDAwMDAwMDAsInJlYWQiOjMwMDAwMDAwMDAwMCwidXBkYXRlIjoxODAwMDAwMDAwMDAwfX0=",
          "dependencies": [
            "azurerm_application_insights.deployment",
            "azurerm_container_group.master",
            "azurerm_resource_group.deployment",
            "azurerm_storage_account.deployment",
            "azurerm_storage_share.locust",
            "azurerm_storage_share_file.locustfile",
            "random_pet.deployment"
          ]
        },
        {
          "index_key": 110,
          "schema_version": 0,
          "attributes": {
            "container": [
              {
                "commands": [
                  "locust"
                ],
                "cpu": 2,
                "environment_variables": {
                  "APPINSIGHTS_INSTRUMENTATIONKEY": "a7bb773e-1e20-47be-9fbd-5d872e1b5659",
                  "LOCUST_LOCUSTFILE": "/home/locust/locust/locustfile.py",
                  "LOCUST_MASTER_NODE_HOST": "intentcorgi-locust-master.northeurope.azurecontainer.io",
                  "LOCUST_MODE_WORKER": "true"
                },
                "gpu": [],
                "image": "sebader/locust-with-plugins:latest",
                "liveness_probe": [],
                "memory": 2,
                "name": "intentcorgi-worker-110",
                "ports": [
                  {
                    "port": 8089,
                    "protocol": "TCP"
                  }
                ],
                "readiness_probe": [],
                "secure_environment_variables": null,
                "volume": [
                  {
                    "empty_dir": false,
                    "git_repo": [],
                    "mount_path": "/home/locust/locust",
                    "name": "locust",
                    "read_only": false,
                    "secret": null,
                    "share_name": "locust",
                    "storage_account_key": "Z+Ti1B3rSmDlJQjhtyq154z8c9Q8IV2yYQN9Vx0Aiy2EywbR1iL8Y76y4n5Cbx08x1f3O1kBepucopZsa78a5w==",
                    "storage_account_name": "intentcorgi"
                  }
                ]
              }
            ],
            "diagnostics": [],
            "dns_config": [],
            "dns_name_label": "",
            "exposed_port": [
              {
                "port": 8089,
                "protocol": "TCP"
              }
            ],
            "fqdn": "",
            "id": "/subscriptions/5ff0ab5b-4972-4882-beed-f3baedfad7eb/resourceGroups/locust-kload-rg/providers/Microsoft.ContainerInstance/containerGroups/intentcorgi-locust-worker-110",
            "identity": [],
            "image_registry_credential": [],
            "ip_address": "20.74.16.73",
            "ip_address_type": "Public",
            "location": "francecentral",
            "name": "intentcorgi-locust-worker-110",
            "network_profile_id": null,
            "os_type": "Linux",
            "resource_group_name": "locust-kload-rg",
            "restart_policy": "Always",
            "tags": {
              "Environment": "dev",
              "Prefix": "kload",
              "Source": "https://github.com/heoelri/locust-on-aci",
              "Toolkit": "Terraform"
            },
            "timeouts": null
          },
          "sensitive_attributes": [
            [
              {
                "type": "get_attr",
                "value": "container"
              },
              {
                "type": "index",
                "value": {
                  "value": 0,
                  "type": "number"
                }
              },
              {
                "type": "get_attr",
                "value": "environment_variables"
              },
              {
                "type": "index",
                "value": {
                  "value": "APPINSIGHTS_INSTRUMENTATIONKEY",
                  "type": "string"
                }
              }
            ],
            [
              {
                "type": "get_attr",
                "value": "container"
              },
              {
                "type": "index",
                "value": {
                  "value": 0,
                  "type": "number"
                }
              },
              {
                "type": "get_attr",
                "value": "volume"
              },
              {
                "type": "index",
                "value": {
                  "value": 0,
                  "type": "number"
                }
              },
              {
                "type": "get_attr",
                "value": "storage_account_key"
              }
            ]
          ],
          "private": "eyJlMmJmYjczMC1lY2FhLTExZTYtOGY4OC0zNDM2M2JjN2M0YzAiOnsiY3JlYXRlIjoxODAwMDAwMDAwMDAwLCJkZWxldGUiOjE4MDAwMDAwMDAwMDAsInJlYWQiOjMwMDAwMDAwMDAwMCwidXBkYXRlIjoxODAwMDAwMDAwMDAwfX0=",
          "dependencies": [
            "azurerm_application_insights.deployment",
            "azurerm_container_group.master",
            "azurerm_resource_group.deployment",
            "azurerm_storage_account.deployment",
            "azurerm_storage_share.locust",
            "azurerm_storage_share_file.locustfile",
            "random_pet.deployment"
          ]
        },
        {
          "index_key": 111,
          "schema_version": 0,
          "attributes": {
            "container": [
              {
                "commands": [
                  "locust"
                ],
                "cpu": 2,
                "environment_variables": {
                  "APPINSIGHTS_INSTRUMENTATIONKEY": "a7bb773e-1e20-47be-9fbd-5d872e1b5659",
                  "LOCUST_LOCUSTFILE": "/home/locust/locust/locustfile.py",
                  "LOCUST_MASTER_NODE_HOST": "intentcorgi-locust-master.northeurope.azurecontainer.io",
                  "LOCUST_MODE_WORKER": "true"
                },
                "gpu": [],
                "image": "sebader/locust-with-plugins:latest",
                "liveness_probe": [],
                "memory": 2,
                "name": "intentcorgi-worker-111",
                "ports": [
                  {
                    "port": 8089,
                    "protocol": "TCP"
                  }
                ],
                "readiness_probe": [],
                "secure_environment_variables": null,
                "volume": [
                  {
                    "empty_dir": false,
                    "git_repo": [],
                    "mount_path": "/home/locust/locust",
                    "name": "locust",
                    "read_only": false,
                    "secret": null,
                    "share_name": "locust",
                    "storage_account_key": "Z+Ti1B3rSmDlJQjhtyq154z8c9Q8IV2yYQN9Vx0Aiy2EywbR1iL8Y76y4n5Cbx08x1f3O1kBepucopZsa78a5w==",
                    "storage_account_name": "intentcorgi"
                  }
                ]
              }
            ],
            "diagnostics": [],
            "dns_config": [],
            "dns_name_label": "",
            "exposed_port": [
              {
                "port": 8089,
                "protocol": "TCP"
              }
            ],
            "fqdn": "",
            "id": "/subscriptions/5ff0ab5b-4972-4882-beed-f3baedfad7eb/resourceGroups/locust-kload-rg/providers/Microsoft.ContainerInstance/containerGroups/intentcorgi-locust-worker-111",
            "identity": [],
            "image_registry_credential": [],
            "ip_address": "20.94.184.184",
            "ip_address_type": "Public",
            "location": "southcentralus",
            "name": "intentcorgi-locust-worker-111",
            "network_profile_id": null,
            "os_type": "Linux",
            "resource_group_name": "locust-kload-rg",
            "restart_policy": "Always",
            "tags": {
              "Environment": "dev",
              "Prefix": "kload",
              "Source": "https://github.com/heoelri/locust-on-aci",
              "Toolkit": "Terraform"
            },
            "timeouts": null
          },
          "sensitive_attributes": [
            [
              {
                "type": "get_attr",
                "value": "container"
              },
              {
                "type": "index",
                "value": {
                  "value": 0,
                  "type": "number"
                }
              },
              {
                "type": "get_attr",
                "value": "volume"
              },
              {
                "type": "index",
                "value": {
                  "value": 0,
                  "type": "number"
                }
              },
              {
                "type": "get_attr",
                "value": "storage_account_key"
              }
            ],
            [
              {
                "type": "get_attr",
                "value": "container"
              },
              {
                "type": "index",
                "value": {
                  "value": 0,
                  "type": "number"
                }
              },
              {
                "type": "get_attr",
                "value": "environment_variables"
              },
              {
                "type": "index",
                "value": {
                  "value": "APPINSIGHTS_INSTRUMENTATIONKEY",
                  "type": "string"
                }
              }
            ]
          ],
          "private": "eyJlMmJmYjczMC1lY2FhLTExZTYtOGY4OC0zNDM2M2JjN2M0YzAiOnsiY3JlYXRlIjoxODAwMDAwMDAwMDAwLCJkZWxldGUiOjE4MDAwMDAwMDAwMDAsInJlYWQiOjMwMDAwMDAwMDAwMCwidXBkYXRlIjoxODAwMDAwMDAwMDAwfX0=",
          "dependencies": [
            "azurerm_application_insights.deployment",
            "azurerm_container_group.master",
            "azurerm_resource_group.deployment",
            "azurerm_storage_account.deployment",
            "azurerm_storage_share.locust",
            "azurerm_storage_share_file.locustfile",
            "random_pet.deployment"
          ]
        },
        {
          "index_key": 112,
          "schema_version": 0,
          "attributes": {
            "container": [
              {
                "commands": [
                  "locust"
                ],
                "cpu": 2,
                "environment_variables": {
                  "APPINSIGHTS_INSTRUMENTATIONKEY": "a7bb773e-1e20-47be-9fbd-5d872e1b5659",
                  "LOCUST_LOCUSTFILE": "/home/locust/locust/locustfile.py",
                  "LOCUST_MASTER_NODE_HOST": "intentcorgi-locust-master.northeurope.azurecontainer.io",
                  "LOCUST_MODE_WORKER": "true"
                },
                "gpu": [],
                "image": "sebader/locust-with-plugins:latest",
                "liveness_probe": [],
                "memory": 2,
                "name": "intentcorgi-worker-112",
                "ports": [
                  {
                    "port": 8089,
                    "protocol": "TCP"
                  }
                ],
                "readiness_probe": [],
                "secure_environment_variables": null,
                "volume": [
                  {
                    "empty_dir": false,
                    "git_repo": [],
                    "mount_path": "/home/locust/locust",
                    "name": "locust",
                    "read_only": false,
                    "secret": null,
                    "share_name": "locust",
                    "storage_account_key": "Z+Ti1B3rSmDlJQjhtyq154z8c9Q8IV2yYQN9Vx0Aiy2EywbR1iL8Y76y4n5Cbx08x1f3O1kBepucopZsa78a5w==",
                    "storage_account_name": "intentcorgi"
                  }
                ]
              }
            ],
            "diagnostics": [],
            "dns_config": [],
            "dns_name_label": "",
            "exposed_port": [
              {
                "port": 8089,
                "protocol": "TCP"
              }
            ],
            "fqdn": "",
            "id": "/subscriptions/5ff0ab5b-4972-4882-beed-f3baedfad7eb/resourceGroups/locust-kload-rg/providers/Microsoft.ContainerInstance/containerGroups/intentcorgi-locust-worker-112",
            "identity": [],
            "image_registry_credential": [],
            "ip_address": "20.191.172.198",
            "ip_address_type": "Public",
            "location": "japaneast",
            "name": "intentcorgi-locust-worker-112",
            "network_profile_id": null,
            "os_type": "Linux",
            "resource_group_name": "locust-kload-rg",
            "restart_policy": "Always",
            "tags": {
              "Environment": "dev",
              "Prefix": "kload",
              "Source": "https://github.com/heoelri/locust-on-aci",
              "Toolkit": "Terraform"
            },
            "timeouts": null
          },
          "sensitive_attributes": [
            [
              {
                "type": "get_attr",
                "value": "container"
              },
              {
                "type": "index",
                "value": {
                  "value": 0,
                  "type": "number"
                }
              },
              {
                "type": "get_attr",
                "value": "volume"
              },
              {
                "type": "index",
                "value": {
                  "value": 0,
                  "type": "number"
                }
              },
              {
                "type": "get_attr",
                "value": "storage_account_key"
              }
            ],
            [
              {
                "type": "get_attr",
                "value": "container"
              },
              {
                "type": "index",
                "value": {
                  "value": 0,
                  "type": "number"
                }
              },
              {
                "type": "get_attr",
                "value": "environment_variables"
              },
              {
                "type": "index",
                "value": {
                  "value": "APPINSIGHTS_INSTRUMENTATIONKEY",
                  "type": "string"
                }
              }
            ]
          ],
          "private": "eyJlMmJmYjczMC1lY2FhLTExZTYtOGY4OC0zNDM2M2JjN2M0YzAiOnsiY3JlYXRlIjoxODAwMDAwMDAwMDAwLCJkZWxldGUiOjE4MDAwMDAwMDAwMDAsInJlYWQiOjMwMDAwMDAwMDAwMCwidXBkYXRlIjoxODAwMDAwMDAwMDAwfX0=",
          "dependencies": [
            "azurerm_application_insights.deployment",
            "azurerm_container_group.master",
            "azurerm_resource_group.deployment",
            "azurerm_storage_account.deployment",
            "azurerm_storage_share.locust",
            "azurerm_storage_share_file.locustfile",
            "random_pet.deployment"
          ]
        },
        {
          "index_key": 113,
          "schema_version": 0,
          "attributes": {
            "container": [
              {
                "commands": [
                  "locust"
                ],
                "cpu": 2,
                "environment_variables": {
                  "APPINSIGHTS_INSTRUMENTATIONKEY": "a7bb773e-1e20-47be-9fbd-5d872e1b5659",
                  "LOCUST_LOCUSTFILE": "/home/locust/locust/locustfile.py",
                  "LOCUST_MASTER_NODE_HOST": "intentcorgi-locust-master.northeurope.azurecontainer.io",
                  "LOCUST_MODE_WORKER": "true"
                },
                "gpu": [],
                "image": "sebader/locust-with-plugins:latest",
                "liveness_probe": [],
                "memory": 2,
                "name": "intentcorgi-worker-113",
                "ports": [
                  {
                    "port": 8089,
                    "protocol": "TCP"
                  }
                ],
                "readiness_probe": [],
                "secure_environment_variables": null,
                "volume": [
                  {
                    "empty_dir": false,
                    "git_repo": [],
                    "mount_path": "/home/locust/locust",
                    "name": "locust",
                    "read_only": false,
                    "secret": null,
                    "share_name": "locust",
                    "storage_account_key": "Z+Ti1B3rSmDlJQjhtyq154z8c9Q8IV2yYQN9Vx0Aiy2EywbR1iL8Y76y4n5Cbx08x1f3O1kBepucopZsa78a5w==",
                    "storage_account_name": "intentcorgi"
                  }
                ]
              }
            ],
            "diagnostics": [],
            "dns_config": [],
            "dns_name_label": "",
            "exposed_port": [
              {
                "port": 8089,
                "protocol": "TCP"
              }
            ],
            "fqdn": "",
            "id": "/subscriptions/5ff0ab5b-4972-4882-beed-f3baedfad7eb/resourceGroups/locust-kload-rg/providers/Microsoft.ContainerInstance/containerGroups/intentcorgi-locust-worker-113",
            "identity": [],
            "image_registry_credential": [],
            "ip_address": "52.140.46.115",
            "ip_address_type": "Public",
            "location": "southindia",
            "name": "intentcorgi-locust-worker-113",
            "network_profile_id": null,
            "os_type": "Linux",
            "resource_group_name": "locust-kload-rg",
            "restart_policy": "Always",
            "tags": {
              "Environment": "dev",
              "Prefix": "kload",
              "Source": "https://github.com/heoelri/locust-on-aci",
              "Toolkit": "Terraform"
            },
            "timeouts": null
          },
          "sensitive_attributes": [
            [
              {
                "type": "get_attr",
                "value": "container"
              },
              {
                "type": "index",
                "value": {
                  "value": 0,
                  "type": "number"
                }
              },
              {
                "type": "get_attr",
                "value": "environment_variables"
              },
              {
                "type": "index",
                "value": {
                  "value": "APPINSIGHTS_INSTRUMENTATIONKEY",
                  "type": "string"
                }
              }
            ],
            [
              {
                "type": "get_attr",
                "value": "container"
              },
              {
                "type": "index",
                "value": {
                  "value": 0,
                  "type": "number"
                }
              },
              {
                "type": "get_attr",
                "value": "volume"
              },
              {
                "type": "index",
                "value": {
                  "value": 0,
                  "type": "number"
                }
              },
              {
                "type": "get_attr",
                "value": "storage_account_key"
              }
            ]
          ],
          "private": "eyJlMmJmYjczMC1lY2FhLTExZTYtOGY4OC0zNDM2M2JjN2M0YzAiOnsiY3JlYXRlIjoxODAwMDAwMDAwMDAwLCJkZWxldGUiOjE4MDAwMDAwMDAwMDAsInJlYWQiOjMwMDAwMDAwMDAwMCwidXBkYXRlIjoxODAwMDAwMDAwMDAwfX0=",
          "dependencies": [
            "azurerm_application_insights.deployment",
            "azurerm_container_group.master",
            "azurerm_resource_group.deployment",
            "azurerm_storage_account.deployment",
            "azurerm_storage_share.locust",
            "azurerm_storage_share_file.locustfile",
            "random_pet.deployment"
          ]
        },
        {
          "index_key": 114,
          "schema_version": 0,
          "attributes": {
            "container": [
              {
                "commands": [
                  "locust"
                ],
                "cpu": 2,
                "environment_variables": {
                  "APPINSIGHTS_INSTRUMENTATIONKEY": "a7bb773e-1e20-47be-9fbd-5d872e1b5659",
                  "LOCUST_LOCUSTFILE": "/home/locust/locust/locustfile.py",
                  "LOCUST_MASTER_NODE_HOST": "intentcorgi-locust-master.northeurope.azurecontainer.io",
                  "LOCUST_MODE_WORKER": "true"
                },
                "gpu": [],
                "image": "sebader/locust-with-plugins:latest",
                "liveness_probe": [],
                "memory": 2,
                "name": "intentcorgi-worker-114",
                "ports": [
                  {
                    "port": 8089,
                    "protocol": "TCP"
                  }
                ],
                "readiness_probe": [],
                "secure_environment_variables": null,
                "volume": [
                  {
                    "empty_dir": false,
                    "git_repo": [],
                    "mount_path": "/home/locust/locust",
                    "name": "locust",
                    "read_only": false,
                    "secret": null,
                    "share_name": "locust",
                    "storage_account_key": "Z+Ti1B3rSmDlJQjhtyq154z8c9Q8IV2yYQN9Vx0Aiy2EywbR1iL8Y76y4n5Cbx08x1f3O1kBepucopZsa78a5w==",
                    "storage_account_name": "intentcorgi"
                  }
                ]
              }
            ],
            "diagnostics": [],
            "dns_config": [],
            "dns_name_label": "",
            "exposed_port": [
              {
                "port": 8089,
                "protocol": "TCP"
              }
            ],
            "fqdn": "",
            "id": "/subscriptions/5ff0ab5b-4972-4882-beed-f3baedfad7eb/resourceGroups/locust-kload-rg/providers/Microsoft.ContainerInstance/containerGroups/intentcorgi-locust-worker-114",
            "identity": [],
            "image_registry_credential": [],
            "ip_address": "20.201.30.119",
            "ip_address_type": "Public",
            "location": "brazilsouth",
            "name": "intentcorgi-locust-worker-114",
            "network_profile_id": null,
            "os_type": "Linux",
            "resource_group_name": "locust-kload-rg",
            "restart_policy": "Always",
            "tags": {
              "Environment": "dev",
              "Prefix": "kload",
              "Source": "https://github.com/heoelri/locust-on-aci",
              "Toolkit": "Terraform"
            },
            "timeouts": null
          },
          "sensitive_attributes": [
            [
              {
                "type": "get_attr",
                "value": "container"
              },
              {
                "type": "index",
                "value": {
                  "value": 0,
                  "type": "number"
                }
              },
              {
                "type": "get_attr",
                "value": "volume"
              },
              {
                "type": "index",
                "value": {
                  "value": 0,
                  "type": "number"
                }
              },
              {
                "type": "get_attr",
                "value": "storage_account_key"
              }
            ],
            [
              {
                "type": "get_attr",
                "value": "container"
              },
              {
                "type": "index",
                "value": {
                  "value": 0,
                  "type": "number"
                }
              },
              {
                "type": "get_attr",
                "value": "environment_variables"
              },
              {
                "type": "index",
                "value": {
                  "value": "APPINSIGHTS_INSTRUMENTATIONKEY",
                  "type": "string"
                }
              }
            ]
          ],
          "private": "eyJlMmJmYjczMC1lY2FhLTExZTYtOGY4OC0zNDM2M2JjN2M0YzAiOnsiY3JlYXRlIjoxODAwMDAwMDAwMDAwLCJkZWxldGUiOjE4MDAwMDAwMDAwMDAsInJlYWQiOjMwMDAwMDAwMDAwMCwidXBkYXRlIjoxODAwMDAwMDAwMDAwfX0=",
          "dependencies": [
            "azurerm_application_insights.deployment",
            "azurerm_container_group.master",
            "azurerm_resource_group.deployment",
            "azurerm_storage_account.deployment",
            "azurerm_storage_share.locust",
            "azurerm_storage_share_file.locustfile",
            "random_pet.deployment"
          ]
        },
        {
          "index_key": 115,
          "schema_version": 0,
          "attributes": {
            "container": [
              {
                "commands": [
                  "locust"
                ],
                "cpu": 2,
                "environment_variables": {
                  "APPINSIGHTS_INSTRUMENTATIONKEY": "a7bb773e-1e20-47be-9fbd-5d872e1b5659",
                  "LOCUST_LOCUSTFILE": "/home/locust/locust/locustfile.py",
                  "LOCUST_MASTER_NODE_HOST": "intentcorgi-locust-master.northeurope.azurecontainer.io",
                  "LOCUST_MODE_WORKER": "true"
                },
                "gpu": [],
                "image": "sebader/locust-with-plugins:latest",
                "liveness_probe": [],
                "memory": 2,
                "name": "intentcorgi-worker-115",
                "ports": [
                  {
                    "port": 8089,
                    "protocol": "TCP"
                  }
                ],
                "readiness_probe": [],
                "secure_environment_variables": null,
                "volume": [
                  {
                    "empty_dir": false,
                    "git_repo": [],
                    "mount_path": "/home/locust/locust",
                    "name": "locust",
                    "read_only": false,
                    "secret": null,
                    "share_name": "locust",
                    "storage_account_key": "Z+Ti1B3rSmDlJQjhtyq154z8c9Q8IV2yYQN9Vx0Aiy2EywbR1iL8Y76y4n5Cbx08x1f3O1kBepucopZsa78a5w==",
                    "storage_account_name": "intentcorgi"
                  }
                ]
              }
            ],
            "diagnostics": [],
            "dns_config": [],
            "dns_name_label": "",
            "exposed_port": [
              {
                "port": 8089,
                "protocol": "TCP"
              }
            ],
            "fqdn": "",
            "id": "/subscriptions/5ff0ab5b-4972-4882-beed-f3baedfad7eb/resourceGroups/locust-kload-rg/providers/Microsoft.ContainerInstance/containerGroups/intentcorgi-locust-worker-115",
            "identity": [],
            "image_registry_credential": [],
            "ip_address": "20.79.118.71",
            "ip_address_type": "Public",
            "location": "germanywestcentral",
            "name": "intentcorgi-locust-worker-115",
            "network_profile_id": null,
            "os_type": "Linux",
            "resource_group_name": "locust-kload-rg",
            "restart_policy": "Always",
            "tags": {
              "Environment": "dev",
              "Prefix": "kload",
              "Source": "https://github.com/heoelri/locust-on-aci",
              "Toolkit": "Terraform"
            },
            "timeouts": null
          },
          "sensitive_attributes": [
            [
              {
                "type": "get_attr",
                "value": "container"
              },
              {
                "type": "index",
                "value": {
                  "value": 0,
                  "type": "number"
                }
              },
              {
                "type": "get_attr",
                "value": "volume"
              },
              {
                "type": "index",
                "value": {
                  "value": 0,
                  "type": "number"
                }
              },
              {
                "type": "get_attr",
                "value": "storage_account_key"
              }
            ],
            [
              {
                "type": "get_attr",
                "value": "container"
              },
              {
                "type": "index",
                "value": {
                  "value": 0,
                  "type": "number"
                }
              },
              {
                "type": "get_attr",
                "value": "environment_variables"
              },
              {
                "type": "index",
                "value": {
                  "value": "APPINSIGHTS_INSTRUMENTATIONKEY",
                  "type": "string"
                }
              }
            ]
          ],
          "private": "eyJlMmJmYjczMC1lY2FhLTExZTYtOGY4OC0zNDM2M2JjN2M0YzAiOnsiY3JlYXRlIjoxODAwMDAwMDAwMDAwLCJkZWxldGUiOjE4MDAwMDAwMDAwMDAsInJlYWQiOjMwMDAwMDAwMDAwMCwidXBkYXRlIjoxODAwMDAwMDAwMDAwfX0=",
          "dependencies": [
            "azurerm_application_insights.deployment",
            "azurerm_container_group.master",
            "azurerm_resource_group.deployment",
            "azurerm_storage_account.deployment",
            "azurerm_storage_share.locust",
            "azurerm_storage_share_file.locustfile",
            "random_pet.deployment"
          ]
        },
        {
          "index_key": 116,
          "schema_version": 0,
          "attributes": {
            "container": [
              {
                "commands": [
                  "locust"
                ],
                "cpu": 2,
                "environment_variables": {
                  "APPINSIGHTS_INSTRUMENTATIONKEY": "a7bb773e-1e20-47be-9fbd-5d872e1b5659",
                  "LOCUST_LOCUSTFILE": "/home/locust/locust/locustfile.py",
                  "LOCUST_MASTER_NODE_HOST": "intentcorgi-locust-master.northeurope.azurecontainer.io",
                  "LOCUST_MODE_WORKER": "true"
                },
                "gpu": [],
                "image": "sebader/locust-with-plugins:latest",
                "liveness_probe": [],
                "memory": 2,
                "name": "intentcorgi-worker-116",
                "ports": [
                  {
                    "port": 8089,
                    "protocol": "TCP"
                  }
                ],
                "readiness_probe": [],
                "secure_environment_variables": null,
                "volume": [
                  {
                    "empty_dir": false,
                    "git_repo": [],
                    "mount_path": "/home/locust/locust",
                    "name": "locust",
                    "read_only": false,
                    "secret": null,
                    "share_name": "locust",
                    "storage_account_key": "Z+Ti1B3rSmDlJQjhtyq154z8c9Q8IV2yYQN9Vx0Aiy2EywbR1iL8Y76y4n5Cbx08x1f3O1kBepucopZsa78a5w==",
                    "storage_account_name": "intentcorgi"
                  }
                ]
              }
            ],
            "diagnostics": [],
            "dns_config": [],
            "dns_name_label": "",
            "exposed_port": [
              {
                "port": 8089,
                "protocol": "TCP"
              }
            ],
            "fqdn": "",
            "id": "/subscriptions/5ff0ab5b-4972-4882-beed-f3baedfad7eb/resourceGroups/locust-kload-rg/providers/Microsoft.ContainerInstance/containerGroups/intentcorgi-locust-worker-116",
            "identity": [],
            "image_registry_credential": [],
            "ip_address": "20.90.232.195",
            "ip_address_type": "Public",
            "location": "uksouth",
            "name": "intentcorgi-locust-worker-116",
            "network_profile_id": null,
            "os_type": "Linux",
            "resource_group_name": "locust-kload-rg",
            "restart_policy": "Always",
            "tags": {
              "Environment": "dev",
              "Prefix": "kload",
              "Source": "https://github.com/heoelri/locust-on-aci",
              "Toolkit": "Terraform"
            },
            "timeouts": null
          },
          "sensitive_attributes": [
            [
              {
                "type": "get_attr",
                "value": "container"
              },
              {
                "type": "index",
                "value": {
                  "value": 0,
                  "type": "number"
                }
              },
              {
                "type": "get_attr",
                "value": "environment_variables"
              },
              {
                "type": "index",
                "value": {
                  "value": "APPINSIGHTS_INSTRUMENTATIONKEY",
                  "type": "string"
                }
              }
            ],
            [
              {
                "type": "get_attr",
                "value": "container"
              },
              {
                "type": "index",
                "value": {
                  "value": 0,
                  "type": "number"
                }
              },
              {
                "type": "get_attr",
                "value": "volume"
              },
              {
                "type": "index",
                "value": {
                  "value": 0,
                  "type": "number"
                }
              },
              {
                "type": "get_attr",
                "value": "storage_account_key"
              }
            ]
          ],
          "private": "eyJlMmJmYjczMC1lY2FhLTExZTYtOGY4OC0zNDM2M2JjN2M0YzAiOnsiY3JlYXRlIjoxODAwMDAwMDAwMDAwLCJkZWxldGUiOjE4MDAwMDAwMDAwMDAsInJlYWQiOjMwMDAwMDAwMDAwMCwidXBkYXRlIjoxODAwMDAwMDAwMDAwfX0=",
          "dependencies": [
            "azurerm_application_insights.deployment",
            "azurerm_container_group.master",
            "azurerm_resource_group.deployment",
            "azurerm_storage_account.deployment",
            "azurerm_storage_share.locust",
            "azurerm_storage_share_file.locustfile",
            "random_pet.deployment"
          ]
        },
        {
          "index_key": 117,
          "schema_version": 0,
          "attributes": {
            "container": [
              {
                "commands": [
                  "locust"
                ],
                "cpu": 2,
                "environment_variables": {
                  "APPINSIGHTS_INSTRUMENTATIONKEY": "a7bb773e-1e20-47be-9fbd-5d872e1b5659",
                  "LOCUST_LOCUSTFILE": "/home/locust/locust/locustfile.py",
                  "LOCUST_MASTER_NODE_HOST": "intentcorgi-locust-master.northeurope.azurecontainer.io",
                  "LOCUST_MODE_WORKER": "true"
                },
                "gpu": [],
                "image": "sebader/locust-with-plugins:latest",
                "liveness_probe": [],
                "memory": 2,
                "name": "intentcorgi-worker-117",
                "ports": [
                  {
                    "port": 8089,
                    "protocol": "TCP"
                  }
                ],
                "readiness_probe": [],
                "secure_environment_variables": null,
                "volume": [
                  {
                    "empty_dir": false,
                    "git_repo": [],
                    "mount_path": "/home/locust/locust",
                    "name": "locust",
                    "read_only": false,
                    "secret": null,
                    "share_name": "locust",
                    "storage_account_key": "Z+Ti1B3rSmDlJQjhtyq154z8c9Q8IV2yYQN9Vx0Aiy2EywbR1iL8Y76y4n5Cbx08x1f3O1kBepucopZsa78a5w==",
                    "storage_account_name": "intentcorgi"
                  }
                ]
              }
            ],
            "diagnostics": [],
            "dns_config": [],
            "dns_name_label": "",
            "exposed_port": [
              {
                "port": 8089,
                "protocol": "TCP"
              }
            ],
            "fqdn": "",
            "id": "/subscriptions/5ff0ab5b-4972-4882-beed-f3baedfad7eb/resourceGroups/locust-kload-rg/providers/Microsoft.ContainerInstance/containerGroups/intentcorgi-locust-worker-117",
            "identity": [],
            "image_registry_credential": [],
            "ip_address": "20.151.191.96",
            "ip_address_type": "Public",
            "location": "canadacentral",
            "name": "intentcorgi-locust-worker-117",
            "network_profile_id": null,
            "os_type": "Linux",
            "resource_group_name": "locust-kload-rg",
            "restart_policy": "Always",
            "tags": {
              "Environment": "dev",
              "Prefix": "kload",
              "Source": "https://github.com/heoelri/locust-on-aci",
              "Toolkit": "Terraform"
            },
            "timeouts": null
          },
          "sensitive_attributes": [
            [
              {
                "type": "get_attr",
                "value": "container"
              },
              {
                "type": "index",
                "value": {
                  "value": 0,
                  "type": "number"
                }
              },
              {
                "type": "get_attr",
                "value": "environment_variables"
              },
              {
                "type": "index",
                "value": {
                  "value": "APPINSIGHTS_INSTRUMENTATIONKEY",
                  "type": "string"
                }
              }
            ],
            [
              {
                "type": "get_attr",
                "value": "container"
              },
              {
                "type": "index",
                "value": {
                  "value": 0,
                  "type": "number"
                }
              },
              {
                "type": "get_attr",
                "value": "volume"
              },
              {
                "type": "index",
                "value": {
                  "value": 0,
                  "type": "number"
                }
              },
              {
                "type": "get_attr",
                "value": "storage_account_key"
              }
            ]
          ],
          "private": "eyJlMmJmYjczMC1lY2FhLTExZTYtOGY4OC0zNDM2M2JjN2M0YzAiOnsiY3JlYXRlIjoxODAwMDAwMDAwMDAwLCJkZWxldGUiOjE4MDAwMDAwMDAwMDAsInJlYWQiOjMwMDAwMDAwMDAwMCwidXBkYXRlIjoxODAwMDAwMDAwMDAwfX0=",
          "dependencies": [
            "azurerm_application_insights.deployment",
            "azurerm_container_group.master",
            "azurerm_resource_group.deployment",
            "azurerm_storage_account.deployment",
            "azurerm_storage_share.locust",
            "azurerm_storage_share_file.locustfile",
            "random_pet.deployment"
          ]
        },
        {
          "index_key": 118,
          "schema_version": 0,
          "attributes": {
            "container": [
              {
                "commands": [
                  "locust"
                ],
                "cpu": 2,
                "environment_variables": {
                  "APPINSIGHTS_INSTRUMENTATIONKEY": "a7bb773e-1e20-47be-9fbd-5d872e1b5659",
                  "LOCUST_LOCUSTFILE": "/home/locust/locust/locustfile.py",
                  "LOCUST_MASTER_NODE_HOST": "intentcorgi-locust-master.northeurope.azurecontainer.io",
                  "LOCUST_MODE_WORKER": "true"
                },
                "gpu": [],
                "image": "sebader/locust-with-plugins:latest",
                "liveness_probe": [],
                "memory": 2,
                "name": "intentcorgi-worker-118",
                "ports": [
                  {
                    "port": 8089,
                    "protocol": "TCP"
                  }
                ],
                "readiness_probe": [],
                "secure_environment_variables": null,
                "volume": [
                  {
                    "empty_dir": false,
                    "git_repo": [],
                    "mount_path": "/home/locust/locust",
                    "name": "locust",
                    "read_only": false,
                    "secret": null,
                    "share_name": "locust",
                    "storage_account_key": "Z+Ti1B3rSmDlJQjhtyq154z8c9Q8IV2yYQN9Vx0Aiy2EywbR1iL8Y76y4n5Cbx08x1f3O1kBepucopZsa78a5w==",
                    "storage_account_name": "intentcorgi"
                  }
                ]
              }
            ],
            "diagnostics": [],
            "dns_config": [],
            "dns_name_label": "",
            "exposed_port": [
              {
                "port": 8089,
                "protocol": "TCP"
              }
            ],
            "fqdn": "",
            "id": "/subscriptions/5ff0ab5b-4972-4882-beed-f3baedfad7eb/resourceGroups/locust-kload-rg/providers/Microsoft.ContainerInstance/containerGroups/intentcorgi-locust-worker-118",
            "identity": [],
            "image_registry_credential": [],
            "ip_address": "20.190.204.93",
            "ip_address_type": "Public",
            "location": "eastus2",
            "name": "intentcorgi-locust-worker-118",
            "network_profile_id": null,
            "os_type": "Linux",
            "resource_group_name": "locust-kload-rg",
            "restart_policy": "Always",
            "tags": {
              "Environment": "dev",
              "Prefix": "kload",
              "Source": "https://github.com/heoelri/locust-on-aci",
              "Toolkit": "Terraform"
            },
            "timeouts": null
          },
          "sensitive_attributes": [
            [
              {
                "type": "get_attr",
                "value": "container"
              },
              {
                "type": "index",
                "value": {
                  "value": 0,
                  "type": "number"
                }
              },
              {
                "type": "get_attr",
                "value": "environment_variables"
              },
              {
                "type": "index",
                "value": {
                  "value": "APPINSIGHTS_INSTRUMENTATIONKEY",
                  "type": "string"
                }
              }
            ],
            [
              {
                "type": "get_attr",
                "value": "container"
              },
              {
                "type": "index",
                "value": {
                  "value": 0,
                  "type": "number"
                }
              },
              {
                "type": "get_attr",
                "value": "volume"
              },
              {
                "type": "index",
                "value": {
                  "value": 0,
                  "type": "number"
                }
              },
              {
                "type": "get_attr",
                "value": "storage_account_key"
              }
            ]
          ],
          "private": "eyJlMmJmYjczMC1lY2FhLTExZTYtOGY4OC0zNDM2M2JjN2M0YzAiOnsiY3JlYXRlIjoxODAwMDAwMDAwMDAwLCJkZWxldGUiOjE4MDAwMDAwMDAwMDAsInJlYWQiOjMwMDAwMDAwMDAwMCwidXBkYXRlIjoxODAwMDAwMDAwMDAwfX0=",
          "dependencies": [
            "azurerm_application_insights.deployment",
            "azurerm_container_group.master",
            "azurerm_resource_group.deployment",
            "azurerm_storage_account.deployment",
            "azurerm_storage_share.locust",
            "azurerm_storage_share_file.locustfile",
            "random_pet.deployment"
          ]
        },
        {
          "index_key": 119,
          "schema_version": 0,
          "attributes": {
            "container": [
              {
                "commands": [
                  "locust"
                ],
                "cpu": 2,
                "environment_variables": {
                  "APPINSIGHTS_INSTRUMENTATIONKEY": "a7bb773e-1e20-47be-9fbd-5d872e1b5659",
                  "LOCUST_LOCUSTFILE": "/home/locust/locust/locustfile.py",
                  "LOCUST_MASTER_NODE_HOST": "intentcorgi-locust-master.northeurope.azurecontainer.io",
                  "LOCUST_MODE_WORKER": "true"
                },
                "gpu": [],
                "image": "sebader/locust-with-plugins:latest",
                "liveness_probe": [],
                "memory": 2,
                "name": "intentcorgi-worker-119",
                "ports": [
                  {
                    "port": 8089,
                    "protocol": "TCP"
                  }
                ],
                "readiness_probe": [],
                "secure_environment_variables": null,
                "volume": [
                  {
                    "empty_dir": false,
                    "git_repo": [],
                    "mount_path": "/home/locust/locust",
                    "name": "locust",
                    "read_only": false,
                    "secret": null,
                    "share_name": "locust",
                    "storage_account_key": "Z+Ti1B3rSmDlJQjhtyq154z8c9Q8IV2yYQN9Vx0Aiy2EywbR1iL8Y76y4n5Cbx08x1f3O1kBepucopZsa78a5w==",
                    "storage_account_name": "intentcorgi"
                  }
                ]
              }
            ],
            "diagnostics": [],
            "dns_config": [],
            "dns_name_label": "",
            "exposed_port": [
              {
                "port": 8089,
                "protocol": "TCP"
              }
            ],
            "fqdn": "",
            "id": "/subscriptions/5ff0ab5b-4972-4882-beed-f3baedfad7eb/resourceGroups/locust-kload-rg/providers/Microsoft.ContainerInstance/containerGroups/intentcorgi-locust-worker-119",
            "identity": [],
            "image_registry_credential": [],
            "ip_address": "20.203.6.203",
            "ip_address_type": "Public",
            "location": "uaenorth",
            "name": "intentcorgi-locust-worker-119",
            "network_profile_id": null,
            "os_type": "Linux",
            "resource_group_name": "locust-kload-rg",
            "restart_policy": "Always",
            "tags": {
              "Environment": "dev",
              "Prefix": "kload",
              "Source": "https://github.com/heoelri/locust-on-aci",
              "Toolkit": "Terraform"
            },
            "timeouts": null
          },
          "sensitive_attributes": [
            [
              {
                "type": "get_attr",
                "value": "container"
              },
              {
                "type": "index",
                "value": {
                  "value": 0,
                  "type": "number"
                }
              },
              {
                "type": "get_attr",
                "value": "environment_variables"
              },
              {
                "type": "index",
                "value": {
                  "value": "APPINSIGHTS_INSTRUMENTATIONKEY",
                  "type": "string"
                }
              }
            ],
            [
              {
                "type": "get_attr",
                "value": "container"
              },
              {
                "type": "index",
                "value": {
                  "value": 0,
                  "type": "number"
                }
              },
              {
                "type": "get_attr",
                "value": "volume"
              },
              {
                "type": "index",
                "value": {
                  "value": 0,
                  "type": "number"
                }
              },
              {
                "type": "get_attr",
                "value": "storage_account_key"
              }
            ]
          ],
          "private": "eyJlMmJmYjczMC1lY2FhLTExZTYtOGY4OC0zNDM2M2JjN2M0YzAiOnsiY3JlYXRlIjoxODAwMDAwMDAwMDAwLCJkZWxldGUiOjE4MDAwMDAwMDAwMDAsInJlYWQiOjMwMDAwMDAwMDAwMCwidXBkYXRlIjoxODAwMDAwMDAwMDAwfX0=",
          "dependencies": [
            "azurerm_application_insights.deployment",
            "azurerm_container_group.master",
            "azurerm_resource_group.deployment",
            "azurerm_storage_account.deployment",
            "azurerm_storage_share.locust",
            "azurerm_storage_share_file.locustfile",
            "random_pet.deployment"
          ]
        },
        {
          "index_key": 120,
          "schema_version": 0,
          "attributes": {
            "container": [
              {
                "commands": [
                  "locust"
                ],
                "cpu": 2,
                "environment_variables": {
                  "APPINSIGHTS_INSTRUMENTATIONKEY": "a7bb773e-1e20-47be-9fbd-5d872e1b5659",
                  "LOCUST_LOCUSTFILE": "/home/locust/locust/locustfile.py",
                  "LOCUST_MASTER_NODE_HOST": "intentcorgi-locust-master.northeurope.azurecontainer.io",
                  "LOCUST_MODE_WORKER": "true"
                },
                "gpu": [],
                "image": "sebader/locust-with-plugins:latest",
                "liveness_probe": [],
                "memory": 2,
                "name": "intentcorgi-worker-120",
                "ports": [
                  {
                    "port": 8089,
                    "protocol": "TCP"
                  }
                ],
                "readiness_probe": [],
                "secure_environment_variables": null,
                "volume": [
                  {
                    "empty_dir": false,
                    "git_repo": [],
                    "mount_path": "/home/locust/locust",
                    "name": "locust",
                    "read_only": false,
                    "secret": null,
                    "share_name": "locust",
                    "storage_account_key": "Z+Ti1B3rSmDlJQjhtyq154z8c9Q8IV2yYQN9Vx0Aiy2EywbR1iL8Y76y4n5Cbx08x1f3O1kBepucopZsa78a5w==",
                    "storage_account_name": "intentcorgi"
                  }
                ]
              }
            ],
            "diagnostics": [],
            "dns_config": [],
            "dns_name_label": "",
            "exposed_port": [
              {
                "port": 8089,
                "protocol": "TCP"
              }
            ],
            "fqdn": "",
            "id": "/subscriptions/5ff0ab5b-4972-4882-beed-f3baedfad7eb/resourceGroups/locust-kload-rg/providers/Microsoft.ContainerInstance/containerGroups/intentcorgi-locust-worker-120",
            "identity": [],
            "image_registry_credential": [],
            "ip_address": "20.93.102.53",
            "ip_address_type": "Public",
            "location": "northeurope",
            "name": "intentcorgi-locust-worker-120",
            "network_profile_id": null,
            "os_type": "Linux",
            "resource_group_name": "locust-kload-rg",
            "restart_policy": "Always",
            "tags": {
              "Environment": "dev",
              "Prefix": "kload",
              "Source": "https://github.com/heoelri/locust-on-aci",
              "Toolkit": "Terraform"
            },
            "timeouts": null
          },
          "sensitive_attributes": [
            [
              {
                "type": "get_attr",
                "value": "container"
              },
              {
                "type": "index",
                "value": {
                  "value": 0,
                  "type": "number"
                }
              },
              {
                "type": "get_attr",
                "value": "environment_variables"
              },
              {
                "type": "index",
                "value": {
                  "value": "APPINSIGHTS_INSTRUMENTATIONKEY",
                  "type": "string"
                }
              }
            ],
            [
              {
                "type": "get_attr",
                "value": "container"
              },
              {
                "type": "index",
                "value": {
                  "value": 0,
                  "type": "number"
                }
              },
              {
                "type": "get_attr",
                "value": "volume"
              },
              {
                "type": "index",
                "value": {
                  "value": 0,
                  "type": "number"
                }
              },
              {
                "type": "get_attr",
                "value": "storage_account_key"
              }
            ]
          ],
          "private": "eyJlMmJmYjczMC1lY2FhLTExZTYtOGY4OC0zNDM2M2JjN2M0YzAiOnsiY3JlYXRlIjoxODAwMDAwMDAwMDAwLCJkZWxldGUiOjE4MDAwMDAwMDAwMDAsInJlYWQiOjMwMDAwMDAwMDAwMCwidXBkYXRlIjoxODAwMDAwMDAwMDAwfX0=",
          "dependencies": [
            "azurerm_application_insights.deployment",
            "azurerm_container_group.master",
            "azurerm_resource_group.deployment",
            "azurerm_storage_account.deployment",
            "azurerm_storage_share.locust",
            "azurerm_storage_share_file.locustfile",
            "random_pet.deployment"
          ]
        },
        {
          "index_key": 121,
          "schema_version": 0,
          "attributes": {
            "container": [
              {
                "commands": [
                  "locust"
                ],
                "cpu": 2,
                "environment_variables": {
                  "APPINSIGHTS_INSTRUMENTATIONKEY": "a7bb773e-1e20-47be-9fbd-5d872e1b5659",
                  "LOCUST_LOCUSTFILE": "/home/locust/locust/locustfile.py",
                  "LOCUST_MASTER_NODE_HOST": "intentcorgi-locust-master.northeurope.azurecontainer.io",
                  "LOCUST_MODE_WORKER": "true"
                },
                "gpu": [],
                "image": "sebader/locust-with-plugins:latest",
                "liveness_probe": [],
                "memory": 2,
                "name": "intentcorgi-worker-121",
                "ports": [
                  {
                    "port": 8089,
                    "protocol": "TCP"
                  }
                ],
                "readiness_probe": [],
                "secure_environment_variables": null,
                "volume": [
                  {
                    "empty_dir": false,
                    "git_repo": [],
                    "mount_path": "/home/locust/locust",
                    "name": "locust",
                    "read_only": false,
                    "secret": null,
                    "share_name": "locust",
                    "storage_account_key": "Z+Ti1B3rSmDlJQjhtyq154z8c9Q8IV2yYQN9Vx0Aiy2EywbR1iL8Y76y4n5Cbx08x1f3O1kBepucopZsa78a5w==",
                    "storage_account_name": "intentcorgi"
                  }
                ]
              }
            ],
            "diagnostics": [],
            "dns_config": [],
            "dns_name_label": "",
            "exposed_port": [
              {
                "port": 8089,
                "protocol": "TCP"
              }
            ],
            "fqdn": "",
            "id": "/subscriptions/5ff0ab5b-4972-4882-beed-f3baedfad7eb/resourceGroups/locust-kload-rg/providers/Microsoft.ContainerInstance/containerGroups/intentcorgi-locust-worker-121",
            "identity": [],
            "image_registry_credential": [],
            "ip_address": "20.85.1.250",
            "ip_address_type": "Public",
            "location": "eastus2",
            "name": "intentcorgi-locust-worker-121",
            "network_profile_id": null,
            "os_type": "Linux",
            "resource_group_name": "locust-kload-rg",
            "restart_policy": "Always",
            "tags": {
              "Environment": "dev",
              "Prefix": "kload",
              "Source": "https://github.com/heoelri/locust-on-aci",
              "Toolkit": "Terraform"
            },
            "timeouts": null
          },
          "sensitive_attributes": [
            [
              {
                "type": "get_attr",
                "value": "container"
              },
              {
                "type": "index",
                "value": {
                  "value": 0,
                  "type": "number"
                }
              },
              {
                "type": "get_attr",
                "value": "volume"
              },
              {
                "type": "index",
                "value": {
                  "value": 0,
                  "type": "number"
                }
              },
              {
                "type": "get_attr",
                "value": "storage_account_key"
              }
            ],
            [
              {
                "type": "get_attr",
                "value": "container"
              },
              {
                "type": "index",
                "value": {
                  "value": 0,
                  "type": "number"
                }
              },
              {
                "type": "get_attr",
                "value": "environment_variables"
              },
              {
                "type": "index",
                "value": {
                  "value": "APPINSIGHTS_INSTRUMENTATIONKEY",
                  "type": "string"
                }
              }
            ]
          ],
          "private": "eyJlMmJmYjczMC1lY2FhLTExZTYtOGY4OC0zNDM2M2JjN2M0YzAiOnsiY3JlYXRlIjoxODAwMDAwMDAwMDAwLCJkZWxldGUiOjE4MDAwMDAwMDAwMDAsInJlYWQiOjMwMDAwMDAwMDAwMCwidXBkYXRlIjoxODAwMDAwMDAwMDAwfX0=",
          "dependencies": [
            "azurerm_application_insights.deployment",
            "azurerm_container_group.master",
            "azurerm_resource_group.deployment",
            "azurerm_storage_account.deployment",
            "azurerm_storage_share.locust",
            "azurerm_storage_share_file.locustfile",
            "random_pet.deployment"
          ]
        },
        {
          "index_key": 122,
          "schema_version": 0,
          "attributes": {
            "container": [
              {
                "commands": [
                  "locust"
                ],
                "cpu": 2,
                "environment_variables": {
                  "APPINSIGHTS_INSTRUMENTATIONKEY": "a7bb773e-1e20-47be-9fbd-5d872e1b5659",
                  "LOCUST_LOCUSTFILE": "/home/locust/locust/locustfile.py",
                  "LOCUST_MASTER_NODE_HOST": "intentcorgi-locust-master.northeurope.azurecontainer.io",
                  "LOCUST_MODE_WORKER": "true"
                },
                "gpu": [],
                "image": "sebader/locust-with-plugins:latest",
                "liveness_probe": [],
                "memory": 2,
                "name": "intentcorgi-worker-122",
                "ports": [
                  {
                    "port": 8089,
                    "protocol": "TCP"
                  }
                ],
                "readiness_probe": [],
                "secure_environment_variables": null,
                "volume": [
                  {
                    "empty_dir": false,
                    "git_repo": [],
                    "mount_path": "/home/locust/locust",
                    "name": "locust",
                    "read_only": false,
                    "secret": null,
                    "share_name": "locust",
                    "storage_account_key": "Z+Ti1B3rSmDlJQjhtyq154z8c9Q8IV2yYQN9Vx0Aiy2EywbR1iL8Y76y4n5Cbx08x1f3O1kBepucopZsa78a5w==",
                    "storage_account_name": "intentcorgi"
                  }
                ]
              }
            ],
            "diagnostics": [],
            "dns_config": [],
            "dns_name_label": "",
            "exposed_port": [
              {
                "port": 8089,
                "protocol": "TCP"
              }
            ],
            "fqdn": "",
            "id": "/subscriptions/5ff0ab5b-4972-4882-beed-f3baedfad7eb/resourceGroups/locust-kload-rg/providers/Microsoft.ContainerInstance/containerGroups/intentcorgi-locust-worker-122",
            "identity": [],
            "image_registry_credential": [],
            "ip_address": "20.103.40.126",
            "ip_address_type": "Public",
            "location": "westeurope",
            "name": "intentcorgi-locust-worker-122",
            "network_profile_id": null,
            "os_type": "Linux",
            "resource_group_name": "locust-kload-rg",
            "restart_policy": "Always",
            "tags": {
              "Environment": "dev",
              "Prefix": "kload",
              "Source": "https://github.com/heoelri/locust-on-aci",
              "Toolkit": "Terraform"
            },
            "timeouts": null
          },
          "sensitive_attributes": [
            [
              {
                "type": "get_attr",
                "value": "container"
              },
              {
                "type": "index",
                "value": {
                  "value": 0,
                  "type": "number"
                }
              },
              {
                "type": "get_attr",
                "value": "environment_variables"
              },
              {
                "type": "index",
                "value": {
                  "value": "APPINSIGHTS_INSTRUMENTATIONKEY",
                  "type": "string"
                }
              }
            ],
            [
              {
                "type": "get_attr",
                "value": "container"
              },
              {
                "type": "index",
                "value": {
                  "value": 0,
                  "type": "number"
                }
              },
              {
                "type": "get_attr",
                "value": "volume"
              },
              {
                "type": "index",
                "value": {
                  "value": 0,
                  "type": "number"
                }
              },
              {
                "type": "get_attr",
                "value": "storage_account_key"
              }
            ]
          ],
          "private": "eyJlMmJmYjczMC1lY2FhLTExZTYtOGY4OC0zNDM2M2JjN2M0YzAiOnsiY3JlYXRlIjoxODAwMDAwMDAwMDAwLCJkZWxldGUiOjE4MDAwMDAwMDAwMDAsInJlYWQiOjMwMDAwMDAwMDAwMCwidXBkYXRlIjoxODAwMDAwMDAwMDAwfX0=",
          "dependencies": [
            "azurerm_application_insights.deployment",
            "azurerm_container_group.master",
            "azurerm_resource_group.deployment",
            "azurerm_storage_account.deployment",
            "azurerm_storage_share.locust",
            "azurerm_storage_share_file.locustfile",
            "random_pet.deployment"
          ]
        },
        {
          "index_key": 123,
          "schema_version": 0,
          "attributes": {
            "container": [
              {
                "commands": [
                  "locust"
                ],
                "cpu": 2,
                "environment_variables": {
                  "APPINSIGHTS_INSTRUMENTATIONKEY": "a7bb773e-1e20-47be-9fbd-5d872e1b5659",
                  "LOCUST_LOCUSTFILE": "/home/locust/locust/locustfile.py",
                  "LOCUST_MASTER_NODE_HOST": "intentcorgi-locust-master.northeurope.azurecontainer.io",
                  "LOCUST_MODE_WORKER": "true"
                },
                "gpu": [],
                "image": "sebader/locust-with-plugins:latest",
                "liveness_probe": [],
                "memory": 2,
                "name": "intentcorgi-worker-123",
                "ports": [
                  {
                    "port": 8089,
                    "protocol": "TCP"
                  }
                ],
                "readiness_probe": [],
                "secure_environment_variables": null,
                "volume": [
                  {
                    "empty_dir": false,
                    "git_repo": [],
                    "mount_path": "/home/locust/locust",
                    "name": "locust",
                    "read_only": false,
                    "secret": null,
                    "share_name": "locust",
                    "storage_account_key": "Z+Ti1B3rSmDlJQjhtyq154z8c9Q8IV2yYQN9Vx0Aiy2EywbR1iL8Y76y4n5Cbx08x1f3O1kBepucopZsa78a5w==",
                    "storage_account_name": "intentcorgi"
                  }
                ]
              }
            ],
            "diagnostics": [],
            "dns_config": [],
            "dns_name_label": "",
            "exposed_port": [
              {
                "port": 8089,
                "protocol": "TCP"
              }
            ],
            "fqdn": "",
            "id": "/subscriptions/5ff0ab5b-4972-4882-beed-f3baedfad7eb/resourceGroups/locust-kload-rg/providers/Microsoft.ContainerInstance/containerGroups/intentcorgi-locust-worker-123",
            "identity": [],
            "image_registry_credential": [],
            "ip_address": "13.93.146.243",
            "ip_address_type": "Public",
            "location": "westus",
            "name": "intentcorgi-locust-worker-123",
            "network_profile_id": null,
            "os_type": "Linux",
            "resource_group_name": "locust-kload-rg",
            "restart_policy": "Always",
            "tags": {
              "Environment": "dev",
              "Prefix": "kload",
              "Source": "https://github.com/heoelri/locust-on-aci",
              "Toolkit": "Terraform"
            },
            "timeouts": null
          },
          "sensitive_attributes": [
            [
              {
                "type": "get_attr",
                "value": "container"
              },
              {
                "type": "index",
                "value": {
                  "value": 0,
                  "type": "number"
                }
              },
              {
                "type": "get_attr",
                "value": "environment_variables"
              },
              {
                "type": "index",
                "value": {
                  "value": "APPINSIGHTS_INSTRUMENTATIONKEY",
                  "type": "string"
                }
              }
            ],
            [
              {
                "type": "get_attr",
                "value": "container"
              },
              {
                "type": "index",
                "value": {
                  "value": 0,
                  "type": "number"
                }
              },
              {
                "type": "get_attr",
                "value": "volume"
              },
              {
                "type": "index",
                "value": {
                  "value": 0,
                  "type": "number"
                }
              },
              {
                "type": "get_attr",
                "value": "storage_account_key"
              }
            ]
          ],
          "private": "eyJlMmJmYjczMC1lY2FhLTExZTYtOGY4OC0zNDM2M2JjN2M0YzAiOnsiY3JlYXRlIjoxODAwMDAwMDAwMDAwLCJkZWxldGUiOjE4MDAwMDAwMDAwMDAsInJlYWQiOjMwMDAwMDAwMDAwMCwidXBkYXRlIjoxODAwMDAwMDAwMDAwfX0=",
          "dependencies": [
            "azurerm_application_insights.deployment",
            "azurerm_container_group.master",
            "azurerm_resource_group.deployment",
            "azurerm_storage_account.deployment",
            "azurerm_storage_share.locust",
            "azurerm_storage_share_file.locustfile",
            "random_pet.deployment"
          ]
        },
        {
          "index_key": 124,
          "schema_version": 0,
          "attributes": {
            "container": [
              {
                "commands": [
                  "locust"
                ],
                "cpu": 2,
                "environment_variables": {
                  "APPINSIGHTS_INSTRUMENTATIONKEY": "a7bb773e-1e20-47be-9fbd-5d872e1b5659",
                  "LOCUST_LOCUSTFILE": "/home/locust/locust/locustfile.py",
                  "LOCUST_MASTER_NODE_HOST": "intentcorgi-locust-master.northeurope.azurecontainer.io",
                  "LOCUST_MODE_WORKER": "true"
                },
                "gpu": [],
                "image": "sebader/locust-with-plugins:latest",
                "liveness_probe": [],
                "memory": 2,
                "name": "intentcorgi-worker-124",
                "ports": [
                  {
                    "port": 8089,
                    "protocol": "TCP"
                  }
                ],
                "readiness_probe": [],
                "secure_environment_variables": null,
                "volume": [
                  {
                    "empty_dir": false,
                    "git_repo": [],
                    "mount_path": "/home/locust/locust",
                    "name": "locust",
                    "read_only": false,
                    "secret": null,
                    "share_name": "locust",
                    "storage_account_key": "Z+Ti1B3rSmDlJQjhtyq154z8c9Q8IV2yYQN9Vx0Aiy2EywbR1iL8Y76y4n5Cbx08x1f3O1kBepucopZsa78a5w==",
                    "storage_account_name": "intentcorgi"
                  }
                ]
              }
            ],
            "diagnostics": [],
            "dns_config": [],
            "dns_name_label": "",
            "exposed_port": [
              {
                "port": 8089,
                "protocol": "TCP"
              }
            ],
            "fqdn": "",
            "id": "/subscriptions/5ff0ab5b-4972-4882-beed-f3baedfad7eb/resourceGroups/locust-kload-rg/providers/Microsoft.ContainerInstance/containerGroups/intentcorgi-locust-worker-124",
            "identity": [],
            "image_registry_credential": [],
            "ip_address": "20.53.141.192",
            "ip_address_type": "Public",
            "location": "australiaeast",
            "name": "intentcorgi-locust-worker-124",
            "network_profile_id": null,
            "os_type": "Linux",
            "resource_group_name": "locust-kload-rg",
            "restart_policy": "Always",
            "tags": {
              "Environment": "dev",
              "Prefix": "kload",
              "Source": "https://github.com/heoelri/locust-on-aci",
              "Toolkit": "Terraform"
            },
            "timeouts": null
          },
          "sensitive_attributes": [
            [
              {
                "type": "get_attr",
                "value": "container"
              },
              {
                "type": "index",
                "value": {
                  "value": 0,
                  "type": "number"
                }
              },
              {
                "type": "get_attr",
                "value": "environment_variables"
              },
              {
                "type": "index",
                "value": {
                  "value": "APPINSIGHTS_INSTRUMENTATIONKEY",
                  "type": "string"
                }
              }
            ],
            [
              {
                "type": "get_attr",
                "value": "container"
              },
              {
                "type": "index",
                "value": {
                  "value": 0,
                  "type": "number"
                }
              },
              {
                "type": "get_attr",
                "value": "volume"
              },
              {
                "type": "index",
                "value": {
                  "value": 0,
                  "type": "number"
                }
              },
              {
                "type": "get_attr",
                "value": "storage_account_key"
              }
            ]
          ],
          "private": "eyJlMmJmYjczMC1lY2FhLTExZTYtOGY4OC0zNDM2M2JjN2M0YzAiOnsiY3JlYXRlIjoxODAwMDAwMDAwMDAwLCJkZWxldGUiOjE4MDAwMDAwMDAwMDAsInJlYWQiOjMwMDAwMDAwMDAwMCwidXBkYXRlIjoxODAwMDAwMDAwMDAwfX0=",
          "dependencies": [
            "azurerm_application_insights.deployment",
            "azurerm_container_group.master",
            "azurerm_resource_group.deployment",
            "azurerm_storage_account.deployment",
            "azurerm_storage_share.locust",
            "azurerm_storage_share_file.locustfile",
            "random_pet.deployment"
          ]
        },
        {
          "index_key": 125,
          "schema_version": 0,
          "attributes": {
            "container": [
              {
                "commands": [
                  "locust"
                ],
                "cpu": 2,
                "environment_variables": {
                  "APPINSIGHTS_INSTRUMENTATIONKEY": "a7bb773e-1e20-47be-9fbd-5d872e1b5659",
                  "LOCUST_LOCUSTFILE": "/home/locust/locust/locustfile.py",
                  "LOCUST_MASTER_NODE_HOST": "intentcorgi-locust-master.northeurope.azurecontainer.io",
                  "LOCUST_MODE_WORKER": "true"
                },
                "gpu": [],
                "image": "sebader/locust-with-plugins:latest",
                "liveness_probe": [],
                "memory": 2,
                "name": "intentcorgi-worker-125",
                "ports": [
                  {
                    "port": 8089,
                    "protocol": "TCP"
                  }
                ],
                "readiness_probe": [],
                "secure_environment_variables": null,
                "volume": [
                  {
                    "empty_dir": false,
                    "git_repo": [],
                    "mount_path": "/home/locust/locust",
                    "name": "locust",
                    "read_only": false,
                    "secret": null,
                    "share_name": "locust",
                    "storage_account_key": "Z+Ti1B3rSmDlJQjhtyq154z8c9Q8IV2yYQN9Vx0Aiy2EywbR1iL8Y76y4n5Cbx08x1f3O1kBepucopZsa78a5w==",
                    "storage_account_name": "intentcorgi"
                  }
                ]
              }
            ],
            "diagnostics": [],
            "dns_config": [],
            "dns_name_label": "",
            "exposed_port": [
              {
                "port": 8089,
                "protocol": "TCP"
              }
            ],
            "fqdn": "",
            "id": "/subscriptions/5ff0ab5b-4972-4882-beed-f3baedfad7eb/resourceGroups/locust-kload-rg/providers/Microsoft.ContainerInstance/containerGroups/intentcorgi-locust-worker-125",
            "identity": [],
            "image_registry_credential": [],
            "ip_address": "20.74.27.88",
            "ip_address_type": "Public",
            "location": "francecentral",
            "name": "intentcorgi-locust-worker-125",
            "network_profile_id": null,
            "os_type": "Linux",
            "resource_group_name": "locust-kload-rg",
            "restart_policy": "Always",
            "tags": {
              "Environment": "dev",
              "Prefix": "kload",
              "Source": "https://github.com/heoelri/locust-on-aci",
              "Toolkit": "Terraform"
            },
            "timeouts": null
          },
          "sensitive_attributes": [
            [
              {
                "type": "get_attr",
                "value": "container"
              },
              {
                "type": "index",
                "value": {
                  "value": 0,
                  "type": "number"
                }
              },
              {
                "type": "get_attr",
                "value": "volume"
              },
              {
                "type": "index",
                "value": {
                  "value": 0,
                  "type": "number"
                }
              },
              {
                "type": "get_attr",
                "value": "storage_account_key"
              }
            ],
            [
              {
                "type": "get_attr",
                "value": "container"
              },
              {
                "type": "index",
                "value": {
                  "value": 0,
                  "type": "number"
                }
              },
              {
                "type": "get_attr",
                "value": "environment_variables"
              },
              {
                "type": "index",
                "value": {
                  "value": "APPINSIGHTS_INSTRUMENTATIONKEY",
                  "type": "string"
                }
              }
            ]
          ],
          "private": "eyJlMmJmYjczMC1lY2FhLTExZTYtOGY4OC0zNDM2M2JjN2M0YzAiOnsiY3JlYXRlIjoxODAwMDAwMDAwMDAwLCJkZWxldGUiOjE4MDAwMDAwMDAwMDAsInJlYWQiOjMwMDAwMDAwMDAwMCwidXBkYXRlIjoxODAwMDAwMDAwMDAwfX0=",
          "dependencies": [
            "azurerm_application_insights.deployment",
            "azurerm_container_group.master",
            "azurerm_resource_group.deployment",
            "azurerm_storage_account.deployment",
            "azurerm_storage_share.locust",
            "azurerm_storage_share_file.locustfile",
            "random_pet.deployment"
          ]
        },
        {
          "index_key": 126,
          "schema_version": 0,
          "attributes": {
            "container": [
              {
                "commands": [
                  "locust"
                ],
                "cpu": 2,
                "environment_variables": {
                  "APPINSIGHTS_INSTRUMENTATIONKEY": "a7bb773e-1e20-47be-9fbd-5d872e1b5659",
                  "LOCUST_LOCUSTFILE": "/home/locust/locust/locustfile.py",
                  "LOCUST_MASTER_NODE_HOST": "intentcorgi-locust-master.northeurope.azurecontainer.io",
                  "LOCUST_MODE_WORKER": "true"
                },
                "gpu": [],
                "image": "sebader/locust-with-plugins:latest",
                "liveness_probe": [],
                "memory": 2,
                "name": "intentcorgi-worker-126",
                "ports": [
                  {
                    "port": 8089,
                    "protocol": "TCP"
                  }
                ],
                "readiness_probe": [],
                "secure_environment_variables": null,
                "volume": [
                  {
                    "empty_dir": false,
                    "git_repo": [],
                    "mount_path": "/home/locust/locust",
                    "name": "locust",
                    "read_only": false,
                    "secret": null,
                    "share_name": "locust",
                    "storage_account_key": "Z+Ti1B3rSmDlJQjhtyq154z8c9Q8IV2yYQN9Vx0Aiy2EywbR1iL8Y76y4n5Cbx08x1f3O1kBepucopZsa78a5w==",
                    "storage_account_name": "intentcorgi"
                  }
                ]
              }
            ],
            "diagnostics": [],
            "dns_config": [],
            "dns_name_label": "",
            "exposed_port": [
              {
                "port": 8089,
                "protocol": "TCP"
              }
            ],
            "fqdn": "",
            "id": "/subscriptions/5ff0ab5b-4972-4882-beed-f3baedfad7eb/resourceGroups/locust-kload-rg/providers/Microsoft.ContainerInstance/containerGroups/intentcorgi-locust-worker-126",
            "identity": [],
            "image_registry_credential": [],
            "ip_address": "20.88.228.67",
            "ip_address_type": "Public",
            "location": "southcentralus",
            "name": "intentcorgi-locust-worker-126",
            "network_profile_id": null,
            "os_type": "Linux",
            "resource_group_name": "locust-kload-rg",
            "restart_policy": "Always",
            "tags": {
              "Environment": "dev",
              "Prefix": "kload",
              "Source": "https://github.com/heoelri/locust-on-aci",
              "Toolkit": "Terraform"
            },
            "timeouts": null
          },
          "sensitive_attributes": [
            [
              {
                "type": "get_attr",
                "value": "container"
              },
              {
                "type": "index",
                "value": {
                  "value": 0,
                  "type": "number"
                }
              },
              {
                "type": "get_attr",
                "value": "environment_variables"
              },
              {
                "type": "index",
                "value": {
                  "value": "APPINSIGHTS_INSTRUMENTATIONKEY",
                  "type": "string"
                }
              }
            ],
            [
              {
                "type": "get_attr",
                "value": "container"
              },
              {
                "type": "index",
                "value": {
                  "value": 0,
                  "type": "number"
                }
              },
              {
                "type": "get_attr",
                "value": "volume"
              },
              {
                "type": "index",
                "value": {
                  "value": 0,
                  "type": "number"
                }
              },
              {
                "type": "get_attr",
                "value": "storage_account_key"
              }
            ]
          ],
          "private": "eyJlMmJmYjczMC1lY2FhLTExZTYtOGY4OC0zNDM2M2JjN2M0YzAiOnsiY3JlYXRlIjoxODAwMDAwMDAwMDAwLCJkZWxldGUiOjE4MDAwMDAwMDAwMDAsInJlYWQiOjMwMDAwMDAwMDAwMCwidXBkYXRlIjoxODAwMDAwMDAwMDAwfX0=",
          "dependencies": [
            "azurerm_application_insights.deployment",
            "azurerm_container_group.master",
            "azurerm_resource_group.deployment",
            "azurerm_storage_account.deployment",
            "azurerm_storage_share.locust",
            "azurerm_storage_share_file.locustfile",
            "random_pet.deployment"
          ]
        },
        {
          "index_key": 127,
          "schema_version": 0,
          "attributes": {
            "container": [
              {
                "commands": [
                  "locust"
                ],
                "cpu": 2,
                "environment_variables": {
                  "APPINSIGHTS_INSTRUMENTATIONKEY": "a7bb773e-1e20-47be-9fbd-5d872e1b5659",
                  "LOCUST_LOCUSTFILE": "/home/locust/locust/locustfile.py",
                  "LOCUST_MASTER_NODE_HOST": "intentcorgi-locust-master.northeurope.azurecontainer.io",
                  "LOCUST_MODE_WORKER": "true"
                },
                "gpu": [],
                "image": "sebader/locust-with-plugins:latest",
                "liveness_probe": [],
                "memory": 2,
                "name": "intentcorgi-worker-127",
                "ports": [
                  {
                    "port": 8089,
                    "protocol": "TCP"
                  }
                ],
                "readiness_probe": [],
                "secure_environment_variables": null,
                "volume": [
                  {
                    "empty_dir": false,
                    "git_repo": [],
                    "mount_path": "/home/locust/locust",
                    "name": "locust",
                    "read_only": false,
                    "secret": null,
                    "share_name": "locust",
                    "storage_account_key": "Z+Ti1B3rSmDlJQjhtyq154z8c9Q8IV2yYQN9Vx0Aiy2EywbR1iL8Y76y4n5Cbx08x1f3O1kBepucopZsa78a5w==",
                    "storage_account_name": "intentcorgi"
                  }
                ]
              }
            ],
            "diagnostics": [],
            "dns_config": [],
            "dns_name_label": "",
            "exposed_port": [
              {
                "port": 8089,
                "protocol": "TCP"
              }
            ],
            "fqdn": "",
            "id": "/subscriptions/5ff0ab5b-4972-4882-beed-f3baedfad7eb/resourceGroups/locust-kload-rg/providers/Microsoft.ContainerInstance/containerGroups/intentcorgi-locust-worker-127",
            "identity": [],
            "image_registry_credential": [],
            "ip_address": "20.191.173.160",
            "ip_address_type": "Public",
            "location": "japaneast",
            "name": "intentcorgi-locust-worker-127",
            "network_profile_id": null,
            "os_type": "Linux",
            "resource_group_name": "locust-kload-rg",
            "restart_policy": "Always",
            "tags": {
              "Environment": "dev",
              "Prefix": "kload",
              "Source": "https://github.com/heoelri/locust-on-aci",
              "Toolkit": "Terraform"
            },
            "timeouts": null
          },
          "sensitive_attributes": [
            [
              {
                "type": "get_attr",
                "value": "container"
              },
              {
                "type": "index",
                "value": {
                  "value": 0,
                  "type": "number"
                }
              },
              {
                "type": "get_attr",
                "value": "environment_variables"
              },
              {
                "type": "index",
                "value": {
                  "value": "APPINSIGHTS_INSTRUMENTATIONKEY",
                  "type": "string"
                }
              }
            ],
            [
              {
                "type": "get_attr",
                "value": "container"
              },
              {
                "type": "index",
                "value": {
                  "value": 0,
                  "type": "number"
                }
              },
              {
                "type": "get_attr",
                "value": "volume"
              },
              {
                "type": "index",
                "value": {
                  "value": 0,
                  "type": "number"
                }
              },
              {
                "type": "get_attr",
                "value": "storage_account_key"
              }
            ]
          ],
          "private": "eyJlMmJmYjczMC1lY2FhLTExZTYtOGY4OC0zNDM2M2JjN2M0YzAiOnsiY3JlYXRlIjoxODAwMDAwMDAwMDAwLCJkZWxldGUiOjE4MDAwMDAwMDAwMDAsInJlYWQiOjMwMDAwMDAwMDAwMCwidXBkYXRlIjoxODAwMDAwMDAwMDAwfX0=",
          "dependencies": [
            "azurerm_application_insights.deployment",
            "azurerm_container_group.master",
            "azurerm_resource_group.deployment",
            "azurerm_storage_account.deployment",
            "azurerm_storage_share.locust",
            "azurerm_storage_share_file.locustfile",
            "random_pet.deployment"
          ]
        },
        {
          "index_key": 128,
          "schema_version": 0,
          "attributes": {
            "container": [
              {
                "commands": [
                  "locust"
                ],
                "cpu": 2,
                "environment_variables": {
                  "APPINSIGHTS_INSTRUMENTATIONKEY": "a7bb773e-1e20-47be-9fbd-5d872e1b5659",
                  "LOCUST_LOCUSTFILE": "/home/locust/locust/locustfile.py",
                  "LOCUST_MASTER_NODE_HOST": "intentcorgi-locust-master.northeurope.azurecontainer.io",
                  "LOCUST_MODE_WORKER": "true"
                },
                "gpu": [],
                "image": "sebader/locust-with-plugins:latest",
                "liveness_probe": [],
                "memory": 2,
                "name": "intentcorgi-worker-128",
                "ports": [
                  {
                    "port": 8089,
                    "protocol": "TCP"
                  }
                ],
                "readiness_probe": [],
                "secure_environment_variables": null,
                "volume": [
                  {
                    "empty_dir": false,
                    "git_repo": [],
                    "mount_path": "/home/locust/locust",
                    "name": "locust",
                    "read_only": false,
                    "secret": null,
                    "share_name": "locust",
                    "storage_account_key": "Z+Ti1B3rSmDlJQjhtyq154z8c9Q8IV2yYQN9Vx0Aiy2EywbR1iL8Y76y4n5Cbx08x1f3O1kBepucopZsa78a5w==",
                    "storage_account_name": "intentcorgi"
                  }
                ]
              }
            ],
            "diagnostics": [],
            "dns_config": [],
            "dns_name_label": "",
            "exposed_port": [
              {
                "port": 8089,
                "protocol": "TCP"
              }
            ],
            "fqdn": "",
            "id": "/subscriptions/5ff0ab5b-4972-4882-beed-f3baedfad7eb/resourceGroups/locust-kload-rg/providers/Microsoft.ContainerInstance/containerGroups/intentcorgi-locust-worker-128",
            "identity": [],
            "image_registry_credential": [],
            "ip_address": "52.140.33.141",
            "ip_address_type": "Public",
            "location": "southindia",
            "name": "intentcorgi-locust-worker-128",
            "network_profile_id": null,
            "os_type": "Linux",
            "resource_group_name": "locust-kload-rg",
            "restart_policy": "Always",
            "tags": {
              "Environment": "dev",
              "Prefix": "kload",
              "Source": "https://github.com/heoelri/locust-on-aci",
              "Toolkit": "Terraform"
            },
            "timeouts": null
          },
          "sensitive_attributes": [
            [
              {
                "type": "get_attr",
                "value": "container"
              },
              {
                "type": "index",
                "value": {
                  "value": 0,
                  "type": "number"
                }
              },
              {
                "type": "get_attr",
                "value": "environment_variables"
              },
              {
                "type": "index",
                "value": {
                  "value": "APPINSIGHTS_INSTRUMENTATIONKEY",
                  "type": "string"
                }
              }
            ],
            [
              {
                "type": "get_attr",
                "value": "container"
              },
              {
                "type": "index",
                "value": {
                  "value": 0,
                  "type": "number"
                }
              },
              {
                "type": "get_attr",
                "value": "volume"
              },
              {
                "type": "index",
                "value": {
                  "value": 0,
                  "type": "number"
                }
              },
              {
                "type": "get_attr",
                "value": "storage_account_key"
              }
            ]
          ],
          "private": "eyJlMmJmYjczMC1lY2FhLTExZTYtOGY4OC0zNDM2M2JjN2M0YzAiOnsiY3JlYXRlIjoxODAwMDAwMDAwMDAwLCJkZWxldGUiOjE4MDAwMDAwMDAwMDAsInJlYWQiOjMwMDAwMDAwMDAwMCwidXBkYXRlIjoxODAwMDAwMDAwMDAwfX0=",
          "dependencies": [
            "azurerm_application_insights.deployment",
            "azurerm_container_group.master",
            "azurerm_resource_group.deployment",
            "azurerm_storage_account.deployment",
            "azurerm_storage_share.locust",
            "azurerm_storage_share_file.locustfile",
            "random_pet.deployment"
          ]
        },
        {
          "index_key": 129,
          "schema_version": 0,
          "attributes": {
            "container": [
              {
                "commands": [
                  "locust"
                ],
                "cpu": 2,
                "environment_variables": {
                  "APPINSIGHTS_INSTRUMENTATIONKEY": "a7bb773e-1e20-47be-9fbd-5d872e1b5659",
                  "LOCUST_LOCUSTFILE": "/home/locust/locust/locustfile.py",
                  "LOCUST_MASTER_NODE_HOST": "intentcorgi-locust-master.northeurope.azurecontainer.io",
                  "LOCUST_MODE_WORKER": "true"
                },
                "gpu": [],
                "image": "sebader/locust-with-plugins:latest",
                "liveness_probe": [],
                "memory": 2,
                "name": "intentcorgi-worker-129",
                "ports": [
                  {
                    "port": 8089,
                    "protocol": "TCP"
                  }
                ],
                "readiness_probe": [],
                "secure_environment_variables": null,
                "volume": [
                  {
                    "empty_dir": false,
                    "git_repo": [],
                    "mount_path": "/home/locust/locust",
                    "name": "locust",
                    "read_only": false,
                    "secret": null,
                    "share_name": "locust",
                    "storage_account_key": "Z+Ti1B3rSmDlJQjhtyq154z8c9Q8IV2yYQN9Vx0Aiy2EywbR1iL8Y76y4n5Cbx08x1f3O1kBepucopZsa78a5w==",
                    "storage_account_name": "intentcorgi"
                  }
                ]
              }
            ],
            "diagnostics": [],
            "dns_config": [],
            "dns_name_label": "",
            "exposed_port": [
              {
                "port": 8089,
                "protocol": "TCP"
              }
            ],
            "fqdn": "",
            "id": "/subscriptions/5ff0ab5b-4972-4882-beed-f3baedfad7eb/resourceGroups/locust-kload-rg/providers/Microsoft.ContainerInstance/containerGroups/intentcorgi-locust-worker-129",
            "identity": [],
            "image_registry_credential": [],
            "ip_address": "20.201.37.130",
            "ip_address_type": "Public",
            "location": "brazilsouth",
            "name": "intentcorgi-locust-worker-129",
            "network_profile_id": null,
            "os_type": "Linux",
            "resource_group_name": "locust-kload-rg",
            "restart_policy": "Always",
            "tags": {
              "Environment": "dev",
              "Prefix": "kload",
              "Source": "https://github.com/heoelri/locust-on-aci",
              "Toolkit": "Terraform"
            },
            "timeouts": null
          },
          "sensitive_attributes": [
            [
              {
                "type": "get_attr",
                "value": "container"
              },
              {
                "type": "index",
                "value": {
                  "value": 0,
                  "type": "number"
                }
              },
              {
                "type": "get_attr",
                "value": "volume"
              },
              {
                "type": "index",
                "value": {
                  "value": 0,
                  "type": "number"
                }
              },
              {
                "type": "get_attr",
                "value": "storage_account_key"
              }
            ],
            [
              {
                "type": "get_attr",
                "value": "container"
              },
              {
                "type": "index",
                "value": {
                  "value": 0,
                  "type": "number"
                }
              },
              {
                "type": "get_attr",
                "value": "environment_variables"
              },
              {
                "type": "index",
                "value": {
                  "value": "APPINSIGHTS_INSTRUMENTATIONKEY",
                  "type": "string"
                }
              }
            ]
          ],
          "private": "eyJlMmJmYjczMC1lY2FhLTExZTYtOGY4OC0zNDM2M2JjN2M0YzAiOnsiY3JlYXRlIjoxODAwMDAwMDAwMDAwLCJkZWxldGUiOjE4MDAwMDAwMDAwMDAsInJlYWQiOjMwMDAwMDAwMDAwMCwidXBkYXRlIjoxODAwMDAwMDAwMDAwfX0=",
          "dependencies": [
            "azurerm_application_insights.deployment",
            "azurerm_container_group.master",
            "azurerm_resource_group.deployment",
            "azurerm_storage_account.deployment",
            "azurerm_storage_share.locust",
            "azurerm_storage_share_file.locustfile",
            "random_pet.deployment"
          ]
        },
        {
          "index_key": 130,
          "schema_version": 0,
          "attributes": {
            "container": [
              {
                "commands": [
                  "locust"
                ],
                "cpu": 2,
                "environment_variables": {
                  "APPINSIGHTS_INSTRUMENTATIONKEY": "a7bb773e-1e20-47be-9fbd-5d872e1b5659",
                  "LOCUST_LOCUSTFILE": "/home/locust/locust/locustfile.py",
                  "LOCUST_MASTER_NODE_HOST": "intentcorgi-locust-master.northeurope.azurecontainer.io",
                  "LOCUST_MODE_WORKER": "true"
                },
                "gpu": [],
                "image": "sebader/locust-with-plugins:latest",
                "liveness_probe": [],
                "memory": 2,
                "name": "intentcorgi-worker-130",
                "ports": [
                  {
                    "port": 8089,
                    "protocol": "TCP"
                  }
                ],
                "readiness_probe": [],
                "secure_environment_variables": null,
                "volume": [
                  {
                    "empty_dir": false,
                    "git_repo": [],
                    "mount_path": "/home/locust/locust",
                    "name": "locust",
                    "read_only": false,
                    "secret": null,
                    "share_name": "locust",
                    "storage_account_key": "Z+Ti1B3rSmDlJQjhtyq154z8c9Q8IV2yYQN9Vx0Aiy2EywbR1iL8Y76y4n5Cbx08x1f3O1kBepucopZsa78a5w==",
                    "storage_account_name": "intentcorgi"
                  }
                ]
              }
            ],
            "diagnostics": [],
            "dns_config": [],
            "dns_name_label": "",
            "exposed_port": [
              {
                "port": 8089,
                "protocol": "TCP"
              }
            ],
            "fqdn": "",
            "id": "/subscriptions/5ff0ab5b-4972-4882-beed-f3baedfad7eb/resourceGroups/locust-kload-rg/providers/Microsoft.ContainerInstance/containerGroups/intentcorgi-locust-worker-130",
            "identity": [],
            "image_registry_credential": [],
            "ip_address": "20.79.102.63",
            "ip_address_type": "Public",
            "location": "germanywestcentral",
            "name": "intentcorgi-locust-worker-130",
            "network_profile_id": null,
            "os_type": "Linux",
            "resource_group_name": "locust-kload-rg",
            "restart_policy": "Always",
            "tags": {
              "Environment": "dev",
              "Prefix": "kload",
              "Source": "https://github.com/heoelri/locust-on-aci",
              "Toolkit": "Terraform"
            },
            "timeouts": null
          },
          "sensitive_attributes": [
            [
              {
                "type": "get_attr",
                "value": "container"
              },
              {
                "type": "index",
                "value": {
                  "value": 0,
                  "type": "number"
                }
              },
              {
                "type": "get_attr",
                "value": "volume"
              },
              {
                "type": "index",
                "value": {
                  "value": 0,
                  "type": "number"
                }
              },
              {
                "type": "get_attr",
                "value": "storage_account_key"
              }
            ],
            [
              {
                "type": "get_attr",
                "value": "container"
              },
              {
                "type": "index",
                "value": {
                  "value": 0,
                  "type": "number"
                }
              },
              {
                "type": "get_attr",
                "value": "environment_variables"
              },
              {
                "type": "index",
                "value": {
                  "value": "APPINSIGHTS_INSTRUMENTATIONKEY",
                  "type": "string"
                }
              }
            ]
          ],
          "private": "eyJlMmJmYjczMC1lY2FhLTExZTYtOGY4OC0zNDM2M2JjN2M0YzAiOnsiY3JlYXRlIjoxODAwMDAwMDAwMDAwLCJkZWxldGUiOjE4MDAwMDAwMDAwMDAsInJlYWQiOjMwMDAwMDAwMDAwMCwidXBkYXRlIjoxODAwMDAwMDAwMDAwfX0=",
          "dependencies": [
            "azurerm_application_insights.deployment",
            "azurerm_container_group.master",
            "azurerm_resource_group.deployment",
            "azurerm_storage_account.deployment",
            "azurerm_storage_share.locust",
            "azurerm_storage_share_file.locustfile",
            "random_pet.deployment"
          ]
        },
        {
          "index_key": 131,
          "schema_version": 0,
          "attributes": {
            "container": [
              {
                "commands": [
                  "locust"
                ],
                "cpu": 2,
                "environment_variables": {
                  "APPINSIGHTS_INSTRUMENTATIONKEY": "a7bb773e-1e20-47be-9fbd-5d872e1b5659",
                  "LOCUST_LOCUSTFILE": "/home/locust/locust/locustfile.py",
                  "LOCUST_MASTER_NODE_HOST": "intentcorgi-locust-master.northeurope.azurecontainer.io",
                  "LOCUST_MODE_WORKER": "true"
                },
                "gpu": [],
                "image": "sebader/locust-with-plugins:latest",
                "liveness_probe": [],
                "memory": 2,
                "name": "intentcorgi-worker-131",
                "ports": [
                  {
                    "port": 8089,
                    "protocol": "TCP"
                  }
                ],
                "readiness_probe": [],
                "secure_environment_variables": null,
                "volume": [
                  {
                    "empty_dir": false,
                    "git_repo": [],
                    "mount_path": "/home/locust/locust",
                    "name": "locust",
                    "read_only": false,
                    "secret": null,
                    "share_name": "locust",
                    "storage_account_key": "Z+Ti1B3rSmDlJQjhtyq154z8c9Q8IV2yYQN9Vx0Aiy2EywbR1iL8Y76y4n5Cbx08x1f3O1kBepucopZsa78a5w==",
                    "storage_account_name": "intentcorgi"
                  }
                ]
              }
            ],
            "diagnostics": [],
            "dns_config": [],
            "dns_name_label": "",
            "exposed_port": [
              {
                "port": 8089,
                "protocol": "TCP"
              }
            ],
            "fqdn": "",
            "id": "/subscriptions/5ff0ab5b-4972-4882-beed-f3baedfad7eb/resourceGroups/locust-kload-rg/providers/Microsoft.ContainerInstance/containerGroups/intentcorgi-locust-worker-131",
            "identity": [],
            "image_registry_credential": [],
            "ip_address": "51.143.232.172",
            "ip_address_type": "Public",
            "location": "uksouth",
            "name": "intentcorgi-locust-worker-131",
            "network_profile_id": null,
            "os_type": "Linux",
            "resource_group_name": "locust-kload-rg",
            "restart_policy": "Always",
            "tags": {
              "Environment": "dev",
              "Prefix": "kload",
              "Source": "https://github.com/heoelri/locust-on-aci",
              "Toolkit": "Terraform"
            },
            "timeouts": null
          },
          "sensitive_attributes": [
            [
              {
                "type": "get_attr",
                "value": "container"
              },
              {
                "type": "index",
                "value": {
                  "value": 0,
                  "type": "number"
                }
              },
              {
                "type": "get_attr",
                "value": "volume"
              },
              {
                "type": "index",
                "value": {
                  "value": 0,
                  "type": "number"
                }
              },
              {
                "type": "get_attr",
                "value": "storage_account_key"
              }
            ],
            [
              {
                "type": "get_attr",
                "value": "container"
              },
              {
                "type": "index",
                "value": {
                  "value": 0,
                  "type": "number"
                }
              },
              {
                "type": "get_attr",
                "value": "environment_variables"
              },
              {
                "type": "index",
                "value": {
                  "value": "APPINSIGHTS_INSTRUMENTATIONKEY",
                  "type": "string"
                }
              }
            ]
          ],
          "private": "eyJlMmJmYjczMC1lY2FhLTExZTYtOGY4OC0zNDM2M2JjN2M0YzAiOnsiY3JlYXRlIjoxODAwMDAwMDAwMDAwLCJkZWxldGUiOjE4MDAwMDAwMDAwMDAsInJlYWQiOjMwMDAwMDAwMDAwMCwidXBkYXRlIjoxODAwMDAwMDAwMDAwfX0=",
          "dependencies": [
            "azurerm_application_insights.deployment",
            "azurerm_container_group.master",
            "azurerm_resource_group.deployment",
            "azurerm_storage_account.deployment",
            "azurerm_storage_share.locust",
            "azurerm_storage_share_file.locustfile",
            "random_pet.deployment"
          ]
        },
        {
          "index_key": 132,
          "schema_version": 0,
          "attributes": {
            "container": [
              {
                "commands": [
                  "locust"
                ],
                "cpu": 2,
                "environment_variables": {
                  "APPINSIGHTS_INSTRUMENTATIONKEY": "a7bb773e-1e20-47be-9fbd-5d872e1b5659",
                  "LOCUST_LOCUSTFILE": "/home/locust/locust/locustfile.py",
                  "LOCUST_MASTER_NODE_HOST": "intentcorgi-locust-master.northeurope.azurecontainer.io",
                  "LOCUST_MODE_WORKER": "true"
                },
                "gpu": [],
                "image": "sebader/locust-with-plugins:latest",
                "liveness_probe": [],
                "memory": 2,
                "name": "intentcorgi-worker-132",
                "ports": [
                  {
                    "port": 8089,
                    "protocol": "TCP"
                  }
                ],
                "readiness_probe": [],
                "secure_environment_variables": null,
                "volume": [
                  {
                    "empty_dir": false,
                    "git_repo": [],
                    "mount_path": "/home/locust/locust",
                    "name": "locust",
                    "read_only": false,
                    "secret": null,
                    "share_name": "locust",
                    "storage_account_key": "Z+Ti1B3rSmDlJQjhtyq154z8c9Q8IV2yYQN9Vx0Aiy2EywbR1iL8Y76y4n5Cbx08x1f3O1kBepucopZsa78a5w==",
                    "storage_account_name": "intentcorgi"
                  }
                ]
              }
            ],
            "diagnostics": [],
            "dns_config": [],
            "dns_name_label": "",
            "exposed_port": [
              {
                "port": 8089,
                "protocol": "TCP"
              }
            ],
            "fqdn": "",
            "id": "/subscriptions/5ff0ab5b-4972-4882-beed-f3baedfad7eb/resourceGroups/locust-kload-rg/providers/Microsoft.ContainerInstance/containerGroups/intentcorgi-locust-worker-132",
            "identity": [],
            "image_registry_credential": [],
            "ip_address": "20.151.192.239",
            "ip_address_type": "Public",
            "location": "canadacentral",
            "name": "intentcorgi-locust-worker-132",
            "network_profile_id": null,
            "os_type": "Linux",
            "resource_group_name": "locust-kload-rg",
            "restart_policy": "Always",
            "tags": {
              "Environment": "dev",
              "Prefix": "kload",
              "Source": "https://github.com/heoelri/locust-on-aci",
              "Toolkit": "Terraform"
            },
            "timeouts": null
          },
          "sensitive_attributes": [
            [
              {
                "type": "get_attr",
                "value": "container"
              },
              {
                "type": "index",
                "value": {
                  "value": 0,
                  "type": "number"
                }
              },
              {
                "type": "get_attr",
                "value": "volume"
              },
              {
                "type": "index",
                "value": {
                  "value": 0,
                  "type": "number"
                }
              },
              {
                "type": "get_attr",
                "value": "storage_account_key"
              }
            ],
            [
              {
                "type": "get_attr",
                "value": "container"
              },
              {
                "type": "index",
                "value": {
                  "value": 0,
                  "type": "number"
                }
              },
              {
                "type": "get_attr",
                "value": "environment_variables"
              },
              {
                "type": "index",
                "value": {
                  "value": "APPINSIGHTS_INSTRUMENTATIONKEY",
                  "type": "string"
                }
              }
            ]
          ],
          "private": "eyJlMmJmYjczMC1lY2FhLTExZTYtOGY4OC0zNDM2M2JjN2M0YzAiOnsiY3JlYXRlIjoxODAwMDAwMDAwMDAwLCJkZWxldGUiOjE4MDAwMDAwMDAwMDAsInJlYWQiOjMwMDAwMDAwMDAwMCwidXBkYXRlIjoxODAwMDAwMDAwMDAwfX0=",
          "dependencies": [
            "azurerm_application_insights.deployment",
            "azurerm_container_group.master",
            "azurerm_resource_group.deployment",
            "azurerm_storage_account.deployment",
            "azurerm_storage_share.locust",
            "azurerm_storage_share_file.locustfile",
            "random_pet.deployment"
          ]
        },
        {
          "index_key": 133,
          "schema_version": 0,
          "attributes": {
            "container": [
              {
                "commands": [
                  "locust"
                ],
                "cpu": 2,
                "environment_variables": {
                  "APPINSIGHTS_INSTRUMENTATIONKEY": "a7bb773e-1e20-47be-9fbd-5d872e1b5659",
                  "LOCUST_LOCUSTFILE": "/home/locust/locust/locustfile.py",
                  "LOCUST_MASTER_NODE_HOST": "intentcorgi-locust-master.northeurope.azurecontainer.io",
                  "LOCUST_MODE_WORKER": "true"
                },
                "gpu": [],
                "image": "sebader/locust-with-plugins:latest",
                "liveness_probe": [],
                "memory": 2,
                "name": "intentcorgi-worker-133",
                "ports": [
                  {
                    "port": 8089,
                    "protocol": "TCP"
                  }
                ],
                "readiness_probe": [],
                "secure_environment_variables": null,
                "volume": [
                  {
                    "empty_dir": false,
                    "git_repo": [],
                    "mount_path": "/home/locust/locust",
                    "name": "locust",
                    "read_only": false,
                    "secret": null,
                    "share_name": "locust",
                    "storage_account_key": "Z+Ti1B3rSmDlJQjhtyq154z8c9Q8IV2yYQN9Vx0Aiy2EywbR1iL8Y76y4n5Cbx08x1f3O1kBepucopZsa78a5w==",
                    "storage_account_name": "intentcorgi"
                  }
                ]
              }
            ],
            "diagnostics": [],
            "dns_config": [],
            "dns_name_label": "",
            "exposed_port": [
              {
                "port": 8089,
                "protocol": "TCP"
              }
            ],
            "fqdn": "",
            "id": "/subscriptions/5ff0ab5b-4972-4882-beed-f3baedfad7eb/resourceGroups/locust-kload-rg/providers/Microsoft.ContainerInstance/containerGroups/intentcorgi-locust-worker-133",
            "identity": [],
            "image_registry_credential": [],
            "ip_address": "20.72.116.145",
            "ip_address_type": "Public",
            "location": "eastus2",
            "name": "intentcorgi-locust-worker-133",
            "network_profile_id": null,
            "os_type": "Linux",
            "resource_group_name": "locust-kload-rg",
            "restart_policy": "Always",
            "tags": {
              "Environment": "dev",
              "Prefix": "kload",
              "Source": "https://github.com/heoelri/locust-on-aci",
              "Toolkit": "Terraform"
            },
            "timeouts": null
          },
          "sensitive_attributes": [
            [
              {
                "type": "get_attr",
                "value": "container"
              },
              {
                "type": "index",
                "value": {
                  "value": 0,
                  "type": "number"
                }
              },
              {
                "type": "get_attr",
                "value": "environment_variables"
              },
              {
                "type": "index",
                "value": {
                  "value": "APPINSIGHTS_INSTRUMENTATIONKEY",
                  "type": "string"
                }
              }
            ],
            [
              {
                "type": "get_attr",
                "value": "container"
              },
              {
                "type": "index",
                "value": {
                  "value": 0,
                  "type": "number"
                }
              },
              {
                "type": "get_attr",
                "value": "volume"
              },
              {
                "type": "index",
                "value": {
                  "value": 0,
                  "type": "number"
                }
              },
              {
                "type": "get_attr",
                "value": "storage_account_key"
              }
            ]
          ],
          "private": "eyJlMmJmYjczMC1lY2FhLTExZTYtOGY4OC0zNDM2M2JjN2M0YzAiOnsiY3JlYXRlIjoxODAwMDAwMDAwMDAwLCJkZWxldGUiOjE4MDAwMDAwMDAwMDAsInJlYWQiOjMwMDAwMDAwMDAwMCwidXBkYXRlIjoxODAwMDAwMDAwMDAwfX0=",
          "dependencies": [
            "azurerm_application_insights.deployment",
            "azurerm_container_group.master",
            "azurerm_resource_group.deployment",
            "azurerm_storage_account.deployment",
            "azurerm_storage_share.locust",
            "azurerm_storage_share_file.locustfile",
            "random_pet.deployment"
          ]
        },
        {
          "index_key": 134,
          "schema_version": 0,
          "attributes": {
            "container": [
              {
                "commands": [
                  "locust"
                ],
                "cpu": 2,
                "environment_variables": {
                  "APPINSIGHTS_INSTRUMENTATIONKEY": "a7bb773e-1e20-47be-9fbd-5d872e1b5659",
                  "LOCUST_LOCUSTFILE": "/home/locust/locust/locustfile.py",
                  "LOCUST_MASTER_NODE_HOST": "intentcorgi-locust-master.northeurope.azurecontainer.io",
                  "LOCUST_MODE_WORKER": "true"
                },
                "gpu": [],
                "image": "sebader/locust-with-plugins:latest",
                "liveness_probe": [],
                "memory": 2,
                "name": "intentcorgi-worker-134",
                "ports": [
                  {
                    "port": 8089,
                    "protocol": "TCP"
                  }
                ],
                "readiness_probe": [],
                "secure_environment_variables": null,
                "volume": [
                  {
                    "empty_dir": false,
                    "git_repo": [],
                    "mount_path": "/home/locust/locust",
                    "name": "locust",
                    "read_only": false,
                    "secret": null,
                    "share_name": "locust",
                    "storage_account_key": "Z+Ti1B3rSmDlJQjhtyq154z8c9Q8IV2yYQN9Vx0Aiy2EywbR1iL8Y76y4n5Cbx08x1f3O1kBepucopZsa78a5w==",
                    "storage_account_name": "intentcorgi"
                  }
                ]
              }
            ],
            "diagnostics": [],
            "dns_config": [],
            "dns_name_label": "",
            "exposed_port": [
              {
                "port": 8089,
                "protocol": "TCP"
              }
            ],
            "fqdn": "",
            "id": "/subscriptions/5ff0ab5b-4972-4882-beed-f3baedfad7eb/resourceGroups/locust-kload-rg/providers/Microsoft.ContainerInstance/containerGroups/intentcorgi-locust-worker-134",
            "identity": [],
            "image_registry_credential": [],
            "ip_address": "20.74.133.192",
            "ip_address_type": "Public",
            "location": "uaenorth",
            "name": "intentcorgi-locust-worker-134",
            "network_profile_id": null,
            "os_type": "Linux",
            "resource_group_name": "locust-kload-rg",
            "restart_policy": "Always",
            "tags": {
              "Environment": "dev",
              "Prefix": "kload",
              "Source": "https://github.com/heoelri/locust-on-aci",
              "Toolkit": "Terraform"
            },
            "timeouts": null
          },
          "sensitive_attributes": [
            [
              {
                "type": "get_attr",
                "value": "container"
              },
              {
                "type": "index",
                "value": {
                  "value": 0,
                  "type": "number"
                }
              },
              {
                "type": "get_attr",
                "value": "volume"
              },
              {
                "type": "index",
                "value": {
                  "value": 0,
                  "type": "number"
                }
              },
              {
                "type": "get_attr",
                "value": "storage_account_key"
              }
            ],
            [
              {
                "type": "get_attr",
                "value": "container"
              },
              {
                "type": "index",
                "value": {
                  "value": 0,
                  "type": "number"
                }
              },
              {
                "type": "get_attr",
                "value": "environment_variables"
              },
              {
                "type": "index",
                "value": {
                  "value": "APPINSIGHTS_INSTRUMENTATIONKEY",
                  "type": "string"
                }
              }
            ]
          ],
          "private": "eyJlMmJmYjczMC1lY2FhLTExZTYtOGY4OC0zNDM2M2JjN2M0YzAiOnsiY3JlYXRlIjoxODAwMDAwMDAwMDAwLCJkZWxldGUiOjE4MDAwMDAwMDAwMDAsInJlYWQiOjMwMDAwMDAwMDAwMCwidXBkYXRlIjoxODAwMDAwMDAwMDAwfX0=",
          "dependencies": [
            "azurerm_application_insights.deployment",
            "azurerm_container_group.master",
            "azurerm_resource_group.deployment",
            "azurerm_storage_account.deployment",
            "azurerm_storage_share.locust",
            "azurerm_storage_share_file.locustfile",
            "random_pet.deployment"
          ]
        },
        {
          "index_key": 135,
          "schema_version": 0,
          "attributes": {
            "container": [
              {
                "commands": [
                  "locust"
                ],
                "cpu": 2,
                "environment_variables": {
                  "APPINSIGHTS_INSTRUMENTATIONKEY": "a7bb773e-1e20-47be-9fbd-5d872e1b5659",
                  "LOCUST_LOCUSTFILE": "/home/locust/locust/locustfile.py",
                  "LOCUST_MASTER_NODE_HOST": "intentcorgi-locust-master.northeurope.azurecontainer.io",
                  "LOCUST_MODE_WORKER": "true"
                },
                "gpu": [],
                "image": "sebader/locust-with-plugins:latest",
                "liveness_probe": [],
                "memory": 2,
                "name": "intentcorgi-worker-135",
                "ports": [
                  {
                    "port": 8089,
                    "protocol": "TCP"
                  }
                ],
                "readiness_probe": [],
                "secure_environment_variables": null,
                "volume": [
                  {
                    "empty_dir": false,
                    "git_repo": [],
                    "mount_path": "/home/locust/locust",
                    "name": "locust",
                    "read_only": false,
                    "secret": null,
                    "share_name": "locust",
                    "storage_account_key": "Z+Ti1B3rSmDlJQjhtyq154z8c9Q8IV2yYQN9Vx0Aiy2EywbR1iL8Y76y4n5Cbx08x1f3O1kBepucopZsa78a5w==",
                    "storage_account_name": "intentcorgi"
                  }
                ]
              }
            ],
            "diagnostics": [],
            "dns_config": [],
            "dns_name_label": "",
            "exposed_port": [
              {
                "port": 8089,
                "protocol": "TCP"
              }
            ],
            "fqdn": "",
            "id": "/subscriptions/5ff0ab5b-4972-4882-beed-f3baedfad7eb/resourceGroups/locust-kload-rg/providers/Microsoft.ContainerInstance/containerGroups/intentcorgi-locust-worker-135",
            "identity": [],
            "image_registry_credential": [],
            "ip_address": "20.105.2.254",
            "ip_address_type": "Public",
            "location": "northeurope",
            "name": "intentcorgi-locust-worker-135",
            "network_profile_id": null,
            "os_type": "Linux",
            "resource_group_name": "locust-kload-rg",
            "restart_policy": "Always",
            "tags": {
              "Environment": "dev",
              "Prefix": "kload",
              "Source": "https://github.com/heoelri/locust-on-aci",
              "Toolkit": "Terraform"
            },
            "timeouts": null
          },
          "sensitive_attributes": [
            [
              {
                "type": "get_attr",
                "value": "container"
              },
              {
                "type": "index",
                "value": {
                  "value": 0,
                  "type": "number"
                }
              },
              {
                "type": "get_attr",
                "value": "volume"
              },
              {
                "type": "index",
                "value": {
                  "value": 0,
                  "type": "number"
                }
              },
              {
                "type": "get_attr",
                "value": "storage_account_key"
              }
            ],
            [
              {
                "type": "get_attr",
                "value": "container"
              },
              {
                "type": "index",
                "value": {
                  "value": 0,
                  "type": "number"
                }
              },
              {
                "type": "get_attr",
                "value": "environment_variables"
              },
              {
                "type": "index",
                "value": {
                  "value": "APPINSIGHTS_INSTRUMENTATIONKEY",
                  "type": "string"
                }
              }
            ]
          ],
          "private": "eyJlMmJmYjczMC1lY2FhLTExZTYtOGY4OC0zNDM2M2JjN2M0YzAiOnsiY3JlYXRlIjoxODAwMDAwMDAwMDAwLCJkZWxldGUiOjE4MDAwMDAwMDAwMDAsInJlYWQiOjMwMDAwMDAwMDAwMCwidXBkYXRlIjoxODAwMDAwMDAwMDAwfX0=",
          "dependencies": [
            "azurerm_application_insights.deployment",
            "azurerm_container_group.master",
            "azurerm_resource_group.deployment",
            "azurerm_storage_account.deployment",
            "azurerm_storage_share.locust",
            "azurerm_storage_share_file.locustfile",
            "random_pet.deployment"
          ]
        },
        {
          "index_key": 136,
          "schema_version": 0,
          "attributes": {
            "container": [
              {
                "commands": [
                  "locust"
                ],
                "cpu": 2,
                "environment_variables": {
                  "APPINSIGHTS_INSTRUMENTATIONKEY": "a7bb773e-1e20-47be-9fbd-5d872e1b5659",
                  "LOCUST_LOCUSTFILE": "/home/locust/locust/locustfile.py",
                  "LOCUST_MASTER_NODE_HOST": "intentcorgi-locust-master.northeurope.azurecontainer.io",
                  "LOCUST_MODE_WORKER": "true"
                },
                "gpu": [],
                "image": "sebader/locust-with-plugins:latest",
                "liveness_probe": [],
                "memory": 2,
                "name": "intentcorgi-worker-136",
                "ports": [
                  {
                    "port": 8089,
                    "protocol": "TCP"
                  }
                ],
                "readiness_probe": [],
                "secure_environment_variables": null,
                "volume": [
                  {
                    "empty_dir": false,
                    "git_repo": [],
                    "mount_path": "/home/locust/locust",
                    "name": "locust",
                    "read_only": false,
                    "secret": null,
                    "share_name": "locust",
                    "storage_account_key": "Z+Ti1B3rSmDlJQjhtyq154z8c9Q8IV2yYQN9Vx0Aiy2EywbR1iL8Y76y4n5Cbx08x1f3O1kBepucopZsa78a5w==",
                    "storage_account_name": "intentcorgi"
                  }
                ]
              }
            ],
            "diagnostics": [],
            "dns_config": [],
            "dns_name_label": "",
            "exposed_port": [
              {
                "port": 8089,
                "protocol": "TCP"
              }
            ],
            "fqdn": "",
            "id": "/subscriptions/5ff0ab5b-4972-4882-beed-f3baedfad7eb/resourceGroups/locust-kload-rg/providers/Microsoft.ContainerInstance/containerGroups/intentcorgi-locust-worker-136",
            "identity": [],
            "image_registry_credential": [],
            "ip_address": "20.75.70.190",
            "ip_address_type": "Public",
            "location": "eastus2",
            "name": "intentcorgi-locust-worker-136",
            "network_profile_id": null,
            "os_type": "Linux",
            "resource_group_name": "locust-kload-rg",
            "restart_policy": "Always",
            "tags": {
              "Environment": "dev",
              "Prefix": "kload",
              "Source": "https://github.com/heoelri/locust-on-aci",
              "Toolkit": "Terraform"
            },
            "timeouts": null
          },
          "sensitive_attributes": [
            [
              {
                "type": "get_attr",
                "value": "container"
              },
              {
                "type": "index",
                "value": {
                  "value": 0,
                  "type": "number"
                }
              },
              {
                "type": "get_attr",
                "value": "environment_variables"
              },
              {
                "type": "index",
                "value": {
                  "value": "APPINSIGHTS_INSTRUMENTATIONKEY",
                  "type": "string"
                }
              }
            ],
            [
              {
                "type": "get_attr",
                "value": "container"
              },
              {
                "type": "index",
                "value": {
                  "value": 0,
                  "type": "number"
                }
              },
              {
                "type": "get_attr",
                "value": "volume"
              },
              {
                "type": "index",
                "value": {
                  "value": 0,
                  "type": "number"
                }
              },
              {
                "type": "get_attr",
                "value": "storage_account_key"
              }
            ]
          ],
          "private": "eyJlMmJmYjczMC1lY2FhLTExZTYtOGY4OC0zNDM2M2JjN2M0YzAiOnsiY3JlYXRlIjoxODAwMDAwMDAwMDAwLCJkZWxldGUiOjE4MDAwMDAwMDAwMDAsInJlYWQiOjMwMDAwMDAwMDAwMCwidXBkYXRlIjoxODAwMDAwMDAwMDAwfX0=",
          "dependencies": [
            "azurerm_application_insights.deployment",
            "azurerm_container_group.master",
            "azurerm_resource_group.deployment",
            "azurerm_storage_account.deployment",
            "azurerm_storage_share.locust",
            "azurerm_storage_share_file.locustfile",
            "random_pet.deployment"
          ]
        },
        {
          "index_key": 137,
          "schema_version": 0,
          "attributes": {
            "container": [
              {
                "commands": [
                  "locust"
                ],
                "cpu": 2,
                "environment_variables": {
                  "APPINSIGHTS_INSTRUMENTATIONKEY": "a7bb773e-1e20-47be-9fbd-5d872e1b5659",
                  "LOCUST_LOCUSTFILE": "/home/locust/locust/locustfile.py",
                  "LOCUST_MASTER_NODE_HOST": "intentcorgi-locust-master.northeurope.azurecontainer.io",
                  "LOCUST_MODE_WORKER": "true"
                },
                "gpu": [],
                "image": "sebader/locust-with-plugins:latest",
                "liveness_probe": [],
                "memory": 2,
                "name": "intentcorgi-worker-137",
                "ports": [
                  {
                    "port": 8089,
                    "protocol": "TCP"
                  }
                ],
                "readiness_probe": [],
                "secure_environment_variables": null,
                "volume": [
                  {
                    "empty_dir": false,
                    "git_repo": [],
                    "mount_path": "/home/locust/locust",
                    "name": "locust",
                    "read_only": false,
                    "secret": null,
                    "share_name": "locust",
                    "storage_account_key": "Z+Ti1B3rSmDlJQjhtyq154z8c9Q8IV2yYQN9Vx0Aiy2EywbR1iL8Y76y4n5Cbx08x1f3O1kBepucopZsa78a5w==",
                    "storage_account_name": "intentcorgi"
                  }
                ]
              }
            ],
            "diagnostics": [],
            "dns_config": [],
            "dns_name_label": "",
            "exposed_port": [
              {
                "port": 8089,
                "protocol": "TCP"
              }
            ],
            "fqdn": "",
            "id": "/subscriptions/5ff0ab5b-4972-4882-beed-f3baedfad7eb/resourceGroups/locust-kload-rg/providers/Microsoft.ContainerInstance/containerGroups/intentcorgi-locust-worker-137",
            "identity": [],
            "image_registry_credential": [],
            "ip_address": "20.82.35.25",
            "ip_address_type": "Public",
            "location": "westeurope",
            "name": "intentcorgi-locust-worker-137",
            "network_profile_id": null,
            "os_type": "Linux",
            "resource_group_name": "locust-kload-rg",
            "restart_policy": "Always",
            "tags": {
              "Environment": "dev",
              "Prefix": "kload",
              "Source": "https://github.com/heoelri/locust-on-aci",
              "Toolkit": "Terraform"
            },
            "timeouts": null
          },
          "sensitive_attributes": [
            [
              {
                "type": "get_attr",
                "value": "container"
              },
              {
                "type": "index",
                "value": {
                  "value": 0,
                  "type": "number"
                }
              },
              {
                "type": "get_attr",
                "value": "environment_variables"
              },
              {
                "type": "index",
                "value": {
                  "value": "APPINSIGHTS_INSTRUMENTATIONKEY",
                  "type": "string"
                }
              }
            ],
            [
              {
                "type": "get_attr",
                "value": "container"
              },
              {
                "type": "index",
                "value": {
                  "value": 0,
                  "type": "number"
                }
              },
              {
                "type": "get_attr",
                "value": "volume"
              },
              {
                "type": "index",
                "value": {
                  "value": 0,
                  "type": "number"
                }
              },
              {
                "type": "get_attr",
                "value": "storage_account_key"
              }
            ]
          ],
          "private": "eyJlMmJmYjczMC1lY2FhLTExZTYtOGY4OC0zNDM2M2JjN2M0YzAiOnsiY3JlYXRlIjoxODAwMDAwMDAwMDAwLCJkZWxldGUiOjE4MDAwMDAwMDAwMDAsInJlYWQiOjMwMDAwMDAwMDAwMCwidXBkYXRlIjoxODAwMDAwMDAwMDAwfX0=",
          "dependencies": [
            "azurerm_application_insights.deployment",
            "azurerm_container_group.master",
            "azurerm_resource_group.deployment",
            "azurerm_storage_account.deployment",
            "azurerm_storage_share.locust",
            "azurerm_storage_share_file.locustfile",
            "random_pet.deployment"
          ]
        },
        {
          "index_key": 138,
          "schema_version": 0,
          "attributes": {
            "container": [
              {
                "commands": [
                  "locust"
                ],
                "cpu": 2,
                "environment_variables": {
                  "APPINSIGHTS_INSTRUMENTATIONKEY": "a7bb773e-1e20-47be-9fbd-5d872e1b5659",
                  "LOCUST_LOCUSTFILE": "/home/locust/locust/locustfile.py",
                  "LOCUST_MASTER_NODE_HOST": "intentcorgi-locust-master.northeurope.azurecontainer.io",
                  "LOCUST_MODE_WORKER": "true"
                },
                "gpu": [],
                "image": "sebader/locust-with-plugins:latest",
                "liveness_probe": [],
                "memory": 2,
                "name": "intentcorgi-worker-138",
                "ports": [
                  {
                    "port": 8089,
                    "protocol": "TCP"
                  }
                ],
                "readiness_probe": [],
                "secure_environment_variables": null,
                "volume": [
                  {
                    "empty_dir": false,
                    "git_repo": [],
                    "mount_path": "/home/locust/locust",
                    "name": "locust",
                    "read_only": false,
                    "secret": null,
                    "share_name": "locust",
                    "storage_account_key": "Z+Ti1B3rSmDlJQjhtyq154z8c9Q8IV2yYQN9Vx0Aiy2EywbR1iL8Y76y4n5Cbx08x1f3O1kBepucopZsa78a5w==",
                    "storage_account_name": "intentcorgi"
                  }
                ]
              }
            ],
            "diagnostics": [],
            "dns_config": [],
            "dns_name_label": "",
            "exposed_port": [
              {
                "port": 8089,
                "protocol": "TCP"
              }
            ],
            "fqdn": "",
            "id": "/subscriptions/5ff0ab5b-4972-4882-beed-f3baedfad7eb/resourceGroups/locust-kload-rg/providers/Microsoft.ContainerInstance/containerGroups/intentcorgi-locust-worker-138",
            "identity": [],
            "image_registry_credential": [],
            "ip_address": "13.88.112.43",
            "ip_address_type": "Public",
            "location": "westus",
            "name": "intentcorgi-locust-worker-138",
            "network_profile_id": null,
            "os_type": "Linux",
            "resource_group_name": "locust-kload-rg",
            "restart_policy": "Always",
            "tags": {
              "Environment": "dev",
              "Prefix": "kload",
              "Source": "https://github.com/heoelri/locust-on-aci",
              "Toolkit": "Terraform"
            },
            "timeouts": null
          },
          "sensitive_attributes": [
            [
              {
                "type": "get_attr",
                "value": "container"
              },
              {
                "type": "index",
                "value": {
                  "value": 0,
                  "type": "number"
                }
              },
              {
                "type": "get_attr",
                "value": "volume"
              },
              {
                "type": "index",
                "value": {
                  "value": 0,
                  "type": "number"
                }
              },
              {
                "type": "get_attr",
                "value": "storage_account_key"
              }
            ],
            [
              {
                "type": "get_attr",
                "value": "container"
              },
              {
                "type": "index",
                "value": {
                  "value": 0,
                  "type": "number"
                }
              },
              {
                "type": "get_attr",
                "value": "environment_variables"
              },
              {
                "type": "index",
                "value": {
                  "value": "APPINSIGHTS_INSTRUMENTATIONKEY",
                  "type": "string"
                }
              }
            ]
          ],
          "private": "eyJlMmJmYjczMC1lY2FhLTExZTYtOGY4OC0zNDM2M2JjN2M0YzAiOnsiY3JlYXRlIjoxODAwMDAwMDAwMDAwLCJkZWxldGUiOjE4MDAwMDAwMDAwMDAsInJlYWQiOjMwMDAwMDAwMDAwMCwidXBkYXRlIjoxODAwMDAwMDAwMDAwfX0=",
          "dependencies": [
            "azurerm_application_insights.deployment",
            "azurerm_container_group.master",
            "azurerm_resource_group.deployment",
            "azurerm_storage_account.deployment",
            "azurerm_storage_share.locust",
            "azurerm_storage_share_file.locustfile",
            "random_pet.deployment"
          ]
        },
        {
          "index_key": 139,
          "schema_version": 0,
          "attributes": {
            "container": [
              {
                "commands": [
                  "locust"
                ],
                "cpu": 2,
                "environment_variables": {
                  "APPINSIGHTS_INSTRUMENTATIONKEY": "a7bb773e-1e20-47be-9fbd-5d872e1b5659",
                  "LOCUST_LOCUSTFILE": "/home/locust/locust/locustfile.py",
                  "LOCUST_MASTER_NODE_HOST": "intentcorgi-locust-master.northeurope.azurecontainer.io",
                  "LOCUST_MODE_WORKER": "true"
                },
                "gpu": [],
                "image": "sebader/locust-with-plugins:latest",
                "liveness_probe": [],
                "memory": 2,
                "name": "intentcorgi-worker-139",
                "ports": [
                  {
                    "port": 8089,
                    "protocol": "TCP"
                  }
                ],
                "readiness_probe": [],
                "secure_environment_variables": null,
                "volume": [
                  {
                    "empty_dir": false,
                    "git_repo": [],
                    "mount_path": "/home/locust/locust",
                    "name": "locust",
                    "read_only": false,
                    "secret": null,
                    "share_name": "locust",
                    "storage_account_key": "Z+Ti1B3rSmDlJQjhtyq154z8c9Q8IV2yYQN9Vx0Aiy2EywbR1iL8Y76y4n5Cbx08x1f3O1kBepucopZsa78a5w==",
                    "storage_account_name": "intentcorgi"
                  }
                ]
              }
            ],
            "diagnostics": [],
            "dns_config": [],
            "dns_name_label": "",
            "exposed_port": [
              {
                "port": 8089,
                "protocol": "TCP"
              }
            ],
            "fqdn": "",
            "id": "/subscriptions/5ff0ab5b-4972-4882-beed-f3baedfad7eb/resourceGroups/locust-kload-rg/providers/Microsoft.ContainerInstance/containerGroups/intentcorgi-locust-worker-139",
            "identity": [],
            "image_registry_credential": [],
            "ip_address": "20.53.215.153",
            "ip_address_type": "Public",
            "location": "australiaeast",
            "name": "intentcorgi-locust-worker-139",
            "network_profile_id": null,
            "os_type": "Linux",
            "resource_group_name": "locust-kload-rg",
            "restart_policy": "Always",
            "tags": {
              "Environment": "dev",
              "Prefix": "kload",
              "Source": "https://github.com/heoelri/locust-on-aci",
              "Toolkit": "Terraform"
            },
            "timeouts": null
          },
          "sensitive_attributes": [
            [
              {
                "type": "get_attr",
                "value": "container"
              },
              {
                "type": "index",
                "value": {
                  "value": 0,
                  "type": "number"
                }
              },
              {
                "type": "get_attr",
                "value": "environment_variables"
              },
              {
                "type": "index",
                "value": {
                  "value": "APPINSIGHTS_INSTRUMENTATIONKEY",
                  "type": "string"
                }
              }
            ],
            [
              {
                "type": "get_attr",
                "value": "container"
              },
              {
                "type": "index",
                "value": {
                  "value": 0,
                  "type": "number"
                }
              },
              {
                "type": "get_attr",
                "value": "volume"
              },
              {
                "type": "index",
                "value": {
                  "value": 0,
                  "type": "number"
                }
              },
              {
                "type": "get_attr",
                "value": "storage_account_key"
              }
            ]
          ],
          "private": "eyJlMmJmYjczMC1lY2FhLTExZTYtOGY4OC0zNDM2M2JjN2M0YzAiOnsiY3JlYXRlIjoxODAwMDAwMDAwMDAwLCJkZWxldGUiOjE4MDAwMDAwMDAwMDAsInJlYWQiOjMwMDAwMDAwMDAwMCwidXBkYXRlIjoxODAwMDAwMDAwMDAwfX0=",
          "dependencies": [
            "azurerm_application_insights.deployment",
            "azurerm_container_group.master",
            "azurerm_resource_group.deployment",
            "azurerm_storage_account.deployment",
            "azurerm_storage_share.locust",
            "azurerm_storage_share_file.locustfile",
            "random_pet.deployment"
          ]
        },
        {
          "index_key": 140,
          "schema_version": 0,
          "attributes": {
            "container": [
              {
                "commands": [
                  "locust"
                ],
                "cpu": 2,
                "environment_variables": {
                  "APPINSIGHTS_INSTRUMENTATIONKEY": "a7bb773e-1e20-47be-9fbd-5d872e1b5659",
                  "LOCUST_LOCUSTFILE": "/home/locust/locust/locustfile.py",
                  "LOCUST_MASTER_NODE_HOST": "intentcorgi-locust-master.northeurope.azurecontainer.io",
                  "LOCUST_MODE_WORKER": "true"
                },
                "gpu": [],
                "image": "sebader/locust-with-plugins:latest",
                "liveness_probe": [],
                "memory": 2,
                "name": "intentcorgi-worker-140",
                "ports": [
                  {
                    "port": 8089,
                    "protocol": "TCP"
                  }
                ],
                "readiness_probe": [],
                "secure_environment_variables": null,
                "volume": [
                  {
                    "empty_dir": false,
                    "git_repo": [],
                    "mount_path": "/home/locust/locust",
                    "name": "locust",
                    "read_only": false,
                    "secret": null,
                    "share_name": "locust",
                    "storage_account_key": "Z+Ti1B3rSmDlJQjhtyq154z8c9Q8IV2yYQN9Vx0Aiy2EywbR1iL8Y76y4n5Cbx08x1f3O1kBepucopZsa78a5w==",
                    "storage_account_name": "intentcorgi"
                  }
                ]
              }
            ],
            "diagnostics": [],
            "dns_config": [],
            "dns_name_label": "",
            "exposed_port": [
              {
                "port": 8089,
                "protocol": "TCP"
              }
            ],
            "fqdn": "",
            "id": "/subscriptions/5ff0ab5b-4972-4882-beed-f3baedfad7eb/resourceGroups/locust-kload-rg/providers/Microsoft.ContainerInstance/containerGroups/intentcorgi-locust-worker-140",
            "identity": [],
            "image_registry_credential": [],
            "ip_address": "20.74.16.192",
            "ip_address_type": "Public",
            "location": "francecentral",
            "name": "intentcorgi-locust-worker-140",
            "network_profile_id": null,
            "os_type": "Linux",
            "resource_group_name": "locust-kload-rg",
            "restart_policy": "Always",
            "tags": {
              "Environment": "dev",
              "Prefix": "kload",
              "Source": "https://github.com/heoelri/locust-on-aci",
              "Toolkit": "Terraform"
            },
            "timeouts": null
          },
          "sensitive_attributes": [
            [
              {
                "type": "get_attr",
                "value": "container"
              },
              {
                "type": "index",
                "value": {
                  "value": 0,
                  "type": "number"
                }
              },
              {
                "type": "get_attr",
                "value": "volume"
              },
              {
                "type": "index",
                "value": {
                  "value": 0,
                  "type": "number"
                }
              },
              {
                "type": "get_attr",
                "value": "storage_account_key"
              }
            ],
            [
              {
                "type": "get_attr",
                "value": "container"
              },
              {
                "type": "index",
                "value": {
                  "value": 0,
                  "type": "number"
                }
              },
              {
                "type": "get_attr",
                "value": "environment_variables"
              },
              {
                "type": "index",
                "value": {
                  "value": "APPINSIGHTS_INSTRUMENTATIONKEY",
                  "type": "string"
                }
              }
            ]
          ],
          "private": "eyJlMmJmYjczMC1lY2FhLTExZTYtOGY4OC0zNDM2M2JjN2M0YzAiOnsiY3JlYXRlIjoxODAwMDAwMDAwMDAwLCJkZWxldGUiOjE4MDAwMDAwMDAwMDAsInJlYWQiOjMwMDAwMDAwMDAwMCwidXBkYXRlIjoxODAwMDAwMDAwMDAwfX0=",
          "dependencies": [
            "azurerm_application_insights.deployment",
            "azurerm_container_group.master",
            "azurerm_resource_group.deployment",
            "azurerm_storage_account.deployment",
            "azurerm_storage_share.locust",
            "azurerm_storage_share_file.locustfile",
            "random_pet.deployment"
          ]
        },
        {
          "index_key": 141,
          "schema_version": 0,
          "attributes": {
            "container": [
              {
                "commands": [
                  "locust"
                ],
                "cpu": 2,
                "environment_variables": {
                  "APPINSIGHTS_INSTRUMENTATIONKEY": "a7bb773e-1e20-47be-9fbd-5d872e1b5659",
                  "LOCUST_LOCUSTFILE": "/home/locust/locust/locustfile.py",
                  "LOCUST_MASTER_NODE_HOST": "intentcorgi-locust-master.northeurope.azurecontainer.io",
                  "LOCUST_MODE_WORKER": "true"
                },
                "gpu": [],
                "image": "sebader/locust-with-plugins:latest",
                "liveness_probe": [],
                "memory": 2,
                "name": "intentcorgi-worker-141",
                "ports": [
                  {
                    "port": 8089,
                    "protocol": "TCP"
                  }
                ],
                "readiness_probe": [],
                "secure_environment_variables": null,
                "volume": [
                  {
                    "empty_dir": false,
                    "git_repo": [],
                    "mount_path": "/home/locust/locust",
                    "name": "locust",
                    "read_only": false,
                    "secret": null,
                    "share_name": "locust",
                    "storage_account_key": "Z+Ti1B3rSmDlJQjhtyq154z8c9Q8IV2yYQN9Vx0Aiy2EywbR1iL8Y76y4n5Cbx08x1f3O1kBepucopZsa78a5w==",
                    "storage_account_name": "intentcorgi"
                  }
                ]
              }
            ],
            "diagnostics": [],
            "dns_config": [],
            "dns_name_label": "",
            "exposed_port": [
              {
                "port": 8089,
                "protocol": "TCP"
              }
            ],
            "fqdn": "",
            "id": "/subscriptions/5ff0ab5b-4972-4882-beed-f3baedfad7eb/resourceGroups/locust-kload-rg/providers/Microsoft.ContainerInstance/containerGroups/intentcorgi-locust-worker-141",
            "identity": [],
            "image_registry_credential": [],
            "ip_address": "20.94.147.220",
            "ip_address_type": "Public",
            "location": "southcentralus",
            "name": "intentcorgi-locust-worker-141",
            "network_profile_id": null,
            "os_type": "Linux",
            "resource_group_name": "locust-kload-rg",
            "restart_policy": "Always",
            "tags": {
              "Environment": "dev",
              "Prefix": "kload",
              "Source": "https://github.com/heoelri/locust-on-aci",
              "Toolkit": "Terraform"
            },
            "timeouts": null
          },
          "sensitive_attributes": [
            [
              {
                "type": "get_attr",
                "value": "container"
              },
              {
                "type": "index",
                "value": {
                  "value": 0,
                  "type": "number"
                }
              },
              {
                "type": "get_attr",
                "value": "environment_variables"
              },
              {
                "type": "index",
                "value": {
                  "value": "APPINSIGHTS_INSTRUMENTATIONKEY",
                  "type": "string"
                }
              }
            ],
            [
              {
                "type": "get_attr",
                "value": "container"
              },
              {
                "type": "index",
                "value": {
                  "value": 0,
                  "type": "number"
                }
              },
              {
                "type": "get_attr",
                "value": "volume"
              },
              {
                "type": "index",
                "value": {
                  "value": 0,
                  "type": "number"
                }
              },
              {
                "type": "get_attr",
                "value": "storage_account_key"
              }
            ]
          ],
          "private": "eyJlMmJmYjczMC1lY2FhLTExZTYtOGY4OC0zNDM2M2JjN2M0YzAiOnsiY3JlYXRlIjoxODAwMDAwMDAwMDAwLCJkZWxldGUiOjE4MDAwMDAwMDAwMDAsInJlYWQiOjMwMDAwMDAwMDAwMCwidXBkYXRlIjoxODAwMDAwMDAwMDAwfX0=",
          "dependencies": [
            "azurerm_application_insights.deployment",
            "azurerm_container_group.master",
            "azurerm_resource_group.deployment",
            "azurerm_storage_account.deployment",
            "azurerm_storage_share.locust",
            "azurerm_storage_share_file.locustfile",
            "random_pet.deployment"
          ]
        },
        {
          "index_key": 142,
          "schema_version": 0,
          "attributes": {
            "container": [
              {
                "commands": [
                  "locust"
                ],
                "cpu": 2,
                "environment_variables": {
                  "APPINSIGHTS_INSTRUMENTATIONKEY": "a7bb773e-1e20-47be-9fbd-5d872e1b5659",
                  "LOCUST_LOCUSTFILE": "/home/locust/locust/locustfile.py",
                  "LOCUST_MASTER_NODE_HOST": "intentcorgi-locust-master.northeurope.azurecontainer.io",
                  "LOCUST_MODE_WORKER": "true"
                },
                "gpu": [],
                "image": "sebader/locust-with-plugins:latest",
                "liveness_probe": [],
                "memory": 2,
                "name": "intentcorgi-worker-142",
                "ports": [
                  {
                    "port": 8089,
                    "protocol": "TCP"
                  }
                ],
                "readiness_probe": [],
                "secure_environment_variables": null,
                "volume": [
                  {
                    "empty_dir": false,
                    "git_repo": [],
                    "mount_path": "/home/locust/locust",
                    "name": "locust",
                    "read_only": false,
                    "secret": null,
                    "share_name": "locust",
                    "storage_account_key": "Z+Ti1B3rSmDlJQjhtyq154z8c9Q8IV2yYQN9Vx0Aiy2EywbR1iL8Y76y4n5Cbx08x1f3O1kBepucopZsa78a5w==",
                    "storage_account_name": "intentcorgi"
                  }
                ]
              }
            ],
            "diagnostics": [],
            "dns_config": [],
            "dns_name_label": "",
            "exposed_port": [
              {
                "port": 8089,
                "protocol": "TCP"
              }
            ],
            "fqdn": "",
            "id": "/subscriptions/5ff0ab5b-4972-4882-beed-f3baedfad7eb/resourceGroups/locust-kload-rg/providers/Microsoft.ContainerInstance/containerGroups/intentcorgi-locust-worker-142",
            "identity": [],
            "image_registry_credential": [],
            "ip_address": "20.78.224.141",
            "ip_address_type": "Public",
            "location": "japaneast",
            "name": "intentcorgi-locust-worker-142",
            "network_profile_id": null,
            "os_type": "Linux",
            "resource_group_name": "locust-kload-rg",
            "restart_policy": "Always",
            "tags": {
              "Environment": "dev",
              "Prefix": "kload",
              "Source": "https://github.com/heoelri/locust-on-aci",
              "Toolkit": "Terraform"
            },
            "timeouts": null
          },
          "sensitive_attributes": [
            [
              {
                "type": "get_attr",
                "value": "container"
              },
              {
                "type": "index",
                "value": {
                  "value": 0,
                  "type": "number"
                }
              },
              {
                "type": "get_attr",
                "value": "environment_variables"
              },
              {
                "type": "index",
                "value": {
                  "value": "APPINSIGHTS_INSTRUMENTATIONKEY",
                  "type": "string"
                }
              }
            ],
            [
              {
                "type": "get_attr",
                "value": "container"
              },
              {
                "type": "index",
                "value": {
                  "value": 0,
                  "type": "number"
                }
              },
              {
                "type": "get_attr",
                "value": "volume"
              },
              {
                "type": "index",
                "value": {
                  "value": 0,
                  "type": "number"
                }
              },
              {
                "type": "get_attr",
                "value": "storage_account_key"
              }
            ]
          ],
          "private": "eyJlMmJmYjczMC1lY2FhLTExZTYtOGY4OC0zNDM2M2JjN2M0YzAiOnsiY3JlYXRlIjoxODAwMDAwMDAwMDAwLCJkZWxldGUiOjE4MDAwMDAwMDAwMDAsInJlYWQiOjMwMDAwMDAwMDAwMCwidXBkYXRlIjoxODAwMDAwMDAwMDAwfX0=",
          "dependencies": [
            "azurerm_application_insights.deployment",
            "azurerm_container_group.master",
            "azurerm_resource_group.deployment",
            "azurerm_storage_account.deployment",
            "azurerm_storage_share.locust",
            "azurerm_storage_share_file.locustfile",
            "random_pet.deployment"
          ]
        },
        {
          "index_key": 143,
          "schema_version": 0,
          "attributes": {
            "container": [
              {
                "commands": [
                  "locust"
                ],
                "cpu": 2,
                "environment_variables": {
                  "APPINSIGHTS_INSTRUMENTATIONKEY": "a7bb773e-1e20-47be-9fbd-5d872e1b5659",
                  "LOCUST_LOCUSTFILE": "/home/locust/locust/locustfile.py",
                  "LOCUST_MASTER_NODE_HOST": "intentcorgi-locust-master.northeurope.azurecontainer.io",
                  "LOCUST_MODE_WORKER": "true"
                },
                "gpu": [],
                "image": "sebader/locust-with-plugins:latest",
                "liveness_probe": [],
                "memory": 2,
                "name": "intentcorgi-worker-143",
                "ports": [
                  {
                    "port": 8089,
                    "protocol": "TCP"
                  }
                ],
                "readiness_probe": [],
                "secure_environment_variables": null,
                "volume": [
                  {
                    "empty_dir": false,
                    "git_repo": [],
                    "mount_path": "/home/locust/locust",
                    "name": "locust",
                    "read_only": false,
                    "secret": null,
                    "share_name": "locust",
                    "storage_account_key": "Z+Ti1B3rSmDlJQjhtyq154z8c9Q8IV2yYQN9Vx0Aiy2EywbR1iL8Y76y4n5Cbx08x1f3O1kBepucopZsa78a5w==",
                    "storage_account_name": "intentcorgi"
                  }
                ]
              }
            ],
            "diagnostics": [],
            "dns_config": [],
            "dns_name_label": "",
            "exposed_port": [
              {
                "port": 8089,
                "protocol": "TCP"
              }
            ],
            "fqdn": "",
            "id": "/subscriptions/5ff0ab5b-4972-4882-beed-f3baedfad7eb/resourceGroups/locust-kload-rg/providers/Microsoft.ContainerInstance/containerGroups/intentcorgi-locust-worker-143",
            "identity": [],
            "image_registry_credential": [],
            "ip_address": "13.71.65.209",
            "ip_address_type": "Public",
            "location": "southindia",
            "name": "intentcorgi-locust-worker-143",
            "network_profile_id": null,
            "os_type": "Linux",
            "resource_group_name": "locust-kload-rg",
            "restart_policy": "Always",
            "tags": {
              "Environment": "dev",
              "Prefix": "kload",
              "Source": "https://github.com/heoelri/locust-on-aci",
              "Toolkit": "Terraform"
            },
            "timeouts": null
          },
          "sensitive_attributes": [
            [
              {
                "type": "get_attr",
                "value": "container"
              },
              {
                "type": "index",
                "value": {
                  "value": 0,
                  "type": "number"
                }
              },
              {
                "type": "get_attr",
                "value": "volume"
              },
              {
                "type": "index",
                "value": {
                  "value": 0,
                  "type": "number"
                }
              },
              {
                "type": "get_attr",
                "value": "storage_account_key"
              }
            ],
            [
              {
                "type": "get_attr",
                "value": "container"
              },
              {
                "type": "index",
                "value": {
                  "value": 0,
                  "type": "number"
                }
              },
              {
                "type": "get_attr",
                "value": "environment_variables"
              },
              {
                "type": "index",
                "value": {
                  "value": "APPINSIGHTS_INSTRUMENTATIONKEY",
                  "type": "string"
                }
              }
            ]
          ],
          "private": "eyJlMmJmYjczMC1lY2FhLTExZTYtOGY4OC0zNDM2M2JjN2M0YzAiOnsiY3JlYXRlIjoxODAwMDAwMDAwMDAwLCJkZWxldGUiOjE4MDAwMDAwMDAwMDAsInJlYWQiOjMwMDAwMDAwMDAwMCwidXBkYXRlIjoxODAwMDAwMDAwMDAwfX0=",
          "dependencies": [
            "azurerm_application_insights.deployment",
            "azurerm_container_group.master",
            "azurerm_resource_group.deployment",
            "azurerm_storage_account.deployment",
            "azurerm_storage_share.locust",
            "azurerm_storage_share_file.locustfile",
            "random_pet.deployment"
          ]
        },
        {
          "index_key": 144,
          "schema_version": 0,
          "attributes": {
            "container": [
              {
                "commands": [
                  "locust"
                ],
                "cpu": 2,
                "environment_variables": {
                  "APPINSIGHTS_INSTRUMENTATIONKEY": "a7bb773e-1e20-47be-9fbd-5d872e1b5659",
                  "LOCUST_LOCUSTFILE": "/home/locust/locust/locustfile.py",
                  "LOCUST_MASTER_NODE_HOST": "intentcorgi-locust-master.northeurope.azurecontainer.io",
                  "LOCUST_MODE_WORKER": "true"
                },
                "gpu": [],
                "image": "sebader/locust-with-plugins:latest",
                "liveness_probe": [],
                "memory": 2,
                "name": "intentcorgi-worker-144",
                "ports": [
                  {
                    "port": 8089,
                    "protocol": "TCP"
                  }
                ],
                "readiness_probe": [],
                "secure_environment_variables": null,
                "volume": [
                  {
                    "empty_dir": false,
                    "git_repo": [],
                    "mount_path": "/home/locust/locust",
                    "name": "locust",
                    "read_only": false,
                    "secret": null,
                    "share_name": "locust",
                    "storage_account_key": "Z+Ti1B3rSmDlJQjhtyq154z8c9Q8IV2yYQN9Vx0Aiy2EywbR1iL8Y76y4n5Cbx08x1f3O1kBepucopZsa78a5w==",
                    "storage_account_name": "intentcorgi"
                  }
                ]
              }
            ],
            "diagnostics": [],
            "dns_config": [],
            "dns_name_label": "",
            "exposed_port": [
              {
                "port": 8089,
                "protocol": "TCP"
              }
            ],
            "fqdn": "",
            "id": "/subscriptions/5ff0ab5b-4972-4882-beed-f3baedfad7eb/resourceGroups/locust-kload-rg/providers/Microsoft.ContainerInstance/containerGroups/intentcorgi-locust-worker-144",
            "identity": [],
            "image_registry_credential": [],
            "ip_address": "20.201.31.63",
            "ip_address_type": "Public",
            "location": "brazilsouth",
            "name": "intentcorgi-locust-worker-144",
            "network_profile_id": null,
            "os_type": "Linux",
            "resource_group_name": "locust-kload-rg",
            "restart_policy": "Always",
            "tags": {
              "Environment": "dev",
              "Prefix": "kload",
              "Source": "https://github.com/heoelri/locust-on-aci",
              "Toolkit": "Terraform"
            },
            "timeouts": null
          },
          "sensitive_attributes": [
            [
              {
                "type": "get_attr",
                "value": "container"
              },
              {
                "type": "index",
                "value": {
                  "value": 0,
                  "type": "number"
                }
              },
              {
                "type": "get_attr",
                "value": "environment_variables"
              },
              {
                "type": "index",
                "value": {
                  "value": "APPINSIGHTS_INSTRUMENTATIONKEY",
                  "type": "string"
                }
              }
            ],
            [
              {
                "type": "get_attr",
                "value": "container"
              },
              {
                "type": "index",
                "value": {
                  "value": 0,
                  "type": "number"
                }
              },
              {
                "type": "get_attr",
                "value": "volume"
              },
              {
                "type": "index",
                "value": {
                  "value": 0,
                  "type": "number"
                }
              },
              {
                "type": "get_attr",
                "value": "storage_account_key"
              }
            ]
          ],
          "private": "eyJlMmJmYjczMC1lY2FhLTExZTYtOGY4OC0zNDM2M2JjN2M0YzAiOnsiY3JlYXRlIjoxODAwMDAwMDAwMDAwLCJkZWxldGUiOjE4MDAwMDAwMDAwMDAsInJlYWQiOjMwMDAwMDAwMDAwMCwidXBkYXRlIjoxODAwMDAwMDAwMDAwfX0=",
          "dependencies": [
            "azurerm_application_insights.deployment",
            "azurerm_container_group.master",
            "azurerm_resource_group.deployment",
            "azurerm_storage_account.deployment",
            "azurerm_storage_share.locust",
            "azurerm_storage_share_file.locustfile",
            "random_pet.deployment"
          ]
        },
        {
          "index_key": 145,
          "schema_version": 0,
          "attributes": {
            "container": [
              {
                "commands": [
                  "locust"
                ],
                "cpu": 2,
                "environment_variables": {
                  "APPINSIGHTS_INSTRUMENTATIONKEY": "a7bb773e-1e20-47be-9fbd-5d872e1b5659",
                  "LOCUST_LOCUSTFILE": "/home/locust/locust/locustfile.py",
                  "LOCUST_MASTER_NODE_HOST": "intentcorgi-locust-master.northeurope.azurecontainer.io",
                  "LOCUST_MODE_WORKER": "true"
                },
                "gpu": [],
                "image": "sebader/locust-with-plugins:latest",
                "liveness_probe": [],
                "memory": 2,
                "name": "intentcorgi-worker-145",
                "ports": [
                  {
                    "port": 8089,
                    "protocol": "TCP"
                  }
                ],
                "readiness_probe": [],
                "secure_environment_variables": null,
                "volume": [
                  {
                    "empty_dir": false,
                    "git_repo": [],
                    "mount_path": "/home/locust/locust",
                    "name": "locust",
                    "read_only": false,
                    "secret": null,
                    "share_name": "locust",
                    "storage_account_key": "Z+Ti1B3rSmDlJQjhtyq154z8c9Q8IV2yYQN9Vx0Aiy2EywbR1iL8Y76y4n5Cbx08x1f3O1kBepucopZsa78a5w==",
                    "storage_account_name": "intentcorgi"
                  }
                ]
              }
            ],
            "diagnostics": [],
            "dns_config": [],
            "dns_name_label": "",
            "exposed_port": [
              {
                "port": 8089,
                "protocol": "TCP"
              }
            ],
            "fqdn": "",
            "id": "/subscriptions/5ff0ab5b-4972-4882-beed-f3baedfad7eb/resourceGroups/locust-kload-rg/providers/Microsoft.ContainerInstance/containerGroups/intentcorgi-locust-worker-145",
            "identity": [],
            "image_registry_credential": [],
            "ip_address": "20.79.116.13",
            "ip_address_type": "Public",
            "location": "germanywestcentral",
            "name": "intentcorgi-locust-worker-145",
            "network_profile_id": null,
            "os_type": "Linux",
            "resource_group_name": "locust-kload-rg",
            "restart_policy": "Always",
            "tags": {
              "Environment": "dev",
              "Prefix": "kload",
              "Source": "https://github.com/heoelri/locust-on-aci",
              "Toolkit": "Terraform"
            },
            "timeouts": null
          },
          "sensitive_attributes": [
            [
              {
                "type": "get_attr",
                "value": "container"
              },
              {
                "type": "index",
                "value": {
                  "value": 0,
                  "type": "number"
                }
              },
              {
                "type": "get_attr",
                "value": "environment_variables"
              },
              {
                "type": "index",
                "value": {
                  "value": "APPINSIGHTS_INSTRUMENTATIONKEY",
                  "type": "string"
                }
              }
            ],
            [
              {
                "type": "get_attr",
                "value": "container"
              },
              {
                "type": "index",
                "value": {
                  "value": 0,
                  "type": "number"
                }
              },
              {
                "type": "get_attr",
                "value": "volume"
              },
              {
                "type": "index",
                "value": {
                  "value": 0,
                  "type": "number"
                }
              },
              {
                "type": "get_attr",
                "value": "storage_account_key"
              }
            ]
          ],
          "private": "eyJlMmJmYjczMC1lY2FhLTExZTYtOGY4OC0zNDM2M2JjN2M0YzAiOnsiY3JlYXRlIjoxODAwMDAwMDAwMDAwLCJkZWxldGUiOjE4MDAwMDAwMDAwMDAsInJlYWQiOjMwMDAwMDAwMDAwMCwidXBkYXRlIjoxODAwMDAwMDAwMDAwfX0=",
          "dependencies": [
            "azurerm_application_insights.deployment",
            "azurerm_container_group.master",
            "azurerm_resource_group.deployment",
            "azurerm_storage_account.deployment",
            "azurerm_storage_share.locust",
            "azurerm_storage_share_file.locustfile",
            "random_pet.deployment"
          ]
        },
        {
          "index_key": 146,
          "schema_version": 0,
          "attributes": {
            "container": [
              {
                "commands": [
                  "locust"
                ],
                "cpu": 2,
                "environment_variables": {
                  "APPINSIGHTS_INSTRUMENTATIONKEY": "a7bb773e-1e20-47be-9fbd-5d872e1b5659",
                  "LOCUST_LOCUSTFILE": "/home/locust/locust/locustfile.py",
                  "LOCUST_MASTER_NODE_HOST": "intentcorgi-locust-master.northeurope.azurecontainer.io",
                  "LOCUST_MODE_WORKER": "true"
                },
                "gpu": [],
                "image": "sebader/locust-with-plugins:latest",
                "liveness_probe": [],
                "memory": 2,
                "name": "intentcorgi-worker-146",
                "ports": [
                  {
                    "port": 8089,
                    "protocol": "TCP"
                  }
                ],
                "readiness_probe": [],
                "secure_environment_variables": null,
                "volume": [
                  {
                    "empty_dir": false,
                    "git_repo": [],
                    "mount_path": "/home/locust/locust",
                    "name": "locust",
                    "read_only": false,
                    "secret": null,
                    "share_name": "locust",
                    "storage_account_key": "Z+Ti1B3rSmDlJQjhtyq154z8c9Q8IV2yYQN9Vx0Aiy2EywbR1iL8Y76y4n5Cbx08x1f3O1kBepucopZsa78a5w==",
                    "storage_account_name": "intentcorgi"
                  }
                ]
              }
            ],
            "diagnostics": [],
            "dns_config": [],
            "dns_name_label": "",
            "exposed_port": [
              {
                "port": 8089,
                "protocol": "TCP"
              }
            ],
            "fqdn": "",
            "id": "/subscriptions/5ff0ab5b-4972-4882-beed-f3baedfad7eb/resourceGroups/locust-kload-rg/providers/Microsoft.ContainerInstance/containerGroups/intentcorgi-locust-worker-146",
            "identity": [],
            "image_registry_credential": [],
            "ip_address": "20.90.226.238",
            "ip_address_type": "Public",
            "location": "uksouth",
            "name": "intentcorgi-locust-worker-146",
            "network_profile_id": null,
            "os_type": "Linux",
            "resource_group_name": "locust-kload-rg",
            "restart_policy": "Always",
            "tags": {
              "Environment": "dev",
              "Prefix": "kload",
              "Source": "https://github.com/heoelri/locust-on-aci",
              "Toolkit": "Terraform"
            },
            "timeouts": null
          },
          "sensitive_attributes": [
            [
              {
                "type": "get_attr",
                "value": "container"
              },
              {
                "type": "index",
                "value": {
                  "value": 0,
                  "type": "number"
                }
              },
              {
                "type": "get_attr",
                "value": "volume"
              },
              {
                "type": "index",
                "value": {
                  "value": 0,
                  "type": "number"
                }
              },
              {
                "type": "get_attr",
                "value": "storage_account_key"
              }
            ],
            [
              {
                "type": "get_attr",
                "value": "container"
              },
              {
                "type": "index",
                "value": {
                  "value": 0,
                  "type": "number"
                }
              },
              {
                "type": "get_attr",
                "value": "environment_variables"
              },
              {
                "type": "index",
                "value": {
                  "value": "APPINSIGHTS_INSTRUMENTATIONKEY",
                  "type": "string"
                }
              }
            ]
          ],
          "private": "eyJlMmJmYjczMC1lY2FhLTExZTYtOGY4OC0zNDM2M2JjN2M0YzAiOnsiY3JlYXRlIjoxODAwMDAwMDAwMDAwLCJkZWxldGUiOjE4MDAwMDAwMDAwMDAsInJlYWQiOjMwMDAwMDAwMDAwMCwidXBkYXRlIjoxODAwMDAwMDAwMDAwfX0=",
          "dependencies": [
            "azurerm_application_insights.deployment",
            "azurerm_container_group.master",
            "azurerm_resource_group.deployment",
            "azurerm_storage_account.deployment",
            "azurerm_storage_share.locust",
            "azurerm_storage_share_file.locustfile",
            "random_pet.deployment"
          ]
        },
        {
          "index_key": 147,
          "schema_version": 0,
          "attributes": {
            "container": [
              {
                "commands": [
                  "locust"
                ],
                "cpu": 2,
                "environment_variables": {
                  "APPINSIGHTS_INSTRUMENTATIONKEY": "a7bb773e-1e20-47be-9fbd-5d872e1b5659",
                  "LOCUST_LOCUSTFILE": "/home/locust/locust/locustfile.py",
                  "LOCUST_MASTER_NODE_HOST": "intentcorgi-locust-master.northeurope.azurecontainer.io",
                  "LOCUST_MODE_WORKER": "true"
                },
                "gpu": [],
                "image": "sebader/locust-with-plugins:latest",
                "liveness_probe": [],
                "memory": 2,
                "name": "intentcorgi-worker-147",
                "ports": [
                  {
                    "port": 8089,
                    "protocol": "TCP"
                  }
                ],
                "readiness_probe": [],
                "secure_environment_variables": null,
                "volume": [
                  {
                    "empty_dir": false,
                    "git_repo": [],
                    "mount_path": "/home/locust/locust",
                    "name": "locust",
                    "read_only": false,
                    "secret": null,
                    "share_name": "locust",
                    "storage_account_key": "Z+Ti1B3rSmDlJQjhtyq154z8c9Q8IV2yYQN9Vx0Aiy2EywbR1iL8Y76y4n5Cbx08x1f3O1kBepucopZsa78a5w==",
                    "storage_account_name": "intentcorgi"
                  }
                ]
              }
            ],
            "diagnostics": [],
            "dns_config": [],
            "dns_name_label": "",
            "exposed_port": [
              {
                "port": 8089,
                "protocol": "TCP"
              }
            ],
            "fqdn": "",
            "id": "/subscriptions/5ff0ab5b-4972-4882-beed-f3baedfad7eb/resourceGroups/locust-kload-rg/providers/Microsoft.ContainerInstance/containerGroups/intentcorgi-locust-worker-147",
            "identity": [],
            "image_registry_credential": [],
            "ip_address": "20.151.186.244",
            "ip_address_type": "Public",
            "location": "canadacentral",
            "name": "intentcorgi-locust-worker-147",
            "network_profile_id": null,
            "os_type": "Linux",
            "resource_group_name": "locust-kload-rg",
            "restart_policy": "Always",
            "tags": {
              "Environment": "dev",
              "Prefix": "kload",
              "Source": "https://github.com/heoelri/locust-on-aci",
              "Toolkit": "Terraform"
            },
            "timeouts": null
          },
          "sensitive_attributes": [
            [
              {
                "type": "get_attr",
                "value": "container"
              },
              {
                "type": "index",
                "value": {
                  "value": 0,
                  "type": "number"
                }
              },
              {
                "type": "get_attr",
                "value": "environment_variables"
              },
              {
                "type": "index",
                "value": {
                  "value": "APPINSIGHTS_INSTRUMENTATIONKEY",
                  "type": "string"
                }
              }
            ],
            [
              {
                "type": "get_attr",
                "value": "container"
              },
              {
                "type": "index",
                "value": {
                  "value": 0,
                  "type": "number"
                }
              },
              {
                "type": "get_attr",
                "value": "volume"
              },
              {
                "type": "index",
                "value": {
                  "value": 0,
                  "type": "number"
                }
              },
              {
                "type": "get_attr",
                "value": "storage_account_key"
              }
            ]
          ],
          "private": "eyJlMmJmYjczMC1lY2FhLTExZTYtOGY4OC0zNDM2M2JjN2M0YzAiOnsiY3JlYXRlIjoxODAwMDAwMDAwMDAwLCJkZWxldGUiOjE4MDAwMDAwMDAwMDAsInJlYWQiOjMwMDAwMDAwMDAwMCwidXBkYXRlIjoxODAwMDAwMDAwMDAwfX0=",
          "dependencies": [
            "azurerm_application_insights.deployment",
            "azurerm_container_group.master",
            "azurerm_resource_group.deployment",
            "azurerm_storage_account.deployment",
            "azurerm_storage_share.locust",
            "azurerm_storage_share_file.locustfile",
            "random_pet.deployment"
          ]
        },
        {
          "index_key": 148,
          "schema_version": 0,
          "attributes": {
            "container": [
              {
                "commands": [
                  "locust"
                ],
                "cpu": 2,
                "environment_variables": {
                  "APPINSIGHTS_INSTRUMENTATIONKEY": "a7bb773e-1e20-47be-9fbd-5d872e1b5659",
                  "LOCUST_LOCUSTFILE": "/home/locust/locust/locustfile.py",
                  "LOCUST_MASTER_NODE_HOST": "intentcorgi-locust-master.northeurope.azurecontainer.io",
                  "LOCUST_MODE_WORKER": "true"
                },
                "gpu": [],
                "image": "sebader/locust-with-plugins:latest",
                "liveness_probe": [],
                "memory": 2,
                "name": "intentcorgi-worker-148",
                "ports": [
                  {
                    "port": 8089,
                    "protocol": "TCP"
                  }
                ],
                "readiness_probe": [],
                "secure_environment_variables": null,
                "volume": [
                  {
                    "empty_dir": false,
                    "git_repo": [],
                    "mount_path": "/home/locust/locust",
                    "name": "locust",
                    "read_only": false,
                    "secret": null,
                    "share_name": "locust",
                    "storage_account_key": "Z+Ti1B3rSmDlJQjhtyq154z8c9Q8IV2yYQN9Vx0Aiy2EywbR1iL8Y76y4n5Cbx08x1f3O1kBepucopZsa78a5w==",
                    "storage_account_name": "intentcorgi"
                  }
                ]
              }
            ],
            "diagnostics": [],
            "dns_config": [],
            "dns_name_label": "",
            "exposed_port": [
              {
                "port": 8089,
                "protocol": "TCP"
              }
            ],
            "fqdn": "",
            "id": "/subscriptions/5ff0ab5b-4972-4882-beed-f3baedfad7eb/resourceGroups/locust-kload-rg/providers/Microsoft.ContainerInstance/containerGroups/intentcorgi-locust-worker-148",
            "identity": [],
            "image_registry_credential": [],
            "ip_address": "20.94.29.95",
            "ip_address_type": "Public",
            "location": "eastus2",
            "name": "intentcorgi-locust-worker-148",
            "network_profile_id": null,
            "os_type": "Linux",
            "resource_group_name": "locust-kload-rg",
            "restart_policy": "Always",
            "tags": {
              "Environment": "dev",
              "Prefix": "kload",
              "Source": "https://github.com/heoelri/locust-on-aci",
              "Toolkit": "Terraform"
            },
            "timeouts": null
          },
          "sensitive_attributes": [
            [
              {
                "type": "get_attr",
                "value": "container"
              },
              {
                "type": "index",
                "value": {
                  "value": 0,
                  "type": "number"
                }
              },
              {
                "type": "get_attr",
                "value": "environment_variables"
              },
              {
                "type": "index",
                "value": {
                  "value": "APPINSIGHTS_INSTRUMENTATIONKEY",
                  "type": "string"
                }
              }
            ],
            [
              {
                "type": "get_attr",
                "value": "container"
              },
              {
                "type": "index",
                "value": {
                  "value": 0,
                  "type": "number"
                }
              },
              {
                "type": "get_attr",
                "value": "volume"
              },
              {
                "type": "index",
                "value": {
                  "value": 0,
                  "type": "number"
                }
              },
              {
                "type": "get_attr",
                "value": "storage_account_key"
              }
            ]
          ],
          "private": "eyJlMmJmYjczMC1lY2FhLTExZTYtOGY4OC0zNDM2M2JjN2M0YzAiOnsiY3JlYXRlIjoxODAwMDAwMDAwMDAwLCJkZWxldGUiOjE4MDAwMDAwMDAwMDAsInJlYWQiOjMwMDAwMDAwMDAwMCwidXBkYXRlIjoxODAwMDAwMDAwMDAwfX0=",
          "dependencies": [
            "azurerm_application_insights.deployment",
            "azurerm_container_group.master",
            "azurerm_resource_group.deployment",
            "azurerm_storage_account.deployment",
            "azurerm_storage_share.locust",
            "azurerm_storage_share_file.locustfile",
            "random_pet.deployment"
          ]
        },
        {
          "index_key": 149,
          "schema_version": 0,
          "attributes": {
            "container": [
              {
                "commands": [
                  "locust"
                ],
                "cpu": 2,
                "environment_variables": {
                  "APPINSIGHTS_INSTRUMENTATIONKEY": "a7bb773e-1e20-47be-9fbd-5d872e1b5659",
                  "LOCUST_LOCUSTFILE": "/home/locust/locust/locustfile.py",
                  "LOCUST_MASTER_NODE_HOST": "intentcorgi-locust-master.northeurope.azurecontainer.io",
                  "LOCUST_MODE_WORKER": "true"
                },
                "gpu": [],
                "image": "sebader/locust-with-plugins:latest",
                "liveness_probe": [],
                "memory": 2,
                "name": "intentcorgi-worker-149",
                "ports": [
                  {
                    "port": 8089,
                    "protocol": "TCP"
                  }
                ],
                "readiness_probe": [],
                "secure_environment_variables": null,
                "volume": [
                  {
                    "empty_dir": false,
                    "git_repo": [],
                    "mount_path": "/home/locust/locust",
                    "name": "locust",
                    "read_only": false,
                    "secret": null,
                    "share_name": "locust",
                    "storage_account_key": "Z+Ti1B3rSmDlJQjhtyq154z8c9Q8IV2yYQN9Vx0Aiy2EywbR1iL8Y76y4n5Cbx08x1f3O1kBepucopZsa78a5w==",
                    "storage_account_name": "intentcorgi"
                  }
                ]
              }
            ],
            "diagnostics": [],
            "dns_config": [],
            "dns_name_label": "",
            "exposed_port": [
              {
                "port": 8089,
                "protocol": "TCP"
              }
            ],
            "fqdn": "",
            "id": "/subscriptions/5ff0ab5b-4972-4882-beed-f3baedfad7eb/resourceGroups/locust-kload-rg/providers/Microsoft.ContainerInstance/containerGroups/intentcorgi-locust-worker-149",
            "identity": [],
            "image_registry_credential": [],
            "ip_address": "20.74.166.47",
            "ip_address_type": "Public",
            "location": "uaenorth",
            "name": "intentcorgi-locust-worker-149",
            "network_profile_id": null,
            "os_type": "Linux",
            "resource_group_name": "locust-kload-rg",
            "restart_policy": "Always",
            "tags": {
              "Environment": "dev",
              "Prefix": "kload",
              "Source": "https://github.com/heoelri/locust-on-aci",
              "Toolkit": "Terraform"
            },
            "timeouts": null
          },
          "sensitive_attributes": [
            [
              {
                "type": "get_attr",
                "value": "container"
              },
              {
                "type": "index",
                "value": {
                  "value": 0,
                  "type": "number"
                }
              },
              {
                "type": "get_attr",
                "value": "volume"
              },
              {
                "type": "index",
                "value": {
                  "value": 0,
                  "type": "number"
                }
              },
              {
                "type": "get_attr",
                "value": "storage_account_key"
              }
            ],
            [
              {
                "type": "get_attr",
                "value": "container"
              },
              {
                "type": "index",
                "value": {
                  "value": 0,
                  "type": "number"
                }
              },
              {
                "type": "get_attr",
                "value": "environment_variables"
              },
              {
                "type": "index",
                "value": {
                  "value": "APPINSIGHTS_INSTRUMENTATIONKEY",
                  "type": "string"
                }
              }
            ]
          ],
          "private": "eyJlMmJmYjczMC1lY2FhLTExZTYtOGY4OC0zNDM2M2JjN2M0YzAiOnsiY3JlYXRlIjoxODAwMDAwMDAwMDAwLCJkZWxldGUiOjE4MDAwMDAwMDAwMDAsInJlYWQiOjMwMDAwMDAwMDAwMCwidXBkYXRlIjoxODAwMDAwMDAwMDAwfX0=",
          "dependencies": [
            "azurerm_application_insights.deployment",
            "azurerm_container_group.master",
            "azurerm_resource_group.deployment",
            "azurerm_storage_account.deployment",
            "azurerm_storage_share.locust",
            "azurerm_storage_share_file.locustfile",
            "random_pet.deployment"
          ]
        }
      ]
    },
    {
      "mode": "managed",
      "type": "azurerm_key_vault",
      "name": "deployment",
      "provider": "provider[\"registry.terraform.io/hashicorp/azurerm\"]",
      "instances": [
        {
          "schema_version": 2,
          "attributes": {
            "access_policy": [
              {
                "application_id": "",
                "certificate_permissions": [],
                "key_permissions": [],
                "object_id": "05d3fa76-f011-4f12-b792-fae08cbbcec0",
                "secret_permissions": [
                  "Get",
                  "Set",
                  "List"
                ],
                "storage_permissions": [],
                "tenant_id": "72f988bf-86f1-41af-91ab-2d7cd011db47"
              }
            ],
            "contact": [],
            "enable_rbac_authorization": false,
            "enabled_for_deployment": false,
            "enabled_for_disk_encryption": true,
            "enabled_for_template_deployment": false,
            "id": "/subscriptions/5ff0ab5b-4972-4882-beed-f3baedfad7eb/resourceGroups/locust-kload-rg/providers/Microsoft.KeyVault/vaults/intentcorgi",
            "location": "northeurope",
            "name": "intentcorgi",
            "network_acls": [
              {
                "bypass": "AzureServices",
                "default_action": "Allow",
                "ip_rules": [],
                "virtual_network_subnet_ids": []
              }
            ],
            "purge_protection_enabled": false,
            "resource_group_name": "locust-kload-rg",
            "sku_name": "standard",
            "soft_delete_enabled": true,
            "soft_delete_retention_days": 7,
            "tags": {},
            "tenant_id": "72f988bf-86f1-41af-91ab-2d7cd011db47",
            "timeouts": null,
            "vault_uri": "https://intentcorgi.vault.azure.net/"
          },
          "sensitive_attributes": [],
          "private": "eyJlMmJmYjczMC1lY2FhLTExZTYtOGY4OC0zNDM2M2JjN2M0YzAiOnsiY3JlYXRlIjoxODAwMDAwMDAwMDAwLCJkZWxldGUiOjE4MDAwMDAwMDAwMDAsInJlYWQiOjMwMDAwMDAwMDAwMCwidXBkYXRlIjoxODAwMDAwMDAwMDAwfSwic2NoZW1hX3ZlcnNpb24iOiIyIn0=",
          "dependencies": [
            "azurerm_resource_group.deployment",
            "data.azurerm_client_config.current",
            "random_pet.deployment"
          ]
        }
      ]
    },
    {
      "mode": "managed",
      "type": "azurerm_key_vault_secret",
      "name": "locustsecret",
      "provider": "provider[\"registry.terraform.io/hashicorp/azurerm\"]",
      "instances": [
        {
          "schema_version": 0,
          "attributes": {
            "content_type": "",
            "expiration_date": null,
            "id": "https://intentcorgi.vault.azure.net/secrets/locust-webauth-secret/bf260d29509d470f8a3c076c7770c99d",
            "key_vault_id": "/subscriptions/5ff0ab5b-4972-4882-beed-f3baedfad7eb/resourceGroups/locust-kload-rg/providers/Microsoft.KeyVault/vaults/intentcorgi",
            "name": "locust-webauth-secret",
            "not_before_date": null,
            "tags": {},
            "timeouts": null,
            "value": "HIKQecBjTZxP@Xo_",
            "version": "bf260d29509d470f8a3c076c7770c99d",
            "versionless_id": "https://intentcorgi.vault.azure.net/secrets/locust-webauth-secret"
          },
          "sensitive_attributes": [
            [
              {
                "type": "get_attr",
                "value": "value"
              }
            ]
          ],
          "private": "eyJlMmJmYjczMC1lY2FhLTExZTYtOGY4OC0zNDM2M2JjN2M0YzAiOnsiY3JlYXRlIjoxODAwMDAwMDAwMDAwLCJkZWxldGUiOjE4MDAwMDAwMDAwMDAsInJlYWQiOjMwMDAwMDAwMDAwMCwidXBkYXRlIjoxODAwMDAwMDAwMDAwfX0=",
          "dependencies": [
            "azurerm_key_vault.deployment",
            "azurerm_resource_group.deployment",
            "data.azurerm_client_config.current",
            "random_password.locustsecret",
            "random_pet.deployment"
          ]
        }
      ]
    },
    {
      "mode": "managed",
      "type": "azurerm_resource_group",
      "name": "deployment",
      "provider": "provider[\"registry.terraform.io/hashicorp/azurerm\"]",
      "instances": [
        {
          "schema_version": 0,
          "attributes": {
            "id": "/subscriptions/5ff0ab5b-4972-4882-beed-f3baedfad7eb/resourceGroups/locust-kload-rg",
            "location": "northeurope",
            "name": "locust-kload-rg",
            "tags": {
              "Environment": "dev",
              "Prefix": "kload",
              "Source": "https://github.com/heoelri/locust-on-aci",
              "Toolkit": "Terraform"
            },
            "timeouts": null
          },
          "sensitive_attributes": [],
          "private": "eyJlMmJmYjczMC1lY2FhLTExZTYtOGY4OC0zNDM2M2JjN2M0YzAiOnsiY3JlYXRlIjo1NDAwMDAwMDAwMDAwLCJkZWxldGUiOjU0MDAwMDAwMDAwMDAsInJlYWQiOjMwMDAwMDAwMDAwMCwidXBkYXRlIjo1NDAwMDAwMDAwMDAwfX0="
        }
      ]
    },
    {
      "mode": "managed",
      "type": "azurerm_storage_account",
      "name": "deployment",
      "provider": "provider[\"registry.terraform.io/hashicorp/azurerm\"]",
      "instances": [
        {
          "schema_version": 2,
          "attributes": {
            "access_tier": "Hot",
            "account_kind": "StorageV2",
            "account_replication_type": "LRS",
            "account_tier": "Standard",
            "allow_blob_public_access": false,
            "azure_files_authentication": [],
            "blob_properties": [
              {
                "change_feed_enabled": false,
                "container_delete_retention_policy": [],
                "cors_rule": [],
                "default_service_version": "",
                "delete_retention_policy": [],
                "last_access_time_enabled": false,
                "versioning_enabled": false
              }
            ],
            "custom_domain": [],
            "enable_https_traffic_only": true,
            "id": "/subscriptions/5ff0ab5b-4972-4882-beed-f3baedfad7eb/resourceGroups/locust-kload-rg/providers/Microsoft.Storage/storageAccounts/intentcorgi",
            "identity": [],
            "is_hns_enabled": false,
            "large_file_share_enabled": null,
            "location": "northeurope",
            "min_tls_version": "TLS1_0",
            "name": "intentcorgi",
            "network_rules": [
              {
                "bypass": [
                  "AzureServices"
                ],
                "default_action": "Allow",
                "ip_rules": [],
                "private_link_access": [],
                "virtual_network_subnet_ids": []
              }
            ],
            "nfsv3_enabled": false,
            "primary_access_key": "Z+Ti1B3rSmDlJQjhtyq154z8c9Q8IV2yYQN9Vx0Aiy2EywbR1iL8Y76y4n5Cbx08x1f3O1kBepucopZsa78a5w==",
            "primary_blob_connection_string": "DefaultEndpointsProtocol=https;BlobEndpoint=https://intentcorgi.blob.core.windows.net/;AccountName=intentcorgi;AccountKey=Z+Ti1B3rSmDlJQjhtyq154z8c9Q8IV2yYQN9Vx0Aiy2EywbR1iL8Y76y4n5Cbx08x1f3O1kBepucopZsa78a5w==",
            "primary_blob_endpoint": "https://intentcorgi.blob.core.windows.net/",
            "primary_blob_host": "intentcorgi.blob.core.windows.net",
            "primary_connection_string": "DefaultEndpointsProtocol=https;AccountName=intentcorgi;AccountKey=Z+Ti1B3rSmDlJQjhtyq154z8c9Q8IV2yYQN9Vx0Aiy2EywbR1iL8Y76y4n5Cbx08x1f3O1kBepucopZsa78a5w==;EndpointSuffix=core.windows.net",
            "primary_dfs_endpoint": "https://intentcorgi.dfs.core.windows.net/",
            "primary_dfs_host": "intentcorgi.dfs.core.windows.net",
            "primary_file_endpoint": "https://intentcorgi.file.core.windows.net/",
            "primary_file_host": "intentcorgi.file.core.windows.net",
            "primary_location": "northeurope",
            "primary_queue_endpoint": "https://intentcorgi.queue.core.windows.net/",
            "primary_queue_host": "intentcorgi.queue.core.windows.net",
            "primary_table_endpoint": "https://intentcorgi.table.core.windows.net/",
            "primary_table_host": "intentcorgi.table.core.windows.net",
            "primary_web_endpoint": "https://intentcorgi.z16.web.core.windows.net/",
            "primary_web_host": "intentcorgi.z16.web.core.windows.net",
            "queue_properties": [
              {
                "cors_rule": [],
                "hour_metrics": [
                  {
                    "enabled": true,
                    "include_apis": true,
                    "retention_policy_days": 7,
                    "version": "1.0"
                  }
                ],
                "logging": [
                  {
                    "delete": false,
                    "read": false,
                    "retention_policy_days": 0,
                    "version": "1.0",
                    "write": false
                  }
                ],
                "minute_metrics": [
                  {
                    "enabled": false,
                    "include_apis": false,
                    "retention_policy_days": 0,
                    "version": "1.0"
                  }
                ]
              }
            ],
            "resource_group_name": "locust-kload-rg",
            "routing": [],
            "secondary_access_key": "yl2WUmim84X85B/uZIm7xvM6TijzbJ0FxWH/H2lusUs1yhuy5joKPwS7ER6STIvEhMLg1KwS5M4k+HXu+ZT86A==",
            "secondary_blob_connection_string": "",
            "secondary_blob_endpoint": null,
            "secondary_blob_host": null,
            "secondary_connection_string": "DefaultEndpointsProtocol=https;AccountName=intentcorgi;AccountKey=yl2WUmim84X85B/uZIm7xvM6TijzbJ0FxWH/H2lusUs1yhuy5joKPwS7ER6STIvEhMLg1KwS5M4k+HXu+ZT86A==;EndpointSuffix=core.windows.net",
            "secondary_dfs_endpoint": null,
            "secondary_dfs_host": null,
            "secondary_file_endpoint": null,
            "secondary_file_host": null,
            "secondary_location": "",
            "secondary_queue_endpoint": null,
            "secondary_queue_host": null,
            "secondary_table_endpoint": null,
            "secondary_table_host": null,
            "secondary_web_endpoint": null,
            "secondary_web_host": null,
            "share_properties": [
              {
                "cors_rule": [],
                "retention_policy": [
                  {
                    "days": 7
                  }
                ],
                "smb": []
              }
            ],
            "static_website": [],
            "tags": {
              "Environment": "dev",
              "Prefix": "kload",
              "Source": "https://github.com/heoelri/locust-on-aci",
              "Toolkit": "Terraform"
            },
            "timeouts": null
          },
          "sensitive_attributes": [],
          "private": "eyJlMmJmYjczMC1lY2FhLTExZTYtOGY4OC0zNDM2M2JjN2M0YzAiOnsiY3JlYXRlIjozNjAwMDAwMDAwMDAwLCJkZWxldGUiOjM2MDAwMDAwMDAwMDAsInJlYWQiOjMwMDAwMDAwMDAwMCwidXBkYXRlIjozNjAwMDAwMDAwMDAwfSwic2NoZW1hX3ZlcnNpb24iOiIyIn0=",
          "dependencies": [
            "random_pet.deployment",
            "azurerm_resource_group.deployment"
          ]
        }
      ]
    },
    {
      "mode": "managed",
      "type": "azurerm_storage_share",
      "name": "locust",
      "provider": "provider[\"registry.terraform.io/hashicorp/azurerm\"]",
      "instances": [
        {
          "schema_version": 2,
          "attributes": {
            "acl": [],
            "id": "https://intentcorgi.file.core.windows.net/locust",
            "metadata": {},
            "name": "locust",
            "quota": 50,
            "resource_manager_id": "/subscriptions/5ff0ab5b-4972-4882-beed-f3baedfad7eb/resourceGroups/locust-kload-rg/providers/Microsoft.Storage/storageAccounts/intentcorgi/fileServices/default/fileshares/locust",
            "storage_account_name": "intentcorgi",
            "timeouts": null,
            "url": "https://intentcorgi.file.core.windows.net/locust"
          },
          "sensitive_attributes": [],
          "private": "eyJlMmJmYjczMC1lY2FhLTExZTYtOGY4OC0zNDM2M2JjN2M0YzAiOnsiY3JlYXRlIjoxODAwMDAwMDAwMDAwLCJkZWxldGUiOjE4MDAwMDAwMDAwMDAsInJlYWQiOjMwMDAwMDAwMDAwMCwidXBkYXRlIjoxODAwMDAwMDAwMDAwfSwic2NoZW1hX3ZlcnNpb24iOiIyIn0=",
          "dependencies": [
            "azurerm_resource_group.deployment",
            "azurerm_storage_account.deployment",
            "random_pet.deployment"
          ]
        }
      ]
    },
    {
      "mode": "managed",
      "type": "azurerm_storage_share_file",
      "name": "locustfile",
      "provider": "provider[\"registry.terraform.io/hashicorp/azurerm\"]",
      "instances": [
        {
          "schema_version": 0,
          "attributes": {
            "content_disposition": "",
            "content_encoding": "",
            "content_md5": "",
            "content_type": "application/octet-stream",
            "id": "https://intentcorgi.file.core.windows.net/locust//locustfile.py",
            "metadata": {},
            "name": "locustfile.py",
            "path": "",
            "source": "../locustfile.py",
            "storage_share_id": "https://intentcorgi.file.core.windows.net/locust",
            "timeouts": null
          },
          "sensitive_attributes": [],
          "private": "eyJlMmJmYjczMC1lY2FhLTExZTYtOGY4OC0zNDM2M2JjN2M0YzAiOnsiY3JlYXRlIjoxODAwMDAwMDAwMDAwLCJkZWxldGUiOjE4MDAwMDAwMDAwMDAsInJlYWQiOjMwMDAwMDAwMDAwMCwidXBkYXRlIjoxODAwMDAwMDAwMDAwfX0=",
          "dependencies": [
            "azurerm_resource_group.deployment",
            "azurerm_storage_account.deployment",
            "azurerm_storage_share.locust",
            "random_pet.deployment"
          ]
        }
      ]
    },
    {
      "mode": "managed",
      "type": "random_password",
      "name": "locustsecret",
      "provider": "provider[\"registry.terraform.io/hashicorp/random\"]",
      "instances": [
        {
          "schema_version": 0,
          "attributes": {
            "id": "none",
            "keepers": null,
            "length": 16,
            "lower": true,
            "min_lower": 0,
            "min_numeric": 0,
            "min_special": 0,
            "min_upper": 0,
            "number": true,
            "override_special": "_%@",
            "result": "HIKQecBjTZxP@Xo_",
            "special": true,
            "upper": true
          },
          "sensitive_attributes": [],
          "private": "bnVsbA=="
        }
      ]
    },
    {
      "mode": "managed",
      "type": "random_pet",
      "name": "deployment",
      "provider": "provider[\"registry.terraform.io/hashicorp/random\"]",
      "instances": [
        {
          "schema_version": 0,
          "attributes": {
            "id": "intentcorgi",
            "keepers": {
              "azurerm_resource_group_location": "northeurope",
              "azurerm_resource_group_name": "locust-kload-rg"
            },
            "length": 2,
            "prefix": "",
            "separator": ""
          },
          "sensitive_attributes": [],
          "private": "bnVsbA==",
          "dependencies": [
            "azurerm_resource_group.deployment"
          ]
        }
      ]
    }
  ]
}
