{
  "version": 4,
  "terraform_version": "1.0.2",
  "serial": 321,
  "lineage": "08ba499a-08d8-8d63-5cb3-b0e038a710a5",
  "outputs": {
    "locust_webui_fqdn": {
      "value": [],
      "type": [
        "tuple",
        []
      ]
    }
  },
  "resources": [
    {
      "mode": "data",
      "type": "azurerm_client_config",
      "name": "current",
      "provider": "provider[\"registry.terraform.io/hashicorp/azurerm\"]",
      "instances": [
        {
          "schema_version": 0,
          "attributes": {
            "client_id": "04b07795-8ddb-461a-bbee-02f9e1bf7b46",
            "id": "2021-08-10 10:42:26.6164438 +0000 UTC",
            "object_id": "05d3fa76-f011-4f12-b792-fae08cbbcec0",
            "subscription_id": "5ff0ab5b-4972-4882-beed-f3baedfad7eb",
            "tenant_id": "72f988bf-86f1-41af-91ab-2d7cd011db47",
            "timeouts": null
          },
          "sensitive_attributes": []
        }
      ]
    },
    {
      "mode": "managed",
      "type": "azurerm_application_insights",
      "name": "deployment",
      "provider": "provider[\"registry.terraform.io/hashicorp/azurerm\"]",
      "instances": [
        {
          "schema_version": 0,
          "attributes": {
            "app_id": "235fa451-b884-4789-999f-c6d4fa18fb7b",
            "application_type": "web",
            "connection_string": "InstrumentationKey=a7bb773e-1e20-47be-9fbd-5d872e1b5659;IngestionEndpoint=https://northeurope-0.in.applicationinsights.azure.com/",
            "daily_data_cap_in_gb": 10,
            "daily_data_cap_notifications_disabled": false,
            "disable_ip_masking": false,
            "id": "/subscriptions/5ff0ab5b-4972-4882-beed-f3baedfad7eb/resourceGroups/locust-kload-rg/providers/microsoft.insights/components/intentcorgi",
            "instrumentation_key": "a7bb773e-1e20-47be-9fbd-5d872e1b5659",
            "location": "northeurope",
            "name": "intentcorgi",
            "resource_group_name": "locust-kload-rg",
            "retention_in_days": 30,
            "sampling_percentage": 100,
            "tags": {
              "Environment": "dev",
              "Prefix": "kload",
              "Source": "https://github.com/heoelri/locust-on-aci",
              "Toolkit": "Terraform"
            },
            "timeouts": null,
            "workspace_id": null
          },
          "sensitive_attributes": [],
          "private": "eyJlMmJmYjczMC1lY2FhLTExZTYtOGY4OC0zNDM2M2JjN2M0YzAiOnsiY3JlYXRlIjoxODAwMDAwMDAwMDAwLCJkZWxldGUiOjE4MDAwMDAwMDAwMDAsInJlYWQiOjMwMDAwMDAwMDAwMCwidXBkYXRlIjoxODAwMDAwMDAwMDAwfX0=",
          "dependencies": [
            "random_pet.deployment",
            "azurerm_resource_group.deployment"
          ]
        }
      ]
    },
    {
      "mode": "managed",
      "type": "azurerm_key_vault",
      "name": "deployment",
      "provider": "provider[\"registry.terraform.io/hashicorp/azurerm\"]",
      "instances": [
        {
          "schema_version": 2,
          "attributes": {
            "access_policy": [
              {
                "application_id": "",
                "certificate_permissions": [],
                "key_permissions": [],
                "object_id": "05d3fa76-f011-4f12-b792-fae08cbbcec0",
                "secret_permissions": [
                  "Get",
                  "Set",
                  "List"
                ],
                "storage_permissions": [],
                "tenant_id": "72f988bf-86f1-41af-91ab-2d7cd011db47"
              }
            ],
            "contact": [],
            "enable_rbac_authorization": false,
            "enabled_for_deployment": false,
            "enabled_for_disk_encryption": true,
            "enabled_for_template_deployment": false,
            "id": "/subscriptions/5ff0ab5b-4972-4882-beed-f3baedfad7eb/resourceGroups/locust-kload-rg/providers/Microsoft.KeyVault/vaults/intentcorgi",
            "location": "northeurope",
            "name": "intentcorgi",
            "network_acls": [
              {
                "bypass": "AzureServices",
                "default_action": "Allow",
                "ip_rules": [],
                "virtual_network_subnet_ids": []
              }
            ],
            "purge_protection_enabled": false,
            "resource_group_name": "locust-kload-rg",
            "sku_name": "standard",
            "soft_delete_enabled": true,
            "soft_delete_retention_days": 7,
            "tags": {},
            "tenant_id": "72f988bf-86f1-41af-91ab-2d7cd011db47",
            "timeouts": null,
            "vault_uri": "https://intentcorgi.vault.azure.net/"
          },
          "sensitive_attributes": [],
          "private": "eyJlMmJmYjczMC1lY2FhLTExZTYtOGY4OC0zNDM2M2JjN2M0YzAiOnsiY3JlYXRlIjoxODAwMDAwMDAwMDAwLCJkZWxldGUiOjE4MDAwMDAwMDAwMDAsInJlYWQiOjMwMDAwMDAwMDAwMCwidXBkYXRlIjoxODAwMDAwMDAwMDAwfSwic2NoZW1hX3ZlcnNpb24iOiIyIn0=",
          "dependencies": [
            "azurerm_resource_group.deployment",
            "data.azurerm_client_config.current",
            "random_pet.deployment"
          ]
        }
      ]
    },
    {
      "mode": "managed",
      "type": "azurerm_key_vault_secret",
      "name": "locustsecret",
      "provider": "provider[\"registry.terraform.io/hashicorp/azurerm\"]",
      "instances": [
        {
          "schema_version": 0,
          "attributes": {
            "content_type": "",
            "expiration_date": null,
            "id": "https://intentcorgi.vault.azure.net/secrets/locust-webauth-secret/bf260d29509d470f8a3c076c7770c99d",
            "key_vault_id": "/subscriptions/5ff0ab5b-4972-4882-beed-f3baedfad7eb/resourceGroups/locust-kload-rg/providers/Microsoft.KeyVault/vaults/intentcorgi",
            "name": "locust-webauth-secret",
            "not_before_date": null,
            "tags": {},
            "timeouts": null,
            "value": "HIKQecBjTZxP@Xo_",
            "version": "bf260d29509d470f8a3c076c7770c99d",
            "versionless_id": "https://intentcorgi.vault.azure.net/secrets/locust-webauth-secret"
          },
          "sensitive_attributes": [
            [
              {
                "type": "get_attr",
                "value": "value"
              }
            ]
          ],
          "private": "eyJlMmJmYjczMC1lY2FhLTExZTYtOGY4OC0zNDM2M2JjN2M0YzAiOnsiY3JlYXRlIjoxODAwMDAwMDAwMDAwLCJkZWxldGUiOjE4MDAwMDAwMDAwMDAsInJlYWQiOjMwMDAwMDAwMDAwMCwidXBkYXRlIjoxODAwMDAwMDAwMDAwfX0=",
          "dependencies": [
            "azurerm_key_vault.deployment",
            "azurerm_resource_group.deployment",
            "data.azurerm_client_config.current",
            "random_password.locustsecret",
            "random_pet.deployment"
          ]
        }
      ]
    },
    {
      "mode": "managed",
      "type": "azurerm_resource_group",
      "name": "deployment",
      "provider": "provider[\"registry.terraform.io/hashicorp/azurerm\"]",
      "instances": [
        {
          "schema_version": 0,
          "attributes": {
            "id": "/subscriptions/5ff0ab5b-4972-4882-beed-f3baedfad7eb/resourceGroups/locust-kload-rg",
            "location": "northeurope",
            "name": "locust-kload-rg",
            "tags": {
              "Environment": "dev",
              "Prefix": "kload",
              "Source": "https://github.com/heoelri/locust-on-aci",
              "Toolkit": "Terraform"
            },
            "timeouts": null
          },
          "sensitive_attributes": [],
          "private": "eyJlMmJmYjczMC1lY2FhLTExZTYtOGY4OC0zNDM2M2JjN2M0YzAiOnsiY3JlYXRlIjo1NDAwMDAwMDAwMDAwLCJkZWxldGUiOjU0MDAwMDAwMDAwMDAsInJlYWQiOjMwMDAwMDAwMDAwMCwidXBkYXRlIjo1NDAwMDAwMDAwMDAwfX0="
        }
      ]
    },
    {
      "mode": "managed",
      "type": "azurerm_storage_account",
      "name": "deployment",
      "provider": "provider[\"registry.terraform.io/hashicorp/azurerm\"]",
      "instances": [
        {
          "schema_version": 2,
          "attributes": {
            "access_tier": "Hot",
            "account_kind": "StorageV2",
            "account_replication_type": "LRS",
            "account_tier": "Standard",
            "allow_blob_public_access": false,
            "azure_files_authentication": [],
            "blob_properties": [
              {
                "change_feed_enabled": false,
                "container_delete_retention_policy": [],
                "cors_rule": [],
                "default_service_version": "",
                "delete_retention_policy": [],
                "last_access_time_enabled": false,
                "versioning_enabled": false
              }
            ],
            "custom_domain": [],
            "enable_https_traffic_only": true,
            "id": "/subscriptions/5ff0ab5b-4972-4882-beed-f3baedfad7eb/resourceGroups/locust-kload-rg/providers/Microsoft.Storage/storageAccounts/intentcorgi",
            "identity": [],
            "is_hns_enabled": false,
            "large_file_share_enabled": null,
            "location": "northeurope",
            "min_tls_version": "TLS1_0",
            "name": "intentcorgi",
            "network_rules": [
              {
                "bypass": [
                  "AzureServices"
                ],
                "default_action": "Allow",
                "ip_rules": [],
                "private_link_access": [],
                "virtual_network_subnet_ids": []
              }
            ],
            "nfsv3_enabled": false,
            "primary_access_key": "Z+Ti1B3rSmDlJQjhtyq154z8c9Q8IV2yYQN9Vx0Aiy2EywbR1iL8Y76y4n5Cbx08x1f3O1kBepucopZsa78a5w==",
            "primary_blob_connection_string": "DefaultEndpointsProtocol=https;BlobEndpoint=https://intentcorgi.blob.core.windows.net/;AccountName=intentcorgi;AccountKey=Z+Ti1B3rSmDlJQjhtyq154z8c9Q8IV2yYQN9Vx0Aiy2EywbR1iL8Y76y4n5Cbx08x1f3O1kBepucopZsa78a5w==",
            "primary_blob_endpoint": "https://intentcorgi.blob.core.windows.net/",
            "primary_blob_host": "intentcorgi.blob.core.windows.net",
            "primary_connection_string": "DefaultEndpointsProtocol=https;AccountName=intentcorgi;AccountKey=Z+Ti1B3rSmDlJQjhtyq154z8c9Q8IV2yYQN9Vx0Aiy2EywbR1iL8Y76y4n5Cbx08x1f3O1kBepucopZsa78a5w==;EndpointSuffix=core.windows.net",
            "primary_dfs_endpoint": "https://intentcorgi.dfs.core.windows.net/",
            "primary_dfs_host": "intentcorgi.dfs.core.windows.net",
            "primary_file_endpoint": "https://intentcorgi.file.core.windows.net/",
            "primary_file_host": "intentcorgi.file.core.windows.net",
            "primary_location": "northeurope",
            "primary_queue_endpoint": "https://intentcorgi.queue.core.windows.net/",
            "primary_queue_host": "intentcorgi.queue.core.windows.net",
            "primary_table_endpoint": "https://intentcorgi.table.core.windows.net/",
            "primary_table_host": "intentcorgi.table.core.windows.net",
            "primary_web_endpoint": "https://intentcorgi.z16.web.core.windows.net/",
            "primary_web_host": "intentcorgi.z16.web.core.windows.net",
            "queue_properties": [
              {
                "cors_rule": [],
                "hour_metrics": [
                  {
                    "enabled": true,
                    "include_apis": true,
                    "retention_policy_days": 7,
                    "version": "1.0"
                  }
                ],
                "logging": [
                  {
                    "delete": false,
                    "read": false,
                    "retention_policy_days": 0,
                    "version": "1.0",
                    "write": false
                  }
                ],
                "minute_metrics": [
                  {
                    "enabled": false,
                    "include_apis": false,
                    "retention_policy_days": 0,
                    "version": "1.0"
                  }
                ]
              }
            ],
            "resource_group_name": "locust-kload-rg",
            "routing": [],
            "secondary_access_key": "yl2WUmim84X85B/uZIm7xvM6TijzbJ0FxWH/H2lusUs1yhuy5joKPwS7ER6STIvEhMLg1KwS5M4k+HXu+ZT86A==",
            "secondary_blob_connection_string": "",
            "secondary_blob_endpoint": null,
            "secondary_blob_host": null,
            "secondary_connection_string": "DefaultEndpointsProtocol=https;AccountName=intentcorgi;AccountKey=yl2WUmim84X85B/uZIm7xvM6TijzbJ0FxWH/H2lusUs1yhuy5joKPwS7ER6STIvEhMLg1KwS5M4k+HXu+ZT86A==;EndpointSuffix=core.windows.net",
            "secondary_dfs_endpoint": null,
            "secondary_dfs_host": null,
            "secondary_file_endpoint": null,
            "secondary_file_host": null,
            "secondary_location": "",
            "secondary_queue_endpoint": null,
            "secondary_queue_host": null,
            "secondary_table_endpoint": null,
            "secondary_table_host": null,
            "secondary_web_endpoint": null,
            "secondary_web_host": null,
            "share_properties": [
              {
                "cors_rule": [],
                "retention_policy": [
                  {
                    "days": 7
                  }
                ],
                "smb": []
              }
            ],
            "static_website": [],
            "tags": {
              "Environment": "dev",
              "Prefix": "kload",
              "Source": "https://github.com/heoelri/locust-on-aci",
              "Toolkit": "Terraform"
            },
            "timeouts": null
          },
          "sensitive_attributes": [],
          "private": "eyJlMmJmYjczMC1lY2FhLTExZTYtOGY4OC0zNDM2M2JjN2M0YzAiOnsiY3JlYXRlIjozNjAwMDAwMDAwMDAwLCJkZWxldGUiOjM2MDAwMDAwMDAwMDAsInJlYWQiOjMwMDAwMDAwMDAwMCwidXBkYXRlIjozNjAwMDAwMDAwMDAwfSwic2NoZW1hX3ZlcnNpb24iOiIyIn0=",
          "dependencies": [
            "azurerm_resource_group.deployment",
            "random_pet.deployment"
          ]
        }
      ]
    },
    {
      "mode": "managed",
      "type": "azurerm_storage_share",
      "name": "locust",
      "provider": "provider[\"registry.terraform.io/hashicorp/azurerm\"]",
      "instances": [
        {
          "schema_version": 2,
          "attributes": {
            "acl": [],
            "id": "https://intentcorgi.file.core.windows.net/locust",
            "metadata": {},
            "name": "locust",
            "quota": 50,
            "resource_manager_id": "/subscriptions/5ff0ab5b-4972-4882-beed-f3baedfad7eb/resourceGroups/locust-kload-rg/providers/Microsoft.Storage/storageAccounts/intentcorgi/fileServices/default/fileshares/locust",
            "storage_account_name": "intentcorgi",
            "timeouts": null,
            "url": "https://intentcorgi.file.core.windows.net/locust"
          },
          "sensitive_attributes": [],
          "private": "eyJlMmJmYjczMC1lY2FhLTExZTYtOGY4OC0zNDM2M2JjN2M0YzAiOnsiY3JlYXRlIjoxODAwMDAwMDAwMDAwLCJkZWxldGUiOjE4MDAwMDAwMDAwMDAsInJlYWQiOjMwMDAwMDAwMDAwMCwidXBkYXRlIjoxODAwMDAwMDAwMDAwfSwic2NoZW1hX3ZlcnNpb24iOiIyIn0=",
          "dependencies": [
            "azurerm_storage_account.deployment",
            "random_pet.deployment",
            "azurerm_resource_group.deployment"
          ]
        }
      ]
    },
    {
      "mode": "managed",
      "type": "azurerm_storage_share_file",
      "name": "locustfile",
      "provider": "provider[\"registry.terraform.io/hashicorp/azurerm\"]",
      "instances": [
        {
          "schema_version": 0,
          "attributes": {
            "content_disposition": "",
            "content_encoding": "",
            "content_md5": "",
            "content_type": "application/octet-stream",
            "id": "https://intentcorgi.file.core.windows.net/locust//locustfile.py",
            "metadata": {},
            "name": "locustfile.py",
            "path": "",
            "source": "../locustfile.py",
            "storage_share_id": "https://intentcorgi.file.core.windows.net/locust",
            "timeouts": null
          },
          "sensitive_attributes": [],
          "private": "eyJlMmJmYjczMC1lY2FhLTExZTYtOGY4OC0zNDM2M2JjN2M0YzAiOnsiY3JlYXRlIjoxODAwMDAwMDAwMDAwLCJkZWxldGUiOjE4MDAwMDAwMDAwMDAsInJlYWQiOjMwMDAwMDAwMDAwMCwidXBkYXRlIjoxODAwMDAwMDAwMDAwfX0=",
          "dependencies": [
            "random_pet.deployment",
            "azurerm_resource_group.deployment",
            "azurerm_storage_account.deployment",
            "azurerm_storage_share.locust"
          ]
        }
      ]
    },
    {
      "mode": "managed",
      "type": "random_password",
      "name": "locustsecret",
      "provider": "provider[\"registry.terraform.io/hashicorp/random\"]",
      "instances": [
        {
          "schema_version": 0,
          "attributes": {
            "id": "none",
            "keepers": null,
            "length": 16,
            "lower": true,
            "min_lower": 0,
            "min_numeric": 0,
            "min_special": 0,
            "min_upper": 0,
            "number": true,
            "override_special": "_%@",
            "result": "HIKQecBjTZxP@Xo_",
            "special": true,
            "upper": true
          },
          "sensitive_attributes": [],
          "private": "bnVsbA=="
        }
      ]
    },
    {
      "mode": "managed",
      "type": "random_pet",
      "name": "deployment",
      "provider": "provider[\"registry.terraform.io/hashicorp/random\"]",
      "instances": [
        {
          "schema_version": 0,
          "attributes": {
            "id": "intentcorgi",
            "keepers": {
              "azurerm_resource_group_location": "northeurope",
              "azurerm_resource_group_name": "locust-kload-rg"
            },
            "length": 2,
            "prefix": "",
            "separator": ""
          },
          "sensitive_attributes": [],
          "private": "bnVsbA==",
          "dependencies": [
            "azurerm_resource_group.deployment"
          ]
        }
      ]
    }
  ]
}
